{
  "version": 4,
  "terraform_version": "1.5.3",
  "serial": 613,
  "lineage": "bbc9cbb3-d4b5-4ac3-6a14-cfc435fbb3b0",
  "outputs": {
    "configure_kubectl": {
      "value": "aws eks --region ap-northeast-1 update-kubeconfig --name eks-tester",
      "type": "string"
    },
    "eks_api_server_url": {
      "value": "https://4CA4BFABAC808B4FDA51E5A12BC38BE2.gr7.ap-northeast-1.eks.amazonaws.com",
      "type": "string"
    },
    "vpc_id": {
      "value": "vpc-0b185eb9d262c8f8e",
      "type": "string"
    }
  },
  "resources": [
    {
      "mode": "data",
      "type": "aws_availability_zones",
      "name": "available",
      "provider": "provider[\"registry.terraform.io/hashicorp/aws\"]",
      "instances": [
        {
          "schema_version": 0,
          "attributes": {
            "all_availability_zones": null,
            "exclude_names": null,
            "exclude_zone_ids": null,
            "filter": null,
            "group_names": [
              "ap-northeast-1"
            ],
            "id": "ap-northeast-1",
            "names": [
              "ap-northeast-1a",
              "ap-northeast-1c",
              "ap-northeast-1d"
            ],
            "state": null,
            "timeouts": null,
            "zone_ids": [
              "apne1-az4",
              "apne1-az1",
              "apne1-az2"
            ]
          },
          "sensitive_attributes": []
        }
      ]
    },
    {
      "mode": "data",
      "type": "aws_ecrpublic_authorization_token",
      "name": "token",
      "provider": "provider[\"registry.terraform.io/hashicorp/aws\"].virginia",
      "instances": [
        {
          "schema_version": 0,
          "attributes": {
            "authorization_token": "QVdTOmV5SndZWGxzYjJGa0lqb2lTWGh2YWtoU2NHWnFSbkpWUVVGMlVscE9MMHRWVWtZelkxZHVVWGxpWmxjd0szaEhVM1pGTnl0T2MwTlhZVmhLY1c4M1ZYTnNOSFpPVW5KUlRtVkRObnA0TlZWdFdHbFdTa3BrYkdoMlJUUnFhbXRDU0V3eE5uYzRNMlZtU0N0UVZFRlhOWFpoYkRkQlZsRk1lVUZIYTFKMWRIbEdibmRJZFZWdVJTODRUVk5TWjJreFNsRnhNMDByTjAxWU9WaFphMFZWWldsSk1IZDBiR3BqVVRWUVdXb3pjRXhOV1doSmRXTTVUa3g1Y21sYWFHeHRkSFk1YURoUFJXVk9RazkwYkM5NFdYRnhSbmR6UjNaSWJXY3pXRzE1YUZaamVIbFhhV1pGUld4c1FsVkpVbmtyY25CcU1FZDVRMFphYnpaS01VbDFNbFZzUm05UmRXOWtPSFpSWkhneE1qaENTV1pwYWk5a05XaFlZMmx5Y1M5U1lqZHVORXhFVlRGdlZGQkxSMG8zV1ZWblQyeFpXRzVZYlhKVGJHUjRUbGwwYjNwSVNYVnJabkZRWVVWYVVISk1RbXgxY21kelJHUk5RbXRuVmtSM1ZXbHNaVWxtTjI4eVZXZEJNa0V5Vm10eU5WVkRkVVZIWVZRNGFWSjVaV2xhWlVwVlRISjZSbEJWY2l0TVdqVllRU3RIUVdSWllWUkxRVGh2VVVsWWFpdG5hR2xTVVN0dmFscEJXbk5tYVhWQlExUlFTVnA2U1ZWb2RtVTFTV0ZPTW5Bd2NqTlRTVWRQVEU1RlluSmtPWGM0V2poeVZraE1Wbkp4VnpoR1NGbFFiVGx0TlVKTFRtbE1UbXAwTjA1TVZHSXZjRmRJTTI1d2FHNUhkSFV4TjBzMVVUVkpjelphTW5VMGJFY3JTVmMxVVd0b1RFTjFjbUpMVjFaUVNIRTRkWGxhU21VeGRVZERhVGxMWWxZelpsZzJSRU5ITkU1YWN5dERXbmRLUjNsNFRVRmtVV05pTlhkV01VVlJTM3BuUTJKdFVUUkZZbmw0ZDNGcGNHMVhSMjFpWW5keEwzcFdWWFJTSzJvMlNYRkpObUpwY20xS01uZHhNSGhOUTJ0MWJHcDRkMFJpSzNCSU0zcDNWRlU0T1ZkUlNWTlRSSEZGY1VGd1VVaHRVRkZXTkRkMGVuUkdVbGxVUjA1VGMxUnJkRkpFUlZOUGNHSnRNeXQwVVVrcmVYZ3ZabEk0VHpGcFFrMVhMM2RzV0ZsNlZUZEJabmMxUTA5V1prMUhibEJDTWxsblRtNHpWazVaTkdkRlozZ3dMemRaZW5kRVJUZE9VM3BFYmpGQ1pUTmtjWGx1Wmt0SlJ6Wk1WVGhQSzJoNWVXUlRPRXBOUVhGS2N6ZExPWE5EWjBWUlNWZ3hUVmQwV2xwTU5tTTVja3RsTUVGTE5YWjZZM2g0VjFWSk9HVjFlbkpCUTBKTlJFWlhTek4yVFdwRVNGTmtkVzFNVnpCbFYwOHlRVEpQYldveVJ6VlZTeTlvUW05aE9VcG1LeXN2WW1oaGNsVldZbFZMSzBJME1YTjZiR1pZUWtGcGRrSkZkVTR6VUcwd1NXcFJRV3RpWjFOTlRqWjJkelIwUlhJNVNHcGhaRkpHVmtWRU9IVlJVV3RSY1dKUmNGZG5ha0pWU1dwM056ZHFhbTFNUzBWMGVtRjRWSG8yWWtFd2IwdHJaMFZaUmtWRk1XRk9ZbXhVTUZOQ1NGWjNkV0l4YVVvMVZ6QlBRbkowTkV3eGFuQTFLMlpDYjNoalVIZHNNelUzUW1GUk4ycHBWVFpZUm1kaGVqbDBaQzlxVDBRM1JFSnlPVVEyYjJ4aFdYaE9lak00YjBZcmMxa2lMQ0prWVhSaGEyVjVJam9pWlhsS1VWSkdaMmxQYVVwWFdqTktWRlJXUmt4UlV6aDNaVlZHVTFkRldsbGhhelZLVEhwUmRtRldWbFphUjFsMlRrVjBhRkZ1V2t4WmVrcDVWakZvYldNd1VuUmtSbU13VG10b01WTnRjRlJPV0hCM1lsZGtVbE42VG5oTmVscElUakJhV1ZKdWFHbFJiVnBWVmxSQ2JrMVhNVkJaTTFaUlVrZHdXRk5WTkhoVlJuQkxZbTAxVkZWcVpERmpTRWt4WWtod2NscEZlRTVOUjBaUlZVTTVOV1JHY0cxT1F6aDJXakIwZFVzd1JsbFNWa3BZWTI1cmVtSldaRzFQUlVaMVlrWnNWMDlZUW5KWFYwNTBVVmhzY0ZGdVVUUmhNRW94V2xaQ1RtSkZSbGxaVjJ4MVdsUkdiRkZXUWtSTU0yaFBVM3BPVTBzeVdsQlRhMXBWWlVoa1ZGTXlaSGRhTUVwNVRsWnNUVk5GU25oamJtOTRUa1pDVm1KdVFrWmFWM0JUV1d0NFZGSkhWbEJhTUhoNVVqQldNR1JxVmpaaGJFRXdUMGhzU0dKSVNrSlhSVTV1WXpOV1VscDZhM2xhYTNjMVZsUkNhazVGY0VoYWJUQjRVbFZPYW1FeVdrTkxNMUpMVFZNNE1WRnRPV2xWYTNCTlQwWmtUR05ET1VSWk1YQnBaV3hvTTFGclZsTk9NRTQyVVd4c2Exb3hTbmxTYmtKeFVUTk9UbE5IZEZKYVIyOTJZMVZzYjB3d1ZUTk5ia1pXWkVod2Vsa3hhRVpNTVVrMFpWUlZOVTlZY0RaVmJsWk5aREZPVUdSc1VUUmlTR001VUZOSmMwbHJiRUpTUTBrMlNXMVNjazlWUms1WGFYUk1TekpKTTFaV1FsUldhMmgwWlZob1VrNHdaREpOUmtaNFUxVkZjbE5wT1RGaVNHeExWVzAxU1dWclNqQlpNVm94Vm1zeE5WUXhXalpQUmtveVZGVTVibE5UT1VOVVdHUnJWREpzTW1GdVdtaGhWbFpPWVROQ2NsWXdSa3hTTUhjeVltcE9SRmxZVmtOalJsbzFVbFZyTTJJelFsVlJWMDV2VFZaR01WUXdjSE5TYTA1MFUzcEtXazVUZEZSUlV6bERXVlphVDJKRk1XaGhWV1JHVDBkd2FtUXlXbmhOTTBFelVURktkR0l5TVZoak1qUXhWVmRvY1dKcmNFOVVSRVp2VVhwR01WWXpSa2RoTURGUlpWYzVhbEV5U20xVlJsWlJZV3hrTlZOclRqTmFSekJ5VGxSb1NrMXNTbEphUldSM1pWaFdlVlJFU2tWWGJFWm9WbTVqTlZKcmJITk9SRTVPVlRCdk1XUkhOVkZVVld4UlN6Sm9VbFZ1UWxoa1ZHTXhWVzFWTVZJeVZrMVdhbG93WTJ0S1dGSXhjRTFOYWxwdFRURndkV1F5VW5Wak1WSjBUMGR3V1dWVk1IbE9lbXg0V1ZScmQyVldXWGhrVjNCWFlWUkNVMDR4VGtaTlJtUmFZVmhPZG1OcWEzbFZSbFpKVWpKYVRtRnNSbWxWUlZZelRWUkZkbE15U1RSVVJXeFNWVWRTY1dGSGFFeGhhbXQ0VERCU05HVlhTa3BQUjBZelZVZHpNVTFWT1haTldHUk9WbFJOTTJKV1l6UmhSV2N6VVZRd09VbHVNRDBpTENKMlpYSnphVzl1SWpvaU15SXNJblI1Y0dVaU9pSkVRVlJCWDB0RldTSXNJbVY0Y0dseVlYUnBiMjRpT2pFMk9USTBOemt6TURWOQ==",
            "expires_at": "2023-08-19T21:08:25Z",
            "id": "us-east-1",
            "password": "eyJwYXlsb2FkIjoiSXhvakhScGZqRnJVQUF2UlpOL0tVUkYzY1duUXliZlcwK3hHU3ZFNytOc0NXYVhKcW83VXNsNHZOUnJRTmVDNnp4NVVtWGlWSkpkbGh2RTRqamtCSEwxNnc4M2VmSCtQVEFXNXZhbDdBVlFMeUFHa1J1dHlGbndIdVVuRS84TVNSZ2kxSlFxM00rN01YOVhZa0VVZWlJMHd0bGpjUTVQWWozcExNWWhJdWM5Tkx5cmlaaGxtdHY5aDhPRWVOQk90bC94WXFxRndzR3ZIbWczWG15aFZjeHlXaWZFRWxsQlVJUnkrcnBqMEd5Q0ZabzZKMUl1MlVsRm9RdW9kOHZRZHgxMjhCSWZpai9kNWhYY2lycS9SYjduNExEVTFvVFBLR0o3WVVnT2xZWG5YbXJTbGR4Tll0b3pISXVrZnFQYUVaUHJMQmx1cmdzRGRNQmtnVkR3VWlsZUlmN28yVWdBMkEyVmtyNVVDdUVHYVQ4aVJ5ZWlaZUpVTHJ6RlBVcitMWjVYQStHQWRZYVRLQThvUUlYaitnaGlSUStvalpBWnNmaXVBQ1RQSVp6SVVodmU1SWFOMnAwcjNTSUdPTE5FYnJkOXc4WjhyVkhMVnJxVzhGSFlQbTltNUJLTmlMTmp0N05MVGIvcFdIM25waG5HdHUxN0s1UTVJczZaMnU0bEcrSVc1UWtoTEN1cmJLV1ZQSHE4dXlaSmUxdUdDaTlLYlYzZlg2RENHNE5acytDWndKR3l4TUFkUWNiNXdWMUVRS3pnQ2JtUTRFYnl4d3FpcG1XR21iYndxL3pWVXRSK2o2SXFJNmJpcm1KMndxMHhNQ2t1bGp4d0RiK3BIM3p3VFU4OVdRSVNTRHFFcUFwUUhtUFFWNDd0enRGUllUR05Tc1RrdFJERVNPcGJtMyt0UUkreXgvZlI4TzFpQk1XL3dsWFl6VTdBZnc1Q09WZk1HblBCMllnTm4zVk5ZNGdFZ3gwLzdZendERTdOU3pEbjFCZTNkcXluZktJRzZMVThPK2h5eWRTOEpNQXFKczdLOXNDZ0VRSVgxTVd0WlpMNmM5cktlMEFLNXZ6Y3h4V1VJOGV1enJBQ0JNREZXSzN2TWpESFNkdW1MVzBlV08yQTJPbWoyRzVVSy9oQm9hOUpmKysvYmhhclVWYlVLK0I0MXN6bGZYQkFpdkJFdU4zUG0wSWpRQWtiZ1NNTjZ2dzR0RXI5SGphZFJGVkVEOHVRUWtRcWJRcFdnakJVSWp3Nzdqam1MS0V0emF4VHo2YkEwb0trZ0VZRkVFMWFOYmxUMFNCSFZ3dWIxaUo1VzBPQnJ0NEwxanA1K2ZCb3hjUHdsMzU3QmFRN2ppVTZYRmdhejl0ZC9qT0Q3REJyOUQ2b2xhWXhOejM4b0Yrc1kiLCJkYXRha2V5IjoiZXlKUVJGZ2lPaUpXWjNKVFRWRkxRUzh3ZVVGU1dFWllhazVKTHpRdmFWVlZaR1l2TkV0aFFuWkxZekp5VjFobWMwUnRkRmMwTmtoMVNtcFROWHB3YldkUlN6TnhNelpITjBaWVJuaGlRbVpVVlRCbk1XMVBZM1ZRUkdwWFNVNHhVRnBLYm01VFVqZDFjSEkxYkhwclpFeE5NR0ZRVUM5NWRGcG1OQzh2WjB0dUswRllSVkpYY25remJWZG1PRUZ1YkZsV09YQnJXV050UVhscFFuUTRhMEoxWlZCTmJFRllZV2x1WlRGbFFWQkRMM2hPU3pOU0syWlBTa1pVZUhkVFMyZHdaMEp5TlZsTVNFSnhjbm94TkZCVmJuQkZaV3BTWWt4VFJHVlBaMHh5UjBWMGRqVjZhbEEwT0hsSGJISkJXRU5uYzNWUlp6a3laa3c1VlRCak5FcEhabTB4UlVOamEyWkNLM1JLTVM4MVFtOWlVa3BNT0ZkTGNDOURZMXBpZWxoM1FrVlNOME42UWxsa1oxSnlSbkJxUTNOTlNHdFJaR292Y1Vsb0wwVTNNbkZWZEhwelkxaEZMMUk0ZVRVNU9YcDZVblZNZDFOUGRsUTRiSGM5UFNJc0lrbEJSQ0k2SW1Sck9VRk5XaXRMSzJJM1ZWQlRWa2h0ZVhoUk4wZDJNRkZ4U1VFclNpOTFiSGxLVW01SWVrSjBZMVoxVmsxNVQxWjZPRkoyVFU5blNTOUNUWGRrVDJsMmFuWmhhVlZOYTNCclYwRkxSMHcyYmpORFlYVkNjRlo1UlVrM2IzQlVRV05vTVZGMVQwcHNSa050U3pKWk5TdFRRUzlDWVZaT2JFMWhhVWRGT0dwamQyWnhNM0EzUTFKdGIyMVhjMjQxVVdocWJrcE9UREZvUXpGMVYzRkdhMDFRZVc5alEySm1VRlZRYWxkNVNrTjNaRzByTlRoSk1sSlJaRWR3ZVhWeVRESkVXbEZoVm5jNVJrbHNORE5OVTBvMWRHNVFUVWxRSzJoUlVuQlhkVGMxVW1VMVIyVk1WalowY2tKWFIxcE1NalptTTFwdWQyUnVjMVJ0T0dwWWVVMHlOemx4WVRrd2VWWXhkV3BXYVRCU04xTkZNRmRaYVhOdmNqa3lVRlZJUjJaTmFsRmlVRVYzTVRFdlMySTRURWxSVUdScWFHaExhamt4TDBSNGVXSkpPR0YzVUdzMU1VOXZNWGROVlRNM2JWYzRhRWczUVQwOUluMD0iLCJ2ZXJzaW9uIjoiMyIsInR5cGUiOiJEQVRBX0tFWSIsImV4cGlyYXRpb24iOjE2OTI0NzkzMDV9",
            "user_name": "AWS"
          },
          "sensitive_attributes": []
        }
      ]
    },
    {
      "mode": "data",
      "type": "aws_partition",
      "name": "current",
      "provider": "provider[\"registry.terraform.io/hashicorp/aws\"]",
      "instances": [
        {
          "schema_version": 0,
          "attributes": {
            "dns_suffix": "amazonaws.com",
            "id": "aws",
            "partition": "aws",
            "reverse_dns_prefix": "com.amazonaws"
          },
          "sensitive_attributes": []
        }
      ]
    },
    {
      "mode": "managed",
      "type": "kubectl_manifest",
      "name": "karpenter_node_template",
      "provider": "provider[\"registry.terraform.io/gavinbunney/kubectl\"]",
      "instances": [
        {
          "schema_version": 1,
          "attributes": {
            "api_version": "karpenter.k8s.aws/v1alpha1",
            "apply_only": false,
            "force_conflicts": false,
            "force_new": false,
            "id": "/apis/karpenter.k8s.aws/v1alpha1/awsnodetemplates/default",
            "ignore_fields": null,
            "kind": "AWSNodeTemplate",
            "live_manifest_incluster": "16565f1d7fca7c44a031558be5f3952435e3d48d0ee16a9a4760cad594622101",
            "live_uid": "2e3441d9-3281-4360-9054-f392dbd0abfe",
            "name": "default",
            "namespace": null,
            "override_namespace": null,
            "sensitive_fields": null,
            "server_side_apply": false,
            "timeouts": null,
            "uid": "2e3441d9-3281-4360-9054-f392dbd0abfe",
            "validate_schema": true,
            "wait": null,
            "wait_for_rollout": true,
            "yaml_body": "apiVersion: karpenter.k8s.aws/v1alpha1\nkind: AWSNodeTemplate\nmetadata:\n  name: default\nspec:\n  subnetSelector:\n    karpenter.sh/discovery: eks-tester\n  securityGroupSelector:\n    karpenter.sh/discovery: eks-tester\n  instanceProfile: karpenter-eks-tester-2023081705431194700000000c\n  tags:\n    karpenter.sh/discovery: eks-tester\n",
            "yaml_body_parsed": "apiVersion: karpenter.k8s.aws/v1alpha1\nkind: AWSNodeTemplate\nmetadata:\n  name: default\nspec:\n  instanceProfile: karpenter-eks-tester-2023081705431194700000000c\n  securityGroupSelector:\n    karpenter.sh/discovery: eks-tester\n  subnetSelector:\n    karpenter.sh/discovery: eks-tester\n  tags:\n    karpenter.sh/discovery: eks-tester\n",
            "yaml_incluster": "16565f1d7fca7c44a031558be5f3952435e3d48d0ee16a9a4760cad594622101"
          },
          "sensitive_attributes": [],
          "private": "eyJlMmJmYjczMC1lY2FhLTExZTYtOGY4OC0zNDM2M2JjN2M0YzAiOnsiY3JlYXRlIjo2MDAwMDAwMDAwMDB9LCJzY2hlbWFfdmVyc2lvbiI6IjEifQ==",
          "dependencies": [
            "data.aws_availability_zones.available",
            "data.aws_ecrpublic_authorization_token.token",
            "module.eks.aws_cloudwatch_log_group.this",
            "module.eks.aws_eks_cluster.this",
            "module.eks.aws_iam_openid_connect_provider.oidc_provider",
            "module.eks.aws_iam_policy.cni_ipv6_policy",
            "module.eks.aws_iam_role.this",
            "module.eks.aws_iam_role_policy_attachment.this",
            "module.eks.aws_security_group.cluster",
            "module.eks.aws_security_group.node",
            "module.eks.aws_security_group_rule.cluster",
            "module.eks.aws_security_group_rule.node",
            "module.eks.data.aws_caller_identity.current",
            "module.eks.data.aws_iam_policy_document.assume_role_policy",
            "module.eks.data.aws_iam_policy_document.cni_ipv6_policy",
            "module.eks.data.aws_iam_session_context.current",
            "module.eks.data.aws_partition.current",
            "module.eks.data.tls_certificate.this",
            "module.eks.module.fargate_profile.aws_eks_fargate_profile.this",
            "module.eks.module.fargate_profile.aws_iam_role.this",
            "module.eks.module.fargate_profile.aws_iam_role_policy_attachment.additional",
            "module.eks.module.fargate_profile.aws_iam_role_policy_attachment.this",
            "module.eks.module.fargate_profile.data.aws_caller_identity.current",
            "module.eks.module.fargate_profile.data.aws_iam_policy_document.assume_role_policy",
            "module.eks.module.fargate_profile.data.aws_partition.current",
            "module.eks.module.kms.aws_kms_external_key.this",
            "module.eks.module.kms.aws_kms_key.this",
            "module.eks.module.kms.data.aws_caller_identity.current",
            "module.eks.module.kms.data.aws_iam_policy_document.this",
            "module.eks.module.kms.data.aws_partition.current",
            "module.eks.time_sleep.this",
            "module.eks_blueprints_addons.aws_iam_instance_profile.karpenter",
            "module.eks_blueprints_addons.aws_iam_role.karpenter",
            "module.eks_blueprints_addons.data.aws_caller_identity.current",
            "module.eks_blueprints_addons.data.aws_iam_policy_document.karpenter",
            "module.eks_blueprints_addons.data.aws_iam_policy_document.karpenter_assume_role",
            "module.eks_blueprints_addons.data.aws_partition.current",
            "module.eks_blueprints_addons.data.aws_region.current",
            "module.eks_blueprints_addons.module.karpenter.aws_iam_policy.this",
            "module.eks_blueprints_addons.module.karpenter.aws_iam_role.this",
            "module.eks_blueprints_addons.module.karpenter.aws_iam_role_policy_attachment.additional",
            "module.eks_blueprints_addons.module.karpenter.aws_iam_role_policy_attachment.this",
            "module.eks_blueprints_addons.module.karpenter.data.aws_caller_identity.current",
            "module.eks_blueprints_addons.module.karpenter.data.aws_iam_policy_document.assume",
            "module.eks_blueprints_addons.module.karpenter.data.aws_iam_policy_document.this",
            "module.eks_blueprints_addons.module.karpenter.data.aws_partition.current",
            "module.eks_blueprints_addons.module.karpenter.helm_release.this",
            "module.eks_blueprints_addons.module.karpenter_sqs.aws_sqs_queue.dlq",
            "module.eks_blueprints_addons.module.karpenter_sqs.aws_sqs_queue.this",
            "module.eks_blueprints_addons.module.karpenter_sqs.aws_sqs_queue_policy.dlq",
            "module.eks_blueprints_addons.module.karpenter_sqs.aws_sqs_queue_policy.this",
            "module.eks_blueprints_addons.module.karpenter_sqs.aws_sqs_queue_redrive_allow_policy.dlq",
            "module.eks_blueprints_addons.module.karpenter_sqs.aws_sqs_queue_redrive_allow_policy.this",
            "module.eks_blueprints_addons.module.karpenter_sqs.aws_sqs_queue_redrive_policy.dlq",
            "module.eks_blueprints_addons.module.karpenter_sqs.aws_sqs_queue_redrive_policy.this",
            "module.eks_blueprints_addons.module.karpenter_sqs.data.aws_iam_policy_document.dlq",
            "module.eks_blueprints_addons.module.karpenter_sqs.data.aws_iam_policy_document.this",
            "module.eks_blueprints_addons.time_sleep.this",
            "module.vpc.aws_subnet.private",
            "module.vpc.aws_vpc.this",
            "module.vpc.aws_vpc_ipv4_cidr_block_association.this"
          ]
        }
      ]
    },
    {
      "mode": "managed",
      "type": "kubectl_manifest",
      "name": "karpenter_provisioner",
      "provider": "provider[\"registry.terraform.io/gavinbunney/kubectl\"]",
      "instances": [
        {
          "schema_version": 1,
          "attributes": {
            "api_version": "karpenter.sh/v1alpha5",
            "apply_only": false,
            "force_conflicts": false,
            "force_new": false,
            "id": "/apis/karpenter.sh/v1alpha5/provisioners/default",
            "ignore_fields": null,
            "kind": "Provisioner",
            "live_manifest_incluster": "5ac863aceb08d295b9d662e272725bc8e56ce7f227d1d1a2adbd2586fe454e75",
            "live_uid": "f0f1ee70-7abd-429c-a0b3-ef92de736ab9",
            "name": "default",
            "namespace": null,
            "override_namespace": null,
            "sensitive_fields": null,
            "server_side_apply": false,
            "timeouts": null,
            "uid": "f0f1ee70-7abd-429c-a0b3-ef92de736ab9",
            "validate_schema": true,
            "wait": null,
            "wait_for_rollout": true,
            "yaml_body": "apiVersion: karpenter.sh/v1alpha5\nkind: Provisioner\nmetadata:\n  name: default\nspec:\n  requirements:\n    - key: \"karpenter.k8s.aws/instance-category\"\n      operator: In\n      values: [\"c\", \"m\"]\n    - key: \"karpenter.k8s.aws/instance-cpu\"\n      operator: In\n      values: [\"2\", \"4\", \"8\", \"16\", \"32\"]\n    - key: \"karpenter.k8s.aws/instance-hypervisor\"\n      operator: In\n      values: [\"nitro\"]\n    - key: \"topology.kubernetes.io/zone\"\n      operator: In\n      values: [\"ap-northeast-1a\",\"ap-northeast-1c\",\"ap-northeast-1d\"]\n    - key: \"kubernetes.io/arch\"\n      operator: In\n      values: [\"amd64\"]\n    - key: \"karpenter.sh/capacity-type\" # If not included, the webhook for the AWS cloud provider will default to on-demand\n      operator: In\n      values: [\"spot\", \"on-demand\"]\n  kubeletConfiguration:\n    containerRuntime: containerd\n    maxPods: 110\n  limits:\n    resources:\n      cpu: 1000\n  consolidation:\n    enabled: true\n  providerRef:\n    name: default\n  ttlSecondsUntilExpired: 604800 # 7 Days = 7 * 24 * 60 * 60 Seconds\n",
            "yaml_body_parsed": "apiVersion: karpenter.sh/v1alpha5\nkind: Provisioner\nmetadata:\n  name: default\nspec:\n  consolidation:\n    enabled: true\n  kubeletConfiguration:\n    containerRuntime: containerd\n    maxPods: 110\n  limits:\n    resources:\n      cpu: 1000\n  providerRef:\n    name: default\n  requirements:\n  - key: karpenter.k8s.aws/instance-category\n    operator: In\n    values:\n    - c\n    - m\n  - key: karpenter.k8s.aws/instance-cpu\n    operator: In\n    values:\n    - \"2\"\n    - \"4\"\n    - \"8\"\n    - \"16\"\n    - \"32\"\n  - key: karpenter.k8s.aws/instance-hypervisor\n    operator: In\n    values:\n    - nitro\n  - key: topology.kubernetes.io/zone\n    operator: In\n    values:\n    - ap-northeast-1a\n    - ap-northeast-1c\n    - ap-northeast-1d\n  - key: kubernetes.io/arch\n    operator: In\n    values:\n    - amd64\n  - key: karpenter.sh/capacity-type\n    operator: In\n    values:\n    - spot\n    - on-demand\n  ttlSecondsUntilExpired: 604800\n",
            "yaml_incluster": "5ac863aceb08d295b9d662e272725bc8e56ce7f227d1d1a2adbd2586fe454e75"
          },
          "sensitive_attributes": [],
          "private": "eyJlMmJmYjczMC1lY2FhLTExZTYtOGY4OC0zNDM2M2JjN2M0YzAiOnsiY3JlYXRlIjo2MDAwMDAwMDAwMDB9LCJzY2hlbWFfdmVyc2lvbiI6IjEifQ==",
          "dependencies": [
            "data.aws_availability_zones.available",
            "data.aws_ecrpublic_authorization_token.token",
            "module.ebs_csi_driver_irsa.aws_iam_role.this",
            "module.efs_csi_driver_irsa.aws_iam_role.this",
            "module.eks.aws_eks_cluster.this",
            "module.eks.aws_iam_openid_connect_provider.oidc_provider",
            "module.eks.module.fargate_profile.aws_eks_fargate_profile.this",
            "module.eks.module.fargate_profile.aws_iam_role.this",
            "module.eks.module.fargate_profile.aws_iam_role_policy_attachment.additional",
            "module.eks.module.fargate_profile.aws_iam_role_policy_attachment.this",
            "module.eks.module.fargate_profile.data.aws_caller_identity.current",
            "module.eks.module.fargate_profile.data.aws_iam_policy_document.assume_role_policy",
            "module.eks.module.fargate_profile.data.aws_partition.current",
            "module.eks.time_sleep.this",
            "module.eks_blueprints_addons.aws_autoscaling_group_tag.aws_node_termination_handler",
            "module.eks_blueprints_addons.aws_autoscaling_lifecycle_hook.aws_node_termination_handler",
            "module.eks_blueprints_addons.aws_cloudwatch_event_rule.aws_node_termination_handler",
            "module.eks_blueprints_addons.aws_cloudwatch_event_rule.karpenter",
            "module.eks_blueprints_addons.aws_cloudwatch_event_target.aws_node_termination_handler",
            "module.eks_blueprints_addons.aws_cloudwatch_event_target.karpenter",
            "module.eks_blueprints_addons.aws_cloudwatch_log_group.aws_for_fluentbit",
            "module.eks_blueprints_addons.aws_cloudwatch_log_group.fargate_fluentbit",
            "module.eks_blueprints_addons.aws_eks_addon.this",
            "module.eks_blueprints_addons.aws_iam_instance_profile.karpenter",
            "module.eks_blueprints_addons.aws_iam_policy.fargate_fluentbit",
            "module.eks_blueprints_addons.aws_iam_role.karpenter",
            "module.eks_blueprints_addons.aws_iam_role_policy_attachment.additional",
            "module.eks_blueprints_addons.aws_iam_role_policy_attachment.karpenter",
            "module.eks_blueprints_addons.data.aws_caller_identity.current",
            "module.eks_blueprints_addons.data.aws_eks_addon_version.this",
            "module.eks_blueprints_addons.data.aws_iam_policy_document.aws_efs_csi_driver",
            "module.eks_blueprints_addons.data.aws_iam_policy_document.aws_for_fluentbit",
            "module.eks_blueprints_addons.data.aws_iam_policy_document.aws_fsx_csi_driver",
            "module.eks_blueprints_addons.data.aws_iam_policy_document.aws_gateway_api_controller",
            "module.eks_blueprints_addons.data.aws_iam_policy_document.aws_load_balancer_controller",
            "module.eks_blueprints_addons.data.aws_iam_policy_document.aws_node_termination_handler",
            "module.eks_blueprints_addons.data.aws_iam_policy_document.aws_privateca_issuer",
            "module.eks_blueprints_addons.data.aws_iam_policy_document.cert_manager",
            "module.eks_blueprints_addons.data.aws_iam_policy_document.cluster_autoscaler",
            "module.eks_blueprints_addons.data.aws_iam_policy_document.external_dns",
            "module.eks_blueprints_addons.data.aws_iam_policy_document.external_secrets",
            "module.eks_blueprints_addons.data.aws_iam_policy_document.fargate_fluentbit",
            "module.eks_blueprints_addons.data.aws_iam_policy_document.karpenter",
            "module.eks_blueprints_addons.data.aws_iam_policy_document.karpenter_assume_role",
            "module.eks_blueprints_addons.data.aws_iam_policy_document.velero",
            "module.eks_blueprints_addons.data.aws_partition.current",
            "module.eks_blueprints_addons.data.aws_region.current",
            "module.eks_blueprints_addons.helm_release.this",
            "module.eks_blueprints_addons.kubernetes_config_map_v1.aws_logging",
            "module.eks_blueprints_addons.kubernetes_namespace_v1.aws_observability",
            "module.eks_blueprints_addons.module.argo_events.aws_iam_policy.this",
            "module.eks_blueprints_addons.module.argo_events.aws_iam_role.this",
            "module.eks_blueprints_addons.module.argo_events.aws_iam_role_policy_attachment.additional",
            "module.eks_blueprints_addons.module.argo_events.aws_iam_role_policy_attachment.this",
            "module.eks_blueprints_addons.module.argo_events.data.aws_caller_identity.current",
            "module.eks_blueprints_addons.module.argo_events.data.aws_iam_policy_document.assume",
            "module.eks_blueprints_addons.module.argo_events.data.aws_iam_policy_document.this",
            "module.eks_blueprints_addons.module.argo_events.data.aws_partition.current",
            "module.eks_blueprints_addons.module.argo_events.helm_release.this",
            "module.eks_blueprints_addons.module.argo_rollouts.aws_iam_policy.this",
            "module.eks_blueprints_addons.module.argo_rollouts.aws_iam_role.this",
            "module.eks_blueprints_addons.module.argo_rollouts.aws_iam_role_policy_attachment.additional",
            "module.eks_blueprints_addons.module.argo_rollouts.aws_iam_role_policy_attachment.this",
            "module.eks_blueprints_addons.module.argo_rollouts.data.aws_caller_identity.current",
            "module.eks_blueprints_addons.module.argo_rollouts.data.aws_iam_policy_document.assume",
            "module.eks_blueprints_addons.module.argo_rollouts.data.aws_iam_policy_document.this",
            "module.eks_blueprints_addons.module.argo_rollouts.data.aws_partition.current",
            "module.eks_blueprints_addons.module.argo_rollouts.helm_release.this",
            "module.eks_blueprints_addons.module.argo_workflows.aws_iam_policy.this",
            "module.eks_blueprints_addons.module.argo_workflows.aws_iam_role.this",
            "module.eks_blueprints_addons.module.argo_workflows.aws_iam_role_policy_attachment.additional",
            "module.eks_blueprints_addons.module.argo_workflows.aws_iam_role_policy_attachment.this",
            "module.eks_blueprints_addons.module.argo_workflows.data.aws_caller_identity.current",
            "module.eks_blueprints_addons.module.argo_workflows.data.aws_iam_policy_document.assume",
            "module.eks_blueprints_addons.module.argo_workflows.data.aws_iam_policy_document.this",
            "module.eks_blueprints_addons.module.argo_workflows.data.aws_partition.current",
            "module.eks_blueprints_addons.module.argo_workflows.helm_release.this",
            "module.eks_blueprints_addons.module.argocd.aws_iam_policy.this",
            "module.eks_blueprints_addons.module.argocd.aws_iam_role.this",
            "module.eks_blueprints_addons.module.argocd.aws_iam_role_policy_attachment.additional",
            "module.eks_blueprints_addons.module.argocd.aws_iam_role_policy_attachment.this",
            "module.eks_blueprints_addons.module.argocd.data.aws_caller_identity.current",
            "module.eks_blueprints_addons.module.argocd.data.aws_iam_policy_document.assume",
            "module.eks_blueprints_addons.module.argocd.data.aws_iam_policy_document.this",
            "module.eks_blueprints_addons.module.argocd.data.aws_partition.current",
            "module.eks_blueprints_addons.module.argocd.helm_release.this",
            "module.eks_blueprints_addons.module.aws_cloudwatch_metrics.aws_iam_policy.this",
            "module.eks_blueprints_addons.module.aws_cloudwatch_metrics.aws_iam_role.this",
            "module.eks_blueprints_addons.module.aws_cloudwatch_metrics.aws_iam_role_policy_attachment.additional",
            "module.eks_blueprints_addons.module.aws_cloudwatch_metrics.aws_iam_role_policy_attachment.this",
            "module.eks_blueprints_addons.module.aws_cloudwatch_metrics.data.aws_caller_identity.current",
            "module.eks_blueprints_addons.module.aws_cloudwatch_metrics.data.aws_iam_policy_document.assume",
            "module.eks_blueprints_addons.module.aws_cloudwatch_metrics.data.aws_iam_policy_document.this",
            "module.eks_blueprints_addons.module.aws_cloudwatch_metrics.data.aws_partition.current",
            "module.eks_blueprints_addons.module.aws_cloudwatch_metrics.helm_release.this",
            "module.eks_blueprints_addons.module.aws_efs_csi_driver.aws_iam_policy.this",
            "module.eks_blueprints_addons.module.aws_efs_csi_driver.aws_iam_role.this",
            "module.eks_blueprints_addons.module.aws_efs_csi_driver.aws_iam_role_policy_attachment.additional",
            "module.eks_blueprints_addons.module.aws_efs_csi_driver.aws_iam_role_policy_attachment.this",
            "module.eks_blueprints_addons.module.aws_efs_csi_driver.data.aws_caller_identity.current",
            "module.eks_blueprints_addons.module.aws_efs_csi_driver.data.aws_iam_policy_document.assume",
            "module.eks_blueprints_addons.module.aws_efs_csi_driver.data.aws_iam_policy_document.this",
            "module.eks_blueprints_addons.module.aws_efs_csi_driver.data.aws_partition.current",
            "module.eks_blueprints_addons.module.aws_efs_csi_driver.helm_release.this",
            "module.eks_blueprints_addons.module.aws_for_fluentbit.aws_iam_policy.this",
            "module.eks_blueprints_addons.module.aws_for_fluentbit.aws_iam_role.this",
            "module.eks_blueprints_addons.module.aws_for_fluentbit.aws_iam_role_policy_attachment.additional",
            "module.eks_blueprints_addons.module.aws_for_fluentbit.aws_iam_role_policy_attachment.this",
            "module.eks_blueprints_addons.module.aws_for_fluentbit.data.aws_caller_identity.current",
            "module.eks_blueprints_addons.module.aws_for_fluentbit.data.aws_iam_policy_document.assume",
            "module.eks_blueprints_addons.module.aws_for_fluentbit.data.aws_iam_policy_document.this",
            "module.eks_blueprints_addons.module.aws_for_fluentbit.data.aws_partition.current",
            "module.eks_blueprints_addons.module.aws_for_fluentbit.helm_release.this",
            "module.eks_blueprints_addons.module.aws_fsx_csi_driver.aws_iam_policy.this",
            "module.eks_blueprints_addons.module.aws_fsx_csi_driver.aws_iam_role.this",
            "module.eks_blueprints_addons.module.aws_fsx_csi_driver.aws_iam_role_policy_attachment.additional",
            "module.eks_blueprints_addons.module.aws_fsx_csi_driver.aws_iam_role_policy_attachment.this",
            "module.eks_blueprints_addons.module.aws_fsx_csi_driver.data.aws_caller_identity.current",
            "module.eks_blueprints_addons.module.aws_fsx_csi_driver.data.aws_iam_policy_document.assume",
            "module.eks_blueprints_addons.module.aws_fsx_csi_driver.data.aws_iam_policy_document.this",
            "module.eks_blueprints_addons.module.aws_fsx_csi_driver.data.aws_partition.current",
            "module.eks_blueprints_addons.module.aws_fsx_csi_driver.helm_release.this",
            "module.eks_blueprints_addons.module.aws_gateway_api_controller.aws_iam_policy.this",
            "module.eks_blueprints_addons.module.aws_gateway_api_controller.aws_iam_role.this",
            "module.eks_blueprints_addons.module.aws_gateway_api_controller.aws_iam_role_policy_attachment.additional",
            "module.eks_blueprints_addons.module.aws_gateway_api_controller.aws_iam_role_policy_attachment.this",
            "module.eks_blueprints_addons.module.aws_gateway_api_controller.data.aws_caller_identity.current",
            "module.eks_blueprints_addons.module.aws_gateway_api_controller.data.aws_iam_policy_document.assume",
            "module.eks_blueprints_addons.module.aws_gateway_api_controller.data.aws_iam_policy_document.this",
            "module.eks_blueprints_addons.module.aws_gateway_api_controller.data.aws_partition.current",
            "module.eks_blueprints_addons.module.aws_gateway_api_controller.helm_release.this",
            "module.eks_blueprints_addons.module.aws_load_balancer_controller.aws_iam_policy.this",
            "module.eks_blueprints_addons.module.aws_load_balancer_controller.aws_iam_role.this",
            "module.eks_blueprints_addons.module.aws_load_balancer_controller.aws_iam_role_policy_attachment.additional",
            "module.eks_blueprints_addons.module.aws_load_balancer_controller.aws_iam_role_policy_attachment.this",
            "module.eks_blueprints_addons.module.aws_load_balancer_controller.data.aws_caller_identity.current",
            "module.eks_blueprints_addons.module.aws_load_balancer_controller.data.aws_iam_policy_document.assume",
            "module.eks_blueprints_addons.module.aws_load_balancer_controller.data.aws_iam_policy_document.this",
            "module.eks_blueprints_addons.module.aws_load_balancer_controller.data.aws_partition.current",
            "module.eks_blueprints_addons.module.aws_load_balancer_controller.helm_release.this",
            "module.eks_blueprints_addons.module.aws_node_termination_handler.aws_iam_policy.this",
            "module.eks_blueprints_addons.module.aws_node_termination_handler.aws_iam_role.this",
            "module.eks_blueprints_addons.module.aws_node_termination_handler.aws_iam_role_policy_attachment.additional",
            "module.eks_blueprints_addons.module.aws_node_termination_handler.aws_iam_role_policy_attachment.this",
            "module.eks_blueprints_addons.module.aws_node_termination_handler.data.aws_caller_identity.current",
            "module.eks_blueprints_addons.module.aws_node_termination_handler.data.aws_iam_policy_document.assume",
            "module.eks_blueprints_addons.module.aws_node_termination_handler.data.aws_iam_policy_document.this",
            "module.eks_blueprints_addons.module.aws_node_termination_handler.data.aws_partition.current",
            "module.eks_blueprints_addons.module.aws_node_termination_handler.helm_release.this",
            "module.eks_blueprints_addons.module.aws_node_termination_handler_sqs.aws_sqs_queue.dlq",
            "module.eks_blueprints_addons.module.aws_node_termination_handler_sqs.aws_sqs_queue.this",
            "module.eks_blueprints_addons.module.aws_node_termination_handler_sqs.aws_sqs_queue_policy.dlq",
            "module.eks_blueprints_addons.module.aws_node_termination_handler_sqs.aws_sqs_queue_policy.this",
            "module.eks_blueprints_addons.module.aws_node_termination_handler_sqs.aws_sqs_queue_redrive_allow_policy.dlq",
            "module.eks_blueprints_addons.module.aws_node_termination_handler_sqs.aws_sqs_queue_redrive_allow_policy.this",
            "module.eks_blueprints_addons.module.aws_node_termination_handler_sqs.aws_sqs_queue_redrive_policy.dlq",
            "module.eks_blueprints_addons.module.aws_node_termination_handler_sqs.aws_sqs_queue_redrive_policy.this",
            "module.eks_blueprints_addons.module.aws_node_termination_handler_sqs.data.aws_iam_policy_document.dlq",
            "module.eks_blueprints_addons.module.aws_node_termination_handler_sqs.data.aws_iam_policy_document.this",
            "module.eks_blueprints_addons.module.aws_privateca_issuer.aws_iam_policy.this",
            "module.eks_blueprints_addons.module.aws_privateca_issuer.aws_iam_role.this",
            "module.eks_blueprints_addons.module.aws_privateca_issuer.aws_iam_role_policy_attachment.additional",
            "module.eks_blueprints_addons.module.aws_privateca_issuer.aws_iam_role_policy_attachment.this",
            "module.eks_blueprints_addons.module.aws_privateca_issuer.data.aws_caller_identity.current",
            "module.eks_blueprints_addons.module.aws_privateca_issuer.data.aws_iam_policy_document.assume",
            "module.eks_blueprints_addons.module.aws_privateca_issuer.data.aws_iam_policy_document.this",
            "module.eks_blueprints_addons.module.aws_privateca_issuer.data.aws_partition.current",
            "module.eks_blueprints_addons.module.aws_privateca_issuer.helm_release.this",
            "module.eks_blueprints_addons.module.cert_manager.aws_iam_policy.this",
            "module.eks_blueprints_addons.module.cert_manager.aws_iam_role.this",
            "module.eks_blueprints_addons.module.cert_manager.aws_iam_role_policy_attachment.additional",
            "module.eks_blueprints_addons.module.cert_manager.aws_iam_role_policy_attachment.this",
            "module.eks_blueprints_addons.module.cert_manager.data.aws_caller_identity.current",
            "module.eks_blueprints_addons.module.cert_manager.data.aws_iam_policy_document.assume",
            "module.eks_blueprints_addons.module.cert_manager.data.aws_iam_policy_document.this",
            "module.eks_blueprints_addons.module.cert_manager.data.aws_partition.current",
            "module.eks_blueprints_addons.module.cert_manager.helm_release.this",
            "module.eks_blueprints_addons.module.cluster_autoscaler.aws_iam_policy.this",
            "module.eks_blueprints_addons.module.cluster_autoscaler.aws_iam_role.this",
            "module.eks_blueprints_addons.module.cluster_autoscaler.aws_iam_role_policy_attachment.additional",
            "module.eks_blueprints_addons.module.cluster_autoscaler.aws_iam_role_policy_attachment.this",
            "module.eks_blueprints_addons.module.cluster_autoscaler.data.aws_caller_identity.current",
            "module.eks_blueprints_addons.module.cluster_autoscaler.data.aws_iam_policy_document.assume",
            "module.eks_blueprints_addons.module.cluster_autoscaler.data.aws_iam_policy_document.this",
            "module.eks_blueprints_addons.module.cluster_autoscaler.data.aws_partition.current",
            "module.eks_blueprints_addons.module.cluster_autoscaler.helm_release.this",
            "module.eks_blueprints_addons.module.cluster_proportional_autoscaler.aws_iam_policy.this",
            "module.eks_blueprints_addons.module.cluster_proportional_autoscaler.aws_iam_role.this",
            "module.eks_blueprints_addons.module.cluster_proportional_autoscaler.aws_iam_role_policy_attachment.additional",
            "module.eks_blueprints_addons.module.cluster_proportional_autoscaler.aws_iam_role_policy_attachment.this",
            "module.eks_blueprints_addons.module.cluster_proportional_autoscaler.data.aws_caller_identity.current",
            "module.eks_blueprints_addons.module.cluster_proportional_autoscaler.data.aws_iam_policy_document.assume",
            "module.eks_blueprints_addons.module.cluster_proportional_autoscaler.data.aws_iam_policy_document.this",
            "module.eks_blueprints_addons.module.cluster_proportional_autoscaler.data.aws_partition.current",
            "module.eks_blueprints_addons.module.cluster_proportional_autoscaler.helm_release.this",
            "module.eks_blueprints_addons.module.external_dns.aws_iam_policy.this",
            "module.eks_blueprints_addons.module.external_dns.aws_iam_role.this",
            "module.eks_blueprints_addons.module.external_dns.aws_iam_role_policy_attachment.additional",
            "module.eks_blueprints_addons.module.external_dns.aws_iam_role_policy_attachment.this",
            "module.eks_blueprints_addons.module.external_dns.data.aws_caller_identity.current",
            "module.eks_blueprints_addons.module.external_dns.data.aws_iam_policy_document.assume",
            "module.eks_blueprints_addons.module.external_dns.data.aws_iam_policy_document.this",
            "module.eks_blueprints_addons.module.external_dns.data.aws_partition.current",
            "module.eks_blueprints_addons.module.external_dns.helm_release.this",
            "module.eks_blueprints_addons.module.external_secrets.aws_iam_policy.this",
            "module.eks_blueprints_addons.module.external_secrets.aws_iam_role.this",
            "module.eks_blueprints_addons.module.external_secrets.aws_iam_role_policy_attachment.additional",
            "module.eks_blueprints_addons.module.external_secrets.aws_iam_role_policy_attachment.this",
            "module.eks_blueprints_addons.module.external_secrets.data.aws_caller_identity.current",
            "module.eks_blueprints_addons.module.external_secrets.data.aws_iam_policy_document.assume",
            "module.eks_blueprints_addons.module.external_secrets.data.aws_iam_policy_document.this",
            "module.eks_blueprints_addons.module.external_secrets.data.aws_partition.current",
            "module.eks_blueprints_addons.module.external_secrets.helm_release.this",
            "module.eks_blueprints_addons.module.gatekeeper.aws_iam_policy.this",
            "module.eks_blueprints_addons.module.gatekeeper.aws_iam_role.this",
            "module.eks_blueprints_addons.module.gatekeeper.aws_iam_role_policy_attachment.additional",
            "module.eks_blueprints_addons.module.gatekeeper.aws_iam_role_policy_attachment.this",
            "module.eks_blueprints_addons.module.gatekeeper.data.aws_caller_identity.current",
            "module.eks_blueprints_addons.module.gatekeeper.data.aws_iam_policy_document.assume",
            "module.eks_blueprints_addons.module.gatekeeper.data.aws_iam_policy_document.this",
            "module.eks_blueprints_addons.module.gatekeeper.data.aws_partition.current",
            "module.eks_blueprints_addons.module.gatekeeper.helm_release.this",
            "module.eks_blueprints_addons.module.ingress_nginx.aws_iam_policy.this",
            "module.eks_blueprints_addons.module.ingress_nginx.aws_iam_role.this",
            "module.eks_blueprints_addons.module.ingress_nginx.aws_iam_role_policy_attachment.additional",
            "module.eks_blueprints_addons.module.ingress_nginx.aws_iam_role_policy_attachment.this",
            "module.eks_blueprints_addons.module.ingress_nginx.data.aws_caller_identity.current",
            "module.eks_blueprints_addons.module.ingress_nginx.data.aws_iam_policy_document.assume",
            "module.eks_blueprints_addons.module.ingress_nginx.data.aws_iam_policy_document.this",
            "module.eks_blueprints_addons.module.ingress_nginx.data.aws_partition.current",
            "module.eks_blueprints_addons.module.ingress_nginx.helm_release.this",
            "module.eks_blueprints_addons.module.karpenter.aws_iam_policy.this",
            "module.eks_blueprints_addons.module.karpenter.aws_iam_role.this",
            "module.eks_blueprints_addons.module.karpenter.aws_iam_role_policy_attachment.additional",
            "module.eks_blueprints_addons.module.karpenter.aws_iam_role_policy_attachment.this",
            "module.eks_blueprints_addons.module.karpenter.data.aws_caller_identity.current",
            "module.eks_blueprints_addons.module.karpenter.data.aws_iam_policy_document.assume",
            "module.eks_blueprints_addons.module.karpenter.data.aws_iam_policy_document.this",
            "module.eks_blueprints_addons.module.karpenter.data.aws_partition.current",
            "module.eks_blueprints_addons.module.karpenter.helm_release.this",
            "module.eks_blueprints_addons.module.karpenter_sqs.aws_sqs_queue.dlq",
            "module.eks_blueprints_addons.module.karpenter_sqs.aws_sqs_queue.this",
            "module.eks_blueprints_addons.module.karpenter_sqs.aws_sqs_queue_policy.dlq",
            "module.eks_blueprints_addons.module.karpenter_sqs.aws_sqs_queue_policy.this",
            "module.eks_blueprints_addons.module.karpenter_sqs.aws_sqs_queue_redrive_allow_policy.dlq",
            "module.eks_blueprints_addons.module.karpenter_sqs.aws_sqs_queue_redrive_allow_policy.this",
            "module.eks_blueprints_addons.module.karpenter_sqs.aws_sqs_queue_redrive_policy.dlq",
            "module.eks_blueprints_addons.module.karpenter_sqs.aws_sqs_queue_redrive_policy.this",
            "module.eks_blueprints_addons.module.karpenter_sqs.data.aws_iam_policy_document.dlq",
            "module.eks_blueprints_addons.module.karpenter_sqs.data.aws_iam_policy_document.this",
            "module.eks_blueprints_addons.module.kube_prometheus_stack.aws_iam_policy.this",
            "module.eks_blueprints_addons.module.kube_prometheus_stack.aws_iam_role.this",
            "module.eks_blueprints_addons.module.kube_prometheus_stack.aws_iam_role_policy_attachment.additional",
            "module.eks_blueprints_addons.module.kube_prometheus_stack.aws_iam_role_policy_attachment.this",
            "module.eks_blueprints_addons.module.kube_prometheus_stack.data.aws_caller_identity.current",
            "module.eks_blueprints_addons.module.kube_prometheus_stack.data.aws_iam_policy_document.assume",
            "module.eks_blueprints_addons.module.kube_prometheus_stack.data.aws_iam_policy_document.this",
            "module.eks_blueprints_addons.module.kube_prometheus_stack.data.aws_partition.current",
            "module.eks_blueprints_addons.module.kube_prometheus_stack.helm_release.this",
            "module.eks_blueprints_addons.module.metrics_server.aws_iam_policy.this",
            "module.eks_blueprints_addons.module.metrics_server.aws_iam_role.this",
            "module.eks_blueprints_addons.module.metrics_server.aws_iam_role_policy_attachment.additional",
            "module.eks_blueprints_addons.module.metrics_server.aws_iam_role_policy_attachment.this",
            "module.eks_blueprints_addons.module.metrics_server.data.aws_caller_identity.current",
            "module.eks_blueprints_addons.module.metrics_server.data.aws_iam_policy_document.assume",
            "module.eks_blueprints_addons.module.metrics_server.data.aws_iam_policy_document.this",
            "module.eks_blueprints_addons.module.metrics_server.data.aws_partition.current",
            "module.eks_blueprints_addons.module.metrics_server.helm_release.this",
            "module.eks_blueprints_addons.module.secrets_store_csi_driver.aws_iam_policy.this",
            "module.eks_blueprints_addons.module.secrets_store_csi_driver.aws_iam_role.this",
            "module.eks_blueprints_addons.module.secrets_store_csi_driver.aws_iam_role_policy_attachment.additional",
            "module.eks_blueprints_addons.module.secrets_store_csi_driver.aws_iam_role_policy_attachment.this",
            "module.eks_blueprints_addons.module.secrets_store_csi_driver.data.aws_caller_identity.current",
            "module.eks_blueprints_addons.module.secrets_store_csi_driver.data.aws_iam_policy_document.assume",
            "module.eks_blueprints_addons.module.secrets_store_csi_driver.data.aws_iam_policy_document.this",
            "module.eks_blueprints_addons.module.secrets_store_csi_driver.data.aws_partition.current",
            "module.eks_blueprints_addons.module.secrets_store_csi_driver.helm_release.this",
            "module.eks_blueprints_addons.module.secrets_store_csi_driver_provider_aws.aws_iam_policy.this",
            "module.eks_blueprints_addons.module.secrets_store_csi_driver_provider_aws.aws_iam_role.this",
            "module.eks_blueprints_addons.module.secrets_store_csi_driver_provider_aws.aws_iam_role_policy_attachment.additional",
            "module.eks_blueprints_addons.module.secrets_store_csi_driver_provider_aws.aws_iam_role_policy_attachment.this",
            "module.eks_blueprints_addons.module.secrets_store_csi_driver_provider_aws.data.aws_caller_identity.current",
            "module.eks_blueprints_addons.module.secrets_store_csi_driver_provider_aws.data.aws_iam_policy_document.assume",
            "module.eks_blueprints_addons.module.secrets_store_csi_driver_provider_aws.data.aws_iam_policy_document.this",
            "module.eks_blueprints_addons.module.secrets_store_csi_driver_provider_aws.data.aws_partition.current",
            "module.eks_blueprints_addons.module.secrets_store_csi_driver_provider_aws.helm_release.this",
            "module.eks_blueprints_addons.module.velero.aws_iam_policy.this",
            "module.eks_blueprints_addons.module.velero.aws_iam_role.this",
            "module.eks_blueprints_addons.module.velero.aws_iam_role_policy_attachment.additional",
            "module.eks_blueprints_addons.module.velero.aws_iam_role_policy_attachment.this",
            "module.eks_blueprints_addons.module.velero.data.aws_caller_identity.current",
            "module.eks_blueprints_addons.module.velero.data.aws_iam_policy_document.assume",
            "module.eks_blueprints_addons.module.velero.data.aws_iam_policy_document.this",
            "module.eks_blueprints_addons.module.velero.data.aws_partition.current",
            "module.eks_blueprints_addons.module.velero.helm_release.this",
            "module.eks_blueprints_addons.module.vpa.aws_iam_policy.this",
            "module.eks_blueprints_addons.module.vpa.aws_iam_role.this",
            "module.eks_blueprints_addons.module.vpa.aws_iam_role_policy_attachment.additional",
            "module.eks_blueprints_addons.module.vpa.aws_iam_role_policy_attachment.this",
            "module.eks_blueprints_addons.module.vpa.data.aws_caller_identity.current",
            "module.eks_blueprints_addons.module.vpa.data.aws_iam_policy_document.assume",
            "module.eks_blueprints_addons.module.vpa.data.aws_iam_policy_document.this",
            "module.eks_blueprints_addons.module.vpa.data.aws_partition.current",
            "module.eks_blueprints_addons.module.vpa.helm_release.this",
            "module.eks_blueprints_addons.time_sleep.this",
            "module.vpc.aws_subnet.private",
            "module.vpc_cni_irsa.aws_iam_role.this"
          ]
        }
      ]
    },
    {
      "module": "module.ebs_csi_driver_irsa",
      "mode": "data",
      "type": "aws_caller_identity",
      "name": "current",
      "provider": "provider[\"registry.terraform.io/hashicorp/aws\"]",
      "instances": [
        {
          "schema_version": 0,
          "attributes": {
            "account_id": "733851053666",
            "arn": "arn:aws:iam::733851053666:user/admin",
            "id": "733851053666",
            "user_id": "AIDA2VXHONZRJS2XSI5GL"
          },
          "sensitive_attributes": []
        }
      ]
    },
    {
      "module": "module.ebs_csi_driver_irsa",
      "mode": "data",
      "type": "aws_iam_policy_document",
      "name": "ebs_csi",
      "provider": "provider[\"registry.terraform.io/hashicorp/aws\"]",
      "instances": [
        {
          "index_key": 0,
          "schema_version": 0,
          "attributes": {
            "id": "932695789",
            "json": "{\n  \"Version\": \"2012-10-17\",\n  \"Statement\": [\n    {\n      \"Effect\": \"Allow\",\n      \"Action\": [\n        \"ec2:ModifyVolume\",\n        \"ec2:DetachVolume\",\n        \"ec2:DescribeVolumesModifications\",\n        \"ec2:DescribeVolumes\",\n        \"ec2:DescribeTags\",\n        \"ec2:DescribeSnapshots\",\n        \"ec2:DescribeInstances\",\n        \"ec2:DescribeAvailabilityZones\",\n        \"ec2:CreateSnapshot\",\n        \"ec2:AttachVolume\"\n      ],\n      \"Resource\": \"*\"\n    },\n    {\n      \"Effect\": \"Allow\",\n      \"Action\": \"ec2:CreateTags\",\n      \"Resource\": [\n        \"arn:aws:ec2:*:*:volume/*\",\n        \"arn:aws:ec2:*:*:snapshot/*\"\n      ],\n      \"Condition\": {\n        \"StringEquals\": {\n          \"ec2:CreateAction\": [\n            \"CreateVolume\",\n            \"CreateSnapshot\"\n          ]\n        }\n      }\n    },\n    {\n      \"Effect\": \"Allow\",\n      \"Action\": \"ec2:DeleteTags\",\n      \"Resource\": [\n        \"arn:aws:ec2:*:*:volume/*\",\n        \"arn:aws:ec2:*:*:snapshot/*\"\n      ]\n    },\n    {\n      \"Effect\": \"Allow\",\n      \"Action\": \"ec2:CreateVolume\",\n      \"Resource\": \"*\",\n      \"Condition\": {\n        \"StringLike\": {\n          \"aws:RequestTag/ebs.csi.aws.com/cluster\": \"true\"\n        }\n      }\n    },\n    {\n      \"Effect\": \"Allow\",\n      \"Action\": \"ec2:CreateVolume\",\n      \"Resource\": \"*\",\n      \"Condition\": {\n        \"StringLike\": {\n          \"aws:RequestTag/CSIVolumeName\": \"*\"\n        }\n      }\n    },\n    {\n      \"Effect\": \"Allow\",\n      \"Action\": \"ec2:CreateVolume\",\n      \"Resource\": \"*\",\n      \"Condition\": {\n        \"StringLike\": {\n          \"aws:RequestTag/kubernetes.io/cluster/*\": \"owned\"\n        }\n      }\n    },\n    {\n      \"Effect\": \"Allow\",\n      \"Action\": \"ec2:DeleteVolume\",\n      \"Resource\": \"*\",\n      \"Condition\": {\n        \"StringLike\": {\n          \"ec2:ResourceTag/ebs.csi.aws.com/cluster\": \"true\"\n        }\n      }\n    },\n    {\n      \"Effect\": \"Allow\",\n      \"Action\": \"ec2:DeleteVolume\",\n      \"Resource\": \"*\",\n      \"Condition\": {\n        \"StringLike\": {\n          \"ec2:ResourceTag/CSIVolumeName\": \"*\"\n        }\n      }\n    },\n    {\n      \"Effect\": \"Allow\",\n      \"Action\": \"ec2:DeleteVolume\",\n      \"Resource\": \"*\",\n      \"Condition\": {\n        \"StringLike\": {\n          \"ec2:ResourceTag/kubernetes.io/cluster/*\": \"owned\"\n        }\n      }\n    },\n    {\n      \"Effect\": \"Allow\",\n      \"Action\": \"ec2:DeleteVolume\",\n      \"Resource\": \"*\",\n      \"Condition\": {\n        \"StringLike\": {\n          \"ec2:ResourceTag/kubernetes.io/created-for/pvc/name\": \"*\"\n        }\n      }\n    },\n    {\n      \"Effect\": \"Allow\",\n      \"Action\": \"ec2:DeleteSnapshot\",\n      \"Resource\": \"*\",\n      \"Condition\": {\n        \"StringLike\": {\n          \"ec2:ResourceTag/CSIVolumeSnapshotName\": \"*\"\n        }\n      }\n    },\n    {\n      \"Effect\": \"Allow\",\n      \"Action\": \"ec2:DeleteSnapshot\",\n      \"Resource\": \"*\",\n      \"Condition\": {\n        \"StringLike\": {\n          \"ec2:ResourceTag/ebs.csi.aws.com/cluster\": \"true\"\n        }\n      }\n    }\n  ]\n}",
            "override_policy_documents": null,
            "policy_id": null,
            "source_policy_documents": null,
            "statement": [
              {
                "actions": [
                  "ec2:AttachVolume",
                  "ec2:CreateSnapshot",
                  "ec2:DescribeAvailabilityZones",
                  "ec2:DescribeInstances",
                  "ec2:DescribeSnapshots",
                  "ec2:DescribeTags",
                  "ec2:DescribeVolumes",
                  "ec2:DescribeVolumesModifications",
                  "ec2:DetachVolume",
                  "ec2:ModifyVolume"
                ],
                "condition": [],
                "effect": "Allow",
                "not_actions": [],
                "not_principals": [],
                "not_resources": [],
                "principals": [],
                "resources": [
                  "*"
                ],
                "sid": ""
              },
              {
                "actions": [
                  "ec2:CreateTags"
                ],
                "condition": [
                  {
                    "test": "StringEquals",
                    "values": [
                      "CreateVolume",
                      "CreateSnapshot"
                    ],
                    "variable": "ec2:CreateAction"
                  }
                ],
                "effect": "Allow",
                "not_actions": [],
                "not_principals": [],
                "not_resources": [],
                "principals": [],
                "resources": [
                  "arn:aws:ec2:*:*:snapshot/*",
                  "arn:aws:ec2:*:*:volume/*"
                ],
                "sid": ""
              },
              {
                "actions": [
                  "ec2:DeleteTags"
                ],
                "condition": [],
                "effect": "Allow",
                "not_actions": [],
                "not_principals": [],
                "not_resources": [],
                "principals": [],
                "resources": [
                  "arn:aws:ec2:*:*:snapshot/*",
                  "arn:aws:ec2:*:*:volume/*"
                ],
                "sid": ""
              },
              {
                "actions": [
                  "ec2:CreateVolume"
                ],
                "condition": [
                  {
                    "test": "StringLike",
                    "values": [
                      "true"
                    ],
                    "variable": "aws:RequestTag/ebs.csi.aws.com/cluster"
                  }
                ],
                "effect": "Allow",
                "not_actions": [],
                "not_principals": [],
                "not_resources": [],
                "principals": [],
                "resources": [
                  "*"
                ],
                "sid": ""
              },
              {
                "actions": [
                  "ec2:CreateVolume"
                ],
                "condition": [
                  {
                    "test": "StringLike",
                    "values": [
                      "*"
                    ],
                    "variable": "aws:RequestTag/CSIVolumeName"
                  }
                ],
                "effect": "Allow",
                "not_actions": [],
                "not_principals": [],
                "not_resources": [],
                "principals": [],
                "resources": [
                  "*"
                ],
                "sid": ""
              },
              {
                "actions": [
                  "ec2:CreateVolume"
                ],
                "condition": [
                  {
                    "test": "StringLike",
                    "values": [
                      "owned"
                    ],
                    "variable": "aws:RequestTag/kubernetes.io/cluster/*"
                  }
                ],
                "effect": "Allow",
                "not_actions": [],
                "not_principals": [],
                "not_resources": [],
                "principals": [],
                "resources": [
                  "*"
                ],
                "sid": ""
              },
              {
                "actions": [
                  "ec2:DeleteVolume"
                ],
                "condition": [
                  {
                    "test": "StringLike",
                    "values": [
                      "true"
                    ],
                    "variable": "ec2:ResourceTag/ebs.csi.aws.com/cluster"
                  }
                ],
                "effect": "Allow",
                "not_actions": [],
                "not_principals": [],
                "not_resources": [],
                "principals": [],
                "resources": [
                  "*"
                ],
                "sid": ""
              },
              {
                "actions": [
                  "ec2:DeleteVolume"
                ],
                "condition": [
                  {
                    "test": "StringLike",
                    "values": [
                      "*"
                    ],
                    "variable": "ec2:ResourceTag/CSIVolumeName"
                  }
                ],
                "effect": "Allow",
                "not_actions": [],
                "not_principals": [],
                "not_resources": [],
                "principals": [],
                "resources": [
                  "*"
                ],
                "sid": ""
              },
              {
                "actions": [
                  "ec2:DeleteVolume"
                ],
                "condition": [
                  {
                    "test": "StringLike",
                    "values": [
                      "owned"
                    ],
                    "variable": "ec2:ResourceTag/kubernetes.io/cluster/*"
                  }
                ],
                "effect": "Allow",
                "not_actions": [],
                "not_principals": [],
                "not_resources": [],
                "principals": [],
                "resources": [
                  "*"
                ],
                "sid": ""
              },
              {
                "actions": [
                  "ec2:DeleteVolume"
                ],
                "condition": [
                  {
                    "test": "StringLike",
                    "values": [
                      "*"
                    ],
                    "variable": "ec2:ResourceTag/kubernetes.io/created-for/pvc/name"
                  }
                ],
                "effect": "Allow",
                "not_actions": [],
                "not_principals": [],
                "not_resources": [],
                "principals": [],
                "resources": [
                  "*"
                ],
                "sid": ""
              },
              {
                "actions": [
                  "ec2:DeleteSnapshot"
                ],
                "condition": [
                  {
                    "test": "StringLike",
                    "values": [
                      "*"
                    ],
                    "variable": "ec2:ResourceTag/CSIVolumeSnapshotName"
                  }
                ],
                "effect": "Allow",
                "not_actions": [],
                "not_principals": [],
                "not_resources": [],
                "principals": [],
                "resources": [
                  "*"
                ],
                "sid": ""
              },
              {
                "actions": [
                  "ec2:DeleteSnapshot"
                ],
                "condition": [
                  {
                    "test": "StringLike",
                    "values": [
                      "true"
                    ],
                    "variable": "ec2:ResourceTag/ebs.csi.aws.com/cluster"
                  }
                ],
                "effect": "Allow",
                "not_actions": [],
                "not_principals": [],
                "not_resources": [],
                "principals": [],
                "resources": [
                  "*"
                ],
                "sid": ""
              }
            ],
            "version": "2012-10-17"
          },
          "sensitive_attributes": []
        }
      ]
    },
    {
      "module": "module.ebs_csi_driver_irsa",
      "mode": "data",
      "type": "aws_iam_policy_document",
      "name": "this",
      "provider": "provider[\"registry.terraform.io/hashicorp/aws\"]",
      "instances": [
        {
          "index_key": 0,
          "schema_version": 0,
          "attributes": {
            "id": "3183564249",
            "json": "{\n  \"Version\": \"2012-10-17\",\n  \"Statement\": [\n    {\n      \"Effect\": \"Allow\",\n      \"Action\": \"sts:AssumeRoleWithWebIdentity\",\n      \"Principal\": {\n        \"Federated\": \"arn:aws:iam::733851053666:oidc-provider/oidc.eks.ap-northeast-1.amazonaws.com/id/4CA4BFABAC808B4FDA51E5A12BC38BE2\"\n      },\n      \"Condition\": {\n        \"StringEquals\": {\n          \"oidc.eks.ap-northeast-1.amazonaws.com/id/4CA4BFABAC808B4FDA51E5A12BC38BE2:aud\": \"sts.amazonaws.com\",\n          \"oidc.eks.ap-northeast-1.amazonaws.com/id/4CA4BFABAC808B4FDA51E5A12BC38BE2:sub\": \"system:serviceaccount:kube-system:ebs-csi-controller-sa\"\n        }\n      }\n    }\n  ]\n}",
            "override_policy_documents": null,
            "policy_id": null,
            "source_policy_documents": null,
            "statement": [
              {
                "actions": [
                  "sts:AssumeRoleWithWebIdentity"
                ],
                "condition": [
                  {
                    "test": "StringEquals",
                    "values": [
                      "sts.amazonaws.com"
                    ],
                    "variable": "oidc.eks.ap-northeast-1.amazonaws.com/id/4CA4BFABAC808B4FDA51E5A12BC38BE2:aud"
                  },
                  {
                    "test": "StringEquals",
                    "values": [
                      "system:serviceaccount:kube-system:ebs-csi-controller-sa"
                    ],
                    "variable": "oidc.eks.ap-northeast-1.amazonaws.com/id/4CA4BFABAC808B4FDA51E5A12BC38BE2:sub"
                  }
                ],
                "effect": "Allow",
                "not_actions": [],
                "not_principals": [],
                "not_resources": [],
                "principals": [
                  {
                    "identifiers": [
                      "arn:aws:iam::733851053666:oidc-provider/oidc.eks.ap-northeast-1.amazonaws.com/id/4CA4BFABAC808B4FDA51E5A12BC38BE2"
                    ],
                    "type": "Federated"
                  }
                ],
                "resources": [],
                "sid": ""
              }
            ],
            "version": "2012-10-17"
          },
          "sensitive_attributes": []
        }
      ]
    },
    {
      "module": "module.ebs_csi_driver_irsa",
      "mode": "data",
      "type": "aws_partition",
      "name": "current",
      "provider": "provider[\"registry.terraform.io/hashicorp/aws\"]",
      "instances": [
        {
          "schema_version": 0,
          "attributes": {
            "dns_suffix": "amazonaws.com",
            "id": "aws",
            "partition": "aws",
            "reverse_dns_prefix": "com.amazonaws"
          },
          "sensitive_attributes": []
        }
      ]
    },
    {
      "module": "module.ebs_csi_driver_irsa",
      "mode": "data",
      "type": "aws_region",
      "name": "current",
      "provider": "provider[\"registry.terraform.io/hashicorp/aws\"]",
      "instances": [
        {
          "schema_version": 0,
          "attributes": {
            "description": "Asia Pacific (Tokyo)",
            "endpoint": "ec2.ap-northeast-1.amazonaws.com",
            "id": "ap-northeast-1",
            "name": "ap-northeast-1"
          },
          "sensitive_attributes": []
        }
      ]
    },
    {
      "module": "module.ebs_csi_driver_irsa",
      "mode": "managed",
      "type": "aws_iam_policy",
      "name": "ebs_csi",
      "provider": "provider[\"registry.terraform.io/hashicorp/aws\"]",
      "instances": [
        {
          "index_key": 0,
          "schema_version": 0,
          "attributes": {
            "arn": "arn:aws:iam::733851053666:policy/AmazonEKS_EBS_CSI_Policy-20230816155644742600000003",
            "description": "Provides permissions to manage EBS volumes via the container storage interface driver",
            "id": "arn:aws:iam::733851053666:policy/AmazonEKS_EBS_CSI_Policy-20230816155644742600000003",
            "name": "AmazonEKS_EBS_CSI_Policy-20230816155644742600000003",
            "name_prefix": "AmazonEKS_EBS_CSI_Policy-",
            "path": "/",
            "policy": "{\"Statement\":[{\"Action\":[\"ec2:ModifyVolume\",\"ec2:DetachVolume\",\"ec2:DescribeVolumesModifications\",\"ec2:DescribeVolumes\",\"ec2:DescribeTags\",\"ec2:DescribeSnapshots\",\"ec2:DescribeInstances\",\"ec2:DescribeAvailabilityZones\",\"ec2:CreateSnapshot\",\"ec2:AttachVolume\"],\"Effect\":\"Allow\",\"Resource\":\"*\"},{\"Action\":\"ec2:CreateTags\",\"Condition\":{\"StringEquals\":{\"ec2:CreateAction\":[\"CreateVolume\",\"CreateSnapshot\"]}},\"Effect\":\"Allow\",\"Resource\":[\"arn:aws:ec2:*:*:volume/*\",\"arn:aws:ec2:*:*:snapshot/*\"]},{\"Action\":\"ec2:DeleteTags\",\"Effect\":\"Allow\",\"Resource\":[\"arn:aws:ec2:*:*:volume/*\",\"arn:aws:ec2:*:*:snapshot/*\"]},{\"Action\":\"ec2:CreateVolume\",\"Condition\":{\"StringLike\":{\"aws:RequestTag/ebs.csi.aws.com/cluster\":\"true\"}},\"Effect\":\"Allow\",\"Resource\":\"*\"},{\"Action\":\"ec2:CreateVolume\",\"Condition\":{\"StringLike\":{\"aws:RequestTag/CSIVolumeName\":\"*\"}},\"Effect\":\"Allow\",\"Resource\":\"*\"},{\"Action\":\"ec2:CreateVolume\",\"Condition\":{\"StringLike\":{\"aws:RequestTag/kubernetes.io/cluster/*\":\"owned\"}},\"Effect\":\"Allow\",\"Resource\":\"*\"},{\"Action\":\"ec2:DeleteVolume\",\"Condition\":{\"StringLike\":{\"ec2:ResourceTag/ebs.csi.aws.com/cluster\":\"true\"}},\"Effect\":\"Allow\",\"Resource\":\"*\"},{\"Action\":\"ec2:DeleteVolume\",\"Condition\":{\"StringLike\":{\"ec2:ResourceTag/CSIVolumeName\":\"*\"}},\"Effect\":\"Allow\",\"Resource\":\"*\"},{\"Action\":\"ec2:DeleteVolume\",\"Condition\":{\"StringLike\":{\"ec2:ResourceTag/kubernetes.io/cluster/*\":\"owned\"}},\"Effect\":\"Allow\",\"Resource\":\"*\"},{\"Action\":\"ec2:DeleteVolume\",\"Condition\":{\"StringLike\":{\"ec2:ResourceTag/kubernetes.io/created-for/pvc/name\":\"*\"}},\"Effect\":\"Allow\",\"Resource\":\"*\"},{\"Action\":\"ec2:DeleteSnapshot\",\"Condition\":{\"StringLike\":{\"ec2:ResourceTag/CSIVolumeSnapshotName\":\"*\"}},\"Effect\":\"Allow\",\"Resource\":\"*\"},{\"Action\":\"ec2:DeleteSnapshot\",\"Condition\":{\"StringLike\":{\"ec2:ResourceTag/ebs.csi.aws.com/cluster\":\"true\"}},\"Effect\":\"Allow\",\"Resource\":\"*\"}],\"Version\":\"2012-10-17\"}",
            "policy_id": "ANPA2VXHONZRCWM6HJBKB",
            "tags": {
              "Blueprint": "eks-tester",
              "GithubRepo": "github.com/aws-ia/terraform-aws-eks-blueprints"
            },
            "tags_all": {
              "Blueprint": "eks-tester",
              "GithubRepo": "github.com/aws-ia/terraform-aws-eks-blueprints"
            }
          },
          "sensitive_attributes": [],
          "private": "bnVsbA==",
          "dependencies": [
            "module.ebs_csi_driver_irsa.data.aws_iam_policy_document.ebs_csi",
            "module.ebs_csi_driver_irsa.data.aws_partition.current"
          ]
        }
      ]
    },
    {
      "module": "module.ebs_csi_driver_irsa",
      "mode": "managed",
      "type": "aws_iam_role",
      "name": "this",
      "provider": "provider[\"registry.terraform.io/hashicorp/aws\"]",
      "instances": [
        {
          "index_key": 0,
          "schema_version": 0,
          "attributes": {
            "arn": "arn:aws:iam::733851053666:role/eks-tester-ebs-csi-driver",
            "assume_role_policy": "{\"Statement\":[{\"Action\":\"sts:AssumeRoleWithWebIdentity\",\"Condition\":{\"StringEquals\":{\"oidc.eks.ap-northeast-1.amazonaws.com/id/4CA4BFABAC808B4FDA51E5A12BC38BE2:aud\":\"sts.amazonaws.com\",\"oidc.eks.ap-northeast-1.amazonaws.com/id/4CA4BFABAC808B4FDA51E5A12BC38BE2:sub\":\"system:serviceaccount:kube-system:ebs-csi-controller-sa\"}},\"Effect\":\"Allow\",\"Principal\":{\"Federated\":\"arn:aws:iam::733851053666:oidc-provider/oidc.eks.ap-northeast-1.amazonaws.com/id/4CA4BFABAC808B4FDA51E5A12BC38BE2\"}}],\"Version\":\"2012-10-17\"}",
            "create_date": "2023-08-17T02:26:17Z",
            "description": "",
            "force_detach_policies": true,
            "id": "eks-tester-ebs-csi-driver",
            "inline_policy": [],
            "managed_policy_arns": [
              "arn:aws:iam::733851053666:policy/AmazonEKS_EBS_CSI_Policy-20230816155644742600000003"
            ],
            "max_session_duration": 3600,
            "name": "eks-tester-ebs-csi-driver",
            "name_prefix": "",
            "path": "/",
            "permissions_boundary": null,
            "tags": {
              "Blueprint": "eks-tester",
              "GithubRepo": "github.com/aws-ia/terraform-aws-eks-blueprints"
            },
            "tags_all": {
              "Blueprint": "eks-tester",
              "GithubRepo": "github.com/aws-ia/terraform-aws-eks-blueprints"
            },
            "unique_id": "AROA2VXHONZRGTMSJVQFB"
          },
          "sensitive_attributes": [],
          "private": "bnVsbA==",
          "dependencies": [
            "data.aws_availability_zones.available",
            "module.ebs_csi_driver_irsa.data.aws_caller_identity.current",
            "module.ebs_csi_driver_irsa.data.aws_iam_policy_document.this",
            "module.ebs_csi_driver_irsa.data.aws_partition.current",
            "module.eks.aws_cloudwatch_log_group.this",
            "module.eks.aws_eks_cluster.this",
            "module.eks.aws_iam_openid_connect_provider.oidc_provider",
            "module.eks.aws_iam_policy.cni_ipv6_policy",
            "module.eks.aws_iam_role.this",
            "module.eks.aws_iam_role_policy_attachment.this",
            "module.eks.aws_security_group.cluster",
            "module.eks.aws_security_group.node",
            "module.eks.aws_security_group_rule.cluster",
            "module.eks.aws_security_group_rule.node",
            "module.eks.data.aws_caller_identity.current",
            "module.eks.data.aws_iam_policy_document.assume_role_policy",
            "module.eks.data.aws_iam_policy_document.cni_ipv6_policy",
            "module.eks.data.aws_iam_session_context.current",
            "module.eks.data.aws_partition.current",
            "module.eks.data.tls_certificate.this",
            "module.eks.module.kms.aws_kms_external_key.this",
            "module.eks.module.kms.aws_kms_key.this",
            "module.eks.module.kms.data.aws_caller_identity.current",
            "module.eks.module.kms.data.aws_iam_policy_document.this",
            "module.eks.module.kms.data.aws_partition.current",
            "module.vpc.aws_subnet.private",
            "module.vpc.aws_vpc.this",
            "module.vpc.aws_vpc_ipv4_cidr_block_association.this"
          ]
        }
      ]
    },
    {
      "module": "module.ebs_csi_driver_irsa",
      "mode": "managed",
      "type": "aws_iam_role_policy_attachment",
      "name": "ebs_csi",
      "provider": "provider[\"registry.terraform.io/hashicorp/aws\"]",
      "instances": [
        {
          "index_key": 0,
          "schema_version": 0,
          "attributes": {
            "id": "eks-tester-ebs-csi-driver-20230817022618679300000017",
            "policy_arn": "arn:aws:iam::733851053666:policy/AmazonEKS_EBS_CSI_Policy-20230816155644742600000003",
            "role": "eks-tester-ebs-csi-driver"
          },
          "sensitive_attributes": [],
          "private": "bnVsbA==",
          "dependencies": [
            "data.aws_availability_zones.available",
            "module.ebs_csi_driver_irsa.aws_iam_policy.ebs_csi",
            "module.ebs_csi_driver_irsa.aws_iam_role.this",
            "module.ebs_csi_driver_irsa.data.aws_caller_identity.current",
            "module.ebs_csi_driver_irsa.data.aws_iam_policy_document.ebs_csi",
            "module.ebs_csi_driver_irsa.data.aws_iam_policy_document.this",
            "module.ebs_csi_driver_irsa.data.aws_partition.current",
            "module.eks.aws_cloudwatch_log_group.this",
            "module.eks.aws_eks_cluster.this",
            "module.eks.aws_iam_openid_connect_provider.oidc_provider",
            "module.eks.aws_iam_policy.cni_ipv6_policy",
            "module.eks.aws_iam_role.this",
            "module.eks.aws_iam_role_policy_attachment.this",
            "module.eks.aws_security_group.cluster",
            "module.eks.aws_security_group.node",
            "module.eks.aws_security_group_rule.cluster",
            "module.eks.aws_security_group_rule.node",
            "module.eks.data.aws_caller_identity.current",
            "module.eks.data.aws_iam_policy_document.assume_role_policy",
            "module.eks.data.aws_iam_policy_document.cni_ipv6_policy",
            "module.eks.data.aws_iam_session_context.current",
            "module.eks.data.aws_partition.current",
            "module.eks.data.tls_certificate.this",
            "module.eks.module.kms.aws_kms_external_key.this",
            "module.eks.module.kms.aws_kms_key.this",
            "module.eks.module.kms.data.aws_caller_identity.current",
            "module.eks.module.kms.data.aws_iam_policy_document.this",
            "module.eks.module.kms.data.aws_partition.current",
            "module.vpc.aws_subnet.private",
            "module.vpc.aws_vpc.this",
            "module.vpc.aws_vpc_ipv4_cidr_block_association.this"
          ]
        }
      ]
    },
    {
      "module": "module.efs_csi_driver_irsa",
      "mode": "data",
      "type": "aws_caller_identity",
      "name": "current",
      "provider": "provider[\"registry.terraform.io/hashicorp/aws\"]",
      "instances": [
        {
          "schema_version": 0,
          "attributes": {
            "account_id": "733851053666",
            "arn": "arn:aws:iam::733851053666:user/admin",
            "id": "733851053666",
            "user_id": "AIDA2VXHONZRJS2XSI5GL"
          },
          "sensitive_attributes": []
        }
      ]
    },
    {
      "module": "module.efs_csi_driver_irsa",
      "mode": "data",
      "type": "aws_iam_policy_document",
      "name": "efs_csi",
      "provider": "provider[\"registry.terraform.io/hashicorp/aws\"]",
      "instances": [
        {
          "index_key": 0,
          "schema_version": 0,
          "attributes": {
            "id": "3064053908",
            "json": "{\n  \"Version\": \"2012-10-17\",\n  \"Statement\": [\n    {\n      \"Effect\": \"Allow\",\n      \"Action\": [\n        \"elasticfilesystem:DescribeMountTargets\",\n        \"elasticfilesystem:DescribeFileSystems\",\n        \"elasticfilesystem:DescribeAccessPoints\",\n        \"ec2:DescribeAvailabilityZones\"\n      ],\n      \"Resource\": \"*\"\n    },\n    {\n      \"Effect\": \"Allow\",\n      \"Action\": \"elasticfilesystem:CreateAccessPoint\",\n      \"Resource\": \"*\",\n      \"Condition\": {\n        \"StringLike\": {\n          \"aws:RequestTag/efs.csi.aws.com/cluster\": \"true\"\n        }\n      }\n    },\n    {\n      \"Effect\": \"Allow\",\n      \"Action\": \"elasticfilesystem:TagResource\",\n      \"Resource\": \"*\",\n      \"Condition\": {\n        \"StringLike\": {\n          \"aws:RequestTag/efs.csi.aws.com/cluster\": \"true\"\n        }\n      }\n    },\n    {\n      \"Effect\": \"Allow\",\n      \"Action\": \"elasticfilesystem:DeleteAccessPoint\",\n      \"Resource\": \"*\",\n      \"Condition\": {\n        \"StringEquals\": {\n          \"aws:ResourceTag/efs.csi.aws.com/cluster\": \"true\"\n        }\n      }\n    }\n  ]\n}",
            "override_policy_documents": null,
            "policy_id": null,
            "source_policy_documents": null,
            "statement": [
              {
                "actions": [
                  "ec2:DescribeAvailabilityZones",
                  "elasticfilesystem:DescribeAccessPoints",
                  "elasticfilesystem:DescribeFileSystems",
                  "elasticfilesystem:DescribeMountTargets"
                ],
                "condition": [],
                "effect": "Allow",
                "not_actions": [],
                "not_principals": [],
                "not_resources": [],
                "principals": [],
                "resources": [
                  "*"
                ],
                "sid": ""
              },
              {
                "actions": [
                  "elasticfilesystem:CreateAccessPoint"
                ],
                "condition": [
                  {
                    "test": "StringLike",
                    "values": [
                      "true"
                    ],
                    "variable": "aws:RequestTag/efs.csi.aws.com/cluster"
                  }
                ],
                "effect": "Allow",
                "not_actions": [],
                "not_principals": [],
                "not_resources": [],
                "principals": [],
                "resources": [
                  "*"
                ],
                "sid": ""
              },
              {
                "actions": [
                  "elasticfilesystem:TagResource"
                ],
                "condition": [
                  {
                    "test": "StringLike",
                    "values": [
                      "true"
                    ],
                    "variable": "aws:RequestTag/efs.csi.aws.com/cluster"
                  }
                ],
                "effect": "Allow",
                "not_actions": [],
                "not_principals": [],
                "not_resources": [],
                "principals": [],
                "resources": [
                  "*"
                ],
                "sid": ""
              },
              {
                "actions": [
                  "elasticfilesystem:DeleteAccessPoint"
                ],
                "condition": [
                  {
                    "test": "StringEquals",
                    "values": [
                      "true"
                    ],
                    "variable": "aws:ResourceTag/efs.csi.aws.com/cluster"
                  }
                ],
                "effect": "Allow",
                "not_actions": [],
                "not_principals": [],
                "not_resources": [],
                "principals": [],
                "resources": [
                  "*"
                ],
                "sid": ""
              }
            ],
            "version": "2012-10-17"
          },
          "sensitive_attributes": []
        }
      ]
    },
    {
      "module": "module.efs_csi_driver_irsa",
      "mode": "data",
      "type": "aws_iam_policy_document",
      "name": "this",
      "provider": "provider[\"registry.terraform.io/hashicorp/aws\"]",
      "instances": [
        {
          "index_key": 0,
          "schema_version": 0,
          "attributes": {
            "id": "601397015",
            "json": "{\n  \"Version\": \"2012-10-17\",\n  \"Statement\": [\n    {\n      \"Effect\": \"Allow\",\n      \"Action\": \"sts:AssumeRoleWithWebIdentity\",\n      \"Principal\": {\n        \"Federated\": \"arn:aws:iam::733851053666:oidc-provider/oidc.eks.ap-northeast-1.amazonaws.com/id/4CA4BFABAC808B4FDA51E5A12BC38BE2\"\n      },\n      \"Condition\": {\n        \"StringEquals\": {\n          \"oidc.eks.ap-northeast-1.amazonaws.com/id/4CA4BFABAC808B4FDA51E5A12BC38BE2:aud\": \"sts.amazonaws.com\",\n          \"oidc.eks.ap-northeast-1.amazonaws.com/id/4CA4BFABAC808B4FDA51E5A12BC38BE2:sub\": \"system:serviceaccount:kube-system:efs-csi-controller-sa\"\n        }\n      }\n    }\n  ]\n}",
            "override_policy_documents": null,
            "policy_id": null,
            "source_policy_documents": null,
            "statement": [
              {
                "actions": [
                  "sts:AssumeRoleWithWebIdentity"
                ],
                "condition": [
                  {
                    "test": "StringEquals",
                    "values": [
                      "sts.amazonaws.com"
                    ],
                    "variable": "oidc.eks.ap-northeast-1.amazonaws.com/id/4CA4BFABAC808B4FDA51E5A12BC38BE2:aud"
                  },
                  {
                    "test": "StringEquals",
                    "values": [
                      "system:serviceaccount:kube-system:efs-csi-controller-sa"
                    ],
                    "variable": "oidc.eks.ap-northeast-1.amazonaws.com/id/4CA4BFABAC808B4FDA51E5A12BC38BE2:sub"
                  }
                ],
                "effect": "Allow",
                "not_actions": [],
                "not_principals": [],
                "not_resources": [],
                "principals": [
                  {
                    "identifiers": [
                      "arn:aws:iam::733851053666:oidc-provider/oidc.eks.ap-northeast-1.amazonaws.com/id/4CA4BFABAC808B4FDA51E5A12BC38BE2"
                    ],
                    "type": "Federated"
                  }
                ],
                "resources": [],
                "sid": ""
              }
            ],
            "version": "2012-10-17"
          },
          "sensitive_attributes": []
        }
      ]
    },
    {
      "module": "module.efs_csi_driver_irsa",
      "mode": "data",
      "type": "aws_partition",
      "name": "current",
      "provider": "provider[\"registry.terraform.io/hashicorp/aws\"]",
      "instances": [
        {
          "schema_version": 0,
          "attributes": {
            "dns_suffix": "amazonaws.com",
            "id": "aws",
            "partition": "aws",
            "reverse_dns_prefix": "com.amazonaws"
          },
          "sensitive_attributes": []
        }
      ]
    },
    {
      "module": "module.efs_csi_driver_irsa",
      "mode": "data",
      "type": "aws_region",
      "name": "current",
      "provider": "provider[\"registry.terraform.io/hashicorp/aws\"]",
      "instances": [
        {
          "schema_version": 0,
          "attributes": {
            "description": "Asia Pacific (Tokyo)",
            "endpoint": "ec2.ap-northeast-1.amazonaws.com",
            "id": "ap-northeast-1",
            "name": "ap-northeast-1"
          },
          "sensitive_attributes": []
        }
      ]
    },
    {
      "module": "module.efs_csi_driver_irsa",
      "mode": "managed",
      "type": "aws_iam_policy",
      "name": "efs_csi",
      "provider": "provider[\"registry.terraform.io/hashicorp/aws\"]",
      "instances": [
        {
          "index_key": 0,
          "schema_version": 0,
          "attributes": {
            "arn": "arn:aws:iam::733851053666:policy/AmazonEKS_EFS_CSI_Policy-20230816155644745600000004",
            "description": "Provides permissions to manage EFS volumes via the container storage interface driver",
            "id": "arn:aws:iam::733851053666:policy/AmazonEKS_EFS_CSI_Policy-20230816155644745600000004",
            "name": "AmazonEKS_EFS_CSI_Policy-20230816155644745600000004",
            "name_prefix": "AmazonEKS_EFS_CSI_Policy-",
            "path": "/",
            "policy": "{\"Statement\":[{\"Action\":[\"elasticfilesystem:DescribeMountTargets\",\"elasticfilesystem:DescribeFileSystems\",\"elasticfilesystem:DescribeAccessPoints\",\"ec2:DescribeAvailabilityZones\"],\"Effect\":\"Allow\",\"Resource\":\"*\"},{\"Action\":\"elasticfilesystem:CreateAccessPoint\",\"Condition\":{\"StringLike\":{\"aws:RequestTag/efs.csi.aws.com/cluster\":\"true\"}},\"Effect\":\"Allow\",\"Resource\":\"*\"},{\"Action\":\"elasticfilesystem:TagResource\",\"Condition\":{\"StringLike\":{\"aws:RequestTag/efs.csi.aws.com/cluster\":\"true\"}},\"Effect\":\"Allow\",\"Resource\":\"*\"},{\"Action\":\"elasticfilesystem:DeleteAccessPoint\",\"Condition\":{\"StringEquals\":{\"aws:ResourceTag/efs.csi.aws.com/cluster\":\"true\"}},\"Effect\":\"Allow\",\"Resource\":\"*\"}],\"Version\":\"2012-10-17\"}",
            "policy_id": "ANPA2VXHONZRANPKQMMMX",
            "tags": {
              "Blueprint": "eks-tester",
              "GithubRepo": "github.com/aws-ia/terraform-aws-eks-blueprints"
            },
            "tags_all": {
              "Blueprint": "eks-tester",
              "GithubRepo": "github.com/aws-ia/terraform-aws-eks-blueprints"
            }
          },
          "sensitive_attributes": [],
          "private": "bnVsbA==",
          "dependencies": [
            "module.efs_csi_driver_irsa.data.aws_iam_policy_document.efs_csi"
          ]
        }
      ]
    },
    {
      "module": "module.efs_csi_driver_irsa",
      "mode": "managed",
      "type": "aws_iam_role",
      "name": "this",
      "provider": "provider[\"registry.terraform.io/hashicorp/aws\"]",
      "instances": [
        {
          "index_key": 0,
          "schema_version": 0,
          "attributes": {
            "arn": "arn:aws:iam::733851053666:role/eks-tester-efs-csi-driver",
            "assume_role_policy": "{\"Statement\":[{\"Action\":\"sts:AssumeRoleWithWebIdentity\",\"Condition\":{\"StringEquals\":{\"oidc.eks.ap-northeast-1.amazonaws.com/id/4CA4BFABAC808B4FDA51E5A12BC38BE2:aud\":\"sts.amazonaws.com\",\"oidc.eks.ap-northeast-1.amazonaws.com/id/4CA4BFABAC808B4FDA51E5A12BC38BE2:sub\":\"system:serviceaccount:kube-system:efs-csi-controller-sa\"}},\"Effect\":\"Allow\",\"Principal\":{\"Federated\":\"arn:aws:iam::733851053666:oidc-provider/oidc.eks.ap-northeast-1.amazonaws.com/id/4CA4BFABAC808B4FDA51E5A12BC38BE2\"}}],\"Version\":\"2012-10-17\"}",
            "create_date": "2023-08-17T02:26:17Z",
            "description": "",
            "force_detach_policies": true,
            "id": "eks-tester-efs-csi-driver",
            "inline_policy": [],
            "managed_policy_arns": [
              "arn:aws:iam::733851053666:policy/AmazonEKS_EFS_CSI_Policy-20230816155644745600000004"
            ],
            "max_session_duration": 3600,
            "name": "eks-tester-efs-csi-driver",
            "name_prefix": "",
            "path": "/",
            "permissions_boundary": null,
            "tags": {
              "Blueprint": "eks-tester",
              "GithubRepo": "github.com/aws-ia/terraform-aws-eks-blueprints"
            },
            "tags_all": {
              "Blueprint": "eks-tester",
              "GithubRepo": "github.com/aws-ia/terraform-aws-eks-blueprints"
            },
            "unique_id": "AROA2VXHONZRCGNEV2TEN"
          },
          "sensitive_attributes": [],
          "private": "bnVsbA==",
          "dependencies": [
            "data.aws_availability_zones.available",
            "module.efs_csi_driver_irsa.data.aws_caller_identity.current",
            "module.efs_csi_driver_irsa.data.aws_iam_policy_document.this",
            "module.efs_csi_driver_irsa.data.aws_partition.current",
            "module.eks.aws_cloudwatch_log_group.this",
            "module.eks.aws_eks_cluster.this",
            "module.eks.aws_iam_openid_connect_provider.oidc_provider",
            "module.eks.aws_iam_policy.cni_ipv6_policy",
            "module.eks.aws_iam_role.this",
            "module.eks.aws_iam_role_policy_attachment.this",
            "module.eks.aws_security_group.cluster",
            "module.eks.aws_security_group.node",
            "module.eks.aws_security_group_rule.cluster",
            "module.eks.aws_security_group_rule.node",
            "module.eks.data.aws_caller_identity.current",
            "module.eks.data.aws_iam_policy_document.assume_role_policy",
            "module.eks.data.aws_iam_policy_document.cni_ipv6_policy",
            "module.eks.data.aws_iam_session_context.current",
            "module.eks.data.aws_partition.current",
            "module.eks.data.tls_certificate.this",
            "module.eks.module.kms.aws_kms_external_key.this",
            "module.eks.module.kms.aws_kms_key.this",
            "module.eks.module.kms.data.aws_caller_identity.current",
            "module.eks.module.kms.data.aws_iam_policy_document.this",
            "module.eks.module.kms.data.aws_partition.current",
            "module.vpc.aws_subnet.private",
            "module.vpc.aws_vpc.this",
            "module.vpc.aws_vpc_ipv4_cidr_block_association.this"
          ]
        }
      ]
    },
    {
      "module": "module.efs_csi_driver_irsa",
      "mode": "managed",
      "type": "aws_iam_role_policy_attachment",
      "name": "efs_csi",
      "provider": "provider[\"registry.terraform.io/hashicorp/aws\"]",
      "instances": [
        {
          "index_key": 0,
          "schema_version": 0,
          "attributes": {
            "id": "eks-tester-efs-csi-driver-20230817022618958300000018",
            "policy_arn": "arn:aws:iam::733851053666:policy/AmazonEKS_EFS_CSI_Policy-20230816155644745600000004",
            "role": "eks-tester-efs-csi-driver"
          },
          "sensitive_attributes": [],
          "private": "bnVsbA==",
          "dependencies": [
            "data.aws_availability_zones.available",
            "module.efs_csi_driver_irsa.aws_iam_policy.efs_csi",
            "module.efs_csi_driver_irsa.aws_iam_role.this",
            "module.efs_csi_driver_irsa.data.aws_caller_identity.current",
            "module.efs_csi_driver_irsa.data.aws_iam_policy_document.efs_csi",
            "module.efs_csi_driver_irsa.data.aws_iam_policy_document.this",
            "module.efs_csi_driver_irsa.data.aws_partition.current",
            "module.eks.aws_cloudwatch_log_group.this",
            "module.eks.aws_eks_cluster.this",
            "module.eks.aws_iam_openid_connect_provider.oidc_provider",
            "module.eks.aws_iam_policy.cni_ipv6_policy",
            "module.eks.aws_iam_role.this",
            "module.eks.aws_iam_role_policy_attachment.this",
            "module.eks.aws_security_group.cluster",
            "module.eks.aws_security_group.node",
            "module.eks.aws_security_group_rule.cluster",
            "module.eks.aws_security_group_rule.node",
            "module.eks.data.aws_caller_identity.current",
            "module.eks.data.aws_iam_policy_document.assume_role_policy",
            "module.eks.data.aws_iam_policy_document.cni_ipv6_policy",
            "module.eks.data.aws_iam_session_context.current",
            "module.eks.data.aws_partition.current",
            "module.eks.data.tls_certificate.this",
            "module.eks.module.kms.aws_kms_external_key.this",
            "module.eks.module.kms.aws_kms_key.this",
            "module.eks.module.kms.data.aws_caller_identity.current",
            "module.eks.module.kms.data.aws_iam_policy_document.this",
            "module.eks.module.kms.data.aws_partition.current",
            "module.vpc.aws_subnet.private",
            "module.vpc.aws_vpc.this",
            "module.vpc.aws_vpc_ipv4_cidr_block_association.this"
          ]
        }
      ]
    },
    {
      "module": "module.eks",
      "mode": "data",
      "type": "aws_caller_identity",
      "name": "current",
      "provider": "provider[\"registry.terraform.io/hashicorp/aws\"]",
      "instances": [
        {
          "schema_version": 0,
          "attributes": {
            "account_id": "733851053666",
            "arn": "arn:aws:iam::733851053666:user/admin",
            "id": "733851053666",
            "user_id": "AIDA2VXHONZRJS2XSI5GL"
          },
          "sensitive_attributes": []
        }
      ]
    },
    {
      "module": "module.eks",
      "mode": "data",
      "type": "aws_iam_policy_document",
      "name": "assume_role_policy",
      "provider": "provider[\"registry.terraform.io/hashicorp/aws\"]",
      "instances": [
        {
          "index_key": 0,
          "schema_version": 0,
          "attributes": {
            "id": "2764486067",
            "json": "{\n  \"Version\": \"2012-10-17\",\n  \"Statement\": [\n    {\n      \"Sid\": \"EKSClusterAssumeRole\",\n      \"Effect\": \"Allow\",\n      \"Action\": \"sts:AssumeRole\",\n      \"Principal\": {\n        \"Service\": \"eks.amazonaws.com\"\n      }\n    }\n  ]\n}",
            "override_policy_documents": null,
            "policy_id": null,
            "source_policy_documents": null,
            "statement": [
              {
                "actions": [
                  "sts:AssumeRole"
                ],
                "condition": [],
                "effect": "Allow",
                "not_actions": [],
                "not_principals": [],
                "not_resources": [],
                "principals": [
                  {
                    "identifiers": [
                      "eks.amazonaws.com"
                    ],
                    "type": "Service"
                  }
                ],
                "resources": [],
                "sid": "EKSClusterAssumeRole"
              }
            ],
            "version": "2012-10-17"
          },
          "sensitive_attributes": []
        }
      ]
    },
    {
      "module": "module.eks",
      "mode": "data",
      "type": "aws_iam_session_context",
      "name": "current",
      "provider": "provider[\"registry.terraform.io/hashicorp/aws\"]",
      "instances": [
        {
          "schema_version": 0,
          "attributes": {
            "arn": "arn:aws:iam::733851053666:user/admin",
            "id": "arn:aws:iam::733851053666:user/admin",
            "issuer_arn": "arn:aws:iam::733851053666:user/admin",
            "issuer_id": "",
            "issuer_name": "",
            "session_name": ""
          },
          "sensitive_attributes": []
        }
      ]
    },
    {
      "module": "module.eks",
      "mode": "data",
      "type": "aws_partition",
      "name": "current",
      "provider": "provider[\"registry.terraform.io/hashicorp/aws\"]",
      "instances": [
        {
          "schema_version": 0,
          "attributes": {
            "dns_suffix": "amazonaws.com",
            "id": "aws",
            "partition": "aws",
            "reverse_dns_prefix": "com.amazonaws"
          },
          "sensitive_attributes": []
        }
      ]
    },
    {
      "module": "module.eks",
      "mode": "data",
      "type": "tls_certificate",
      "name": "this",
      "provider": "provider[\"registry.terraform.io/hashicorp/tls\"]",
      "instances": [
        {
          "index_key": 0,
          "schema_version": 0,
          "attributes": {
            "certificates": [
              {
                "cert_pem": "-----BEGIN CERTIFICATE-----\nMIIEdTCCA12gAwIBAgIJAKcOSkw0grd/MA0GCSqGSIb3DQEBCwUAMGgxCzAJBgNV\nBAYTAlVTMSUwIwYDVQQKExxTdGFyZmllbGQgVGVjaG5vbG9naWVzLCBJbmMuMTIw\nMAYDVQQLEylTdGFyZmllbGQgQ2xhc3MgMiBDZXJ0aWZpY2F0aW9uIEF1dGhvcml0\neTAeFw0wOTA5MDIwMDAwMDBaFw0zNDA2MjgxNzM5MTZaMIGYMQswCQYDVQQGEwJV\nUzEQMA4GA1UECBMHQXJpem9uYTETMBEGA1UEBxMKU2NvdHRzZGFsZTElMCMGA1UE\nChMcU3RhcmZpZWxkIFRlY2hub2xvZ2llcywgSW5jLjE7MDkGA1UEAxMyU3RhcmZp\nZWxkIFNlcnZpY2VzIFJvb3QgQ2VydGlmaWNhdGUgQXV0aG9yaXR5IC0gRzIwggEi\nMA0GCSqGSIb3DQEBAQUAA4IBDwAwggEKAoIBAQDVDDrEKvlO4vW+GZdfjohTsR8/\ny8+fIBNtKTrID30892t2OGPZNmCom15cAICyL1l/9of5JUOG52kbUpqQ4XHj2C0N\nTm/2yEnZtvMaVq4rtnQU68/7JuMauh2WLmo7WJSJR1b/JaCTcFOD2oR0FMNnngRo\nOt+OQFodSk7PQ5E751bWAHDLUu57fa4657wx+UX2wmDPE1kCK4DMNEffud6QZW0C\nzyyRpqbn3oUYSXxmTqM6bam17jQuug0DuDPfR+uxa40l2ZvOgdFFRjKWcIfeAg5J\nQ4W2bHO7ZOphQazJ1FTfhy/HIrImzJ9ZVGif/L4qL8RVHHVAYBeFAlU5i38FAgMB\nAAGjgfAwge0wDwYDVR0TAQH/BAUwAwEB/zAOBgNVHQ8BAf8EBAMCAYYwHQYDVR0O\nBBYEFJxfAN+qAdcwKziIorhtSpzyEZGDMB8GA1UdIwQYMBaAFL9ft9HO3R+G9FtV\nrNzXEMIOqYjnME8GCCsGAQUFBwEBBEMwQTAcBggrBgEFBQcwAYYQaHR0cDovL28u\nc3MyLnVzLzAhBggrBgEFBQcwAoYVaHR0cDovL3guc3MyLnVzL3guY2VyMCYGA1Ud\nHwQfMB0wG6AZoBeGFWh0dHA6Ly9zLnNzMi51cy9yLmNybDARBgNVHSAECjAIMAYG\nBFUdIAAwDQYJKoZIhvcNAQELBQADggEBACMd44pXyn3pF3lM8R5V/cxTbj5HD9/G\nVfKyBDbtgB9TxF00KGu+x1X8Z+rLP3+QsjPNG1gQggL4+C/1E2DUBc7xgQjB3ad1\nl08YuW3e95ORCLp+QCztweq7dp4zBncdDQh/U90bZKuCJ/Fp1U1ervShw3WnWEQt\n8jxwmKy6abaVd38PMV4s/KCHOkdp8Hlf9BRUpJVeEXgSYCfOn8J3/yNTd126/+pZ\n59vPr5KW7ySaNRB6nJHGDn2Z9j8Z3/VyVOEVqQdZe4O/Ui5GjLIAZHYcSNPYeehu\nVsyuLAOQ1xk4meTKCRlb/weWsKh/NEnfVqn3sF/tM+2MR7cwA130A4w=\n-----END CERTIFICATE-----\n",
                "is_ca": true,
                "issuer": "OU=Starfield Class 2 Certification Authority,O=Starfield Technologies\\, Inc.,C=US",
                "not_after": "2034-06-28T17:39:16Z",
                "not_before": "2009-09-02T00:00:00Z",
                "public_key_algorithm": "RSA",
                "serial_number": "12037640545166866303",
                "sha1_fingerprint": "9e99a48a9960b14926bb7f3b02e22da2b0ab7280",
                "signature_algorithm": "SHA256-RSA",
                "subject": "CN=Starfield Services Root Certificate Authority - G2,O=Starfield Technologies\\, Inc.,L=Scottsdale,ST=Arizona,C=US",
                "version": 3
              },
              {
                "cert_pem": "-----BEGIN CERTIFICATE-----\nMIIEkjCCA3qgAwIBAgITBn+USionzfP6wq4rAfkI7rnExjANBgkqhkiG9w0BAQsF\nADCBmDELMAkGA1UEBhMCVVMxEDAOBgNVBAgTB0FyaXpvbmExEzARBgNVBAcTClNj\nb3R0c2RhbGUxJTAjBgNVBAoTHFN0YXJmaWVsZCBUZWNobm9sb2dpZXMsIEluYy4x\nOzA5BgNVBAMTMlN0YXJmaWVsZCBTZXJ2aWNlcyBSb290IENlcnRpZmljYXRlIEF1\ndGhvcml0eSAtIEcyMB4XDTE1MDUyNTEyMDAwMFoXDTM3MTIzMTAxMDAwMFowOTEL\nMAkGA1UEBhMCVVMxDzANBgNVBAoTBkFtYXpvbjEZMBcGA1UEAxMQQW1hem9uIFJv\nb3QgQ0EgMTCCASIwDQYJKoZIhvcNAQEBBQADggEPADCCAQoCggEBALJ4gHHKeNXj\nca9HgFB0fW7Y14h29Jlo91ghYPl0hAEvrAIthtOgQ3pOsqTQNroBvo3bSMgHFzZM\n9O6II8c+6zf1tRn4SWiw3te5djgdYZ6k/oI2peVKVuRF4fn9tBb6dNqcmzU5L/qw\nIFAGbHrQgLKm+a/sRxmPUDgH3KKHOVj4utWp+UhnMJbulHheb4mjUcAwhmahRWa6\nVOujw5H5SNz/0egwLX0tdHA114gk957EWW67c4cX8jJGKLhD+rcdqsq08p8kDi1L\n93FcXmn/6pUCyziKrlA4b9v7LWIbxcceVOF34GfID5yHI9Y/QCB/IIDEgEw+OyQm\njgSubJrIqg0CAwEAAaOCATEwggEtMA8GA1UdEwEB/wQFMAMBAf8wDgYDVR0PAQH/\nBAQDAgGGMB0GA1UdDgQWBBSEGMyFNOy8DJSULghZnMeyEE4KCDAfBgNVHSMEGDAW\ngBScXwDfqgHXMCs4iKK4bUqc8hGRgzB4BggrBgEFBQcBAQRsMGowLgYIKwYBBQUH\nMAGGImh0dHA6Ly9vY3NwLnJvb3RnMi5hbWF6b250cnVzdC5jb20wOAYIKwYBBQUH\nMAKGLGh0dHA6Ly9jcnQucm9vdGcyLmFtYXpvbnRydXN0LmNvbS9yb290ZzIuY2Vy\nMD0GA1UdHwQ2MDQwMqAwoC6GLGh0dHA6Ly9jcmwucm9vdGcyLmFtYXpvbnRydXN0\nLmNvbS9yb290ZzIuY3JsMBEGA1UdIAQKMAgwBgYEVR0gADANBgkqhkiG9w0BAQsF\nAAOCAQEAYjdCXLwQtT6LLOkMm2xF4gcAevnFWAu5CIw+7bMlPLVvUOTNNWqnkzSW\nMiGpSESrnO09tKpzbeR/FoCJbM8oAxiDR3mjEH4wW6w7sGDgd9QIpuEdfF7Au/ma\neyKdpwAJfqxGF4PcnCZXmTA5YpaP7dreqsXMGz7KQ2hsVxa81Q4gLv7/wmpdLqBK\nbRRYh5TmOTFffHPLkIhqhBGWJ6bt2YFGpn6jcgAKUj6DiAdjd4lpFw85hdKrCEVN\n0FE6/V1dN2RMfjCyVSRCnTawXZwXgWHxyvkQAiSr6w10kY17RSlQOYiypok1JR4U\nakcjMS9cmvqtmg5iUaQqqcT5NJ0hGA==\n-----END CERTIFICATE-----\n",
                "is_ca": true,
                "issuer": "CN=Starfield Services Root Certificate Authority - G2,O=Starfield Technologies\\, Inc.,L=Scottsdale,ST=Arizona,C=US",
                "not_after": "2037-12-31T01:00:00Z",
                "not_before": "2015-05-25T12:00:00Z",
                "public_key_algorithm": "RSA",
                "serial_number": "144918191876577076464031512351042010504348870",
                "sha1_fingerprint": "06b25927c42a721631c1efd9431e648fa62e1e39",
                "signature_algorithm": "SHA256-RSA",
                "subject": "CN=Amazon Root CA 1,O=Amazon,C=US",
                "version": 3
              },
              {
                "cert_pem": "-----BEGIN CERTIFICATE-----\nMIIEXjCCA0agAwIBAgITB3MSOAudZoijOx7Zv5zNpo4ODzANBgkqhkiG9w0BAQsF\nADA5MQswCQYDVQQGEwJVUzEPMA0GA1UEChMGQW1hem9uMRkwFwYDVQQDExBBbWF6\nb24gUm9vdCBDQSAxMB4XDTIyMDgyMzIyMjEyOFoXDTMwMDgyMzIyMjEyOFowPDEL\nMAkGA1UEBhMCVVMxDzANBgNVBAoTBkFtYXpvbjEcMBoGA1UEAxMTQW1hem9uIFJT\nQSAyMDQ4IE0wMTCCASIwDQYJKoZIhvcNAQEBBQADggEPADCCAQoCggEBAOtxLKnL\nH4gokjIwr4pXD3i3NyWVVYesZ1yX0yLI2qIUZ2t88Gfa4gMqs1YSXca1R/lnCKeT\nepWSGA+0+fkQNpp/L4C2T7oTTsddUx7g3ZYzByDTlrwS5HRQQqEFE3O1T5tEJP4t\nf+28IoXsNiEzl3UGzicYgtzj2cWCB41eJgEmJmcf2T8TzzK6a614ZPyq/w4CPAff\nnAV4coz96nW3AyiE2uhuB4zQUIXvgVSycW7sbWLvj5TDXunEpNCRwC4kkZjK7rol\njtT2cbb7W2s4Bkg3R42G3PLqBvt2N32e/0JOTViCk8/iccJ4sXqrS1uUN4iB5Nmv\nJK74csVl+0u0UecCAwEAAaOCAVowggFWMBIGA1UdEwEB/wQIMAYBAf8CAQAwDgYD\nVR0PAQH/BAQDAgGGMB0GA1UdJQQWMBQGCCsGAQUFBwMBBggrBgEFBQcDAjAdBgNV\nHQ4EFgQUgbgOY4qJEhjl+js7UJWf5uWQE4UwHwYDVR0jBBgwFoAUhBjMhTTsvAyU\nlC4IWZzHshBOCggwewYIKwYBBQUHAQEEbzBtMC8GCCsGAQUFBzABhiNodHRwOi8v\nb2NzcC5yb290Y2ExLmFtYXpvbnRydXN0LmNvbTA6BggrBgEFBQcwAoYuaHR0cDov\nL2NydC5yb290Y2ExLmFtYXpvbnRydXN0LmNvbS9yb290Y2ExLmNlcjA/BgNVHR8E\nODA2MDSgMqAwhi5odHRwOi8vY3JsLnJvb3RjYTEuYW1hem9udHJ1c3QuY29tL3Jv\nb3RjYTEuY3JsMBMGA1UdIAQMMAowCAYGZ4EMAQIBMA0GCSqGSIb3DQEBCwUAA4IB\nAQCtAN4CBSMuBjJitGuxlBbkEUDeK/pZwTXv4KqPK0G50fOHOQAd8j21p0cMBgbG\nkfMHVwLU7b0XwZCav0h1ogdPMN1KakK1DT0VwA/+hFvGPJnMV1Kx2G4S1ZaSk0uU\n5QfoiYIIano01J5k4T2HapKQmmOhS/iPtuo00wW+IMLeBuKMn3OLn005hcrOGTad\nhcmeyfhQP7Z+iKHvyoQGi1C0ClymHETx/chhQGDyYSWqB/THwnN15AwLQo0E5V9E\nSJlbe4mBlqeInUsNYugExNf+tOiybcrswBy8OFsd34XOW3rjSUtsuafd9AWySa3h\nxRRrwszrzX/WWGm6wyB+f7C4\n-----END CERTIFICATE-----\n",
                "is_ca": true,
                "issuer": "CN=Amazon Root CA 1,O=Amazon,C=US",
                "not_after": "2030-08-23T22:21:28Z",
                "not_before": "2022-08-23T22:21:28Z",
                "public_key_algorithm": "RSA",
                "serial_number": "166129328851546858514271303855646110030630415",
                "sha1_fingerprint": "2ad974a775f73cbdbbd8f5ac3a49255fa8fb1f8c",
                "signature_algorithm": "SHA256-RSA",
                "subject": "CN=Amazon RSA 2048 M01,O=Amazon,C=US",
                "version": 3
              },
              {
                "cert_pem": "-----BEGIN CERTIFICATE-----\nMIIF9TCCBN2gAwIBAgIQCCu2C8t8t7vapZiRCOva4DANBgkqhkiG9w0BAQsFADA8\nMQswCQYDVQQGEwJVUzEPMA0GA1UEChMGQW1hem9uMRwwGgYDVQQDExNBbWF6b24g\nUlNBIDIwNDggTTAxMB4XDTIzMDQxNDAwMDAwMFoXDTI0MDUxMjIzNTk1OVowMDEu\nMCwGA1UEAxMlb2lkYy5la3MuYXAtbm9ydGhlYXN0LTEuYW1hem9uYXdzLmNvbTCC\nASIwDQYJKoZIhvcNAQEBBQADggEPADCCAQoCggEBAL9VXk5vqQNAr516MURUHNTP\n4vNwAjaRJhYLWUAOrzQQ4/SEb8tqroLoBuSLGWB7icG3CIhLgFcAm3QtGkhUcQbG\nhcdoh6LWnJYE2hUOzZ2pGhksVwGdhntCGr9cThGrhgOeqGAMdHwIR1FX82/11/LI\nRaKb+XT2cf1dYvQa8bMn7A1m/TQ4/FPeHzmoiKDeG2aRHpjpoDUpBRWjOb6OW5K8\nOmq6iB/eMJ2abz7/zsobfTtnaOoheUm0xLrk0s3OMZhKfLxjDU5cpzAo277KzKOP\nDPxp8yb0KsUs28WyXBKXLe0LdPI+UDDey7mUA5XPwLFljEEpf/oQC5TSAZPjkx0C\nAwEAAaOCAv0wggL5MB8GA1UdIwQYMBaAFIG4DmOKiRIY5fo7O1CVn+blkBOFMB0G\nA1UdDgQWBBSAVTg1ObBL+D5mUpuZ1bJrqpwk9zAwBgNVHREEKTAngiVvaWRjLmVr\ncy5hcC1ub3J0aGVhc3QtMS5hbWF6b25hd3MuY29tMA4GA1UdDwEB/wQEAwIFoDAd\nBgNVHSUEFjAUBggrBgEFBQcDAQYIKwYBBQUHAwIwOwYDVR0fBDQwMjAwoC6gLIYq\naHR0cDovL2NybC5yMm0wMS5hbWF6b250cnVzdC5jb20vcjJtMDEuY3JsMBMGA1Ud\nIAQMMAowCAYGZ4EMAQIBMHUGCCsGAQUFBwEBBGkwZzAtBggrBgEFBQcwAYYhaHR0\ncDovL29jc3AucjJtMDEuYW1hem9udHJ1c3QuY29tMDYGCCsGAQUFBzAChipodHRw\nOi8vY3J0LnIybTAxLmFtYXpvbnRydXN0LmNvbS9yMm0wMS5jZXIwDAYDVR0TAQH/\nBAIwADCCAX0GCisGAQQB1nkCBAIEggFtBIIBaQFnAHYA7s3QZNXbGs7FXLedtM0T\nojKHRny87N7DUUhZRnEftZsAAAGHfVQSdgAABAMARzBFAiEA8Ri3ClcfElFCMYUy\npZB3SFLzfrf+nu+mHbJPlQiaDWwCICYwAccoq+cSntJq51Or8vA3Hy+6+50oSPkk\n+dZgLG9wAHUAc9meiRtMlnigIH1HneayxhzQUV5xGSqMa4AQesF3crUAAAGHfVQS\nzAAABAMARjBEAiAHM9nYyYYaLt6lvES2TczBkqQm8ZvVMBvMTLCyicTi5gIgXdgx\nh0o57GBBi6fVJKdNUuIrtEE+Ucfgs7n6RcnGChsAdgBIsONr2qZHNA/lagL6nTDr\nHFIBy1bdLIHZu7+rOdiEcwAAAYd9VBKQAAAEAwBHMEUCIH3qrGHOD5aizw2C+nZ0\n2qsDf1khD9S0XItbgtirIJgiAiEA+ZlIrBxnx+F2YDMSsBhXx+fjyP0P1Aj0+N9X\nhLrzRw4wDQYJKoZIhvcNAQELBQADggEBAC/YyFZtRhK0XBjqJE81jiak19vZPpbV\nB1yENXcL8uzBuQRvi1wACXyIyaFu/D1usOLQKfyUYQC5HFBQauFt9DILZjHYkIW1\nkjg/UWirREYiUzSL00W5PkDhbAvkMUze736Pnfq7nOknLIZjVnVy5f351i7wa7Au\nBYtWQCNGKAKdjIR7+qIEL46LaNBrj/Kh9UCZlXcxjmU7RLJMb2AmuOD6chCe1Ki8\nIVlHEaZazmKRBzZ28uuQbQPsUMszj+9AtMBfqRTCoEjv82FAIYWDRvDaGQ49715c\n5i8vgozMw8ERpY+UBm4ZOptvdmHhfbN1dgpz0YtGIgm9WjdAntMt1BU=\n-----END CERTIFICATE-----\n",
                "is_ca": false,
                "issuer": "CN=Amazon RSA 2048 M01,O=Amazon,C=US",
                "not_after": "2024-05-12T23:59:59Z",
                "not_before": "2023-04-14T00:00:00Z",
                "public_key_algorithm": "RSA",
                "serial_number": "10860785064230208285910076270784010976",
                "sha1_fingerprint": "64902016cef886b3670ddcaafc385107494c7efe",
                "signature_algorithm": "SHA256-RSA",
                "subject": "CN=oidc.eks.ap-northeast-1.amazonaws.com",
                "version": 3
              }
            ],
            "content": null,
            "id": "876ec6096b3f2e9d22b7016d735a7689929468a2",
            "url": "https://oidc.eks.ap-northeast-1.amazonaws.com/id/4CA4BFABAC808B4FDA51E5A12BC38BE2",
            "verify_chain": true
          },
          "sensitive_attributes": []
        }
      ]
    },
    {
      "module": "module.eks",
      "mode": "managed",
      "type": "aws_cloudwatch_log_group",
      "name": "this",
      "provider": "provider[\"registry.terraform.io/hashicorp/aws\"]",
      "instances": [
        {
          "index_key": 0,
          "schema_version": 0,
          "attributes": {
            "arn": "arn:aws:logs:ap-northeast-1:733851053666:log-group:/aws/eks/eks-tester/cluster",
            "id": "/aws/eks/eks-tester/cluster",
            "kms_key_id": "",
            "name": "/aws/eks/eks-tester/cluster",
            "name_prefix": "",
            "retention_in_days": 90,
            "skip_destroy": false,
            "tags": {
              "Blueprint": "eks-tester",
              "GithubRepo": "github.com/aws-ia/terraform-aws-eks-blueprints",
              "Name": "/aws/eks/eks-tester/cluster",
              "karpenter.sh/discovery": "eks-tester"
            },
            "tags_all": {
              "Blueprint": "eks-tester",
              "GithubRepo": "github.com/aws-ia/terraform-aws-eks-blueprints",
              "Name": "/aws/eks/eks-tester/cluster",
              "karpenter.sh/discovery": "eks-tester"
            }
          },
          "sensitive_attributes": [],
          "private": "bnVsbA==",
          "create_before_destroy": true
        }
      ]
    },
    {
      "module": "module.eks",
      "mode": "managed",
      "type": "aws_ec2_tag",
      "name": "cluster_primary_security_group",
      "provider": "provider[\"registry.terraform.io/hashicorp/aws\"]",
      "instances": [
        {
          "index_key": "Blueprint",
          "schema_version": 0,
          "attributes": {
            "id": "sg-0200715c23ae8c490,Blueprint",
            "key": "Blueprint",
            "resource_id": "sg-0200715c23ae8c490",
            "value": "eks-tester"
          },
          "sensitive_attributes": [],
          "private": "bnVsbA==",
          "dependencies": [
            "data.aws_availability_zones.available",
            "module.eks.aws_cloudwatch_log_group.this",
            "module.eks.aws_eks_cluster.this",
            "module.eks.aws_iam_policy.cni_ipv6_policy",
            "module.eks.aws_iam_role.this",
            "module.eks.aws_iam_role_policy_attachment.this",
            "module.eks.aws_security_group.cluster",
            "module.eks.aws_security_group.node",
            "module.eks.aws_security_group_rule.cluster",
            "module.eks.aws_security_group_rule.node",
            "module.eks.data.aws_caller_identity.current",
            "module.eks.data.aws_iam_policy_document.assume_role_policy",
            "module.eks.data.aws_iam_policy_document.cni_ipv6_policy",
            "module.eks.data.aws_iam_session_context.current",
            "module.eks.data.aws_partition.current",
            "module.eks.module.kms.aws_kms_external_key.this",
            "module.eks.module.kms.aws_kms_key.this",
            "module.eks.module.kms.data.aws_caller_identity.current",
            "module.eks.module.kms.data.aws_iam_policy_document.this",
            "module.eks.module.kms.data.aws_partition.current",
            "module.vpc.aws_subnet.private",
            "module.vpc.aws_vpc.this",
            "module.vpc.aws_vpc_ipv4_cidr_block_association.this"
          ]
        },
        {
          "index_key": "GithubRepo",
          "schema_version": 0,
          "attributes": {
            "id": "sg-0200715c23ae8c490,GithubRepo",
            "key": "GithubRepo",
            "resource_id": "sg-0200715c23ae8c490",
            "value": "github.com/aws-ia/terraform-aws-eks-blueprints"
          },
          "sensitive_attributes": [],
          "private": "bnVsbA==",
          "dependencies": [
            "data.aws_availability_zones.available",
            "module.eks.aws_cloudwatch_log_group.this",
            "module.eks.aws_eks_cluster.this",
            "module.eks.aws_iam_policy.cni_ipv6_policy",
            "module.eks.aws_iam_role.this",
            "module.eks.aws_iam_role_policy_attachment.this",
            "module.eks.aws_security_group.cluster",
            "module.eks.aws_security_group.node",
            "module.eks.aws_security_group_rule.cluster",
            "module.eks.aws_security_group_rule.node",
            "module.eks.data.aws_caller_identity.current",
            "module.eks.data.aws_iam_policy_document.assume_role_policy",
            "module.eks.data.aws_iam_policy_document.cni_ipv6_policy",
            "module.eks.data.aws_iam_session_context.current",
            "module.eks.data.aws_partition.current",
            "module.eks.module.kms.aws_kms_external_key.this",
            "module.eks.module.kms.aws_kms_key.this",
            "module.eks.module.kms.data.aws_caller_identity.current",
            "module.eks.module.kms.data.aws_iam_policy_document.this",
            "module.eks.module.kms.data.aws_partition.current",
            "module.vpc.aws_subnet.private",
            "module.vpc.aws_vpc.this",
            "module.vpc.aws_vpc_ipv4_cidr_block_association.this"
          ]
        },
        {
          "index_key": "karpenter.sh/discovery",
          "schema_version": 0,
          "attributes": {
            "id": "sg-0200715c23ae8c490,karpenter.sh/discovery",
            "key": "karpenter.sh/discovery",
            "resource_id": "sg-0200715c23ae8c490",
            "value": "eks-tester"
          },
          "sensitive_attributes": [],
          "private": "bnVsbA==",
          "dependencies": [
            "data.aws_availability_zones.available",
            "module.eks.aws_cloudwatch_log_group.this",
            "module.eks.aws_eks_cluster.this",
            "module.eks.aws_iam_policy.cni_ipv6_policy",
            "module.eks.aws_iam_role.this",
            "module.eks.aws_iam_role_policy_attachment.this",
            "module.eks.aws_security_group.cluster",
            "module.eks.aws_security_group.node",
            "module.eks.aws_security_group_rule.cluster",
            "module.eks.aws_security_group_rule.node",
            "module.eks.data.aws_caller_identity.current",
            "module.eks.data.aws_iam_policy_document.assume_role_policy",
            "module.eks.data.aws_iam_policy_document.cni_ipv6_policy",
            "module.eks.data.aws_iam_session_context.current",
            "module.eks.data.aws_partition.current",
            "module.eks.module.kms.aws_kms_external_key.this",
            "module.eks.module.kms.aws_kms_key.this",
            "module.eks.module.kms.data.aws_caller_identity.current",
            "module.eks.module.kms.data.aws_iam_policy_document.this",
            "module.eks.module.kms.data.aws_partition.current",
            "module.vpc.aws_subnet.private",
            "module.vpc.aws_vpc.this",
            "module.vpc.aws_vpc_ipv4_cidr_block_association.this"
          ]
        }
      ]
    },
    {
      "module": "module.eks",
      "mode": "managed",
      "type": "aws_eks_cluster",
      "name": "this",
      "provider": "provider[\"registry.terraform.io/hashicorp/aws\"]",
      "instances": [
        {
          "index_key": 0,
          "schema_version": 0,
          "attributes": {
            "arn": "arn:aws:eks:ap-northeast-1:733851053666:cluster/eks-tester",
            "certificate_authority": [
              {
                "data": "LS0tLS1CRUdJTiBDRVJUSUZJQ0FURS0tLS0tCk1JSURCVENDQWUyZ0F3SUJBZ0lJSUNyZ2pyZnhFUWd3RFFZSktvWklodmNOQVFFTEJRQXdGVEVUTUJFR0ExVUUKQXhNS2EzVmlaWEp1WlhSbGN6QWVGdzB5TXpBNE1UWXhOakF5TWpsYUZ3MHpNekE0TVRNeE5qQXlNamxhTUJVeApFekFSQmdOVkJBTVRDbXQxWW1WeWJtVjBaWE13Z2dFaU1BMEdDU3FHU0liM0RRRUJBUVVBQTRJQkR3QXdnZ0VLCkFvSUJBUUREbGlUd0xCY3BSVUpHYXpQQ0I4cXQ2MTk2UmFmQnc2Q01Ed3pvUEVaR1k1Zk10Sm5melNYck9ndmsKbUM1TkVCOHI5U2VEd1U4OTVSQnB3ZU5qT09rbGVRSWFWMThRMCtsODl2NEpFK2RKdEZsUWNkZ1RHOXdWT3lHcAo2eXBNOU5QMmoxNS9GbjR2L0cwc0ptdnRENWg0cFEvanJ1eVNUc1JLeXhPZFNkN0toU2xENSszZUE5S1A0cFpECnFReHhzQjVVN3ZOWTk4VmxMeVlvanNrUmlzWG9McXo5dlFPTlh1M3FIbTJFeDVuOWhaa3FPaThPZkZGUHpRa00KdEsrUGJ2cU9UczlFaW45U3gwMkc2Z2JMZWJGWGRBeCtTMnh4cWRBcjNsTnNDaWdIKzRQRjRtdFozL0NuRlRkZgpZTTUySWJHdzJPcTZiZEh1bTUzZ2Nqcll4KzRqQWdNQkFBR2pXVEJYTUE0R0ExVWREd0VCL3dRRUF3SUNwREFQCkJnTlZIUk1CQWY4RUJUQURBUUgvTUIwR0ExVWREZ1FXQkJSMGU3WXl2UXNtazZnL3BJK284UjhCQnJBTHhEQVYKQmdOVkhSRUVEakFNZ2dwcmRXSmxjbTVsZEdWek1BMEdDU3FHU0liM0RRRUJDd1VBQTRJQkFRQWNwai8xc2dmNQpkejhlcXFLUmRUOGVJUzAvSVBKN1JuUEtmd2VhSkc1aWtJYTV0R1hmS3dSMGRKYmNjWXgwQzFkZnB3cGM0dFhECkF5a2xPeGNpeFhlbmxOUWhPQlJkeHRUaHZaNW5lNk40OW1HNGJ1RUsvbGxDeUlCLzFyaDRJK21tOUZTK09CMVkKMGF4amtuc0ZEQU93aHN1cVFtMmhUVVowU1gydjlORjF0bUlRKzY4bEk1NDgyOU9GQ1F4ejd6Q3NMUEdHOXNhRApmZWNQRE56WDNOTXREdFZoOWVXOERUU1lPcjlFcDUyWThzNHMrVEs5QzdQYnhEL1lJN2h0VHRDODJ2RFNQaGE2Cm1OMmNGSi93cGczQnlmYmMveUV3K0xOdWF6OUdycDdCNGY3aml5ajNweDdJelIzYlYwbWtuMFdBb3l0MVJScTMKZ1hkZklXaGd0RHI0Ci0tLS0tRU5EIENFUlRJRklDQVRFLS0tLS0K"
              }
            ],
            "cluster_id": null,
            "created_at": "2023-08-16 15:57:19.048 +0000 UTC",
            "enabled_cluster_log_types": [
              "api",
              "audit",
              "authenticator"
            ],
            "encryption_config": [
              {
                "provider": [
                  {
                    "key_arn": "arn:aws:kms:ap-northeast-1:733851053666:key/4aad1929-c1fc-4b77-a101-60410fcdb1b5"
                  }
                ],
                "resources": [
                  "secrets"
                ]
              }
            ],
            "endpoint": "https://4CA4BFABAC808B4FDA51E5A12BC38BE2.gr7.ap-northeast-1.eks.amazonaws.com",
            "id": "eks-tester",
            "identity": [
              {
                "oidc": [
                  {
                    "issuer": "https://oidc.eks.ap-northeast-1.amazonaws.com/id/4CA4BFABAC808B4FDA51E5A12BC38BE2"
                  }
                ]
              }
            ],
            "kubernetes_network_config": [
              {
                "ip_family": "ipv4",
                "service_ipv4_cidr": "172.20.0.0/16",
                "service_ipv6_cidr": ""
              }
            ],
            "name": "eks-tester",
            "outpost_config": [],
            "platform_version": "eks.6",
            "role_arn": "arn:aws:iam::733851053666:role/eks-tester-cluster-20230816155644747400000005",
            "status": "ACTIVE",
            "tags": {
              "Blueprint": "eks-tester",
              "GithubRepo": "github.com/aws-ia/terraform-aws-eks-blueprints",
              "karpenter.sh/discovery": "eks-tester"
            },
            "tags_all": {
              "Blueprint": "eks-tester",
              "GithubRepo": "github.com/aws-ia/terraform-aws-eks-blueprints",
              "karpenter.sh/discovery": "eks-tester"
            },
            "timeouts": {
              "create": null,
              "delete": null,
              "update": null
            },
            "version": "1.25",
            "vpc_config": [
              {
                "cluster_security_group_id": "sg-0200715c23ae8c490",
                "endpoint_private_access": true,
                "endpoint_public_access": true,
                "public_access_cidrs": [
                  "0.0.0.0/0"
                ],
                "security_group_ids": [],
                "subnet_ids": [
                  "subnet-020ee6a321708b096",
                  "subnet-040a3f288615d16aa",
                  "subnet-069be001f07651479"
                ],
                "vpc_id": "vpc-0b185eb9d262c8f8e"
              }
            ]
          },
          "sensitive_attributes": [],
          "private": "eyJlMmJmYjczMC1lY2FhLTExZTYtOGY4OC0zNDM2M2JjN2M0YzAiOnsiY3JlYXRlIjoxODAwMDAwMDAwMDAwLCJkZWxldGUiOjkwMDAwMDAwMDAwMCwidXBkYXRlIjozNjAwMDAwMDAwMDAwfX0=",
          "dependencies": [
            "data.aws_availability_zones.available",
            "module.eks.aws_cloudwatch_log_group.this",
            "module.eks.aws_iam_policy.cni_ipv6_policy",
            "module.eks.aws_iam_role.this",
            "module.eks.aws_iam_role_policy_attachment.this",
            "module.eks.aws_security_group.cluster",
            "module.eks.aws_security_group.node",
            "module.eks.aws_security_group_rule.cluster",
            "module.eks.aws_security_group_rule.node",
            "module.eks.data.aws_caller_identity.current",
            "module.eks.data.aws_iam_policy_document.assume_role_policy",
            "module.eks.data.aws_iam_policy_document.cni_ipv6_policy",
            "module.eks.data.aws_iam_session_context.current",
            "module.eks.data.aws_partition.current",
            "module.eks.module.kms.aws_kms_external_key.this",
            "module.eks.module.kms.aws_kms_key.this",
            "module.eks.module.kms.data.aws_caller_identity.current",
            "module.eks.module.kms.data.aws_iam_policy_document.this",
            "module.eks.module.kms.data.aws_partition.current",
            "module.vpc.aws_subnet.private",
            "module.vpc.aws_vpc.this",
            "module.vpc.aws_vpc_ipv4_cidr_block_association.this"
          ],
          "create_before_destroy": true
        }
      ]
    },
    {
      "module": "module.eks",
      "mode": "managed",
      "type": "aws_iam_openid_connect_provider",
      "name": "oidc_provider",
      "provider": "provider[\"registry.terraform.io/hashicorp/aws\"]",
      "instances": [
        {
          "index_key": 0,
          "schema_version": 0,
          "attributes": {
            "arn": "arn:aws:iam::733851053666:oidc-provider/oidc.eks.ap-northeast-1.amazonaws.com/id/4CA4BFABAC808B4FDA51E5A12BC38BE2",
            "client_id_list": [
              "sts.amazonaws.com"
            ],
            "id": "arn:aws:iam::733851053666:oidc-provider/oidc.eks.ap-northeast-1.amazonaws.com/id/4CA4BFABAC808B4FDA51E5A12BC38BE2",
            "tags": {
              "Blueprint": "eks-tester",
              "GithubRepo": "github.com/aws-ia/terraform-aws-eks-blueprints",
              "Name": "eks-tester-eks-irsa",
              "karpenter.sh/discovery": "eks-tester"
            },
            "tags_all": {
              "Blueprint": "eks-tester",
              "GithubRepo": "github.com/aws-ia/terraform-aws-eks-blueprints",
              "Name": "eks-tester-eks-irsa",
              "karpenter.sh/discovery": "eks-tester"
            },
            "thumbprint_list": [
              "9e99a48a9960b14926bb7f3b02e22da2b0ab7280",
              "06b25927c42a721631c1efd9431e648fa62e1e39",
              "2ad974a775f73cbdbbd8f5ac3a49255fa8fb1f8c",
              "64902016cef886b3670ddcaafc385107494c7efe"
            ],
            "url": "oidc.eks.ap-northeast-1.amazonaws.com/id/4CA4BFABAC808B4FDA51E5A12BC38BE2"
          },
          "sensitive_attributes": [],
          "private": "bnVsbA==",
          "dependencies": [
            "data.aws_availability_zones.available",
            "module.eks.aws_cloudwatch_log_group.this",
            "module.eks.aws_eks_cluster.this",
            "module.eks.aws_iam_policy.cni_ipv6_policy",
            "module.eks.aws_iam_role.this",
            "module.eks.aws_iam_role_policy_attachment.this",
            "module.eks.aws_security_group.cluster",
            "module.eks.aws_security_group.node",
            "module.eks.aws_security_group_rule.cluster",
            "module.eks.aws_security_group_rule.node",
            "module.eks.data.aws_caller_identity.current",
            "module.eks.data.aws_iam_policy_document.assume_role_policy",
            "module.eks.data.aws_iam_policy_document.cni_ipv6_policy",
            "module.eks.data.aws_iam_session_context.current",
            "module.eks.data.aws_partition.current",
            "module.eks.data.tls_certificate.this",
            "module.eks.module.kms.aws_kms_external_key.this",
            "module.eks.module.kms.aws_kms_key.this",
            "module.eks.module.kms.data.aws_caller_identity.current",
            "module.eks.module.kms.data.aws_iam_policy_document.this",
            "module.eks.module.kms.data.aws_partition.current",
            "module.vpc.aws_subnet.private",
            "module.vpc.aws_vpc.this",
            "module.vpc.aws_vpc_ipv4_cidr_block_association.this"
          ]
        }
      ]
    },
    {
      "module": "module.eks",
      "mode": "managed",
      "type": "aws_iam_policy",
      "name": "cluster_encryption",
      "provider": "provider[\"registry.terraform.io/hashicorp/aws\"]",
      "instances": [
        {
          "index_key": 0,
          "schema_version": 0,
          "attributes": {
            "arn": "arn:aws:iam::733851053666:policy/eks-tester-cluster-ClusterEncryption2023081615571352280000000d",
            "description": "Cluster encryption policy to allow cluster role to utilize CMK provided",
            "id": "arn:aws:iam::733851053666:policy/eks-tester-cluster-ClusterEncryption2023081615571352280000000d",
            "name": "eks-tester-cluster-ClusterEncryption2023081615571352280000000d",
            "name_prefix": "eks-tester-cluster-ClusterEncryption",
            "path": "/",
            "policy": "{\"Statement\":[{\"Action\":[\"kms:Encrypt\",\"kms:Decrypt\",\"kms:ListGrants\",\"kms:DescribeKey\"],\"Effect\":\"Allow\",\"Resource\":\"arn:aws:kms:ap-northeast-1:733851053666:key/4aad1929-c1fc-4b77-a101-60410fcdb1b5\"}],\"Version\":\"2012-10-17\"}",
            "policy_id": "ANPA2VXHONZRHYOPGAF5T",
            "tags": {
              "Blueprint": "eks-tester",
              "GithubRepo": "github.com/aws-ia/terraform-aws-eks-blueprints",
              "karpenter.sh/discovery": "eks-tester"
            },
            "tags_all": {
              "Blueprint": "eks-tester",
              "GithubRepo": "github.com/aws-ia/terraform-aws-eks-blueprints",
              "karpenter.sh/discovery": "eks-tester"
            }
          },
          "sensitive_attributes": [],
          "private": "bnVsbA==",
          "dependencies": [
            "module.eks.aws_iam_role.this",
            "module.eks.data.aws_caller_identity.current",
            "module.eks.data.aws_iam_policy_document.assume_role_policy",
            "module.eks.data.aws_iam_session_context.current",
            "module.eks.data.aws_partition.current",
            "module.eks.module.kms.aws_kms_external_key.this",
            "module.eks.module.kms.aws_kms_key.this",
            "module.eks.module.kms.data.aws_caller_identity.current",
            "module.eks.module.kms.data.aws_iam_policy_document.this",
            "module.eks.module.kms.data.aws_partition.current"
          ]
        }
      ]
    },
    {
      "module": "module.eks",
      "mode": "managed",
      "type": "aws_iam_role",
      "name": "this",
      "provider": "provider[\"registry.terraform.io/hashicorp/aws\"]",
      "instances": [
        {
          "index_key": 0,
          "schema_version": 0,
          "attributes": {
            "arn": "arn:aws:iam::733851053666:role/eks-tester-cluster-20230816155644747400000005",
            "assume_role_policy": "{\"Statement\":[{\"Action\":\"sts:AssumeRole\",\"Effect\":\"Allow\",\"Principal\":{\"Service\":\"eks.amazonaws.com\"},\"Sid\":\"EKSClusterAssumeRole\"}],\"Version\":\"2012-10-17\"}",
            "create_date": "2023-08-16T15:56:48Z",
            "description": "",
            "force_detach_policies": true,
            "id": "eks-tester-cluster-20230816155644747400000005",
            "inline_policy": [
              {
                "name": "eks-tester-cluster",
                "policy": "{\"Version\":\"2012-10-17\",\"Statement\":[{\"Action\":[\"logs:CreateLogGroup\"],\"Effect\":\"Deny\",\"Resource\":\"*\"}]}"
              }
            ],
            "managed_policy_arns": [
              "arn:aws:iam::733851053666:policy/eks-tester-cluster-ClusterEncryption2023081615571352280000000d",
              "arn:aws:iam::aws:policy/AmazonEKSClusterPolicy",
              "arn:aws:iam::aws:policy/AmazonEKSVPCResourceController"
            ],
            "max_session_duration": 3600,
            "name": "eks-tester-cluster-20230816155644747400000005",
            "name_prefix": "eks-tester-cluster-",
            "path": "/",
            "permissions_boundary": null,
            "tags": {
              "Blueprint": "eks-tester",
              "GithubRepo": "github.com/aws-ia/terraform-aws-eks-blueprints",
              "karpenter.sh/discovery": "eks-tester"
            },
            "tags_all": {
              "Blueprint": "eks-tester",
              "GithubRepo": "github.com/aws-ia/terraform-aws-eks-blueprints",
              "karpenter.sh/discovery": "eks-tester"
            },
            "unique_id": "AROA2VXHONZRHW6DYIXFE"
          },
          "sensitive_attributes": [],
          "private": "bnVsbA==",
          "dependencies": [
            "module.eks.data.aws_iam_policy_document.assume_role_policy",
            "module.eks.data.aws_partition.current"
          ],
          "create_before_destroy": true
        }
      ]
    },
    {
      "module": "module.eks",
      "mode": "managed",
      "type": "aws_iam_role_policy_attachment",
      "name": "cluster_encryption",
      "provider": "provider[\"registry.terraform.io/hashicorp/aws\"]",
      "instances": [
        {
          "index_key": 0,
          "schema_version": 0,
          "attributes": {
            "id": "eks-tester-cluster-20230816155644747400000005-2023081615571653800000000e",
            "policy_arn": "arn:aws:iam::733851053666:policy/eks-tester-cluster-ClusterEncryption2023081615571352280000000d",
            "role": "eks-tester-cluster-20230816155644747400000005"
          },
          "sensitive_attributes": [],
          "private": "bnVsbA==",
          "dependencies": [
            "module.eks.aws_iam_policy.cluster_encryption",
            "module.eks.aws_iam_role.this",
            "module.eks.data.aws_caller_identity.current",
            "module.eks.data.aws_iam_policy_document.assume_role_policy",
            "module.eks.data.aws_iam_session_context.current",
            "module.eks.data.aws_partition.current",
            "module.eks.module.kms.aws_kms_external_key.this",
            "module.eks.module.kms.aws_kms_key.this",
            "module.eks.module.kms.data.aws_caller_identity.current",
            "module.eks.module.kms.data.aws_iam_policy_document.this",
            "module.eks.module.kms.data.aws_partition.current"
          ]
        }
      ]
    },
    {
      "module": "module.eks",
      "mode": "managed",
      "type": "aws_iam_role_policy_attachment",
      "name": "this",
      "provider": "provider[\"registry.terraform.io/hashicorp/aws\"]",
      "instances": [
        {
          "index_key": "AmazonEKSClusterPolicy",
          "schema_version": 0,
          "attributes": {
            "id": "eks-tester-cluster-20230816155644747400000005-2023081615564809700000000a",
            "policy_arn": "arn:aws:iam::aws:policy/AmazonEKSClusterPolicy",
            "role": "eks-tester-cluster-20230816155644747400000005"
          },
          "sensitive_attributes": [],
          "private": "bnVsbA==",
          "dependencies": [
            "module.eks.aws_iam_role.this",
            "module.eks.data.aws_iam_policy_document.assume_role_policy",
            "module.eks.data.aws_partition.current"
          ],
          "create_before_destroy": true
        },
        {
          "index_key": "AmazonEKSVPCResourceController",
          "schema_version": 0,
          "attributes": {
            "id": "eks-tester-cluster-20230816155644747400000005-2023081615564835230000000b",
            "policy_arn": "arn:aws:iam::aws:policy/AmazonEKSVPCResourceController",
            "role": "eks-tester-cluster-20230816155644747400000005"
          },
          "sensitive_attributes": [],
          "private": "bnVsbA==",
          "dependencies": [
            "module.eks.aws_iam_role.this",
            "module.eks.data.aws_iam_policy_document.assume_role_policy",
            "module.eks.data.aws_partition.current"
          ],
          "create_before_destroy": true
        }
      ]
    },
    {
      "module": "module.eks",
      "mode": "managed",
      "type": "kubernetes_config_map_v1_data",
      "name": "aws_auth",
      "provider": "provider[\"registry.terraform.io/hashicorp/kubernetes\"]",
      "instances": [
        {
          "index_key": 0,
          "schema_version": 0,
          "attributes": {
            "data": {
              "mapAccounts": "[]\n",
              "mapRoles": "- \"groups\":\n  - \"system:bootstrappers\"\n  - \"system:nodes\"\n  \"rolearn\": \"arn:aws:iam::733851053666:role/green-eks-node-group-20230816155644736600000001\"\n  \"username\": \"system:node:{{EC2PrivateDNSName}}\"\n- \"groups\":\n  - \"system:bootstrappers\"\n  - \"system:nodes\"\n  \"rolearn\": \"arn:aws:iam::733851053666:role/karpenter-eks-tester-20230817054308933800000007\"\n  \"username\": \"system:node:{{EC2PrivateDNSName}}\"\n",
              "mapUsers": "[]\n"
            },
            "field_manager": "Terraform",
            "force": true,
            "id": "kube-system/aws-auth",
            "metadata": [
              {
                "name": "aws-auth",
                "namespace": "kube-system"
              }
            ]
          },
          "sensitive_attributes": [],
          "private": "bnVsbA==",
          "dependencies": [
            "data.aws_availability_zones.available",
            "data.aws_ecrpublic_authorization_token.token",
            "module.eks.aws_cloudwatch_log_group.this",
            "module.eks.aws_eks_cluster.this",
            "module.eks.aws_iam_openid_connect_provider.oidc_provider",
            "module.eks.aws_iam_policy.cni_ipv6_policy",
            "module.eks.aws_iam_role.this",
            "module.eks.aws_iam_role_policy_attachment.this",
            "module.eks.aws_security_group.cluster",
            "module.eks.aws_security_group.node",
            "module.eks.aws_security_group_rule.cluster",
            "module.eks.aws_security_group_rule.node",
            "module.eks.data.aws_caller_identity.current",
            "module.eks.data.aws_iam_policy_document.assume_role_policy",
            "module.eks.data.aws_iam_policy_document.cni_ipv6_policy",
            "module.eks.data.aws_iam_session_context.current",
            "module.eks.data.aws_partition.current",
            "module.eks.data.tls_certificate.this",
            "module.eks.kubernetes_config_map.aws_auth",
            "module.eks.module.eks_managed_node_group.aws_autoscaling_schedule.this",
            "module.eks.module.eks_managed_node_group.aws_eks_node_group.this",
            "module.eks.module.eks_managed_node_group.aws_iam_role.this",
            "module.eks.module.eks_managed_node_group.aws_iam_role_policy_attachment.additional",
            "module.eks.module.eks_managed_node_group.aws_iam_role_policy_attachment.this",
            "module.eks.module.eks_managed_node_group.aws_launch_template.this",
            "module.eks.module.eks_managed_node_group.data.aws_caller_identity.current",
            "module.eks.module.eks_managed_node_group.data.aws_iam_policy_document.assume_role_policy",
            "module.eks.module.eks_managed_node_group.data.aws_partition.current",
            "module.eks.module.eks_managed_node_group.module.user_data.data.cloudinit_config.linux_eks_managed_node_group",
            "module.eks.module.fargate_profile.aws_eks_fargate_profile.this",
            "module.eks.module.fargate_profile.aws_iam_role.this",
            "module.eks.module.fargate_profile.aws_iam_role_policy_attachment.additional",
            "module.eks.module.fargate_profile.aws_iam_role_policy_attachment.this",
            "module.eks.module.fargate_profile.data.aws_caller_identity.current",
            "module.eks.module.fargate_profile.data.aws_iam_policy_document.assume_role_policy",
            "module.eks.module.fargate_profile.data.aws_partition.current",
            "module.eks.module.kms.aws_kms_external_key.this",
            "module.eks.module.kms.aws_kms_key.this",
            "module.eks.module.kms.data.aws_caller_identity.current",
            "module.eks.module.kms.data.aws_iam_policy_document.this",
            "module.eks.module.kms.data.aws_partition.current",
            "module.eks.module.self_managed_node_group.aws_autoscaling_group.this",
            "module.eks.module.self_managed_node_group.aws_autoscaling_schedule.this",
            "module.eks.module.self_managed_node_group.aws_iam_instance_profile.this",
            "module.eks.module.self_managed_node_group.aws_iam_role.this",
            "module.eks.module.self_managed_node_group.aws_iam_role_policy_attachment.additional",
            "module.eks.module.self_managed_node_group.aws_iam_role_policy_attachment.this",
            "module.eks.module.self_managed_node_group.aws_launch_template.this",
            "module.eks.module.self_managed_node_group.data.aws_ami.eks_default",
            "module.eks.module.self_managed_node_group.data.aws_caller_identity.current",
            "module.eks.module.self_managed_node_group.data.aws_iam_policy_document.assume_role_policy",
            "module.eks.module.self_managed_node_group.data.aws_partition.current",
            "module.eks.module.self_managed_node_group.module.user_data.data.cloudinit_config.linux_eks_managed_node_group",
            "module.eks.time_sleep.this",
            "module.eks_blueprints_addons.aws_iam_instance_profile.karpenter",
            "module.eks_blueprints_addons.aws_iam_role.karpenter",
            "module.eks_blueprints_addons.data.aws_caller_identity.current",
            "module.eks_blueprints_addons.data.aws_iam_policy_document.karpenter",
            "module.eks_blueprints_addons.data.aws_iam_policy_document.karpenter_assume_role",
            "module.eks_blueprints_addons.data.aws_partition.current",
            "module.eks_blueprints_addons.data.aws_region.current",
            "module.eks_blueprints_addons.module.karpenter.aws_iam_policy.this",
            "module.eks_blueprints_addons.module.karpenter.aws_iam_role.this",
            "module.eks_blueprints_addons.module.karpenter.aws_iam_role_policy_attachment.additional",
            "module.eks_blueprints_addons.module.karpenter.aws_iam_role_policy_attachment.this",
            "module.eks_blueprints_addons.module.karpenter.data.aws_caller_identity.current",
            "module.eks_blueprints_addons.module.karpenter.data.aws_iam_policy_document.assume",
            "module.eks_blueprints_addons.module.karpenter.data.aws_iam_policy_document.this",
            "module.eks_blueprints_addons.module.karpenter.data.aws_partition.current",
            "module.eks_blueprints_addons.module.karpenter.helm_release.this",
            "module.eks_blueprints_addons.module.karpenter_sqs.aws_sqs_queue.dlq",
            "module.eks_blueprints_addons.module.karpenter_sqs.aws_sqs_queue.this",
            "module.eks_blueprints_addons.module.karpenter_sqs.aws_sqs_queue_policy.dlq",
            "module.eks_blueprints_addons.module.karpenter_sqs.aws_sqs_queue_policy.this",
            "module.eks_blueprints_addons.module.karpenter_sqs.aws_sqs_queue_redrive_allow_policy.dlq",
            "module.eks_blueprints_addons.module.karpenter_sqs.aws_sqs_queue_redrive_allow_policy.this",
            "module.eks_blueprints_addons.module.karpenter_sqs.aws_sqs_queue_redrive_policy.dlq",
            "module.eks_blueprints_addons.module.karpenter_sqs.aws_sqs_queue_redrive_policy.this",
            "module.eks_blueprints_addons.module.karpenter_sqs.data.aws_iam_policy_document.dlq",
            "module.eks_blueprints_addons.module.karpenter_sqs.data.aws_iam_policy_document.this",
            "module.eks_blueprints_addons.time_sleep.this",
            "module.vpc.aws_subnet.private",
            "module.vpc.aws_vpc.this",
            "module.vpc.aws_vpc_ipv4_cidr_block_association.this"
          ]
        }
      ]
    },
    {
      "module": "module.eks",
      "mode": "managed",
      "type": "time_sleep",
      "name": "this",
      "provider": "provider[\"registry.terraform.io/hashicorp/time\"]",
      "instances": [
        {
          "index_key": 0,
          "schema_version": 0,
          "attributes": {
            "create_duration": "30s",
            "destroy_duration": null,
            "id": "2023-08-17T01:44:56Z",
            "triggers": {
              "cluster_certificate_authority_data": "LS0tLS1CRUdJTiBDRVJUSUZJQ0FURS0tLS0tCk1JSURCVENDQWUyZ0F3SUJBZ0lJSUNyZ2pyZnhFUWd3RFFZSktvWklodmNOQVFFTEJRQXdGVEVUTUJFR0ExVUUKQXhNS2EzVmlaWEp1WlhSbGN6QWVGdzB5TXpBNE1UWXhOakF5TWpsYUZ3MHpNekE0TVRNeE5qQXlNamxhTUJVeApFekFSQmdOVkJBTVRDbXQxWW1WeWJtVjBaWE13Z2dFaU1BMEdDU3FHU0liM0RRRUJBUVVBQTRJQkR3QXdnZ0VLCkFvSUJBUUREbGlUd0xCY3BSVUpHYXpQQ0I4cXQ2MTk2UmFmQnc2Q01Ed3pvUEVaR1k1Zk10Sm5melNYck9ndmsKbUM1TkVCOHI5U2VEd1U4OTVSQnB3ZU5qT09rbGVRSWFWMThRMCtsODl2NEpFK2RKdEZsUWNkZ1RHOXdWT3lHcAo2eXBNOU5QMmoxNS9GbjR2L0cwc0ptdnRENWg0cFEvanJ1eVNUc1JLeXhPZFNkN0toU2xENSszZUE5S1A0cFpECnFReHhzQjVVN3ZOWTk4VmxMeVlvanNrUmlzWG9McXo5dlFPTlh1M3FIbTJFeDVuOWhaa3FPaThPZkZGUHpRa00KdEsrUGJ2cU9UczlFaW45U3gwMkc2Z2JMZWJGWGRBeCtTMnh4cWRBcjNsTnNDaWdIKzRQRjRtdFozL0NuRlRkZgpZTTUySWJHdzJPcTZiZEh1bTUzZ2Nqcll4KzRqQWdNQkFBR2pXVEJYTUE0R0ExVWREd0VCL3dRRUF3SUNwREFQCkJnTlZIUk1CQWY4RUJUQURBUUgvTUIwR0ExVWREZ1FXQkJSMGU3WXl2UXNtazZnL3BJK284UjhCQnJBTHhEQVYKQmdOVkhSRUVEakFNZ2dwcmRXSmxjbTVsZEdWek1BMEdDU3FHU0liM0RRRUJDd1VBQTRJQkFRQWNwai8xc2dmNQpkejhlcXFLUmRUOGVJUzAvSVBKN1JuUEtmd2VhSkc1aWtJYTV0R1hmS3dSMGRKYmNjWXgwQzFkZnB3cGM0dFhECkF5a2xPeGNpeFhlbmxOUWhPQlJkeHRUaHZaNW5lNk40OW1HNGJ1RUsvbGxDeUlCLzFyaDRJK21tOUZTK09CMVkKMGF4amtuc0ZEQU93aHN1cVFtMmhUVVowU1gydjlORjF0bUlRKzY4bEk1NDgyOU9GQ1F4ejd6Q3NMUEdHOXNhRApmZWNQRE56WDNOTXREdFZoOWVXOERUU1lPcjlFcDUyWThzNHMrVEs5QzdQYnhEL1lJN2h0VHRDODJ2RFNQaGE2Cm1OMmNGSi93cGczQnlmYmMveUV3K0xOdWF6OUdycDdCNGY3aml5ajNweDdJelIzYlYwbWtuMFdBb3l0MVJScTMKZ1hkZklXaGd0RHI0Ci0tLS0tRU5EIENFUlRJRklDQVRFLS0tLS0K",
              "cluster_endpoint": "https://4CA4BFABAC808B4FDA51E5A12BC38BE2.gr7.ap-northeast-1.eks.amazonaws.com",
              "cluster_name": "eks-tester",
              "cluster_version": "1.25"
            }
          },
          "sensitive_attributes": [],
          "dependencies": [
            "data.aws_availability_zones.available",
            "module.eks.aws_cloudwatch_log_group.this",
            "module.eks.aws_eks_cluster.this",
            "module.eks.aws_iam_policy.cni_ipv6_policy",
            "module.eks.aws_iam_role.this",
            "module.eks.aws_iam_role_policy_attachment.this",
            "module.eks.aws_security_group.cluster",
            "module.eks.aws_security_group.node",
            "module.eks.aws_security_group_rule.cluster",
            "module.eks.aws_security_group_rule.node",
            "module.eks.data.aws_caller_identity.current",
            "module.eks.data.aws_iam_policy_document.assume_role_policy",
            "module.eks.data.aws_iam_policy_document.cni_ipv6_policy",
            "module.eks.data.aws_iam_session_context.current",
            "module.eks.data.aws_partition.current",
            "module.eks.module.kms.aws_kms_external_key.this",
            "module.eks.module.kms.aws_kms_key.this",
            "module.eks.module.kms.data.aws_caller_identity.current",
            "module.eks.module.kms.data.aws_iam_policy_document.this",
            "module.eks.module.kms.data.aws_partition.current",
            "module.vpc.aws_subnet.private",
            "module.vpc.aws_vpc.this",
            "module.vpc.aws_vpc_ipv4_cidr_block_association.this"
          ],
          "create_before_destroy": true
        }
      ]
    },
    {
      "module": "module.eks.module.eks_managed_node_group[\"green\"]",
      "mode": "data",
      "type": "aws_caller_identity",
      "name": "current",
      "provider": "provider[\"registry.terraform.io/hashicorp/aws\"]",
      "instances": [
        {
          "schema_version": 0,
          "attributes": {
            "account_id": "733851053666",
            "arn": "arn:aws:iam::733851053666:user/admin",
            "id": "733851053666",
            "user_id": "AIDA2VXHONZRJS2XSI5GL"
          },
          "sensitive_attributes": []
        }
      ]
    },
    {
      "module": "module.eks.module.eks_managed_node_group[\"green\"]",
      "mode": "data",
      "type": "aws_iam_policy_document",
      "name": "assume_role_policy",
      "provider": "provider[\"registry.terraform.io/hashicorp/aws\"]",
      "instances": [
        {
          "index_key": 0,
          "schema_version": 0,
          "attributes": {
            "id": "2560088296",
            "json": "{\n  \"Version\": \"2012-10-17\",\n  \"Statement\": [\n    {\n      \"Sid\": \"EKSNodeAssumeRole\",\n      \"Effect\": \"Allow\",\n      \"Action\": \"sts:AssumeRole\",\n      \"Principal\": {\n        \"Service\": \"ec2.amazonaws.com\"\n      }\n    }\n  ]\n}",
            "override_policy_documents": null,
            "policy_id": null,
            "source_policy_documents": null,
            "statement": [
              {
                "actions": [
                  "sts:AssumeRole"
                ],
                "condition": [],
                "effect": "Allow",
                "not_actions": [],
                "not_principals": [],
                "not_resources": [],
                "principals": [
                  {
                    "identifiers": [
                      "ec2.amazonaws.com"
                    ],
                    "type": "Service"
                  }
                ],
                "resources": [],
                "sid": "EKSNodeAssumeRole"
              }
            ],
            "version": "2012-10-17"
          },
          "sensitive_attributes": []
        }
      ]
    },
    {
      "module": "module.eks.module.eks_managed_node_group[\"green\"]",
      "mode": "data",
      "type": "aws_partition",
      "name": "current",
      "provider": "provider[\"registry.terraform.io/hashicorp/aws\"]",
      "instances": [
        {
          "schema_version": 0,
          "attributes": {
            "dns_suffix": "amazonaws.com",
            "id": "aws",
            "partition": "aws",
            "reverse_dns_prefix": "com.amazonaws"
          },
          "sensitive_attributes": []
        }
      ]
    },
    {
      "module": "module.eks.module.eks_managed_node_group[\"green\"]",
      "mode": "managed",
      "type": "aws_eks_node_group",
      "name": "this",
      "provider": "provider[\"registry.terraform.io/hashicorp/aws\"]",
      "instances": [
        {
          "index_key": 0,
          "schema_version": 0,
          "attributes": {
            "ami_type": "AL2_x86_64",
            "arn": "arn:aws:eks:ap-northeast-1:733851053666:nodegroup/eks-tester/green-20230817054309938200000008/6ec50102-730e-80df-f3e2-8ae8ee822ff2",
            "capacity_type": "ON_DEMAND",
            "cluster_name": "eks-tester",
            "disk_size": 0,
            "force_update_version": null,
            "id": "eks-tester:green-20230817054309938200000008",
            "instance_types": [
              "t3.large"
            ],
            "labels": {},
            "launch_template": [
              {
                "id": "lt-0e880c2dde0faeb65",
                "name": "green-20230817054308876400000005",
                "version": "1"
              }
            ],
            "node_group_name": "green-20230817054309938200000008",
            "node_group_name_prefix": "green-",
            "node_role_arn": "arn:aws:iam::733851053666:role/green-eks-node-group-20230816155644736600000001",
            "release_version": "1.25.11-20230728",
            "remote_access": [],
            "resources": [
              {
                "autoscaling_groups": [
                  {
                    "name": "eks-green-20230817054309938200000008-6ec50102-730e-80df-f3e2-8ae8ee822ff2"
                  }
                ],
                "remote_access_security_group_id": ""
              }
            ],
            "scaling_config": [
              {
                "desired_size": 1,
                "max_size": 2,
                "min_size": 2
              }
            ],
            "status": "ACTIVE",
            "subnet_ids": [
              "subnet-020ee6a321708b096",
              "subnet-040a3f288615d16aa",
              "subnet-069be001f07651479"
            ],
            "tags": {
              "Blueprint": "eks-tester",
              "GithubRepo": "github.com/aws-ia/terraform-aws-eks-blueprints",
              "Name": "green",
              "karpenter.sh/discovery": "eks-tester"
            },
            "tags_all": {
              "Blueprint": "eks-tester",
              "GithubRepo": "github.com/aws-ia/terraform-aws-eks-blueprints",
              "Name": "green",
              "karpenter.sh/discovery": "eks-tester"
            },
            "taint": [],
            "timeouts": {
              "create": null,
              "delete": null,
              "update": null
            },
            "update_config": [
              {
                "max_unavailable": 0,
                "max_unavailable_percentage": 33
              }
            ],
            "version": "1.25"
          },
          "sensitive_attributes": [],
          "private": "eyJlMmJmYjczMC1lY2FhLTExZTYtOGY4OC0zNDM2M2JjN2M0YzAiOnsiY3JlYXRlIjozNjAwMDAwMDAwMDAwLCJkZWxldGUiOjM2MDAwMDAwMDAwMDAsInVwZGF0ZSI6MzYwMDAwMDAwMDAwMH19",
          "dependencies": [
            "data.aws_availability_zones.available",
            "module.eks.module.eks_managed_node_group.aws_iam_role.this",
            "module.eks.module.eks_managed_node_group.aws_launch_template.this",
            "module.eks.time_sleep.this",
            "module.vpc.aws_subnet.private"
          ],
          "create_before_destroy": true
        }
      ]
    },
    {
      "module": "module.eks.module.eks_managed_node_group[\"green\"]",
      "mode": "managed",
      "type": "aws_iam_role",
      "name": "this",
      "provider": "provider[\"registry.terraform.io/hashicorp/aws\"]",
      "instances": [
        {
          "index_key": 0,
          "schema_version": 0,
          "attributes": {
            "arn": "arn:aws:iam::733851053666:role/green-eks-node-group-20230816155644736600000001",
            "assume_role_policy": "{\"Statement\":[{\"Action\":\"sts:AssumeRole\",\"Effect\":\"Allow\",\"Principal\":{\"Service\":\"ec2.amazonaws.com\"},\"Sid\":\"EKSNodeAssumeRole\"}],\"Version\":\"2012-10-17\"}",
            "create_date": "2023-08-16T15:56:48Z",
            "description": "EKS managed node group IAM role",
            "force_detach_policies": true,
            "id": "green-eks-node-group-20230816155644736600000001",
            "inline_policy": [],
            "managed_policy_arns": [
              "arn:aws:iam::aws:policy/AmazonEC2ContainerRegistryReadOnly",
              "arn:aws:iam::aws:policy/AmazonEKSWorkerNodePolicy",
              "arn:aws:iam::aws:policy/AmazonEKS_CNI_Policy",
              "arn:aws:iam::aws:policy/AmazonSSMManagedInstanceCore"
            ],
            "max_session_duration": 3600,
            "name": "green-eks-node-group-20230816155644736600000001",
            "name_prefix": "green-eks-node-group-",
            "path": "/",
            "permissions_boundary": null,
            "tags": {
              "Blueprint": "eks-tester",
              "GithubRepo": "github.com/aws-ia/terraform-aws-eks-blueprints",
              "karpenter.sh/discovery": "eks-tester"
            },
            "tags_all": {
              "Blueprint": "eks-tester",
              "GithubRepo": "github.com/aws-ia/terraform-aws-eks-blueprints",
              "karpenter.sh/discovery": "eks-tester"
            },
            "unique_id": "AROA2VXHONZRLUISQ7B3Z"
          },
          "sensitive_attributes": [],
          "private": "bnVsbA==",
          "dependencies": [
            "module.eks.module.eks_managed_node_group.data.aws_iam_policy_document.assume_role_policy",
            "module.eks.module.eks_managed_node_group.data.aws_partition.current"
          ],
          "create_before_destroy": true
        }
      ]
    },
    {
      "module": "module.eks.module.eks_managed_node_group[\"green\"]",
      "mode": "managed",
      "type": "aws_iam_role_policy_attachment",
      "name": "additional",
      "provider": "provider[\"registry.terraform.io/hashicorp/aws\"]",
      "instances": [
        {
          "index_key": "ssm",
          "schema_version": 0,
          "attributes": {
            "id": "green-eks-node-group-20230816155644736600000001-20230816155647761100000006",
            "policy_arn": "arn:aws:iam::aws:policy/AmazonSSMManagedInstanceCore",
            "role": "green-eks-node-group-20230816155644736600000001"
          },
          "sensitive_attributes": [],
          "private": "bnVsbA==",
          "dependencies": [
            "module.eks.module.eks_managed_node_group.aws_iam_role.this",
            "module.eks.module.eks_managed_node_group.data.aws_iam_policy_document.assume_role_policy",
            "module.eks.module.eks_managed_node_group.data.aws_partition.current"
          ]
        }
      ]
    },
    {
      "module": "module.eks.module.eks_managed_node_group[\"green\"]",
      "mode": "managed",
      "type": "aws_iam_role_policy_attachment",
      "name": "this",
      "provider": "provider[\"registry.terraform.io/hashicorp/aws\"]",
      "instances": [
        {
          "index_key": "arn:aws:iam::aws:policy/AmazonEC2ContainerRegistryReadOnly",
          "schema_version": 0,
          "attributes": {
            "id": "green-eks-node-group-20230816155644736600000001-20230816155647766300000007",
            "policy_arn": "arn:aws:iam::aws:policy/AmazonEC2ContainerRegistryReadOnly",
            "role": "green-eks-node-group-20230816155644736600000001"
          },
          "sensitive_attributes": [],
          "private": "bnVsbA==",
          "dependencies": [
            "module.eks.module.eks_managed_node_group.aws_iam_role.this",
            "module.eks.module.eks_managed_node_group.data.aws_caller_identity.current",
            "module.eks.module.eks_managed_node_group.data.aws_iam_policy_document.assume_role_policy",
            "module.eks.module.eks_managed_node_group.data.aws_partition.current"
          ],
          "create_before_destroy": true
        },
        {
          "index_key": "arn:aws:iam::aws:policy/AmazonEKSWorkerNodePolicy",
          "schema_version": 0,
          "attributes": {
            "id": "green-eks-node-group-20230816155644736600000001-20230816155647781500000008",
            "policy_arn": "arn:aws:iam::aws:policy/AmazonEKSWorkerNodePolicy",
            "role": "green-eks-node-group-20230816155644736600000001"
          },
          "sensitive_attributes": [],
          "private": "bnVsbA==",
          "dependencies": [
            "module.eks.module.eks_managed_node_group.aws_iam_role.this",
            "module.eks.module.eks_managed_node_group.data.aws_caller_identity.current",
            "module.eks.module.eks_managed_node_group.data.aws_iam_policy_document.assume_role_policy",
            "module.eks.module.eks_managed_node_group.data.aws_partition.current"
          ],
          "create_before_destroy": true
        },
        {
          "index_key": "arn:aws:iam::aws:policy/AmazonEKS_CNI_Policy",
          "schema_version": 0,
          "attributes": {
            "id": "green-eks-node-group-20230816155644736600000001-20230816155647814000000009",
            "policy_arn": "arn:aws:iam::aws:policy/AmazonEKS_CNI_Policy",
            "role": "green-eks-node-group-20230816155644736600000001"
          },
          "sensitive_attributes": [],
          "private": "bnVsbA==",
          "dependencies": [
            "module.eks.module.eks_managed_node_group.aws_iam_role.this",
            "module.eks.module.eks_managed_node_group.data.aws_caller_identity.current",
            "module.eks.module.eks_managed_node_group.data.aws_iam_policy_document.assume_role_policy",
            "module.eks.module.eks_managed_node_group.data.aws_partition.current"
          ],
          "create_before_destroy": true
        }
      ]
    },
    {
      "module": "module.eks.module.eks_managed_node_group[\"green\"]",
      "mode": "managed",
      "type": "aws_launch_template",
      "name": "this",
      "provider": "provider[\"registry.terraform.io/hashicorp/aws\"]",
      "instances": [
        {
          "index_key": 0,
          "schema_version": 0,
          "attributes": {
            "arn": "arn:aws:ec2:ap-northeast-1:733851053666:launch-template/lt-0e880c2dde0faeb65",
            "block_device_mappings": [],
            "capacity_reservation_specification": [],
            "cpu_options": [],
            "credit_specification": [],
            "default_version": 1,
            "description": "Custom launch template for green EKS managed node group",
            "disable_api_stop": false,
            "disable_api_termination": false,
            "ebs_optimized": "",
            "elastic_gpu_specifications": [],
            "elastic_inference_accelerator": [],
            "enclave_options": [],
            "hibernation_options": [],
            "iam_instance_profile": [],
            "id": "lt-0e880c2dde0faeb65",
            "image_id": "",
            "instance_initiated_shutdown_behavior": "",
            "instance_market_options": [],
            "instance_requirements": [],
            "instance_type": "",
            "kernel_id": "",
            "key_name": "",
            "latest_version": 1,
            "license_specification": [],
            "maintenance_options": [],
            "metadata_options": [
              {
                "http_endpoint": "enabled",
                "http_protocol_ipv6": "",
                "http_put_response_hop_limit": 2,
                "http_tokens": "required",
                "instance_metadata_tags": ""
              }
            ],
            "monitoring": [
              {
                "enabled": true
              }
            ],
            "name": "green-20230817054308876400000005",
            "name_prefix": "green-",
            "network_interfaces": [],
            "placement": [],
            "private_dns_name_options": [],
            "ram_disk_id": "",
            "security_group_names": [],
            "tag_specifications": [
              {
                "resource_type": "instance",
                "tags": {
                  "Blueprint": "eks-tester",
                  "GithubRepo": "github.com/aws-ia/terraform-aws-eks-blueprints",
                  "Name": "green",
                  "karpenter.sh/discovery": "eks-tester"
                }
              },
              {
                "resource_type": "network-interface",
                "tags": {
                  "Blueprint": "eks-tester",
                  "GithubRepo": "github.com/aws-ia/terraform-aws-eks-blueprints",
                  "Name": "green",
                  "karpenter.sh/discovery": "eks-tester"
                }
              },
              {
                "resource_type": "volume",
                "tags": {
                  "Blueprint": "eks-tester",
                  "GithubRepo": "github.com/aws-ia/terraform-aws-eks-blueprints",
                  "Name": "green",
                  "karpenter.sh/discovery": "eks-tester"
                }
              }
            ],
            "tags": {
              "Blueprint": "eks-tester",
              "GithubRepo": "github.com/aws-ia/terraform-aws-eks-blueprints",
              "karpenter.sh/discovery": "eks-tester"
            },
            "tags_all": {
              "Blueprint": "eks-tester",
              "GithubRepo": "github.com/aws-ia/terraform-aws-eks-blueprints",
              "karpenter.sh/discovery": "eks-tester"
            },
            "update_default_version": true,
            "user_data": "",
            "vpc_security_group_ids": []
          },
          "sensitive_attributes": [],
          "private": "bnVsbA==",
          "dependencies": [
            "data.aws_availability_zones.available",
            "module.eks.aws_cloudwatch_log_group.this",
            "module.eks.aws_eks_cluster.this",
            "module.eks.aws_iam_policy.cni_ipv6_policy",
            "module.eks.aws_iam_role.this",
            "module.eks.aws_iam_role_policy_attachment.this",
            "module.eks.aws_security_group.cluster",
            "module.eks.aws_security_group.node",
            "module.eks.aws_security_group_rule.cluster",
            "module.eks.aws_security_group_rule.node",
            "module.eks.data.aws_caller_identity.current",
            "module.eks.data.aws_iam_policy_document.assume_role_policy",
            "module.eks.data.aws_iam_policy_document.cni_ipv6_policy",
            "module.eks.data.aws_iam_session_context.current",
            "module.eks.data.aws_partition.current",
            "module.eks.module.eks_managed_node_group.aws_iam_role.this",
            "module.eks.module.eks_managed_node_group.aws_iam_role_policy_attachment.this",
            "module.eks.module.eks_managed_node_group.data.aws_caller_identity.current",
            "module.eks.module.eks_managed_node_group.data.aws_iam_policy_document.assume_role_policy",
            "module.eks.module.eks_managed_node_group.data.aws_partition.current",
            "module.eks.module.eks_managed_node_group.module.user_data.data.cloudinit_config.linux_eks_managed_node_group",
            "module.eks.module.kms.aws_kms_external_key.this",
            "module.eks.module.kms.aws_kms_key.this",
            "module.eks.module.kms.data.aws_caller_identity.current",
            "module.eks.module.kms.data.aws_iam_policy_document.this",
            "module.eks.module.kms.data.aws_partition.current",
            "module.eks.time_sleep.this",
            "module.vpc.aws_subnet.private",
            "module.vpc.aws_vpc.this",
            "module.vpc.aws_vpc_ipv4_cidr_block_association.this"
          ],
          "create_before_destroy": true
        }
      ]
    },
    {
      "module": "module.eks.module.kms",
      "mode": "data",
      "type": "aws_caller_identity",
      "name": "current",
      "provider": "provider[\"registry.terraform.io/hashicorp/aws\"]",
      "instances": [
        {
          "schema_version": 0,
          "attributes": {
            "account_id": "733851053666",
            "arn": "arn:aws:iam::733851053666:user/admin",
            "id": "733851053666",
            "user_id": "AIDA2VXHONZRJS2XSI5GL"
          },
          "sensitive_attributes": []
        }
      ]
    },
    {
      "module": "module.eks.module.kms",
      "mode": "data",
      "type": "aws_iam_policy_document",
      "name": "this",
      "provider": "provider[\"registry.terraform.io/hashicorp/aws\"]",
      "instances": [
        {
          "index_key": 0,
          "schema_version": 0,
          "attributes": {
            "id": "356731489",
            "json": "{\n  \"Version\": \"2012-10-17\",\n  \"Statement\": [\n    {\n      \"Sid\": \"KeyAdministration\",\n      \"Effect\": \"Allow\",\n      \"Action\": [\n        \"kms:Update*\",\n        \"kms:UntagResource\",\n        \"kms:TagResource\",\n        \"kms:ScheduleKeyDeletion\",\n        \"kms:Revoke*\",\n        \"kms:Put*\",\n        \"kms:List*\",\n        \"kms:Get*\",\n        \"kms:Enable*\",\n        \"kms:Disable*\",\n        \"kms:Describe*\",\n        \"kms:Delete*\",\n        \"kms:Create*\",\n        \"kms:CancelKeyDeletion\"\n      ],\n      \"Resource\": \"*\",\n      \"Principal\": {\n        \"AWS\": \"arn:aws:iam::733851053666:user/admin\"\n      }\n    },\n    {\n      \"Sid\": \"KeyUsage\",\n      \"Effect\": \"Allow\",\n      \"Action\": [\n        \"kms:ReEncrypt*\",\n        \"kms:GenerateDataKey*\",\n        \"kms:Encrypt\",\n        \"kms:DescribeKey\",\n        \"kms:Decrypt\"\n      ],\n      \"Resource\": \"*\",\n      \"Principal\": {\n        \"AWS\": \"arn:aws:iam::733851053666:role/eks-tester-cluster-20230816155644747400000005\"\n      }\n    }\n  ]\n}",
            "override_policy_documents": null,
            "policy_id": null,
            "source_policy_documents": null,
            "statement": [
              {
                "actions": [
                  "kms:CancelKeyDeletion",
                  "kms:Create*",
                  "kms:Delete*",
                  "kms:Describe*",
                  "kms:Disable*",
                  "kms:Enable*",
                  "kms:Get*",
                  "kms:List*",
                  "kms:Put*",
                  "kms:Revoke*",
                  "kms:ScheduleKeyDeletion",
                  "kms:TagResource",
                  "kms:UntagResource",
                  "kms:Update*"
                ],
                "condition": [],
                "effect": "Allow",
                "not_actions": [],
                "not_principals": [],
                "not_resources": [],
                "principals": [
                  {
                    "identifiers": [
                      "arn:aws:iam::733851053666:user/admin"
                    ],
                    "type": "AWS"
                  }
                ],
                "resources": [
                  "*"
                ],
                "sid": "KeyAdministration"
              },
              {
                "actions": [
                  "kms:Decrypt",
                  "kms:DescribeKey",
                  "kms:Encrypt",
                  "kms:GenerateDataKey*",
                  "kms:ReEncrypt*"
                ],
                "condition": [],
                "effect": "Allow",
                "not_actions": [],
                "not_principals": [],
                "not_resources": [],
                "principals": [
                  {
                    "identifiers": [
                      "arn:aws:iam::733851053666:role/eks-tester-cluster-20230816155644747400000005"
                    ],
                    "type": "AWS"
                  }
                ],
                "resources": [
                  "*"
                ],
                "sid": "KeyUsage"
              }
            ],
            "version": "2012-10-17"
          },
          "sensitive_attributes": []
        }
      ]
    },
    {
      "module": "module.eks.module.kms",
      "mode": "data",
      "type": "aws_partition",
      "name": "current",
      "provider": "provider[\"registry.terraform.io/hashicorp/aws\"]",
      "instances": [
        {
          "schema_version": 0,
          "attributes": {
            "dns_suffix": "amazonaws.com",
            "id": "aws",
            "partition": "aws",
            "reverse_dns_prefix": "com.amazonaws"
          },
          "sensitive_attributes": []
        }
      ]
    },
    {
      "module": "module.eks.module.kms",
      "mode": "managed",
      "type": "aws_kms_alias",
      "name": "this",
      "provider": "provider[\"registry.terraform.io/hashicorp/aws\"]",
      "instances": [
        {
          "index_key": "cluster",
          "schema_version": 0,
          "attributes": {
            "arn": "arn:aws:kms:ap-northeast-1:733851053666:alias/eks/eks-tester",
            "id": "alias/eks/eks-tester",
            "name": "alias/eks/eks-tester",
            "name_prefix": "",
            "target_key_arn": "arn:aws:kms:ap-northeast-1:733851053666:key/4aad1929-c1fc-4b77-a101-60410fcdb1b5",
            "target_key_id": "4aad1929-c1fc-4b77-a101-60410fcdb1b5"
          },
          "sensitive_attributes": [],
          "private": "bnVsbA==",
          "dependencies": [
            "module.eks.aws_iam_role.this",
            "module.eks.data.aws_caller_identity.current",
            "module.eks.data.aws_iam_policy_document.assume_role_policy",
            "module.eks.data.aws_iam_session_context.current",
            "module.eks.data.aws_partition.current",
            "module.eks.module.kms.aws_kms_external_key.this",
            "module.eks.module.kms.aws_kms_key.this",
            "module.eks.module.kms.data.aws_caller_identity.current",
            "module.eks.module.kms.data.aws_iam_policy_document.this",
            "module.eks.module.kms.data.aws_partition.current"
          ]
        }
      ]
    },
    {
      "module": "module.eks.module.kms",
      "mode": "managed",
      "type": "aws_kms_key",
      "name": "this",
      "provider": "provider[\"registry.terraform.io/hashicorp/aws\"]",
      "instances": [
        {
          "index_key": 0,
          "schema_version": 0,
          "attributes": {
            "arn": "arn:aws:kms:ap-northeast-1:733851053666:key/4aad1929-c1fc-4b77-a101-60410fcdb1b5",
            "bypass_policy_lockout_safety_check": false,
            "custom_key_store_id": "",
            "customer_master_key_spec": "SYMMETRIC_DEFAULT",
            "deletion_window_in_days": null,
            "description": "eks-tester cluster encryption key",
            "enable_key_rotation": true,
            "id": "4aad1929-c1fc-4b77-a101-60410fcdb1b5",
            "is_enabled": true,
            "key_id": "4aad1929-c1fc-4b77-a101-60410fcdb1b5",
            "key_usage": "ENCRYPT_DECRYPT",
            "multi_region": false,
            "policy": "{\"Statement\":[{\"Action\":[\"kms:Update*\",\"kms:UntagResource\",\"kms:TagResource\",\"kms:ScheduleKeyDeletion\",\"kms:Revoke*\",\"kms:Put*\",\"kms:List*\",\"kms:Get*\",\"kms:Enable*\",\"kms:Disable*\",\"kms:Describe*\",\"kms:Delete*\",\"kms:Create*\",\"kms:CancelKeyDeletion\"],\"Effect\":\"Allow\",\"Principal\":{\"AWS\":\"arn:aws:iam::733851053666:user/admin\"},\"Resource\":\"*\",\"Sid\":\"KeyAdministration\"},{\"Action\":[\"kms:ReEncrypt*\",\"kms:GenerateDataKey*\",\"kms:Encrypt\",\"kms:DescribeKey\",\"kms:Decrypt\"],\"Effect\":\"Allow\",\"Principal\":{\"AWS\":\"arn:aws:iam::733851053666:role/eks-tester-cluster-20230816155644747400000005\"},\"Resource\":\"*\",\"Sid\":\"KeyUsage\"}],\"Version\":\"2012-10-17\"}",
            "tags": {
              "Blueprint": "eks-tester",
              "GithubRepo": "github.com/aws-ia/terraform-aws-eks-blueprints",
              "karpenter.sh/discovery": "eks-tester"
            },
            "tags_all": {
              "Blueprint": "eks-tester",
              "GithubRepo": "github.com/aws-ia/terraform-aws-eks-blueprints",
              "karpenter.sh/discovery": "eks-tester"
            }
          },
          "sensitive_attributes": [],
          "private": "bnVsbA==",
          "dependencies": [
            "module.eks.aws_iam_role.this",
            "module.eks.data.aws_caller_identity.current",
            "module.eks.data.aws_iam_policy_document.assume_role_policy",
            "module.eks.data.aws_iam_session_context.current",
            "module.eks.data.aws_partition.current",
            "module.eks.module.kms.data.aws_caller_identity.current",
            "module.eks.module.kms.data.aws_iam_policy_document.this",
            "module.eks.module.kms.data.aws_partition.current"
          ],
          "create_before_destroy": true
        }
      ]
    },
    {
      "module": "module.eks_blueprints_addons",
      "mode": "data",
      "type": "aws_caller_identity",
      "name": "current",
      "provider": "provider[\"registry.terraform.io/hashicorp/aws\"]",
      "instances": [
        {
          "schema_version": 0,
          "attributes": {
            "account_id": "733851053666",
            "arn": "arn:aws:iam::733851053666:user/admin",
            "id": "733851053666",
            "user_id": "AIDA2VXHONZRJS2XSI5GL"
          },
          "sensitive_attributes": []
        }
      ]
    },
    {
      "module": "module.eks_blueprints_addons",
      "mode": "data",
      "type": "aws_eks_addon_version",
      "name": "this",
      "provider": "provider[\"registry.terraform.io/hashicorp/aws\"]",
      "instances": [
        {
          "index_key": "aws-ebs-csi-driver",
          "schema_version": 0,
          "attributes": {
            "addon_name": "aws-ebs-csi-driver",
            "id": "aws-ebs-csi-driver",
            "kubernetes_version": "1.25",
            "most_recent": true,
            "version": "v1.21.0-eksbuild.1"
          },
          "sensitive_attributes": []
        },
        {
          "index_key": "aws-efs-csi-driver",
          "schema_version": 0,
          "attributes": {
            "addon_name": "aws-efs-csi-driver",
            "id": "aws-efs-csi-driver",
            "kubernetes_version": "1.25",
            "most_recent": true,
            "version": "v1.5.8-eksbuild.1"
          },
          "sensitive_attributes": []
        },
        {
          "index_key": "coredns",
          "schema_version": 0,
          "attributes": {
            "addon_name": "coredns",
            "id": "coredns",
            "kubernetes_version": "1.25",
            "most_recent": true,
            "version": "v1.9.3-eksbuild.5"
          },
          "sensitive_attributes": []
        },
        {
          "index_key": "kube-proxy",
          "schema_version": 0,
          "attributes": {
            "addon_name": "kube-proxy",
            "id": "kube-proxy",
            "kubernetes_version": "1.25",
            "most_recent": true,
            "version": "v1.25.11-eksbuild.2"
          },
          "sensitive_attributes": []
        },
        {
          "index_key": "vpc-cni",
          "schema_version": 0,
          "attributes": {
            "addon_name": "vpc-cni",
            "id": "vpc-cni",
            "kubernetes_version": "1.25",
            "most_recent": true,
            "version": "v1.13.4-eksbuild.1"
          },
          "sensitive_attributes": []
        }
      ]
    },
    {
      "module": "module.eks_blueprints_addons",
      "mode": "data",
      "type": "aws_iam_policy_document",
      "name": "aws_load_balancer_controller",
      "provider": "provider[\"registry.terraform.io/hashicorp/aws\"]",
      "instances": [
        {
          "index_key": 0,
          "schema_version": 0,
          "attributes": {
            "id": "497997787",
            "json": "{\n  \"Version\": \"2012-10-17\",\n  \"Statement\": [\n    {\n      \"Sid\": \"AllowCreateServiceLinkedRole\",\n      \"Effect\": \"Allow\",\n      \"Action\": \"iam:CreateServiceLinkedRole\",\n      \"Resource\": \"arn:aws:iam::733851053666:role/aws-service-role/elasticloadbalancing.amazonaws.com/AWSServiceRoleForElasticLoadBalancing\",\n      \"Condition\": {\n        \"StringEquals\": {\n          \"iam:AWSServiceName\": \"elasticloadbalancing.amazonaws.com\"\n        }\n      }\n    },\n    {\n      \"Sid\": \"AllowDescribeElbTags\",\n      \"Effect\": \"Allow\",\n      \"Action\": \"elasticloadbalancing:DescribeTags\",\n      \"Resource\": \"*\"\n    },\n    {\n      \"Sid\": \"AllowGetResources\",\n      \"Effect\": \"Allow\",\n      \"Action\": [\n        \"elasticloadbalancing:DescribeTargetHealth\",\n        \"elasticloadbalancing:DescribeTargetGroups\",\n        \"elasticloadbalancing:DescribeTargetGroupAttributes\",\n        \"elasticloadbalancing:DescribeSSLPolicies\",\n        \"elasticloadbalancing:DescribeRules\",\n        \"elasticloadbalancing:DescribeLoadBalancers\",\n        \"elasticloadbalancing:DescribeLoadBalancerAttributes\",\n        \"elasticloadbalancing:DescribeListeners\",\n        \"elasticloadbalancing:DescribeListenerCertificates\",\n        \"ec2:GetCoipPoolUsage\",\n        \"ec2:DescribeVpcs\",\n        \"ec2:DescribeVpcPeeringConnections\",\n        \"ec2:DescribeTags\",\n        \"ec2:DescribeSubnets\",\n        \"ec2:DescribeSecurityGroups\",\n        \"ec2:DescribeNetworkInterfaces\",\n        \"ec2:DescribeInternetGateways\",\n        \"ec2:DescribeInstances\",\n        \"ec2:DescribeCoipPools\",\n        \"ec2:DescribeAvailabilityZones\",\n        \"ec2:DescribeAddresses\",\n        \"ec2:DescribeAccountAttributes\"\n      ],\n      \"Resource\": \"*\"\n    },\n    {\n      \"Sid\": \"AllowManageElbs\",\n      \"Effect\": \"Allow\",\n      \"Action\": [\n        \"elasticloadbalancing:SetSubnets\",\n        \"elasticloadbalancing:SetSecurityGroups\",\n        \"elasticloadbalancing:SetIpAddressType\",\n        \"elasticloadbalancing:RemoveTags\",\n        \"elasticloadbalancing:ModifyLoadBalancerAttributes\",\n        \"elasticloadbalancing:DeleteTargetGroup\",\n        \"elasticloadbalancing:DeleteLoadBalancer\",\n        \"elasticloadbalancing:CreateLoadBalancer\",\n        \"elasticloadbalancing:CreateListener\",\n        \"elasticloadbalancing:AddTags\"\n      ],\n      \"Resource\": [\n        \"arn:aws:elasticloadbalancing:ap-northeast-1:733851053666:targetgroup/*/*\",\n        \"arn:aws:elasticloadbalancing:ap-northeast-1:733851053666:loadbalancer/net/*/*\",\n        \"arn:aws:elasticloadbalancing:ap-northeast-1:733851053666:loadbalancer/app/*/*\"\n      ]\n    },\n    {\n      \"Sid\": \"AllowManageTargetGroup\",\n      \"Effect\": \"Allow\",\n      \"Action\": [\n        \"elasticloadbalancing:ModifyTargetGroupAttributes\",\n        \"elasticloadbalancing:ModifyTargetGroup\",\n        \"elasticloadbalancing:DeleteTargetGroup\",\n        \"elasticloadbalancing:CreateTargetGroup\"\n      ],\n      \"Resource\": \"arn:aws:elasticloadbalancing:ap-northeast-1:733851053666:targetgroup/*/*\"\n    },\n    {\n      \"Sid\": \"AllowManageListeners\",\n      \"Effect\": \"Allow\",\n      \"Action\": [\n        \"elasticloadbalancing:RemoveListenerCertificates\",\n        \"elasticloadbalancing:ModifyListener\",\n        \"elasticloadbalancing:DeleteListener\",\n        \"elasticloadbalancing:CreateRule\",\n        \"elasticloadbalancing:AddListenerCertificates\"\n      ],\n      \"Resource\": [\n        \"arn:aws:elasticloadbalancing:ap-northeast-1:733851053666:listener/net/*/*/*\",\n        \"arn:aws:elasticloadbalancing:ap-northeast-1:733851053666:listener/app/*/*/*\"\n      ]\n    },\n    {\n      \"Sid\": \"AllowManageRules\",\n      \"Effect\": \"Allow\",\n      \"Action\": [\n        \"elasticloadbalancing:ModifyRule\",\n        \"elasticloadbalancing:DeleteRule\"\n      ],\n      \"Resource\": [\n        \"arn:aws:elasticloadbalancing:ap-northeast-1:733851053666:listener-rule/net/*/*/*/*\",\n        \"arn:aws:elasticloadbalancing:ap-northeast-1:733851053666:listener-rule/app/*/*/*/*\"\n      ]\n    },\n    {\n      \"Sid\": \"AllowManageResourceTags\",\n      \"Effect\": \"Allow\",\n      \"Action\": [\n        \"elasticloadbalancing:RemoveTags\",\n        \"elasticloadbalancing:AddTags\"\n      ],\n      \"Resource\": [\n        \"arn:aws:elasticloadbalancing:ap-northeast-1:733851053666:targetgroup/*/*\",\n        \"arn:aws:elasticloadbalancing:ap-northeast-1:733851053666:loadbalancer/net/*/*\",\n        \"arn:aws:elasticloadbalancing:ap-northeast-1:733851053666:loadbalancer/app/*/*\",\n        \"arn:aws:elasticloadbalancing:ap-northeast-1:733851053666:listener/net/*/*/*\",\n        \"arn:aws:elasticloadbalancing:ap-northeast-1:733851053666:listener/app/*/*/*\",\n        \"arn:aws:elasticloadbalancing:ap-northeast-1:733851053666:listener-rule/net/*/*/*/*\",\n        \"arn:aws:elasticloadbalancing:ap-northeast-1:733851053666:listener-rule/app/*/*/*/*\"\n      ]\n    },\n    {\n      \"Sid\": \"AllowManageTargets\",\n      \"Effect\": \"Allow\",\n      \"Action\": [\n        \"elasticloadbalancing:RegisterTargets\",\n        \"elasticloadbalancing:DeregisterTargets\"\n      ],\n      \"Resource\": \"arn:aws:elasticloadbalancing:ap-northeast-1:733851053666:targetgroup/*/*\"\n    },\n    {\n      \"Sid\": \"AllowGetCertificates\",\n      \"Effect\": \"Allow\",\n      \"Action\": [\n        \"acm:ListCertificates\",\n        \"acm:DescribeCertificate\"\n      ],\n      \"Resource\": \"*\"\n    },\n    {\n      \"Sid\": \"AllowDescribeCognitoIdp\",\n      \"Effect\": \"Allow\",\n      \"Action\": \"cognito-idp:DescribeUserPoolClient\",\n      \"Resource\": \"arn:aws:cognito-idp:ap-northeast-1:733851053666:userpool/*\"\n    },\n    {\n      \"Sid\": \"AllowGetServerCertificates\",\n      \"Effect\": \"Allow\",\n      \"Action\": [\n        \"iam:ListServerCertificates\",\n        \"iam:GetServerCertificate\"\n      ],\n      \"Resource\": [\n        \"arn:aws:iam::733851053666:server-certificate/*\",\n        \"arn:aws:iam::733851053666:*\"\n      ]\n    },\n    {\n      \"Sid\": \"AllowShield\",\n      \"Effect\": \"Allow\",\n      \"Action\": [\n        \"shield:GetSubscriptionState\",\n        \"shield:DescribeProtection\",\n        \"shield:DeleteProtection\",\n        \"shield:CreateProtection\"\n      ],\n      \"Resource\": [\n        \"arn:aws:shield::733851053666:protection/*\",\n        \"arn:aws:shield::733851053666:*\"\n      ]\n    },\n    {\n      \"Sid\": \"AllowManageWebAcl\",\n      \"Effect\": \"Allow\",\n      \"Action\": [\n        \"wafv2:GetWebACLForResource\",\n        \"wafv2:GetWebACL\",\n        \"wafv2:DisassociateWebACL\",\n        \"wafv2:AssociateWebACL\",\n        \"waf-regional:GetWebACLForResource\",\n        \"waf-regional:GetWebACL\",\n        \"waf-regional:DisassociateWebACL\",\n        \"waf-regional:AssociateWebACL\",\n        \"elasticloadbalancing:SetWebAcl\"\n      ],\n      \"Resource\": [\n        \"arn:aws:wafv2:ap-northeast-1:733851053666:*/webacl/*/*\",\n        \"arn:aws:wafv2:ap-northeast-1:733851053666:*\",\n        \"arn:aws:waf-regional:ap-northeast-1:733851053666:webacl/*\",\n        \"arn:aws:waf-regional:ap-northeast-1:733851053666:*\",\n        \"arn:aws:elasticloadbalancing:ap-northeast-1:733851053666:loadbalancer/app/*/*\",\n        \"arn:aws:cognito-idp:ap-northeast-1:733851053666:userpool/*\",\n        \"arn:aws:appsync:ap-northeast-1:733851053666:apis/*\",\n        \"arn:aws:apigateway:ap-northeast-1::/restapis/*/stages/*\"\n      ]\n    },\n    {\n      \"Sid\": \"AllowManageSecurityGroups\",\n      \"Effect\": \"Allow\",\n      \"Action\": [\n        \"ec2:RevokeSecurityGroupIngress\",\n        \"ec2:DeleteTags\",\n        \"ec2:DeleteSecurityGroup\",\n        \"ec2:CreateTags\",\n        \"ec2:AuthorizeSecurityGroupIngress\"\n      ],\n      \"Resource\": \"arn:aws:ec2:ap-northeast-1:733851053666:security-group/*\"\n    },\n    {\n      \"Sid\": \"AllowCreateSecurityGroups\",\n      \"Effect\": \"Allow\",\n      \"Action\": \"ec2:CreateSecurityGroup\",\n      \"Resource\": [\n        \"arn:aws:ec2:ap-northeast-1:733851053666:vpc/*\",\n        \"arn:aws:ec2:ap-northeast-1:733851053666:security-group/*\"\n      ]\n    }\n  ]\n}",
            "override_policy_documents": null,
            "policy_id": null,
            "source_policy_documents": null,
            "statement": [
              {
                "actions": [
                  "iam:CreateServiceLinkedRole"
                ],
                "condition": [
                  {
                    "test": "StringEquals",
                    "values": [
                      "elasticloadbalancing.amazonaws.com"
                    ],
                    "variable": "iam:AWSServiceName"
                  }
                ],
                "effect": "Allow",
                "not_actions": [],
                "not_principals": [],
                "not_resources": [],
                "principals": [],
                "resources": [
                  "arn:aws:iam::733851053666:role/aws-service-role/elasticloadbalancing.amazonaws.com/AWSServiceRoleForElasticLoadBalancing"
                ],
                "sid": "AllowCreateServiceLinkedRole"
              },
              {
                "actions": [
                  "elasticloadbalancing:DescribeTags"
                ],
                "condition": [],
                "effect": "Allow",
                "not_actions": [],
                "not_principals": [],
                "not_resources": [],
                "principals": [],
                "resources": [
                  "*"
                ],
                "sid": "AllowDescribeElbTags"
              },
              {
                "actions": [
                  "ec2:DescribeAccountAttributes",
                  "ec2:DescribeAddresses",
                  "ec2:DescribeAvailabilityZones",
                  "ec2:DescribeCoipPools",
                  "ec2:DescribeInstances",
                  "ec2:DescribeInternetGateways",
                  "ec2:DescribeNetworkInterfaces",
                  "ec2:DescribeSecurityGroups",
                  "ec2:DescribeSubnets",
                  "ec2:DescribeTags",
                  "ec2:DescribeVpcPeeringConnections",
                  "ec2:DescribeVpcs",
                  "ec2:GetCoipPoolUsage",
                  "elasticloadbalancing:DescribeListenerCertificates",
                  "elasticloadbalancing:DescribeListeners",
                  "elasticloadbalancing:DescribeLoadBalancerAttributes",
                  "elasticloadbalancing:DescribeLoadBalancers",
                  "elasticloadbalancing:DescribeRules",
                  "elasticloadbalancing:DescribeSSLPolicies",
                  "elasticloadbalancing:DescribeTargetGroupAttributes",
                  "elasticloadbalancing:DescribeTargetGroups",
                  "elasticloadbalancing:DescribeTargetHealth"
                ],
                "condition": [],
                "effect": "Allow",
                "not_actions": [],
                "not_principals": [],
                "not_resources": [],
                "principals": [],
                "resources": [
                  "*"
                ],
                "sid": "AllowGetResources"
              },
              {
                "actions": [
                  "elasticloadbalancing:AddTags",
                  "elasticloadbalancing:CreateListener",
                  "elasticloadbalancing:CreateLoadBalancer",
                  "elasticloadbalancing:DeleteLoadBalancer",
                  "elasticloadbalancing:DeleteTargetGroup",
                  "elasticloadbalancing:ModifyLoadBalancerAttributes",
                  "elasticloadbalancing:RemoveTags",
                  "elasticloadbalancing:SetIpAddressType",
                  "elasticloadbalancing:SetSecurityGroups",
                  "elasticloadbalancing:SetSubnets"
                ],
                "condition": [],
                "effect": "Allow",
                "not_actions": [],
                "not_principals": [],
                "not_resources": [],
                "principals": [],
                "resources": [
                  "arn:aws:elasticloadbalancing:ap-northeast-1:733851053666:loadbalancer/app/*/*",
                  "arn:aws:elasticloadbalancing:ap-northeast-1:733851053666:loadbalancer/net/*/*",
                  "arn:aws:elasticloadbalancing:ap-northeast-1:733851053666:targetgroup/*/*"
                ],
                "sid": "AllowManageElbs"
              },
              {
                "actions": [
                  "elasticloadbalancing:CreateTargetGroup",
                  "elasticloadbalancing:DeleteTargetGroup",
                  "elasticloadbalancing:ModifyTargetGroup",
                  "elasticloadbalancing:ModifyTargetGroupAttributes"
                ],
                "condition": [],
                "effect": "Allow",
                "not_actions": [],
                "not_principals": [],
                "not_resources": [],
                "principals": [],
                "resources": [
                  "arn:aws:elasticloadbalancing:ap-northeast-1:733851053666:targetgroup/*/*"
                ],
                "sid": "AllowManageTargetGroup"
              },
              {
                "actions": [
                  "elasticloadbalancing:AddListenerCertificates",
                  "elasticloadbalancing:CreateRule",
                  "elasticloadbalancing:DeleteListener",
                  "elasticloadbalancing:ModifyListener",
                  "elasticloadbalancing:RemoveListenerCertificates"
                ],
                "condition": [],
                "effect": "Allow",
                "not_actions": [],
                "not_principals": [],
                "not_resources": [],
                "principals": [],
                "resources": [
                  "arn:aws:elasticloadbalancing:ap-northeast-1:733851053666:listener/app/*/*/*",
                  "arn:aws:elasticloadbalancing:ap-northeast-1:733851053666:listener/net/*/*/*"
                ],
                "sid": "AllowManageListeners"
              },
              {
                "actions": [
                  "elasticloadbalancing:DeleteRule",
                  "elasticloadbalancing:ModifyRule"
                ],
                "condition": [],
                "effect": "Allow",
                "not_actions": [],
                "not_principals": [],
                "not_resources": [],
                "principals": [],
                "resources": [
                  "arn:aws:elasticloadbalancing:ap-northeast-1:733851053666:listener-rule/app/*/*/*/*",
                  "arn:aws:elasticloadbalancing:ap-northeast-1:733851053666:listener-rule/net/*/*/*/*"
                ],
                "sid": "AllowManageRules"
              },
              {
                "actions": [
                  "elasticloadbalancing:AddTags",
                  "elasticloadbalancing:RemoveTags"
                ],
                "condition": [],
                "effect": "Allow",
                "not_actions": [],
                "not_principals": [],
                "not_resources": [],
                "principals": [],
                "resources": [
                  "arn:aws:elasticloadbalancing:ap-northeast-1:733851053666:listener-rule/app/*/*/*/*",
                  "arn:aws:elasticloadbalancing:ap-northeast-1:733851053666:listener-rule/net/*/*/*/*",
                  "arn:aws:elasticloadbalancing:ap-northeast-1:733851053666:listener/app/*/*/*",
                  "arn:aws:elasticloadbalancing:ap-northeast-1:733851053666:listener/net/*/*/*",
                  "arn:aws:elasticloadbalancing:ap-northeast-1:733851053666:loadbalancer/app/*/*",
                  "arn:aws:elasticloadbalancing:ap-northeast-1:733851053666:loadbalancer/net/*/*",
                  "arn:aws:elasticloadbalancing:ap-northeast-1:733851053666:targetgroup/*/*"
                ],
                "sid": "AllowManageResourceTags"
              },
              {
                "actions": [
                  "elasticloadbalancing:DeregisterTargets",
                  "elasticloadbalancing:RegisterTargets"
                ],
                "condition": [],
                "effect": "Allow",
                "not_actions": [],
                "not_principals": [],
                "not_resources": [],
                "principals": [],
                "resources": [
                  "arn:aws:elasticloadbalancing:ap-northeast-1:733851053666:targetgroup/*/*"
                ],
                "sid": "AllowManageTargets"
              },
              {
                "actions": [
                  "acm:DescribeCertificate",
                  "acm:ListCertificates"
                ],
                "condition": [],
                "effect": "Allow",
                "not_actions": [],
                "not_principals": [],
                "not_resources": [],
                "principals": [],
                "resources": [
                  "*"
                ],
                "sid": "AllowGetCertificates"
              },
              {
                "actions": [
                  "cognito-idp:DescribeUserPoolClient"
                ],
                "condition": [],
                "effect": "Allow",
                "not_actions": [],
                "not_principals": [],
                "not_resources": [],
                "principals": [],
                "resources": [
                  "arn:aws:cognito-idp:ap-northeast-1:733851053666:userpool/*"
                ],
                "sid": "AllowDescribeCognitoIdp"
              },
              {
                "actions": [
                  "iam:GetServerCertificate",
                  "iam:ListServerCertificates"
                ],
                "condition": [],
                "effect": "Allow",
                "not_actions": [],
                "not_principals": [],
                "not_resources": [],
                "principals": [],
                "resources": [
                  "arn:aws:iam::733851053666:*",
                  "arn:aws:iam::733851053666:server-certificate/*"
                ],
                "sid": "AllowGetServerCertificates"
              },
              {
                "actions": [
                  "shield:CreateProtection",
                  "shield:DeleteProtection",
                  "shield:DescribeProtection",
                  "shield:GetSubscriptionState"
                ],
                "condition": [],
                "effect": "Allow",
                "not_actions": [],
                "not_principals": [],
                "not_resources": [],
                "principals": [],
                "resources": [
                  "arn:aws:shield::733851053666:*",
                  "arn:aws:shield::733851053666:protection/*"
                ],
                "sid": "AllowShield"
              },
              {
                "actions": [
                  "elasticloadbalancing:SetWebAcl",
                  "waf-regional:AssociateWebACL",
                  "waf-regional:DisassociateWebACL",
                  "waf-regional:GetWebACL",
                  "waf-regional:GetWebACLForResource",
                  "wafv2:AssociateWebACL",
                  "wafv2:DisassociateWebACL",
                  "wafv2:GetWebACL",
                  "wafv2:GetWebACLForResource"
                ],
                "condition": [],
                "effect": "Allow",
                "not_actions": [],
                "not_principals": [],
                "not_resources": [],
                "principals": [],
                "resources": [
                  "arn:aws:apigateway:ap-northeast-1::/restapis/*/stages/*",
                  "arn:aws:appsync:ap-northeast-1:733851053666:apis/*",
                  "arn:aws:cognito-idp:ap-northeast-1:733851053666:userpool/*",
                  "arn:aws:elasticloadbalancing:ap-northeast-1:733851053666:loadbalancer/app/*/*",
                  "arn:aws:waf-regional:ap-northeast-1:733851053666:*",
                  "arn:aws:waf-regional:ap-northeast-1:733851053666:webacl/*",
                  "arn:aws:wafv2:ap-northeast-1:733851053666:*",
                  "arn:aws:wafv2:ap-northeast-1:733851053666:*/webacl/*/*"
                ],
                "sid": "AllowManageWebAcl"
              },
              {
                "actions": [
                  "ec2:AuthorizeSecurityGroupIngress",
                  "ec2:CreateTags",
                  "ec2:DeleteSecurityGroup",
                  "ec2:DeleteTags",
                  "ec2:RevokeSecurityGroupIngress"
                ],
                "condition": [],
                "effect": "Allow",
                "not_actions": [],
                "not_principals": [],
                "not_resources": [],
                "principals": [],
                "resources": [
                  "arn:aws:ec2:ap-northeast-1:733851053666:security-group/*"
                ],
                "sid": "AllowManageSecurityGroups"
              },
              {
                "actions": [
                  "ec2:CreateSecurityGroup"
                ],
                "condition": [],
                "effect": "Allow",
                "not_actions": [],
                "not_principals": [],
                "not_resources": [],
                "principals": [],
                "resources": [
                  "arn:aws:ec2:ap-northeast-1:733851053666:security-group/*",
                  "arn:aws:ec2:ap-northeast-1:733851053666:vpc/*"
                ],
                "sid": "AllowCreateSecurityGroups"
              }
            ],
            "version": "2012-10-17"
          },
          "sensitive_attributes": []
        }
      ]
    },
    {
      "module": "module.eks_blueprints_addons",
      "mode": "data",
      "type": "aws_iam_policy_document",
      "name": "karpenter",
      "provider": "provider[\"registry.terraform.io/hashicorp/aws\"]",
      "instances": [
        {
          "index_key": 0,
          "schema_version": 0,
          "attributes": {
            "id": "505294806",
            "json": "{\n  \"Version\": \"2012-10-17\",\n  \"Statement\": [\n    {\n      \"Effect\": \"Allow\",\n      \"Action\": [\n        \"ec2:DescribeSubnets\",\n        \"ec2:DescribeSpotPriceHistory\",\n        \"ec2:DescribeSecurityGroups\",\n        \"ec2:DescribeLaunchTemplates\",\n        \"ec2:DescribeInstances\",\n        \"ec2:DescribeInstanceTypes\",\n        \"ec2:DescribeInstanceTypeOfferings\",\n        \"ec2:DescribeImages\",\n        \"ec2:DescribeAvailabilityZones\"\n      ],\n      \"Resource\": \"*\"\n    },\n    {\n      \"Effect\": \"Allow\",\n      \"Action\": [\n        \"ec2:RunInstances\",\n        \"ec2:DeleteLaunchTemplate\",\n        \"ec2:CreateTags\",\n        \"ec2:CreateLaunchTemplate\",\n        \"ec2:CreateFleet\"\n      ],\n      \"Resource\": [\n        \"arn:aws:ec2:ap-northeast-1::image/*\",\n        \"arn:aws:ec2:ap-northeast-1:733851053666:*\"\n      ]\n    },\n    {\n      \"Effect\": \"Allow\",\n      \"Action\": \"iam:PassRole\",\n      \"Resource\": \"arn:aws:iam::733851053666:role/karpenter-eks-tester-20230817054308933800000007\"\n    },\n    {\n      \"Effect\": \"Allow\",\n      \"Action\": \"pricing:GetProducts\",\n      \"Resource\": \"*\"\n    },\n    {\n      \"Effect\": \"Allow\",\n      \"Action\": \"ssm:GetParameter\",\n      \"Resource\": \"arn:aws:ssm:ap-northeast-1::parameter/*\"\n    },\n    {\n      \"Effect\": \"Allow\",\n      \"Action\": \"eks:DescribeCluster\",\n      \"Resource\": \"arn:aws:eks:*:733851053666:cluster/eks-tester\"\n    },\n    {\n      \"Effect\": \"Allow\",\n      \"Action\": \"ec2:TerminateInstances\",\n      \"Resource\": \"arn:aws:ec2:ap-northeast-1:733851053666:instance/*\",\n      \"Condition\": {\n        \"StringLike\": {\n          \"ec2:ResourceTag/Name\": \"*karpenter*\"\n        }\n      }\n    },\n    {\n      \"Effect\": \"Allow\",\n      \"Action\": [\n        \"sqs:ReceiveMessage\",\n        \"sqs:GetQueueUrl\",\n        \"sqs:GetQueueAttributes\",\n        \"sqs:DeleteMessage\"\n      ],\n      \"Resource\": \"arn:aws:sqs:ap-northeast-1:733851053666:karpenter-eks-tester\"\n    }\n  ]\n}",
            "override_policy_documents": null,
            "policy_id": null,
            "source_policy_documents": null,
            "statement": [
              {
                "actions": [
                  "ec2:DescribeAvailabilityZones",
                  "ec2:DescribeImages",
                  "ec2:DescribeInstanceTypeOfferings",
                  "ec2:DescribeInstanceTypes",
                  "ec2:DescribeInstances",
                  "ec2:DescribeLaunchTemplates",
                  "ec2:DescribeSecurityGroups",
                  "ec2:DescribeSpotPriceHistory",
                  "ec2:DescribeSubnets"
                ],
                "condition": [],
                "effect": "Allow",
                "not_actions": [],
                "not_principals": [],
                "not_resources": [],
                "principals": [],
                "resources": [
                  "*"
                ],
                "sid": ""
              },
              {
                "actions": [
                  "ec2:CreateFleet",
                  "ec2:CreateLaunchTemplate",
                  "ec2:CreateTags",
                  "ec2:DeleteLaunchTemplate",
                  "ec2:RunInstances"
                ],
                "condition": [],
                "effect": "Allow",
                "not_actions": [],
                "not_principals": [],
                "not_resources": [],
                "principals": [],
                "resources": [
                  "arn:aws:ec2:ap-northeast-1:733851053666:*",
                  "arn:aws:ec2:ap-northeast-1::image/*"
                ],
                "sid": ""
              },
              {
                "actions": [
                  "iam:PassRole"
                ],
                "condition": [],
                "effect": "Allow",
                "not_actions": [],
                "not_principals": [],
                "not_resources": [],
                "principals": [],
                "resources": [
                  "arn:aws:iam::733851053666:role/karpenter-eks-tester-20230817054308933800000007"
                ],
                "sid": ""
              },
              {
                "actions": [
                  "pricing:GetProducts"
                ],
                "condition": [],
                "effect": "Allow",
                "not_actions": [],
                "not_principals": [],
                "not_resources": [],
                "principals": [],
                "resources": [
                  "*"
                ],
                "sid": ""
              },
              {
                "actions": [
                  "ssm:GetParameter"
                ],
                "condition": [],
                "effect": "Allow",
                "not_actions": [],
                "not_principals": [],
                "not_resources": [],
                "principals": [],
                "resources": [
                  "arn:aws:ssm:ap-northeast-1::parameter/*"
                ],
                "sid": ""
              },
              {
                "actions": [
                  "eks:DescribeCluster"
                ],
                "condition": [],
                "effect": "Allow",
                "not_actions": [],
                "not_principals": [],
                "not_resources": [],
                "principals": [],
                "resources": [
                  "arn:aws:eks:*:733851053666:cluster/eks-tester"
                ],
                "sid": ""
              },
              {
                "actions": [
                  "ec2:TerminateInstances"
                ],
                "condition": [
                  {
                    "test": "StringLike",
                    "values": [
                      "*karpenter*"
                    ],
                    "variable": "ec2:ResourceTag/Name"
                  }
                ],
                "effect": "Allow",
                "not_actions": [],
                "not_principals": [],
                "not_resources": [],
                "principals": [],
                "resources": [
                  "arn:aws:ec2:ap-northeast-1:733851053666:instance/*"
                ],
                "sid": ""
              },
              {
                "actions": [
                  "sqs:DeleteMessage",
                  "sqs:GetQueueAttributes",
                  "sqs:GetQueueUrl",
                  "sqs:ReceiveMessage"
                ],
                "condition": [],
                "effect": "Allow",
                "not_actions": [],
                "not_principals": [],
                "not_resources": [],
                "principals": [],
                "resources": [
                  "arn:aws:sqs:ap-northeast-1:733851053666:karpenter-eks-tester"
                ],
                "sid": ""
              }
            ],
            "version": "2012-10-17"
          },
          "sensitive_attributes": []
        }
      ]
    },
    {
      "module": "module.eks_blueprints_addons",
      "mode": "data",
      "type": "aws_iam_policy_document",
      "name": "karpenter_assume_role",
      "provider": "provider[\"registry.terraform.io/hashicorp/aws\"]",
      "instances": [
        {
          "index_key": 0,
          "schema_version": 0,
          "attributes": {
            "id": "106987850",
            "json": "{\n  \"Version\": \"2012-10-17\",\n  \"Statement\": [\n    {\n      \"Sid\": \"KarpenterNodeAssumeRole\",\n      \"Effect\": \"Allow\",\n      \"Action\": \"sts:AssumeRole\",\n      \"Principal\": {\n        \"Service\": \"ec2.amazonaws.com\"\n      }\n    }\n  ]\n}",
            "override_policy_documents": null,
            "policy_id": null,
            "source_policy_documents": null,
            "statement": [
              {
                "actions": [
                  "sts:AssumeRole"
                ],
                "condition": [],
                "effect": "Allow",
                "not_actions": [],
                "not_principals": [],
                "not_resources": [],
                "principals": [
                  {
                    "identifiers": [
                      "ec2.amazonaws.com"
                    ],
                    "type": "Service"
                  }
                ],
                "resources": [],
                "sid": "KarpenterNodeAssumeRole"
              }
            ],
            "version": "2012-10-17"
          },
          "sensitive_attributes": []
        }
      ]
    },
    {
      "module": "module.eks_blueprints_addons",
      "mode": "data",
      "type": "aws_partition",
      "name": "current",
      "provider": "provider[\"registry.terraform.io/hashicorp/aws\"]",
      "instances": [
        {
          "schema_version": 0,
          "attributes": {
            "dns_suffix": "amazonaws.com",
            "id": "aws",
            "partition": "aws",
            "reverse_dns_prefix": "com.amazonaws"
          },
          "sensitive_attributes": []
        }
      ]
    },
    {
      "module": "module.eks_blueprints_addons",
      "mode": "data",
      "type": "aws_region",
      "name": "current",
      "provider": "provider[\"registry.terraform.io/hashicorp/aws\"]",
      "instances": [
        {
          "schema_version": 0,
          "attributes": {
            "description": "Asia Pacific (Tokyo)",
            "endpoint": "ec2.ap-northeast-1.amazonaws.com",
            "id": "ap-northeast-1",
            "name": "ap-northeast-1"
          },
          "sensitive_attributes": []
        }
      ]
    },
    {
      "module": "module.eks_blueprints_addons",
      "mode": "managed",
      "type": "aws_cloudwatch_event_rule",
      "name": "karpenter",
      "provider": "provider[\"registry.terraform.io/hashicorp/aws\"]",
      "instances": [
        {
          "index_key": "health_event",
          "schema_version": 0,
          "attributes": {
            "arn": "arn:aws:events:ap-northeast-1:733851053666:rule/Karpenter-HealthEvent-20230817054307741000000003",
            "description": "AWS health event",
            "event_bus_name": "default",
            "event_pattern": "{\"detail-type\":[\"AWS Health Event\"],\"source\":[\"aws.health\"]}",
            "id": "Karpenter-HealthEvent-20230817054307741000000003",
            "is_enabled": true,
            "name": "Karpenter-HealthEvent-20230817054307741000000003",
            "name_prefix": "Karpenter-HealthEvent-",
            "role_arn": "",
            "schedule_expression": "",
            "tags": {
              "Blueprint": "eks-tester",
              "ClusterName": "eks-tester",
              "GithubRepo": "github.com/aws-ia/terraform-aws-eks-blueprints"
            },
            "tags_all": {
              "Blueprint": "eks-tester",
              "ClusterName": "eks-tester",
              "GithubRepo": "github.com/aws-ia/terraform-aws-eks-blueprints"
            }
          },
          "sensitive_attributes": [],
          "private": "bnVsbA==",
          "dependencies": [
            "data.aws_availability_zones.available",
            "module.eks.aws_cloudwatch_log_group.this",
            "module.eks.aws_eks_cluster.this",
            "module.eks.aws_iam_policy.cni_ipv6_policy",
            "module.eks.aws_iam_role.this",
            "module.eks.aws_iam_role_policy_attachment.this",
            "module.eks.aws_security_group.cluster",
            "module.eks.aws_security_group.node",
            "module.eks.aws_security_group_rule.cluster",
            "module.eks.aws_security_group_rule.node",
            "module.eks.data.aws_caller_identity.current",
            "module.eks.data.aws_iam_policy_document.assume_role_policy",
            "module.eks.data.aws_iam_policy_document.cni_ipv6_policy",
            "module.eks.data.aws_iam_session_context.current",
            "module.eks.data.aws_partition.current",
            "module.eks.module.kms.aws_kms_external_key.this",
            "module.eks.module.kms.aws_kms_key.this",
            "module.eks.module.kms.data.aws_caller_identity.current",
            "module.eks.module.kms.data.aws_iam_policy_document.this",
            "module.eks.module.kms.data.aws_partition.current",
            "module.vpc.aws_subnet.private",
            "module.vpc.aws_vpc.this",
            "module.vpc.aws_vpc_ipv4_cidr_block_association.this"
          ]
        },
        {
          "index_key": "instance_rebalance",
          "schema_version": 0,
          "attributes": {
            "arn": "arn:aws:events:ap-northeast-1:733851053666:rule/Karpenter-InstanceRebalance-20230817054307738300000002",
            "description": "EC2 instance rebalance recommendation",
            "event_bus_name": "default",
            "event_pattern": "{\"detail-type\":[\"EC2 Instance Rebalance Recommendation\"],\"source\":[\"aws.ec2\"]}",
            "id": "Karpenter-InstanceRebalance-20230817054307738300000002",
            "is_enabled": true,
            "name": "Karpenter-InstanceRebalance-20230817054307738300000002",
            "name_prefix": "Karpenter-InstanceRebalance-",
            "role_arn": "",
            "schedule_expression": "",
            "tags": {
              "Blueprint": "eks-tester",
              "ClusterName": "eks-tester",
              "GithubRepo": "github.com/aws-ia/terraform-aws-eks-blueprints"
            },
            "tags_all": {
              "Blueprint": "eks-tester",
              "ClusterName": "eks-tester",
              "GithubRepo": "github.com/aws-ia/terraform-aws-eks-blueprints"
            }
          },
          "sensitive_attributes": [],
          "private": "bnVsbA==",
          "dependencies": [
            "data.aws_availability_zones.available",
            "module.eks.aws_cloudwatch_log_group.this",
            "module.eks.aws_eks_cluster.this",
            "module.eks.aws_iam_policy.cni_ipv6_policy",
            "module.eks.aws_iam_role.this",
            "module.eks.aws_iam_role_policy_attachment.this",
            "module.eks.aws_security_group.cluster",
            "module.eks.aws_security_group.node",
            "module.eks.aws_security_group_rule.cluster",
            "module.eks.aws_security_group_rule.node",
            "module.eks.data.aws_caller_identity.current",
            "module.eks.data.aws_iam_policy_document.assume_role_policy",
            "module.eks.data.aws_iam_policy_document.cni_ipv6_policy",
            "module.eks.data.aws_iam_session_context.current",
            "module.eks.data.aws_partition.current",
            "module.eks.module.kms.aws_kms_external_key.this",
            "module.eks.module.kms.aws_kms_key.this",
            "module.eks.module.kms.data.aws_caller_identity.current",
            "module.eks.module.kms.data.aws_iam_policy_document.this",
            "module.eks.module.kms.data.aws_partition.current",
            "module.vpc.aws_subnet.private",
            "module.vpc.aws_vpc.this",
            "module.vpc.aws_vpc_ipv4_cidr_block_association.this"
          ]
        },
        {
          "index_key": "instance_state_change",
          "schema_version": 0,
          "attributes": {
            "arn": "arn:aws:events:ap-northeast-1:733851053666:rule/Karpenter-InstanceStateChange-20230817054307737900000001",
            "description": "EC2 instance state-change notification",
            "event_bus_name": "default",
            "event_pattern": "{\"detail-type\":[\"EC2 Instance State-change Notification\"],\"source\":[\"aws.ec2\"]}",
            "id": "Karpenter-InstanceStateChange-20230817054307737900000001",
            "is_enabled": true,
            "name": "Karpenter-InstanceStateChange-20230817054307737900000001",
            "name_prefix": "Karpenter-InstanceStateChange-",
            "role_arn": "",
            "schedule_expression": "",
            "tags": {
              "Blueprint": "eks-tester",
              "ClusterName": "eks-tester",
              "GithubRepo": "github.com/aws-ia/terraform-aws-eks-blueprints"
            },
            "tags_all": {
              "Blueprint": "eks-tester",
              "ClusterName": "eks-tester",
              "GithubRepo": "github.com/aws-ia/terraform-aws-eks-blueprints"
            }
          },
          "sensitive_attributes": [],
          "private": "bnVsbA==",
          "dependencies": [
            "data.aws_availability_zones.available",
            "module.eks.aws_cloudwatch_log_group.this",
            "module.eks.aws_eks_cluster.this",
            "module.eks.aws_iam_policy.cni_ipv6_policy",
            "module.eks.aws_iam_role.this",
            "module.eks.aws_iam_role_policy_attachment.this",
            "module.eks.aws_security_group.cluster",
            "module.eks.aws_security_group.node",
            "module.eks.aws_security_group_rule.cluster",
            "module.eks.aws_security_group_rule.node",
            "module.eks.data.aws_caller_identity.current",
            "module.eks.data.aws_iam_policy_document.assume_role_policy",
            "module.eks.data.aws_iam_policy_document.cni_ipv6_policy",
            "module.eks.data.aws_iam_session_context.current",
            "module.eks.data.aws_partition.current",
            "module.eks.module.kms.aws_kms_external_key.this",
            "module.eks.module.kms.aws_kms_key.this",
            "module.eks.module.kms.data.aws_caller_identity.current",
            "module.eks.module.kms.data.aws_iam_policy_document.this",
            "module.eks.module.kms.data.aws_partition.current",
            "module.vpc.aws_subnet.private",
            "module.vpc.aws_vpc.this",
            "module.vpc.aws_vpc_ipv4_cidr_block_association.this"
          ]
        },
        {
          "index_key": "spot_interupt",
          "schema_version": 0,
          "attributes": {
            "arn": "arn:aws:events:ap-northeast-1:733851053666:rule/Karpenter-SpotInterrupt-20230817054308088200000004",
            "description": "EC2 spot instance interruption warning",
            "event_bus_name": "default",
            "event_pattern": "{\"detail-type\":[\"EC2 Spot Instance Interruption Warning\"],\"source\":[\"aws.ec2\"]}",
            "id": "Karpenter-SpotInterrupt-20230817054308088200000004",
            "is_enabled": true,
            "name": "Karpenter-SpotInterrupt-20230817054308088200000004",
            "name_prefix": "Karpenter-SpotInterrupt-",
            "role_arn": "",
            "schedule_expression": "",
            "tags": {
              "Blueprint": "eks-tester",
              "ClusterName": "eks-tester",
              "GithubRepo": "github.com/aws-ia/terraform-aws-eks-blueprints"
            },
            "tags_all": {
              "Blueprint": "eks-tester",
              "ClusterName": "eks-tester",
              "GithubRepo": "github.com/aws-ia/terraform-aws-eks-blueprints"
            }
          },
          "sensitive_attributes": [],
          "private": "bnVsbA==",
          "dependencies": [
            "data.aws_availability_zones.available",
            "module.eks.aws_cloudwatch_log_group.this",
            "module.eks.aws_eks_cluster.this",
            "module.eks.aws_iam_policy.cni_ipv6_policy",
            "module.eks.aws_iam_role.this",
            "module.eks.aws_iam_role_policy_attachment.this",
            "module.eks.aws_security_group.cluster",
            "module.eks.aws_security_group.node",
            "module.eks.aws_security_group_rule.cluster",
            "module.eks.aws_security_group_rule.node",
            "module.eks.data.aws_caller_identity.current",
            "module.eks.data.aws_iam_policy_document.assume_role_policy",
            "module.eks.data.aws_iam_policy_document.cni_ipv6_policy",
            "module.eks.data.aws_iam_session_context.current",
            "module.eks.data.aws_partition.current",
            "module.eks.module.kms.aws_kms_external_key.this",
            "module.eks.module.kms.aws_kms_key.this",
            "module.eks.module.kms.data.aws_caller_identity.current",
            "module.eks.module.kms.data.aws_iam_policy_document.this",
            "module.eks.module.kms.data.aws_partition.current",
            "module.vpc.aws_subnet.private",
            "module.vpc.aws_vpc.this",
            "module.vpc.aws_vpc_ipv4_cidr_block_association.this"
          ]
        }
      ]
    },
    {
      "module": "module.eks_blueprints_addons",
      "mode": "managed",
      "type": "aws_cloudwatch_event_target",
      "name": "karpenter",
      "provider": "provider[\"registry.terraform.io/hashicorp/aws\"]",
      "instances": [
        {
          "index_key": "health_event",
          "schema_version": 1,
          "attributes": {
            "arn": "arn:aws:sqs:ap-northeast-1:733851053666:karpenter-eks-tester",
            "batch_target": [],
            "dead_letter_config": [],
            "ecs_target": [],
            "event_bus_name": "default",
            "http_target": [],
            "id": "Karpenter-HealthEvent-20230817054307741000000003-KarpenterQueueTarget",
            "input": "",
            "input_path": "",
            "input_transformer": [],
            "kinesis_target": [],
            "redshift_target": [],
            "retry_policy": [],
            "role_arn": "",
            "rule": "Karpenter-HealthEvent-20230817054307741000000003",
            "run_command_targets": [],
            "sagemaker_pipeline_target": [],
            "sqs_target": [],
            "target_id": "KarpenterQueueTarget"
          },
          "sensitive_attributes": [],
          "private": "eyJzY2hlbWFfdmVyc2lvbiI6IjEifQ==",
          "dependencies": [
            "data.aws_availability_zones.available",
            "module.eks.aws_cloudwatch_log_group.this",
            "module.eks.aws_eks_cluster.this",
            "module.eks.aws_iam_policy.cni_ipv6_policy",
            "module.eks.aws_iam_role.this",
            "module.eks.aws_iam_role_policy_attachment.this",
            "module.eks.aws_security_group.cluster",
            "module.eks.aws_security_group.node",
            "module.eks.aws_security_group_rule.cluster",
            "module.eks.aws_security_group_rule.node",
            "module.eks.data.aws_caller_identity.current",
            "module.eks.data.aws_iam_policy_document.assume_role_policy",
            "module.eks.data.aws_iam_policy_document.cni_ipv6_policy",
            "module.eks.data.aws_iam_session_context.current",
            "module.eks.data.aws_partition.current",
            "module.eks.module.kms.aws_kms_external_key.this",
            "module.eks.module.kms.aws_kms_key.this",
            "module.eks.module.kms.data.aws_caller_identity.current",
            "module.eks.module.kms.data.aws_iam_policy_document.this",
            "module.eks.module.kms.data.aws_partition.current",
            "module.eks_blueprints_addons.aws_cloudwatch_event_rule.karpenter",
            "module.eks_blueprints_addons.module.karpenter_sqs.aws_sqs_queue.this",
            "module.vpc.aws_subnet.private",
            "module.vpc.aws_vpc.this",
            "module.vpc.aws_vpc_ipv4_cidr_block_association.this"
          ]
        },
        {
          "index_key": "instance_rebalance",
          "schema_version": 1,
          "attributes": {
            "arn": "arn:aws:sqs:ap-northeast-1:733851053666:karpenter-eks-tester",
            "batch_target": [],
            "dead_letter_config": [],
            "ecs_target": [],
            "event_bus_name": "default",
            "http_target": [],
            "id": "Karpenter-InstanceRebalance-20230817054307738300000002-KarpenterQueueTarget",
            "input": "",
            "input_path": "",
            "input_transformer": [],
            "kinesis_target": [],
            "redshift_target": [],
            "retry_policy": [],
            "role_arn": "",
            "rule": "Karpenter-InstanceRebalance-20230817054307738300000002",
            "run_command_targets": [],
            "sagemaker_pipeline_target": [],
            "sqs_target": [],
            "target_id": "KarpenterQueueTarget"
          },
          "sensitive_attributes": [],
          "private": "eyJzY2hlbWFfdmVyc2lvbiI6IjEifQ==",
          "dependencies": [
            "data.aws_availability_zones.available",
            "module.eks.aws_cloudwatch_log_group.this",
            "module.eks.aws_eks_cluster.this",
            "module.eks.aws_iam_policy.cni_ipv6_policy",
            "module.eks.aws_iam_role.this",
            "module.eks.aws_iam_role_policy_attachment.this",
            "module.eks.aws_security_group.cluster",
            "module.eks.aws_security_group.node",
            "module.eks.aws_security_group_rule.cluster",
            "module.eks.aws_security_group_rule.node",
            "module.eks.data.aws_caller_identity.current",
            "module.eks.data.aws_iam_policy_document.assume_role_policy",
            "module.eks.data.aws_iam_policy_document.cni_ipv6_policy",
            "module.eks.data.aws_iam_session_context.current",
            "module.eks.data.aws_partition.current",
            "module.eks.module.kms.aws_kms_external_key.this",
            "module.eks.module.kms.aws_kms_key.this",
            "module.eks.module.kms.data.aws_caller_identity.current",
            "module.eks.module.kms.data.aws_iam_policy_document.this",
            "module.eks.module.kms.data.aws_partition.current",
            "module.eks_blueprints_addons.aws_cloudwatch_event_rule.karpenter",
            "module.eks_blueprints_addons.module.karpenter_sqs.aws_sqs_queue.this",
            "module.vpc.aws_subnet.private",
            "module.vpc.aws_vpc.this",
            "module.vpc.aws_vpc_ipv4_cidr_block_association.this"
          ]
        },
        {
          "index_key": "instance_state_change",
          "schema_version": 1,
          "attributes": {
            "arn": "arn:aws:sqs:ap-northeast-1:733851053666:karpenter-eks-tester",
            "batch_target": [],
            "dead_letter_config": [],
            "ecs_target": [],
            "event_bus_name": "default",
            "http_target": [],
            "id": "Karpenter-InstanceStateChange-20230817054307737900000001-KarpenterQueueTarget",
            "input": "",
            "input_path": "",
            "input_transformer": [],
            "kinesis_target": [],
            "redshift_target": [],
            "retry_policy": [],
            "role_arn": "",
            "rule": "Karpenter-InstanceStateChange-20230817054307737900000001",
            "run_command_targets": [],
            "sagemaker_pipeline_target": [],
            "sqs_target": [],
            "target_id": "KarpenterQueueTarget"
          },
          "sensitive_attributes": [],
          "private": "eyJzY2hlbWFfdmVyc2lvbiI6IjEifQ==",
          "dependencies": [
            "data.aws_availability_zones.available",
            "module.eks.aws_cloudwatch_log_group.this",
            "module.eks.aws_eks_cluster.this",
            "module.eks.aws_iam_policy.cni_ipv6_policy",
            "module.eks.aws_iam_role.this",
            "module.eks.aws_iam_role_policy_attachment.this",
            "module.eks.aws_security_group.cluster",
            "module.eks.aws_security_group.node",
            "module.eks.aws_security_group_rule.cluster",
            "module.eks.aws_security_group_rule.node",
            "module.eks.data.aws_caller_identity.current",
            "module.eks.data.aws_iam_policy_document.assume_role_policy",
            "module.eks.data.aws_iam_policy_document.cni_ipv6_policy",
            "module.eks.data.aws_iam_session_context.current",
            "module.eks.data.aws_partition.current",
            "module.eks.module.kms.aws_kms_external_key.this",
            "module.eks.module.kms.aws_kms_key.this",
            "module.eks.module.kms.data.aws_caller_identity.current",
            "module.eks.module.kms.data.aws_iam_policy_document.this",
            "module.eks.module.kms.data.aws_partition.current",
            "module.eks_blueprints_addons.aws_cloudwatch_event_rule.karpenter",
            "module.eks_blueprints_addons.module.karpenter_sqs.aws_sqs_queue.this",
            "module.vpc.aws_subnet.private",
            "module.vpc.aws_vpc.this",
            "module.vpc.aws_vpc_ipv4_cidr_block_association.this"
          ]
        },
        {
          "index_key": "spot_interupt",
          "schema_version": 1,
          "attributes": {
            "arn": "arn:aws:sqs:ap-northeast-1:733851053666:karpenter-eks-tester",
            "batch_target": [],
            "dead_letter_config": [],
            "ecs_target": [],
            "event_bus_name": "default",
            "http_target": [],
            "id": "Karpenter-SpotInterrupt-20230817054308088200000004-KarpenterQueueTarget",
            "input": "",
            "input_path": "",
            "input_transformer": [],
            "kinesis_target": [],
            "redshift_target": [],
            "retry_policy": [],
            "role_arn": "",
            "rule": "Karpenter-SpotInterrupt-20230817054308088200000004",
            "run_command_targets": [],
            "sagemaker_pipeline_target": [],
            "sqs_target": [],
            "target_id": "KarpenterQueueTarget"
          },
          "sensitive_attributes": [],
          "private": "eyJzY2hlbWFfdmVyc2lvbiI6IjEifQ==",
          "dependencies": [
            "data.aws_availability_zones.available",
            "module.eks.aws_cloudwatch_log_group.this",
            "module.eks.aws_eks_cluster.this",
            "module.eks.aws_iam_policy.cni_ipv6_policy",
            "module.eks.aws_iam_role.this",
            "module.eks.aws_iam_role_policy_attachment.this",
            "module.eks.aws_security_group.cluster",
            "module.eks.aws_security_group.node",
            "module.eks.aws_security_group_rule.cluster",
            "module.eks.aws_security_group_rule.node",
            "module.eks.data.aws_caller_identity.current",
            "module.eks.data.aws_iam_policy_document.assume_role_policy",
            "module.eks.data.aws_iam_policy_document.cni_ipv6_policy",
            "module.eks.data.aws_iam_session_context.current",
            "module.eks.data.aws_partition.current",
            "module.eks.module.kms.aws_kms_external_key.this",
            "module.eks.module.kms.aws_kms_key.this",
            "module.eks.module.kms.data.aws_caller_identity.current",
            "module.eks.module.kms.data.aws_iam_policy_document.this",
            "module.eks.module.kms.data.aws_partition.current",
            "module.eks_blueprints_addons.aws_cloudwatch_event_rule.karpenter",
            "module.eks_blueprints_addons.module.karpenter_sqs.aws_sqs_queue.this",
            "module.vpc.aws_subnet.private",
            "module.vpc.aws_vpc.this",
            "module.vpc.aws_vpc_ipv4_cidr_block_association.this"
          ]
        }
      ]
    },
    {
      "module": "module.eks_blueprints_addons",
      "mode": "managed",
      "type": "aws_eks_addon",
      "name": "this",
      "provider": "provider[\"registry.terraform.io/hashicorp/aws\"]",
      "instances": [
        {
          "index_key": "aws-ebs-csi-driver",
          "schema_version": 0,
          "attributes": {
            "addon_name": "aws-ebs-csi-driver",
            "addon_version": "v1.21.0-eksbuild.1",
            "arn": "arn:aws:eks:ap-northeast-1:733851053666:addon/eks-tester/aws-ebs-csi-driver/08c50102-8d48-0a66-3d7b-8daca769dbc1",
            "cluster_name": "eks-tester",
            "configuration_values": "",
            "created_at": "2023-08-17T05:43:23Z",
            "id": "eks-tester:aws-ebs-csi-driver",
            "modified_at": "2023-08-17T05:58:27Z",
            "preserve": true,
            "resolve_conflicts": null,
            "resolve_conflicts_on_create": "OVERWRITE",
            "resolve_conflicts_on_update": "OVERWRITE",
            "service_account_role_arn": "arn:aws:iam::733851053666:role/eks-tester-ebs-csi-driver",
            "tags": {
              "Blueprint": "eks-tester",
              "GithubRepo": "github.com/aws-ia/terraform-aws-eks-blueprints"
            },
            "tags_all": {
              "Blueprint": "eks-tester",
              "GithubRepo": "github.com/aws-ia/terraform-aws-eks-blueprints"
            },
            "timeouts": {
              "create": null,
              "delete": null,
              "update": null
            }
          },
          "sensitive_attributes": [],
          "private": "eyJlMmJmYjczMC1lY2FhLTExZTYtOGY4OC0zNDM2M2JjN2M0YzAiOnsiY3JlYXRlIjoxMjAwMDAwMDAwMDAwLCJkZWxldGUiOjI0MDAwMDAwMDAwMDAsInVwZGF0ZSI6MTIwMDAwMDAwMDAwMH19",
          "dependencies": [
            "data.aws_availability_zones.available",
            "module.ebs_csi_driver_irsa.aws_iam_role.this",
            "module.ebs_csi_driver_irsa.data.aws_caller_identity.current",
            "module.ebs_csi_driver_irsa.data.aws_iam_policy_document.this",
            "module.ebs_csi_driver_irsa.data.aws_partition.current",
            "module.efs_csi_driver_irsa.aws_iam_role.this",
            "module.efs_csi_driver_irsa.data.aws_caller_identity.current",
            "module.efs_csi_driver_irsa.data.aws_iam_policy_document.this",
            "module.efs_csi_driver_irsa.data.aws_partition.current",
            "module.eks.aws_cloudwatch_log_group.this",
            "module.eks.aws_eks_cluster.this",
            "module.eks.aws_iam_openid_connect_provider.oidc_provider",
            "module.eks.aws_iam_policy.cni_ipv6_policy",
            "module.eks.aws_iam_role.this",
            "module.eks.aws_iam_role_policy_attachment.this",
            "module.eks.aws_security_group.cluster",
            "module.eks.aws_security_group.node",
            "module.eks.aws_security_group_rule.cluster",
            "module.eks.aws_security_group_rule.node",
            "module.eks.data.aws_caller_identity.current",
            "module.eks.data.aws_iam_policy_document.assume_role_policy",
            "module.eks.data.aws_iam_policy_document.cni_ipv6_policy",
            "module.eks.data.aws_iam_session_context.current",
            "module.eks.data.aws_partition.current",
            "module.eks.data.tls_certificate.this",
            "module.eks.module.fargate_profile.aws_eks_fargate_profile.this",
            "module.eks.module.fargate_profile.aws_iam_role.this",
            "module.eks.module.fargate_profile.aws_iam_role_policy_attachment.additional",
            "module.eks.module.fargate_profile.aws_iam_role_policy_attachment.this",
            "module.eks.module.fargate_profile.data.aws_caller_identity.current",
            "module.eks.module.fargate_profile.data.aws_iam_policy_document.assume_role_policy",
            "module.eks.module.fargate_profile.data.aws_partition.current",
            "module.eks.module.kms.aws_kms_external_key.this",
            "module.eks.module.kms.aws_kms_key.this",
            "module.eks.module.kms.data.aws_caller_identity.current",
            "module.eks.module.kms.data.aws_iam_policy_document.this",
            "module.eks.module.kms.data.aws_partition.current",
            "module.eks.time_sleep.this",
            "module.eks_blueprints_addons.data.aws_eks_addon_version.this",
            "module.eks_blueprints_addons.module.cert_manager.aws_iam_role.this",
            "module.eks_blueprints_addons.module.cert_manager.data.aws_caller_identity.current",
            "module.eks_blueprints_addons.module.cert_manager.data.aws_iam_policy_document.assume",
            "module.eks_blueprints_addons.module.cert_manager.data.aws_partition.current",
            "module.eks_blueprints_addons.module.cert_manager.helm_release.this",
            "module.eks_blueprints_addons.time_sleep.this",
            "module.vpc.aws_subnet.private",
            "module.vpc.aws_vpc.this",
            "module.vpc.aws_vpc_ipv4_cidr_block_association.this",
            "module.vpc_cni_irsa.aws_iam_role.this",
            "module.vpc_cni_irsa.data.aws_caller_identity.current",
            "module.vpc_cni_irsa.data.aws_iam_policy_document.this",
            "module.vpc_cni_irsa.data.aws_partition.current"
          ]
        },
        {
          "index_key": "aws-efs-csi-driver",
          "schema_version": 0,
          "attributes": {
            "addon_name": "aws-efs-csi-driver",
            "addon_version": "v1.5.8-eksbuild.1",
            "arn": "arn:aws:eks:ap-northeast-1:733851053666:addon/eks-tester/aws-efs-csi-driver/f2c50102-7555-2ff5-0c83-7e879f1324cd",
            "cluster_name": "eks-tester",
            "configuration_values": "",
            "created_at": "2023-08-17T05:43:11Z",
            "id": "eks-tester:aws-efs-csi-driver",
            "modified_at": "2023-08-17T05:58:14Z",
            "preserve": true,
            "resolve_conflicts": null,
            "resolve_conflicts_on_create": "OVERWRITE",
            "resolve_conflicts_on_update": "OVERWRITE",
            "service_account_role_arn": "arn:aws:iam::733851053666:role/eks-tester-efs-csi-driver",
            "tags": {
              "Blueprint": "eks-tester",
              "GithubRepo": "github.com/aws-ia/terraform-aws-eks-blueprints"
            },
            "tags_all": {
              "Blueprint": "eks-tester",
              "GithubRepo": "github.com/aws-ia/terraform-aws-eks-blueprints"
            },
            "timeouts": {
              "create": null,
              "delete": null,
              "update": null
            }
          },
          "sensitive_attributes": [],
          "private": "eyJlMmJmYjczMC1lY2FhLTExZTYtOGY4OC0zNDM2M2JjN2M0YzAiOnsiY3JlYXRlIjoxMjAwMDAwMDAwMDAwLCJkZWxldGUiOjI0MDAwMDAwMDAwMDAsInVwZGF0ZSI6MTIwMDAwMDAwMDAwMH19",
          "dependencies": [
            "data.aws_availability_zones.available",
            "module.ebs_csi_driver_irsa.aws_iam_role.this",
            "module.ebs_csi_driver_irsa.data.aws_caller_identity.current",
            "module.ebs_csi_driver_irsa.data.aws_iam_policy_document.this",
            "module.ebs_csi_driver_irsa.data.aws_partition.current",
            "module.efs_csi_driver_irsa.aws_iam_role.this",
            "module.efs_csi_driver_irsa.data.aws_caller_identity.current",
            "module.efs_csi_driver_irsa.data.aws_iam_policy_document.this",
            "module.efs_csi_driver_irsa.data.aws_partition.current",
            "module.eks.aws_cloudwatch_log_group.this",
            "module.eks.aws_eks_cluster.this",
            "module.eks.aws_iam_openid_connect_provider.oidc_provider",
            "module.eks.aws_iam_policy.cni_ipv6_policy",
            "module.eks.aws_iam_role.this",
            "module.eks.aws_iam_role_policy_attachment.this",
            "module.eks.aws_security_group.cluster",
            "module.eks.aws_security_group.node",
            "module.eks.aws_security_group_rule.cluster",
            "module.eks.aws_security_group_rule.node",
            "module.eks.data.aws_caller_identity.current",
            "module.eks.data.aws_iam_policy_document.assume_role_policy",
            "module.eks.data.aws_iam_policy_document.cni_ipv6_policy",
            "module.eks.data.aws_iam_session_context.current",
            "module.eks.data.aws_partition.current",
            "module.eks.data.tls_certificate.this",
            "module.eks.module.fargate_profile.aws_eks_fargate_profile.this",
            "module.eks.module.fargate_profile.aws_iam_role.this",
            "module.eks.module.fargate_profile.aws_iam_role_policy_attachment.additional",
            "module.eks.module.fargate_profile.aws_iam_role_policy_attachment.this",
            "module.eks.module.fargate_profile.data.aws_caller_identity.current",
            "module.eks.module.fargate_profile.data.aws_iam_policy_document.assume_role_policy",
            "module.eks.module.fargate_profile.data.aws_partition.current",
            "module.eks.module.kms.aws_kms_external_key.this",
            "module.eks.module.kms.aws_kms_key.this",
            "module.eks.module.kms.data.aws_caller_identity.current",
            "module.eks.module.kms.data.aws_iam_policy_document.this",
            "module.eks.module.kms.data.aws_partition.current",
            "module.eks.time_sleep.this",
            "module.eks_blueprints_addons.data.aws_eks_addon_version.this",
            "module.eks_blueprints_addons.module.cert_manager.aws_iam_role.this",
            "module.eks_blueprints_addons.module.cert_manager.data.aws_caller_identity.current",
            "module.eks_blueprints_addons.module.cert_manager.data.aws_iam_policy_document.assume",
            "module.eks_blueprints_addons.module.cert_manager.data.aws_partition.current",
            "module.eks_blueprints_addons.module.cert_manager.helm_release.this",
            "module.eks_blueprints_addons.time_sleep.this",
            "module.vpc.aws_subnet.private",
            "module.vpc.aws_vpc.this",
            "module.vpc.aws_vpc_ipv4_cidr_block_association.this",
            "module.vpc_cni_irsa.aws_iam_role.this",
            "module.vpc_cni_irsa.data.aws_caller_identity.current",
            "module.vpc_cni_irsa.data.aws_iam_policy_document.this",
            "module.vpc_cni_irsa.data.aws_partition.current"
          ]
        },
        {
          "index_key": "coredns",
          "schema_version": 0,
          "attributes": {
            "addon_name": "coredns",
            "addon_version": "v1.9.3-eksbuild.5",
            "arn": "arn:aws:eks:ap-northeast-1:733851053666:addon/eks-tester/coredns/88c50102-756d-9d95-a91f-30a4ff13b9e9",
            "cluster_name": "eks-tester",
            "configuration_values": "",
            "created_at": "2023-08-17T05:43:11Z",
            "id": "eks-tester:coredns",
            "modified_at": "2023-08-17T05:58:13Z",
            "preserve": true,
            "resolve_conflicts": null,
            "resolve_conflicts_on_create": "OVERWRITE",
            "resolve_conflicts_on_update": "OVERWRITE",
            "service_account_role_arn": "",
            "tags": {
              "Blueprint": "eks-tester",
              "GithubRepo": "github.com/aws-ia/terraform-aws-eks-blueprints"
            },
            "tags_all": {
              "Blueprint": "eks-tester",
              "GithubRepo": "github.com/aws-ia/terraform-aws-eks-blueprints"
            },
            "timeouts": {
              "create": null,
              "delete": null,
              "update": null
            }
          },
          "sensitive_attributes": [],
          "private": "eyJlMmJmYjczMC1lY2FhLTExZTYtOGY4OC0zNDM2M2JjN2M0YzAiOnsiY3JlYXRlIjoxMjAwMDAwMDAwMDAwLCJkZWxldGUiOjI0MDAwMDAwMDAwMDAsInVwZGF0ZSI6MTIwMDAwMDAwMDAwMH19",
          "dependencies": [
            "data.aws_availability_zones.available",
            "module.ebs_csi_driver_irsa.aws_iam_role.this",
            "module.ebs_csi_driver_irsa.data.aws_caller_identity.current",
            "module.ebs_csi_driver_irsa.data.aws_iam_policy_document.this",
            "module.ebs_csi_driver_irsa.data.aws_partition.current",
            "module.efs_csi_driver_irsa.aws_iam_role.this",
            "module.efs_csi_driver_irsa.data.aws_caller_identity.current",
            "module.efs_csi_driver_irsa.data.aws_iam_policy_document.this",
            "module.efs_csi_driver_irsa.data.aws_partition.current",
            "module.eks.aws_cloudwatch_log_group.this",
            "module.eks.aws_eks_cluster.this",
            "module.eks.aws_iam_openid_connect_provider.oidc_provider",
            "module.eks.aws_iam_policy.cni_ipv6_policy",
            "module.eks.aws_iam_role.this",
            "module.eks.aws_iam_role_policy_attachment.this",
            "module.eks.aws_security_group.cluster",
            "module.eks.aws_security_group.node",
            "module.eks.aws_security_group_rule.cluster",
            "module.eks.aws_security_group_rule.node",
            "module.eks.data.aws_caller_identity.current",
            "module.eks.data.aws_iam_policy_document.assume_role_policy",
            "module.eks.data.aws_iam_policy_document.cni_ipv6_policy",
            "module.eks.data.aws_iam_session_context.current",
            "module.eks.data.aws_partition.current",
            "module.eks.data.tls_certificate.this",
            "module.eks.module.fargate_profile.aws_eks_fargate_profile.this",
            "module.eks.module.fargate_profile.aws_iam_role.this",
            "module.eks.module.fargate_profile.aws_iam_role_policy_attachment.additional",
            "module.eks.module.fargate_profile.aws_iam_role_policy_attachment.this",
            "module.eks.module.fargate_profile.data.aws_caller_identity.current",
            "module.eks.module.fargate_profile.data.aws_iam_policy_document.assume_role_policy",
            "module.eks.module.fargate_profile.data.aws_partition.current",
            "module.eks.module.kms.aws_kms_external_key.this",
            "module.eks.module.kms.aws_kms_key.this",
            "module.eks.module.kms.data.aws_caller_identity.current",
            "module.eks.module.kms.data.aws_iam_policy_document.this",
            "module.eks.module.kms.data.aws_partition.current",
            "module.eks.time_sleep.this",
            "module.eks_blueprints_addons.data.aws_eks_addon_version.this",
            "module.eks_blueprints_addons.module.cert_manager.aws_iam_role.this",
            "module.eks_blueprints_addons.module.cert_manager.data.aws_caller_identity.current",
            "module.eks_blueprints_addons.module.cert_manager.data.aws_iam_policy_document.assume",
            "module.eks_blueprints_addons.module.cert_manager.data.aws_partition.current",
            "module.eks_blueprints_addons.module.cert_manager.helm_release.this",
            "module.eks_blueprints_addons.time_sleep.this",
            "module.vpc.aws_subnet.private",
            "module.vpc.aws_vpc.this",
            "module.vpc.aws_vpc_ipv4_cidr_block_association.this",
            "module.vpc_cni_irsa.aws_iam_role.this",
            "module.vpc_cni_irsa.data.aws_caller_identity.current",
            "module.vpc_cni_irsa.data.aws_iam_policy_document.this",
            "module.vpc_cni_irsa.data.aws_partition.current"
          ]
        },
        {
          "index_key": "kube-proxy",
          "schema_version": 0,
          "attributes": {
            "addon_name": "kube-proxy",
            "addon_version": "v1.25.11-eksbuild.2",
            "arn": "arn:aws:eks:ap-northeast-1:733851053666:addon/eks-tester/kube-proxy/c4c500a8-8e02-0f67-ad5b-e1bf3d41a054",
            "cluster_name": "eks-tester",
            "configuration_values": "",
            "created_at": "2023-08-17T02:26:48Z",
            "id": "eks-tester:kube-proxy",
            "modified_at": "2023-08-17T02:26:50Z",
            "preserve": true,
            "resolve_conflicts": null,
            "resolve_conflicts_on_create": "OVERWRITE",
            "resolve_conflicts_on_update": "OVERWRITE",
            "service_account_role_arn": "",
            "tags": {
              "Blueprint": "eks-tester",
              "GithubRepo": "github.com/aws-ia/terraform-aws-eks-blueprints"
            },
            "tags_all": {
              "Blueprint": "eks-tester",
              "GithubRepo": "github.com/aws-ia/terraform-aws-eks-blueprints"
            },
            "timeouts": {
              "create": null,
              "delete": null,
              "update": null
            }
          },
          "sensitive_attributes": [],
          "private": "eyJlMmJmYjczMC1lY2FhLTExZTYtOGY4OC0zNDM2M2JjN2M0YzAiOnsiY3JlYXRlIjoxMjAwMDAwMDAwMDAwLCJkZWxldGUiOjI0MDAwMDAwMDAwMDAsInVwZGF0ZSI6MTIwMDAwMDAwMDAwMH19",
          "dependencies": [
            "data.aws_availability_zones.available",
            "module.ebs_csi_driver_irsa.aws_iam_role.this",
            "module.ebs_csi_driver_irsa.data.aws_caller_identity.current",
            "module.ebs_csi_driver_irsa.data.aws_iam_policy_document.this",
            "module.ebs_csi_driver_irsa.data.aws_partition.current",
            "module.efs_csi_driver_irsa.aws_iam_role.this",
            "module.efs_csi_driver_irsa.data.aws_caller_identity.current",
            "module.efs_csi_driver_irsa.data.aws_iam_policy_document.this",
            "module.efs_csi_driver_irsa.data.aws_partition.current",
            "module.eks.aws_cloudwatch_log_group.this",
            "module.eks.aws_eks_cluster.this",
            "module.eks.aws_iam_openid_connect_provider.oidc_provider",
            "module.eks.aws_iam_policy.cni_ipv6_policy",
            "module.eks.aws_iam_role.this",
            "module.eks.aws_iam_role_policy_attachment.this",
            "module.eks.aws_security_group.cluster",
            "module.eks.aws_security_group.node",
            "module.eks.aws_security_group_rule.cluster",
            "module.eks.aws_security_group_rule.node",
            "module.eks.data.aws_caller_identity.current",
            "module.eks.data.aws_iam_policy_document.assume_role_policy",
            "module.eks.data.aws_iam_policy_document.cni_ipv6_policy",
            "module.eks.data.aws_iam_session_context.current",
            "module.eks.data.aws_partition.current",
            "module.eks.data.tls_certificate.this",
            "module.eks.module.fargate_profile.aws_eks_fargate_profile.this",
            "module.eks.module.fargate_profile.aws_iam_role.this",
            "module.eks.module.fargate_profile.aws_iam_role_policy_attachment.additional",
            "module.eks.module.fargate_profile.aws_iam_role_policy_attachment.this",
            "module.eks.module.fargate_profile.data.aws_caller_identity.current",
            "module.eks.module.fargate_profile.data.aws_iam_policy_document.assume_role_policy",
            "module.eks.module.fargate_profile.data.aws_partition.current",
            "module.eks.module.kms.aws_kms_external_key.this",
            "module.eks.module.kms.aws_kms_key.this",
            "module.eks.module.kms.data.aws_caller_identity.current",
            "module.eks.module.kms.data.aws_iam_policy_document.this",
            "module.eks.module.kms.data.aws_partition.current",
            "module.eks.time_sleep.this",
            "module.eks_blueprints_addons.data.aws_eks_addon_version.this",
            "module.eks_blueprints_addons.module.cert_manager.aws_iam_role.this",
            "module.eks_blueprints_addons.module.cert_manager.data.aws_caller_identity.current",
            "module.eks_blueprints_addons.module.cert_manager.data.aws_iam_policy_document.assume",
            "module.eks_blueprints_addons.module.cert_manager.data.aws_partition.current",
            "module.eks_blueprints_addons.module.cert_manager.helm_release.this",
            "module.eks_blueprints_addons.time_sleep.this",
            "module.vpc.aws_subnet.private",
            "module.vpc.aws_vpc.this",
            "module.vpc.aws_vpc_ipv4_cidr_block_association.this",
            "module.vpc_cni_irsa.aws_iam_role.this",
            "module.vpc_cni_irsa.data.aws_caller_identity.current",
            "module.vpc_cni_irsa.data.aws_iam_policy_document.this",
            "module.vpc_cni_irsa.data.aws_partition.current"
          ]
        },
        {
          "index_key": "vpc-cni",
          "schema_version": 0,
          "attributes": {
            "addon_name": "vpc-cni",
            "addon_version": "v1.13.4-eksbuild.1",
            "arn": "arn:aws:eks:ap-northeast-1:733851053666:addon/eks-tester/vpc-cni/bec500a8-8df6-fa49-ef0f-839c1aa4d822",
            "cluster_name": "eks-tester",
            "configuration_values": "",
            "created_at": "2023-08-17T02:26:47Z",
            "id": "eks-tester:vpc-cni",
            "modified_at": "2023-08-17T02:26:50Z",
            "preserve": true,
            "resolve_conflicts": null,
            "resolve_conflicts_on_create": "OVERWRITE",
            "resolve_conflicts_on_update": "OVERWRITE",
            "service_account_role_arn": "arn:aws:iam::733851053666:role/eks-tester-vpc-cni",
            "tags": {
              "Blueprint": "eks-tester",
              "GithubRepo": "github.com/aws-ia/terraform-aws-eks-blueprints"
            },
            "tags_all": {
              "Blueprint": "eks-tester",
              "GithubRepo": "github.com/aws-ia/terraform-aws-eks-blueprints"
            },
            "timeouts": {
              "create": null,
              "delete": null,
              "update": null
            }
          },
          "sensitive_attributes": [],
          "private": "eyJlMmJmYjczMC1lY2FhLTExZTYtOGY4OC0zNDM2M2JjN2M0YzAiOnsiY3JlYXRlIjoxMjAwMDAwMDAwMDAwLCJkZWxldGUiOjI0MDAwMDAwMDAwMDAsInVwZGF0ZSI6MTIwMDAwMDAwMDAwMH19",
          "dependencies": [
            "data.aws_availability_zones.available",
            "module.ebs_csi_driver_irsa.aws_iam_role.this",
            "module.ebs_csi_driver_irsa.data.aws_caller_identity.current",
            "module.ebs_csi_driver_irsa.data.aws_iam_policy_document.this",
            "module.ebs_csi_driver_irsa.data.aws_partition.current",
            "module.efs_csi_driver_irsa.aws_iam_role.this",
            "module.efs_csi_driver_irsa.data.aws_caller_identity.current",
            "module.efs_csi_driver_irsa.data.aws_iam_policy_document.this",
            "module.efs_csi_driver_irsa.data.aws_partition.current",
            "module.eks.aws_cloudwatch_log_group.this",
            "module.eks.aws_eks_cluster.this",
            "module.eks.aws_iam_openid_connect_provider.oidc_provider",
            "module.eks.aws_iam_policy.cni_ipv6_policy",
            "module.eks.aws_iam_role.this",
            "module.eks.aws_iam_role_policy_attachment.this",
            "module.eks.aws_security_group.cluster",
            "module.eks.aws_security_group.node",
            "module.eks.aws_security_group_rule.cluster",
            "module.eks.aws_security_group_rule.node",
            "module.eks.data.aws_caller_identity.current",
            "module.eks.data.aws_iam_policy_document.assume_role_policy",
            "module.eks.data.aws_iam_policy_document.cni_ipv6_policy",
            "module.eks.data.aws_iam_session_context.current",
            "module.eks.data.aws_partition.current",
            "module.eks.data.tls_certificate.this",
            "module.eks.module.fargate_profile.aws_eks_fargate_profile.this",
            "module.eks.module.fargate_profile.aws_iam_role.this",
            "module.eks.module.fargate_profile.aws_iam_role_policy_attachment.additional",
            "module.eks.module.fargate_profile.aws_iam_role_policy_attachment.this",
            "module.eks.module.fargate_profile.data.aws_caller_identity.current",
            "module.eks.module.fargate_profile.data.aws_iam_policy_document.assume_role_policy",
            "module.eks.module.fargate_profile.data.aws_partition.current",
            "module.eks.module.kms.aws_kms_external_key.this",
            "module.eks.module.kms.aws_kms_key.this",
            "module.eks.module.kms.data.aws_caller_identity.current",
            "module.eks.module.kms.data.aws_iam_policy_document.this",
            "module.eks.module.kms.data.aws_partition.current",
            "module.eks.time_sleep.this",
            "module.eks_blueprints_addons.data.aws_eks_addon_version.this",
            "module.eks_blueprints_addons.module.cert_manager.aws_iam_role.this",
            "module.eks_blueprints_addons.module.cert_manager.data.aws_caller_identity.current",
            "module.eks_blueprints_addons.module.cert_manager.data.aws_iam_policy_document.assume",
            "module.eks_blueprints_addons.module.cert_manager.data.aws_partition.current",
            "module.eks_blueprints_addons.module.cert_manager.helm_release.this",
            "module.eks_blueprints_addons.time_sleep.this",
            "module.vpc.aws_subnet.private",
            "module.vpc.aws_vpc.this",
            "module.vpc.aws_vpc_ipv4_cidr_block_association.this",
            "module.vpc_cni_irsa.aws_iam_role.this",
            "module.vpc_cni_irsa.data.aws_caller_identity.current",
            "module.vpc_cni_irsa.data.aws_iam_policy_document.this",
            "module.vpc_cni_irsa.data.aws_partition.current"
          ]
        }
      ]
    },
    {
      "module": "module.eks_blueprints_addons",
      "mode": "managed",
      "type": "aws_iam_instance_profile",
      "name": "karpenter",
      "provider": "provider[\"registry.terraform.io/hashicorp/aws\"]",
      "instances": [
        {
          "index_key": 0,
          "schema_version": 0,
          "attributes": {
            "arn": "arn:aws:iam::733851053666:instance-profile/karpenter-eks-tester-2023081705431194700000000c",
            "create_date": "2023-08-17T05:43:13Z",
            "id": "karpenter-eks-tester-2023081705431194700000000c",
            "name": "karpenter-eks-tester-2023081705431194700000000c",
            "name_prefix": "karpenter-eks-tester-",
            "path": "/",
            "role": "karpenter-eks-tester-20230817054308933800000007",
            "tags": {
              "Blueprint": "eks-tester",
              "GithubRepo": "github.com/aws-ia/terraform-aws-eks-blueprints"
            },
            "tags_all": {
              "Blueprint": "eks-tester",
              "GithubRepo": "github.com/aws-ia/terraform-aws-eks-blueprints"
            },
            "unique_id": "AIPA2VXHONZRNAXLDRZ6Q"
          },
          "sensitive_attributes": [],
          "private": "bnVsbA==",
          "dependencies": [
            "data.aws_availability_zones.available",
            "module.eks.aws_cloudwatch_log_group.this",
            "module.eks.aws_eks_cluster.this",
            "module.eks.aws_iam_policy.cni_ipv6_policy",
            "module.eks.aws_iam_role.this",
            "module.eks.aws_iam_role_policy_attachment.this",
            "module.eks.aws_security_group.cluster",
            "module.eks.aws_security_group.node",
            "module.eks.aws_security_group_rule.cluster",
            "module.eks.aws_security_group_rule.node",
            "module.eks.data.aws_caller_identity.current",
            "module.eks.data.aws_iam_policy_document.assume_role_policy",
            "module.eks.data.aws_iam_policy_document.cni_ipv6_policy",
            "module.eks.data.aws_iam_session_context.current",
            "module.eks.data.aws_partition.current",
            "module.eks.module.kms.aws_kms_external_key.this",
            "module.eks.module.kms.aws_kms_key.this",
            "module.eks.module.kms.data.aws_caller_identity.current",
            "module.eks.module.kms.data.aws_iam_policy_document.this",
            "module.eks.module.kms.data.aws_partition.current",
            "module.eks_blueprints_addons.aws_iam_role.karpenter",
            "module.eks_blueprints_addons.data.aws_iam_policy_document.karpenter_assume_role",
            "module.eks_blueprints_addons.data.aws_partition.current",
            "module.vpc.aws_subnet.private",
            "module.vpc.aws_vpc.this",
            "module.vpc.aws_vpc_ipv4_cidr_block_association.this"
          ]
        }
      ]
    },
    {
      "module": "module.eks_blueprints_addons",
      "mode": "managed",
      "type": "aws_iam_policy",
      "name": "fargate_fluentbit",
      "provider": "provider[\"registry.terraform.io/hashicorp/aws\"]",
      "instances": []
    },
    {
      "module": "module.eks_blueprints_addons",
      "mode": "managed",
      "type": "aws_iam_role",
      "name": "karpenter",
      "provider": "provider[\"registry.terraform.io/hashicorp/aws\"]",
      "instances": [
        {
          "index_key": 0,
          "schema_version": 0,
          "attributes": {
            "arn": "arn:aws:iam::733851053666:role/karpenter-eks-tester-20230817054308933800000007",
            "assume_role_policy": "{\"Statement\":[{\"Action\":\"sts:AssumeRole\",\"Effect\":\"Allow\",\"Principal\":{\"Service\":\"ec2.amazonaws.com\"},\"Sid\":\"KarpenterNodeAssumeRole\"}],\"Version\":\"2012-10-17\"}",
            "create_date": "2023-08-17T05:43:10Z",
            "description": "Karpenter EC2 node IAM role",
            "force_detach_policies": true,
            "id": "karpenter-eks-tester-20230817054308933800000007",
            "inline_policy": [],
            "managed_policy_arns": [
              "arn:aws:iam::aws:policy/AmazonEC2ContainerRegistryReadOnly",
              "arn:aws:iam::aws:policy/AmazonEKSWorkerNodePolicy",
              "arn:aws:iam::aws:policy/AmazonEKS_CNI_Policy",
              "arn:aws:iam::aws:policy/AmazonSSMManagedInstanceCore"
            ],
            "max_session_duration": 3600,
            "name": "karpenter-eks-tester-20230817054308933800000007",
            "name_prefix": "karpenter-eks-tester-",
            "path": "/",
            "permissions_boundary": null,
            "tags": {
              "Blueprint": "eks-tester",
              "GithubRepo": "github.com/aws-ia/terraform-aws-eks-blueprints"
            },
            "tags_all": {
              "Blueprint": "eks-tester",
              "GithubRepo": "github.com/aws-ia/terraform-aws-eks-blueprints"
            },
            "unique_id": "AROA2VXHONZRB4Z6YGFEP"
          },
          "sensitive_attributes": [],
          "private": "bnVsbA==",
          "dependencies": [
            "data.aws_availability_zones.available",
            "module.eks.aws_cloudwatch_log_group.this",
            "module.eks.aws_eks_cluster.this",
            "module.eks.aws_iam_policy.cni_ipv6_policy",
            "module.eks.aws_iam_role.this",
            "module.eks.aws_iam_role_policy_attachment.this",
            "module.eks.aws_security_group.cluster",
            "module.eks.aws_security_group.node",
            "module.eks.aws_security_group_rule.cluster",
            "module.eks.aws_security_group_rule.node",
            "module.eks.data.aws_caller_identity.current",
            "module.eks.data.aws_iam_policy_document.assume_role_policy",
            "module.eks.data.aws_iam_policy_document.cni_ipv6_policy",
            "module.eks.data.aws_iam_session_context.current",
            "module.eks.data.aws_partition.current",
            "module.eks.module.kms.aws_kms_external_key.this",
            "module.eks.module.kms.aws_kms_key.this",
            "module.eks.module.kms.data.aws_caller_identity.current",
            "module.eks.module.kms.data.aws_iam_policy_document.this",
            "module.eks.module.kms.data.aws_partition.current",
            "module.eks_blueprints_addons.data.aws_iam_policy_document.karpenter_assume_role",
            "module.eks_blueprints_addons.data.aws_partition.current",
            "module.vpc.aws_subnet.private",
            "module.vpc.aws_vpc.this",
            "module.vpc.aws_vpc_ipv4_cidr_block_association.this"
          ]
        }
      ]
    },
    {
      "module": "module.eks_blueprints_addons",
      "mode": "managed",
      "type": "aws_iam_role_policy_attachment",
      "name": "karpenter",
      "provider": "provider[\"registry.terraform.io/hashicorp/aws\"]",
      "instances": [
        {
          "index_key": "AmazonEC2ContainerRegistryReadOnly",
          "schema_version": 0,
          "attributes": {
            "id": "karpenter-eks-tester-20230817054308933800000007-2023081705431237750000000d",
            "policy_arn": "arn:aws:iam::aws:policy/AmazonEC2ContainerRegistryReadOnly",
            "role": "karpenter-eks-tester-20230817054308933800000007"
          },
          "sensitive_attributes": [],
          "private": "bnVsbA==",
          "dependencies": [
            "data.aws_availability_zones.available",
            "module.eks.aws_cloudwatch_log_group.this",
            "module.eks.aws_eks_cluster.this",
            "module.eks.aws_iam_policy.cni_ipv6_policy",
            "module.eks.aws_iam_role.this",
            "module.eks.aws_iam_role_policy_attachment.this",
            "module.eks.aws_security_group.cluster",
            "module.eks.aws_security_group.node",
            "module.eks.aws_security_group_rule.cluster",
            "module.eks.aws_security_group_rule.node",
            "module.eks.data.aws_caller_identity.current",
            "module.eks.data.aws_iam_policy_document.assume_role_policy",
            "module.eks.data.aws_iam_policy_document.cni_ipv6_policy",
            "module.eks.data.aws_iam_session_context.current",
            "module.eks.data.aws_partition.current",
            "module.eks.module.kms.aws_kms_external_key.this",
            "module.eks.module.kms.aws_kms_key.this",
            "module.eks.module.kms.data.aws_caller_identity.current",
            "module.eks.module.kms.data.aws_iam_policy_document.this",
            "module.eks.module.kms.data.aws_partition.current",
            "module.eks_blueprints_addons.aws_iam_role.karpenter",
            "module.eks_blueprints_addons.data.aws_iam_policy_document.karpenter_assume_role",
            "module.eks_blueprints_addons.data.aws_partition.current",
            "module.vpc.aws_subnet.private",
            "module.vpc.aws_vpc.this",
            "module.vpc.aws_vpc_ipv4_cidr_block_association.this"
          ]
        },
        {
          "index_key": "AmazonEKSWorkerNodePolicy",
          "schema_version": 0,
          "attributes": {
            "id": "karpenter-eks-tester-20230817054308933800000007-2023081705431311240000000f",
            "policy_arn": "arn:aws:iam::aws:policy/AmazonEKSWorkerNodePolicy",
            "role": "karpenter-eks-tester-20230817054308933800000007"
          },
          "sensitive_attributes": [],
          "private": "bnVsbA==",
          "dependencies": [
            "data.aws_availability_zones.available",
            "module.eks.aws_cloudwatch_log_group.this",
            "module.eks.aws_eks_cluster.this",
            "module.eks.aws_iam_policy.cni_ipv6_policy",
            "module.eks.aws_iam_role.this",
            "module.eks.aws_iam_role_policy_attachment.this",
            "module.eks.aws_security_group.cluster",
            "module.eks.aws_security_group.node",
            "module.eks.aws_security_group_rule.cluster",
            "module.eks.aws_security_group_rule.node",
            "module.eks.data.aws_caller_identity.current",
            "module.eks.data.aws_iam_policy_document.assume_role_policy",
            "module.eks.data.aws_iam_policy_document.cni_ipv6_policy",
            "module.eks.data.aws_iam_session_context.current",
            "module.eks.data.aws_partition.current",
            "module.eks.module.kms.aws_kms_external_key.this",
            "module.eks.module.kms.aws_kms_key.this",
            "module.eks.module.kms.data.aws_caller_identity.current",
            "module.eks.module.kms.data.aws_iam_policy_document.this",
            "module.eks.module.kms.data.aws_partition.current",
            "module.eks_blueprints_addons.aws_iam_role.karpenter",
            "module.eks_blueprints_addons.data.aws_iam_policy_document.karpenter_assume_role",
            "module.eks_blueprints_addons.data.aws_partition.current",
            "module.vpc.aws_subnet.private",
            "module.vpc.aws_vpc.this",
            "module.vpc.aws_vpc_ipv4_cidr_block_association.this"
          ]
        },
        {
          "index_key": "AmazonEKS_CNI_Policy",
          "schema_version": 0,
          "attributes": {
            "id": "karpenter-eks-tester-20230817054308933800000007-2023081705431274330000000e",
            "policy_arn": "arn:aws:iam::aws:policy/AmazonEKS_CNI_Policy",
            "role": "karpenter-eks-tester-20230817054308933800000007"
          },
          "sensitive_attributes": [],
          "private": "bnVsbA==",
          "dependencies": [
            "data.aws_availability_zones.available",
            "module.eks.aws_cloudwatch_log_group.this",
            "module.eks.aws_eks_cluster.this",
            "module.eks.aws_iam_policy.cni_ipv6_policy",
            "module.eks.aws_iam_role.this",
            "module.eks.aws_iam_role_policy_attachment.this",
            "module.eks.aws_security_group.cluster",
            "module.eks.aws_security_group.node",
            "module.eks.aws_security_group_rule.cluster",
            "module.eks.aws_security_group_rule.node",
            "module.eks.data.aws_caller_identity.current",
            "module.eks.data.aws_iam_policy_document.assume_role_policy",
            "module.eks.data.aws_iam_policy_document.cni_ipv6_policy",
            "module.eks.data.aws_iam_session_context.current",
            "module.eks.data.aws_partition.current",
            "module.eks.module.kms.aws_kms_external_key.this",
            "module.eks.module.kms.aws_kms_key.this",
            "module.eks.module.kms.data.aws_caller_identity.current",
            "module.eks.module.kms.data.aws_iam_policy_document.this",
            "module.eks.module.kms.data.aws_partition.current",
            "module.eks_blueprints_addons.aws_iam_role.karpenter",
            "module.eks_blueprints_addons.data.aws_iam_policy_document.karpenter_assume_role",
            "module.eks_blueprints_addons.data.aws_partition.current",
            "module.vpc.aws_subnet.private",
            "module.vpc.aws_vpc.this",
            "module.vpc.aws_vpc_ipv4_cidr_block_association.this"
          ]
        }
      ]
    },
    {
      "module": "module.eks_blueprints_addons",
      "mode": "managed",
      "type": "helm_release",
      "name": "this",
      "provider": "provider[\"registry.terraform.io/hashicorp/helm\"]",
      "instances": []
    },
    {
      "module": "module.eks_blueprints_addons",
      "mode": "managed",
      "type": "kubernetes_config_map_v1",
      "name": "aws_logging",
      "provider": "provider[\"registry.terraform.io/hashicorp/kubernetes\"]",
      "instances": []
    },
    {
      "module": "module.eks_blueprints_addons",
      "mode": "managed",
      "type": "time_sleep",
      "name": "this",
      "provider": "provider[\"registry.terraform.io/hashicorp/time\"]",
      "instances": [
        {
          "schema_version": 0,
          "attributes": {
            "create_duration": "30s",
            "destroy_duration": null,
            "id": "2023-08-17T02:26:46Z",
            "triggers": {
              "cluster_endpoint": "https://4CA4BFABAC808B4FDA51E5A12BC38BE2.gr7.ap-northeast-1.eks.amazonaws.com",
              "cluster_name": "eks-tester",
              "custom": "",
              "oidc_provider_arn": "arn:aws:iam::733851053666:oidc-provider/oidc.eks.ap-northeast-1.amazonaws.com/id/4CA4BFABAC808B4FDA51E5A12BC38BE2"
            }
          },
          "sensitive_attributes": [],
          "dependencies": [
            "data.aws_availability_zones.available",
            "module.eks.aws_cloudwatch_log_group.this",
            "module.eks.aws_eks_cluster.this",
            "module.eks.aws_iam_openid_connect_provider.oidc_provider",
            "module.eks.aws_iam_policy.cni_ipv6_policy",
            "module.eks.aws_iam_role.this",
            "module.eks.aws_iam_role_policy_attachment.this",
            "module.eks.aws_security_group.cluster",
            "module.eks.aws_security_group.node",
            "module.eks.aws_security_group_rule.cluster",
            "module.eks.aws_security_group_rule.node",
            "module.eks.data.aws_caller_identity.current",
            "module.eks.data.aws_iam_policy_document.assume_role_policy",
            "module.eks.data.aws_iam_policy_document.cni_ipv6_policy",
            "module.eks.data.aws_iam_session_context.current",
            "module.eks.data.aws_partition.current",
            "module.eks.data.tls_certificate.this",
            "module.eks.module.fargate_profile.aws_eks_fargate_profile.this",
            "module.eks.module.fargate_profile.aws_iam_role.this",
            "module.eks.module.fargate_profile.aws_iam_role_policy_attachment.additional",
            "module.eks.module.fargate_profile.aws_iam_role_policy_attachment.this",
            "module.eks.module.fargate_profile.data.aws_caller_identity.current",
            "module.eks.module.fargate_profile.data.aws_iam_policy_document.assume_role_policy",
            "module.eks.module.fargate_profile.data.aws_partition.current",
            "module.eks.module.kms.aws_kms_external_key.this",
            "module.eks.module.kms.aws_kms_key.this",
            "module.eks.module.kms.data.aws_caller_identity.current",
            "module.eks.module.kms.data.aws_iam_policy_document.this",
            "module.eks.module.kms.data.aws_partition.current",
            "module.eks.time_sleep.this",
            "module.vpc.aws_subnet.private",
            "module.vpc.aws_vpc.this",
            "module.vpc.aws_vpc_ipv4_cidr_block_association.this"
          ]
        }
      ]
    },
    {
      "module": "module.eks_blueprints_addons.module.argo_events",
      "mode": "data",
      "type": "aws_caller_identity",
      "name": "current",
      "provider": "provider[\"registry.terraform.io/hashicorp/aws\"]",
      "instances": [
        {
          "schema_version": 0,
          "attributes": {
            "account_id": "733851053666",
            "arn": "arn:aws:iam::733851053666:user/admin",
            "id": "733851053666",
            "user_id": "AIDA2VXHONZRJS2XSI5GL"
          },
          "sensitive_attributes": []
        }
      ]
    },
    {
      "module": "module.eks_blueprints_addons.module.argo_events",
      "mode": "data",
      "type": "aws_partition",
      "name": "current",
      "provider": "provider[\"registry.terraform.io/hashicorp/aws\"]",
      "instances": [
        {
          "schema_version": 0,
          "attributes": {
            "dns_suffix": "amazonaws.com",
            "id": "aws",
            "partition": "aws",
            "reverse_dns_prefix": "com.amazonaws"
          },
          "sensitive_attributes": []
        }
      ]
    },
    {
      "module": "module.eks_blueprints_addons.module.argo_events",
      "mode": "managed",
      "type": "aws_iam_policy",
      "name": "this",
      "provider": "provider[\"registry.terraform.io/hashicorp/aws\"]",
      "instances": []
    },
    {
      "module": "module.eks_blueprints_addons.module.argo_events",
      "mode": "managed",
      "type": "aws_iam_role",
      "name": "this",
      "provider": "provider[\"registry.terraform.io/hashicorp/aws\"]",
      "instances": []
    },
    {
      "module": "module.eks_blueprints_addons.module.argo_events",
      "mode": "managed",
      "type": "helm_release",
      "name": "this",
      "provider": "provider[\"registry.terraform.io/hashicorp/helm\"]",
      "instances": []
    },
    {
      "module": "module.eks_blueprints_addons.module.argo_rollouts",
      "mode": "data",
      "type": "aws_caller_identity",
      "name": "current",
      "provider": "provider[\"registry.terraform.io/hashicorp/aws\"]",
      "instances": [
        {
          "schema_version": 0,
          "attributes": {
            "account_id": "733851053666",
            "arn": "arn:aws:iam::733851053666:user/admin",
            "id": "733851053666",
            "user_id": "AIDA2VXHONZRJS2XSI5GL"
          },
          "sensitive_attributes": []
        }
      ]
    },
    {
      "module": "module.eks_blueprints_addons.module.argo_rollouts",
      "mode": "data",
      "type": "aws_partition",
      "name": "current",
      "provider": "provider[\"registry.terraform.io/hashicorp/aws\"]",
      "instances": [
        {
          "schema_version": 0,
          "attributes": {
            "dns_suffix": "amazonaws.com",
            "id": "aws",
            "partition": "aws",
            "reverse_dns_prefix": "com.amazonaws"
          },
          "sensitive_attributes": []
        }
      ]
    },
    {
      "module": "module.eks_blueprints_addons.module.argo_rollouts",
      "mode": "managed",
      "type": "aws_iam_policy",
      "name": "this",
      "provider": "provider[\"registry.terraform.io/hashicorp/aws\"]",
      "instances": []
    },
    {
      "module": "module.eks_blueprints_addons.module.argo_rollouts",
      "mode": "managed",
      "type": "aws_iam_role",
      "name": "this",
      "provider": "provider[\"registry.terraform.io/hashicorp/aws\"]",
      "instances": []
    },
    {
      "module": "module.eks_blueprints_addons.module.argo_rollouts",
      "mode": "managed",
      "type": "helm_release",
      "name": "this",
      "provider": "provider[\"registry.terraform.io/hashicorp/helm\"]",
      "instances": []
    },
    {
      "module": "module.eks_blueprints_addons.module.argo_workflows",
      "mode": "data",
      "type": "aws_caller_identity",
      "name": "current",
      "provider": "provider[\"registry.terraform.io/hashicorp/aws\"]",
      "instances": [
        {
          "schema_version": 0,
          "attributes": {
            "account_id": "733851053666",
            "arn": "arn:aws:iam::733851053666:user/admin",
            "id": "733851053666",
            "user_id": "AIDA2VXHONZRJS2XSI5GL"
          },
          "sensitive_attributes": []
        }
      ]
    },
    {
      "module": "module.eks_blueprints_addons.module.argo_workflows",
      "mode": "data",
      "type": "aws_partition",
      "name": "current",
      "provider": "provider[\"registry.terraform.io/hashicorp/aws\"]",
      "instances": [
        {
          "schema_version": 0,
          "attributes": {
            "dns_suffix": "amazonaws.com",
            "id": "aws",
            "partition": "aws",
            "reverse_dns_prefix": "com.amazonaws"
          },
          "sensitive_attributes": []
        }
      ]
    },
    {
      "module": "module.eks_blueprints_addons.module.argo_workflows",
      "mode": "managed",
      "type": "aws_iam_policy",
      "name": "this",
      "provider": "provider[\"registry.terraform.io/hashicorp/aws\"]",
      "instances": []
    },
    {
      "module": "module.eks_blueprints_addons.module.argo_workflows",
      "mode": "managed",
      "type": "aws_iam_role",
      "name": "this",
      "provider": "provider[\"registry.terraform.io/hashicorp/aws\"]",
      "instances": []
    },
    {
      "module": "module.eks_blueprints_addons.module.argo_workflows",
      "mode": "managed",
      "type": "helm_release",
      "name": "this",
      "provider": "provider[\"registry.terraform.io/hashicorp/helm\"]",
      "instances": []
    },
    {
      "module": "module.eks_blueprints_addons.module.argocd",
      "mode": "data",
      "type": "aws_caller_identity",
      "name": "current",
      "provider": "provider[\"registry.terraform.io/hashicorp/aws\"]",
      "instances": [
        {
          "schema_version": 0,
          "attributes": {
            "account_id": "733851053666",
            "arn": "arn:aws:iam::733851053666:user/admin",
            "id": "733851053666",
            "user_id": "AIDA2VXHONZRJS2XSI5GL"
          },
          "sensitive_attributes": []
        }
      ]
    },
    {
      "module": "module.eks_blueprints_addons.module.argocd",
      "mode": "data",
      "type": "aws_partition",
      "name": "current",
      "provider": "provider[\"registry.terraform.io/hashicorp/aws\"]",
      "instances": [
        {
          "schema_version": 0,
          "attributes": {
            "dns_suffix": "amazonaws.com",
            "id": "aws",
            "partition": "aws",
            "reverse_dns_prefix": "com.amazonaws"
          },
          "sensitive_attributes": []
        }
      ]
    },
    {
      "module": "module.eks_blueprints_addons.module.argocd",
      "mode": "managed",
      "type": "aws_iam_policy",
      "name": "this",
      "provider": "provider[\"registry.terraform.io/hashicorp/aws\"]",
      "instances": []
    },
    {
      "module": "module.eks_blueprints_addons.module.argocd",
      "mode": "managed",
      "type": "aws_iam_role",
      "name": "this",
      "provider": "provider[\"registry.terraform.io/hashicorp/aws\"]",
      "instances": []
    },
    {
      "module": "module.eks_blueprints_addons.module.argocd",
      "mode": "managed",
      "type": "helm_release",
      "name": "this",
      "provider": "provider[\"registry.terraform.io/hashicorp/helm\"]",
      "instances": []
    },
    {
      "module": "module.eks_blueprints_addons.module.aws_cloudwatch_metrics",
      "mode": "data",
      "type": "aws_caller_identity",
      "name": "current",
      "provider": "provider[\"registry.terraform.io/hashicorp/aws\"]",
      "instances": [
        {
          "schema_version": 0,
          "attributes": {
            "account_id": "733851053666",
            "arn": "arn:aws:iam::733851053666:user/admin",
            "id": "733851053666",
            "user_id": "AIDA2VXHONZRJS2XSI5GL"
          },
          "sensitive_attributes": []
        }
      ]
    },
    {
      "module": "module.eks_blueprints_addons.module.aws_cloudwatch_metrics",
      "mode": "data",
      "type": "aws_partition",
      "name": "current",
      "provider": "provider[\"registry.terraform.io/hashicorp/aws\"]",
      "instances": [
        {
          "schema_version": 0,
          "attributes": {
            "dns_suffix": "amazonaws.com",
            "id": "aws",
            "partition": "aws",
            "reverse_dns_prefix": "com.amazonaws"
          },
          "sensitive_attributes": []
        }
      ]
    },
    {
      "module": "module.eks_blueprints_addons.module.aws_cloudwatch_metrics",
      "mode": "managed",
      "type": "aws_iam_policy",
      "name": "this",
      "provider": "provider[\"registry.terraform.io/hashicorp/aws\"]",
      "instances": []
    },
    {
      "module": "module.eks_blueprints_addons.module.aws_cloudwatch_metrics",
      "mode": "managed",
      "type": "aws_iam_role",
      "name": "this",
      "provider": "provider[\"registry.terraform.io/hashicorp/aws\"]",
      "instances": []
    },
    {
      "module": "module.eks_blueprints_addons.module.aws_cloudwatch_metrics",
      "mode": "managed",
      "type": "helm_release",
      "name": "this",
      "provider": "provider[\"registry.terraform.io/hashicorp/helm\"]",
      "instances": []
    },
    {
      "module": "module.eks_blueprints_addons.module.aws_efs_csi_driver",
      "mode": "data",
      "type": "aws_caller_identity",
      "name": "current",
      "provider": "provider[\"registry.terraform.io/hashicorp/aws\"]",
      "instances": [
        {
          "schema_version": 0,
          "attributes": {
            "account_id": "733851053666",
            "arn": "arn:aws:iam::733851053666:user/admin",
            "id": "733851053666",
            "user_id": "AIDA2VXHONZRJS2XSI5GL"
          },
          "sensitive_attributes": []
        }
      ]
    },
    {
      "module": "module.eks_blueprints_addons.module.aws_efs_csi_driver",
      "mode": "data",
      "type": "aws_partition",
      "name": "current",
      "provider": "provider[\"registry.terraform.io/hashicorp/aws\"]",
      "instances": [
        {
          "schema_version": 0,
          "attributes": {
            "dns_suffix": "amazonaws.com",
            "id": "aws",
            "partition": "aws",
            "reverse_dns_prefix": "com.amazonaws"
          },
          "sensitive_attributes": []
        }
      ]
    },
    {
      "module": "module.eks_blueprints_addons.module.aws_efs_csi_driver",
      "mode": "managed",
      "type": "aws_iam_policy",
      "name": "this",
      "provider": "provider[\"registry.terraform.io/hashicorp/aws\"]",
      "instances": []
    },
    {
      "module": "module.eks_blueprints_addons.module.aws_efs_csi_driver",
      "mode": "managed",
      "type": "aws_iam_role",
      "name": "this",
      "provider": "provider[\"registry.terraform.io/hashicorp/aws\"]",
      "instances": []
    },
    {
      "module": "module.eks_blueprints_addons.module.aws_efs_csi_driver",
      "mode": "managed",
      "type": "helm_release",
      "name": "this",
      "provider": "provider[\"registry.terraform.io/hashicorp/helm\"]",
      "instances": []
    },
    {
      "module": "module.eks_blueprints_addons.module.aws_for_fluentbit",
      "mode": "data",
      "type": "aws_caller_identity",
      "name": "current",
      "provider": "provider[\"registry.terraform.io/hashicorp/aws\"]",
      "instances": [
        {
          "schema_version": 0,
          "attributes": {
            "account_id": "733851053666",
            "arn": "arn:aws:iam::733851053666:user/admin",
            "id": "733851053666",
            "user_id": "AIDA2VXHONZRJS2XSI5GL"
          },
          "sensitive_attributes": []
        }
      ]
    },
    {
      "module": "module.eks_blueprints_addons.module.aws_for_fluentbit",
      "mode": "data",
      "type": "aws_partition",
      "name": "current",
      "provider": "provider[\"registry.terraform.io/hashicorp/aws\"]",
      "instances": [
        {
          "schema_version": 0,
          "attributes": {
            "dns_suffix": "amazonaws.com",
            "id": "aws",
            "partition": "aws",
            "reverse_dns_prefix": "com.amazonaws"
          },
          "sensitive_attributes": []
        }
      ]
    },
    {
      "module": "module.eks_blueprints_addons.module.aws_for_fluentbit",
      "mode": "managed",
      "type": "aws_iam_policy",
      "name": "this",
      "provider": "provider[\"registry.terraform.io/hashicorp/aws\"]",
      "instances": []
    },
    {
      "module": "module.eks_blueprints_addons.module.aws_for_fluentbit",
      "mode": "managed",
      "type": "aws_iam_role",
      "name": "this",
      "provider": "provider[\"registry.terraform.io/hashicorp/aws\"]",
      "instances": []
    },
    {
      "module": "module.eks_blueprints_addons.module.aws_for_fluentbit",
      "mode": "managed",
      "type": "helm_release",
      "name": "this",
      "provider": "provider[\"registry.terraform.io/hashicorp/helm\"]",
      "instances": []
    },
    {
      "module": "module.eks_blueprints_addons.module.aws_fsx_csi_driver",
      "mode": "data",
      "type": "aws_caller_identity",
      "name": "current",
      "provider": "provider[\"registry.terraform.io/hashicorp/aws\"]",
      "instances": [
        {
          "schema_version": 0,
          "attributes": {
            "account_id": "733851053666",
            "arn": "arn:aws:iam::733851053666:user/admin",
            "id": "733851053666",
            "user_id": "AIDA2VXHONZRJS2XSI5GL"
          },
          "sensitive_attributes": []
        }
      ]
    },
    {
      "module": "module.eks_blueprints_addons.module.aws_fsx_csi_driver",
      "mode": "data",
      "type": "aws_partition",
      "name": "current",
      "provider": "provider[\"registry.terraform.io/hashicorp/aws\"]",
      "instances": [
        {
          "schema_version": 0,
          "attributes": {
            "dns_suffix": "amazonaws.com",
            "id": "aws",
            "partition": "aws",
            "reverse_dns_prefix": "com.amazonaws"
          },
          "sensitive_attributes": []
        }
      ]
    },
    {
      "module": "module.eks_blueprints_addons.module.aws_fsx_csi_driver",
      "mode": "managed",
      "type": "aws_iam_policy",
      "name": "this",
      "provider": "provider[\"registry.terraform.io/hashicorp/aws\"]",
      "instances": []
    },
    {
      "module": "module.eks_blueprints_addons.module.aws_fsx_csi_driver",
      "mode": "managed",
      "type": "aws_iam_role",
      "name": "this",
      "provider": "provider[\"registry.terraform.io/hashicorp/aws\"]",
      "instances": []
    },
    {
      "module": "module.eks_blueprints_addons.module.aws_fsx_csi_driver",
      "mode": "managed",
      "type": "helm_release",
      "name": "this",
      "provider": "provider[\"registry.terraform.io/hashicorp/helm\"]",
      "instances": []
    },
    {
      "module": "module.eks_blueprints_addons.module.aws_gateway_api_controller",
      "mode": "data",
      "type": "aws_caller_identity",
      "name": "current",
      "provider": "provider[\"registry.terraform.io/hashicorp/aws\"]",
      "instances": [
        {
          "schema_version": 0,
          "attributes": {
            "account_id": "733851053666",
            "arn": "arn:aws:iam::733851053666:user/admin",
            "id": "733851053666",
            "user_id": "AIDA2VXHONZRJS2XSI5GL"
          },
          "sensitive_attributes": []
        }
      ]
    },
    {
      "module": "module.eks_blueprints_addons.module.aws_gateway_api_controller",
      "mode": "data",
      "type": "aws_partition",
      "name": "current",
      "provider": "provider[\"registry.terraform.io/hashicorp/aws\"]",
      "instances": [
        {
          "schema_version": 0,
          "attributes": {
            "dns_suffix": "amazonaws.com",
            "id": "aws",
            "partition": "aws",
            "reverse_dns_prefix": "com.amazonaws"
          },
          "sensitive_attributes": []
        }
      ]
    },
    {
      "module": "module.eks_blueprints_addons.module.aws_gateway_api_controller",
      "mode": "managed",
      "type": "aws_iam_policy",
      "name": "this",
      "provider": "provider[\"registry.terraform.io/hashicorp/aws\"]",
      "instances": []
    },
    {
      "module": "module.eks_blueprints_addons.module.aws_gateway_api_controller",
      "mode": "managed",
      "type": "aws_iam_role",
      "name": "this",
      "provider": "provider[\"registry.terraform.io/hashicorp/aws\"]",
      "instances": []
    },
    {
      "module": "module.eks_blueprints_addons.module.aws_gateway_api_controller",
      "mode": "managed",
      "type": "helm_release",
      "name": "this",
      "provider": "provider[\"registry.terraform.io/hashicorp/helm\"]",
      "instances": []
    },
    {
      "module": "module.eks_blueprints_addons.module.aws_load_balancer_controller",
      "mode": "data",
      "type": "aws_caller_identity",
      "name": "current",
      "provider": "provider[\"registry.terraform.io/hashicorp/aws\"]",
      "instances": [
        {
          "schema_version": 0,
          "attributes": {
            "account_id": "733851053666",
            "arn": "arn:aws:iam::733851053666:user/admin",
            "id": "733851053666",
            "user_id": "AIDA2VXHONZRJS2XSI5GL"
          },
          "sensitive_attributes": []
        }
      ]
    },
    {
      "module": "module.eks_blueprints_addons.module.aws_load_balancer_controller",
      "mode": "data",
      "type": "aws_iam_policy_document",
      "name": "assume",
      "provider": "provider[\"registry.terraform.io/hashicorp/aws\"]",
      "instances": [
        {
          "index_key": 0,
          "schema_version": 0,
          "attributes": {
            "id": "873319919",
            "json": "{\n  \"Version\": \"2012-10-17\",\n  \"Statement\": [\n    {\n      \"Effect\": \"Allow\",\n      \"Action\": \"sts:AssumeRoleWithWebIdentity\",\n      \"Principal\": {\n        \"Federated\": \"arn:aws:iam::733851053666:oidc-provider/oidc.eks.ap-northeast-1.amazonaws.com/id/4CA4BFABAC808B4FDA51E5A12BC38BE2\"\n      },\n      \"Condition\": {\n        \"StringEquals\": {\n          \"oidc.eks.ap-northeast-1.amazonaws.com/id/4CA4BFABAC808B4FDA51E5A12BC38BE2:aud\": \"sts.amazonaws.com\",\n          \"oidc.eks.ap-northeast-1.amazonaws.com/id/4CA4BFABAC808B4FDA51E5A12BC38BE2:sub\": \"system:serviceaccount:kube-system:aws-load-balancer-controller-sa\"\n        }\n      }\n    }\n  ]\n}",
            "override_policy_documents": null,
            "policy_id": null,
            "source_policy_documents": null,
            "statement": [
              {
                "actions": [
                  "sts:AssumeRoleWithWebIdentity"
                ],
                "condition": [
                  {
                    "test": "StringEquals",
                    "values": [
                      "sts.amazonaws.com"
                    ],
                    "variable": "oidc.eks.ap-northeast-1.amazonaws.com/id/4CA4BFABAC808B4FDA51E5A12BC38BE2:aud"
                  },
                  {
                    "test": "StringEquals",
                    "values": [
                      "system:serviceaccount:kube-system:aws-load-balancer-controller-sa"
                    ],
                    "variable": "oidc.eks.ap-northeast-1.amazonaws.com/id/4CA4BFABAC808B4FDA51E5A12BC38BE2:sub"
                  }
                ],
                "effect": "Allow",
                "not_actions": [],
                "not_principals": [],
                "not_resources": [],
                "principals": [
                  {
                    "identifiers": [
                      "arn:aws:iam::733851053666:oidc-provider/oidc.eks.ap-northeast-1.amazonaws.com/id/4CA4BFABAC808B4FDA51E5A12BC38BE2"
                    ],
                    "type": "Federated"
                  }
                ],
                "resources": [],
                "sid": ""
              }
            ],
            "version": "2012-10-17"
          },
          "sensitive_attributes": []
        }
      ]
    },
    {
      "module": "module.eks_blueprints_addons.module.aws_load_balancer_controller",
      "mode": "data",
      "type": "aws_iam_policy_document",
      "name": "this",
      "provider": "provider[\"registry.terraform.io/hashicorp/aws\"]",
      "instances": [
        {
          "index_key": 0,
          "schema_version": 0,
          "attributes": {
            "id": "3999428657",
            "json": "{\n  \"Version\": \"2012-10-17\",\n  \"Statement\": [\n    {\n      \"Sid\": \"AllowCreateServiceLinkedRole\",\n      \"Effect\": \"Allow\",\n      \"Action\": \"iam:CreateServiceLinkedRole\",\n      \"Resource\": \"arn:aws:iam::733851053666:role/aws-service-role/elasticloadbalancing.amazonaws.com/AWSServiceRoleForElasticLoadBalancing\",\n      \"Condition\": {\n        \"StringEquals\": {\n          \"iam:AWSServiceName\": [\n            \"elasticloadbalancing.amazonaws.com\"\n          ]\n        }\n      }\n    },\n    {\n      \"Sid\": \"AllowDescribeElbTags\",\n      \"Effect\": \"Allow\",\n      \"Action\": \"elasticloadbalancing:DescribeTags\",\n      \"Resource\": \"*\"\n    },\n    {\n      \"Sid\": \"AllowGetResources\",\n      \"Effect\": \"Allow\",\n      \"Action\": [\n        \"elasticloadbalancing:DescribeTargetHealth\",\n        \"elasticloadbalancing:DescribeTargetGroups\",\n        \"elasticloadbalancing:DescribeTargetGroupAttributes\",\n        \"elasticloadbalancing:DescribeSSLPolicies\",\n        \"elasticloadbalancing:DescribeRules\",\n        \"elasticloadbalancing:DescribeLoadBalancers\",\n        \"elasticloadbalancing:DescribeLoadBalancerAttributes\",\n        \"elasticloadbalancing:DescribeListeners\",\n        \"elasticloadbalancing:DescribeListenerCertificates\",\n        \"ec2:GetCoipPoolUsage\",\n        \"ec2:DescribeVpcs\",\n        \"ec2:DescribeVpcPeeringConnections\",\n        \"ec2:DescribeTags\",\n        \"ec2:DescribeSubnets\",\n        \"ec2:DescribeSecurityGroups\",\n        \"ec2:DescribeNetworkInterfaces\",\n        \"ec2:DescribeInternetGateways\",\n        \"ec2:DescribeInstances\",\n        \"ec2:DescribeCoipPools\",\n        \"ec2:DescribeAvailabilityZones\",\n        \"ec2:DescribeAddresses\",\n        \"ec2:DescribeAccountAttributes\"\n      ],\n      \"Resource\": \"*\"\n    },\n    {\n      \"Sid\": \"AllowManageElbs\",\n      \"Effect\": \"Allow\",\n      \"Action\": [\n        \"elasticloadbalancing:SetSubnets\",\n        \"elasticloadbalancing:SetSecurityGroups\",\n        \"elasticloadbalancing:SetIpAddressType\",\n        \"elasticloadbalancing:RemoveTags\",\n        \"elasticloadbalancing:ModifyLoadBalancerAttributes\",\n        \"elasticloadbalancing:DeleteTargetGroup\",\n        \"elasticloadbalancing:DeleteLoadBalancer\",\n        \"elasticloadbalancing:CreateLoadBalancer\",\n        \"elasticloadbalancing:CreateListener\",\n        \"elasticloadbalancing:AddTags\"\n      ],\n      \"Resource\": [\n        \"arn:aws:elasticloadbalancing:ap-northeast-1:733851053666:targetgroup/*/*\",\n        \"arn:aws:elasticloadbalancing:ap-northeast-1:733851053666:loadbalancer/net/*/*\",\n        \"arn:aws:elasticloadbalancing:ap-northeast-1:733851053666:loadbalancer/app/*/*\"\n      ]\n    },\n    {\n      \"Sid\": \"AllowManageTargetGroup\",\n      \"Effect\": \"Allow\",\n      \"Action\": [\n        \"elasticloadbalancing:ModifyTargetGroupAttributes\",\n        \"elasticloadbalancing:ModifyTargetGroup\",\n        \"elasticloadbalancing:DeleteTargetGroup\",\n        \"elasticloadbalancing:CreateTargetGroup\"\n      ],\n      \"Resource\": \"arn:aws:elasticloadbalancing:ap-northeast-1:733851053666:targetgroup/*/*\"\n    },\n    {\n      \"Sid\": \"AllowManageListeners\",\n      \"Effect\": \"Allow\",\n      \"Action\": [\n        \"elasticloadbalancing:RemoveListenerCertificates\",\n        \"elasticloadbalancing:ModifyListener\",\n        \"elasticloadbalancing:DeleteListener\",\n        \"elasticloadbalancing:CreateRule\",\n        \"elasticloadbalancing:AddListenerCertificates\"\n      ],\n      \"Resource\": [\n        \"arn:aws:elasticloadbalancing:ap-northeast-1:733851053666:listener/net/*/*/*\",\n        \"arn:aws:elasticloadbalancing:ap-northeast-1:733851053666:listener/app/*/*/*\"\n      ]\n    },\n    {\n      \"Sid\": \"AllowManageRules\",\n      \"Effect\": \"Allow\",\n      \"Action\": [\n        \"elasticloadbalancing:ModifyRule\",\n        \"elasticloadbalancing:DeleteRule\"\n      ],\n      \"Resource\": [\n        \"arn:aws:elasticloadbalancing:ap-northeast-1:733851053666:listener-rule/net/*/*/*/*\",\n        \"arn:aws:elasticloadbalancing:ap-northeast-1:733851053666:listener-rule/app/*/*/*/*\"\n      ]\n    },\n    {\n      \"Sid\": \"AllowManageResourceTags\",\n      \"Effect\": \"Allow\",\n      \"Action\": [\n        \"elasticloadbalancing:RemoveTags\",\n        \"elasticloadbalancing:AddTags\"\n      ],\n      \"Resource\": [\n        \"arn:aws:elasticloadbalancing:ap-northeast-1:733851053666:targetgroup/*/*\",\n        \"arn:aws:elasticloadbalancing:ap-northeast-1:733851053666:loadbalancer/net/*/*\",\n        \"arn:aws:elasticloadbalancing:ap-northeast-1:733851053666:loadbalancer/app/*/*\",\n        \"arn:aws:elasticloadbalancing:ap-northeast-1:733851053666:listener/net/*/*/*\",\n        \"arn:aws:elasticloadbalancing:ap-northeast-1:733851053666:listener/app/*/*/*\",\n        \"arn:aws:elasticloadbalancing:ap-northeast-1:733851053666:listener-rule/net/*/*/*/*\",\n        \"arn:aws:elasticloadbalancing:ap-northeast-1:733851053666:listener-rule/app/*/*/*/*\"\n      ]\n    },\n    {\n      \"Sid\": \"AllowManageTargets\",\n      \"Effect\": \"Allow\",\n      \"Action\": [\n        \"elasticloadbalancing:RegisterTargets\",\n        \"elasticloadbalancing:DeregisterTargets\"\n      ],\n      \"Resource\": \"arn:aws:elasticloadbalancing:ap-northeast-1:733851053666:targetgroup/*/*\"\n    },\n    {\n      \"Sid\": \"AllowGetCertificates\",\n      \"Effect\": \"Allow\",\n      \"Action\": [\n        \"acm:ListCertificates\",\n        \"acm:DescribeCertificate\"\n      ],\n      \"Resource\": \"*\"\n    },\n    {\n      \"Sid\": \"AllowDescribeCognitoIdp\",\n      \"Effect\": \"Allow\",\n      \"Action\": \"cognito-idp:DescribeUserPoolClient\",\n      \"Resource\": \"arn:aws:cognito-idp:ap-northeast-1:733851053666:userpool/*\"\n    },\n    {\n      \"Sid\": \"AllowGetServerCertificates\",\n      \"Effect\": \"Allow\",\n      \"Action\": [\n        \"iam:ListServerCertificates\",\n        \"iam:GetServerCertificate\"\n      ],\n      \"Resource\": [\n        \"arn:aws:iam::733851053666:server-certificate/*\",\n        \"arn:aws:iam::733851053666:*\"\n      ]\n    },\n    {\n      \"Sid\": \"AllowShield\",\n      \"Effect\": \"Allow\",\n      \"Action\": [\n        \"shield:GetSubscriptionState\",\n        \"shield:DescribeProtection\",\n        \"shield:DeleteProtection\",\n        \"shield:CreateProtection\"\n      ],\n      \"Resource\": [\n        \"arn:aws:shield::733851053666:protection/*\",\n        \"arn:aws:shield::733851053666:*\"\n      ]\n    },\n    {\n      \"Sid\": \"AllowManageWebAcl\",\n      \"Effect\": \"Allow\",\n      \"Action\": [\n        \"wafv2:GetWebACLForResource\",\n        \"wafv2:GetWebACL\",\n        \"wafv2:DisassociateWebACL\",\n        \"wafv2:AssociateWebACL\",\n        \"waf-regional:GetWebACLForResource\",\n        \"waf-regional:GetWebACL\",\n        \"waf-regional:DisassociateWebACL\",\n        \"waf-regional:AssociateWebACL\",\n        \"elasticloadbalancing:SetWebAcl\"\n      ],\n      \"Resource\": [\n        \"arn:aws:wafv2:ap-northeast-1:733851053666:*/webacl/*/*\",\n        \"arn:aws:wafv2:ap-northeast-1:733851053666:*\",\n        \"arn:aws:waf-regional:ap-northeast-1:733851053666:webacl/*\",\n        \"arn:aws:waf-regional:ap-northeast-1:733851053666:*\",\n        \"arn:aws:elasticloadbalancing:ap-northeast-1:733851053666:loadbalancer/app/*/*\",\n        \"arn:aws:cognito-idp:ap-northeast-1:733851053666:userpool/*\",\n        \"arn:aws:appsync:ap-northeast-1:733851053666:apis/*\",\n        \"arn:aws:apigateway:ap-northeast-1::/restapis/*/stages/*\"\n      ]\n    },\n    {\n      \"Sid\": \"AllowManageSecurityGroups\",\n      \"Effect\": \"Allow\",\n      \"Action\": [\n        \"ec2:RevokeSecurityGroupIngress\",\n        \"ec2:DeleteTags\",\n        \"ec2:DeleteSecurityGroup\",\n        \"ec2:CreateTags\",\n        \"ec2:AuthorizeSecurityGroupIngress\"\n      ],\n      \"Resource\": \"arn:aws:ec2:ap-northeast-1:733851053666:security-group/*\"\n    },\n    {\n      \"Sid\": \"AllowCreateSecurityGroups\",\n      \"Effect\": \"Allow\",\n      \"Action\": \"ec2:CreateSecurityGroup\",\n      \"Resource\": [\n        \"arn:aws:ec2:ap-northeast-1:733851053666:vpc/*\",\n        \"arn:aws:ec2:ap-northeast-1:733851053666:security-group/*\"\n      ]\n    }\n  ]\n}",
            "override_policy_documents": null,
            "policy_id": null,
            "source_policy_documents": [
              "{\n  \"Version\": \"2012-10-17\",\n  \"Statement\": [\n    {\n      \"Sid\": \"AllowCreateServiceLinkedRole\",\n      \"Effect\": \"Allow\",\n      \"Action\": \"iam:CreateServiceLinkedRole\",\n      \"Resource\": \"arn:aws:iam::733851053666:role/aws-service-role/elasticloadbalancing.amazonaws.com/AWSServiceRoleForElasticLoadBalancing\",\n      \"Condition\": {\n        \"StringEquals\": {\n          \"iam:AWSServiceName\": \"elasticloadbalancing.amazonaws.com\"\n        }\n      }\n    },\n    {\n      \"Sid\": \"AllowDescribeElbTags\",\n      \"Effect\": \"Allow\",\n      \"Action\": \"elasticloadbalancing:DescribeTags\",\n      \"Resource\": \"*\"\n    },\n    {\n      \"Sid\": \"AllowGetResources\",\n      \"Effect\": \"Allow\",\n      \"Action\": [\n        \"elasticloadbalancing:DescribeTargetHealth\",\n        \"elasticloadbalancing:DescribeTargetGroups\",\n        \"elasticloadbalancing:DescribeTargetGroupAttributes\",\n        \"elasticloadbalancing:DescribeSSLPolicies\",\n        \"elasticloadbalancing:DescribeRules\",\n        \"elasticloadbalancing:DescribeLoadBalancers\",\n        \"elasticloadbalancing:DescribeLoadBalancerAttributes\",\n        \"elasticloadbalancing:DescribeListeners\",\n        \"elasticloadbalancing:DescribeListenerCertificates\",\n        \"ec2:GetCoipPoolUsage\",\n        \"ec2:DescribeVpcs\",\n        \"ec2:DescribeVpcPeeringConnections\",\n        \"ec2:DescribeTags\",\n        \"ec2:DescribeSubnets\",\n        \"ec2:DescribeSecurityGroups\",\n        \"ec2:DescribeNetworkInterfaces\",\n        \"ec2:DescribeInternetGateways\",\n        \"ec2:DescribeInstances\",\n        \"ec2:DescribeCoipPools\",\n        \"ec2:DescribeAvailabilityZones\",\n        \"ec2:DescribeAddresses\",\n        \"ec2:DescribeAccountAttributes\"\n      ],\n      \"Resource\": \"*\"\n    },\n    {\n      \"Sid\": \"AllowManageElbs\",\n      \"Effect\": \"Allow\",\n      \"Action\": [\n        \"elasticloadbalancing:SetSubnets\",\n        \"elasticloadbalancing:SetSecurityGroups\",\n        \"elasticloadbalancing:SetIpAddressType\",\n        \"elasticloadbalancing:RemoveTags\",\n        \"elasticloadbalancing:ModifyLoadBalancerAttributes\",\n        \"elasticloadbalancing:DeleteTargetGroup\",\n        \"elasticloadbalancing:DeleteLoadBalancer\",\n        \"elasticloadbalancing:CreateLoadBalancer\",\n        \"elasticloadbalancing:CreateListener\",\n        \"elasticloadbalancing:AddTags\"\n      ],\n      \"Resource\": [\n        \"arn:aws:elasticloadbalancing:ap-northeast-1:733851053666:targetgroup/*/*\",\n        \"arn:aws:elasticloadbalancing:ap-northeast-1:733851053666:loadbalancer/net/*/*\",\n        \"arn:aws:elasticloadbalancing:ap-northeast-1:733851053666:loadbalancer/app/*/*\"\n      ]\n    },\n    {\n      \"Sid\": \"AllowManageTargetGroup\",\n      \"Effect\": \"Allow\",\n      \"Action\": [\n        \"elasticloadbalancing:ModifyTargetGroupAttributes\",\n        \"elasticloadbalancing:ModifyTargetGroup\",\n        \"elasticloadbalancing:DeleteTargetGroup\",\n        \"elasticloadbalancing:CreateTargetGroup\"\n      ],\n      \"Resource\": \"arn:aws:elasticloadbalancing:ap-northeast-1:733851053666:targetgroup/*/*\"\n    },\n    {\n      \"Sid\": \"AllowManageListeners\",\n      \"Effect\": \"Allow\",\n      \"Action\": [\n        \"elasticloadbalancing:RemoveListenerCertificates\",\n        \"elasticloadbalancing:ModifyListener\",\n        \"elasticloadbalancing:DeleteListener\",\n        \"elasticloadbalancing:CreateRule\",\n        \"elasticloadbalancing:AddListenerCertificates\"\n      ],\n      \"Resource\": [\n        \"arn:aws:elasticloadbalancing:ap-northeast-1:733851053666:listener/net/*/*/*\",\n        \"arn:aws:elasticloadbalancing:ap-northeast-1:733851053666:listener/app/*/*/*\"\n      ]\n    },\n    {\n      \"Sid\": \"AllowManageRules\",\n      \"Effect\": \"Allow\",\n      \"Action\": [\n        \"elasticloadbalancing:ModifyRule\",\n        \"elasticloadbalancing:DeleteRule\"\n      ],\n      \"Resource\": [\n        \"arn:aws:elasticloadbalancing:ap-northeast-1:733851053666:listener-rule/net/*/*/*/*\",\n        \"arn:aws:elasticloadbalancing:ap-northeast-1:733851053666:listener-rule/app/*/*/*/*\"\n      ]\n    },\n    {\n      \"Sid\": \"AllowManageResourceTags\",\n      \"Effect\": \"Allow\",\n      \"Action\": [\n        \"elasticloadbalancing:RemoveTags\",\n        \"elasticloadbalancing:AddTags\"\n      ],\n      \"Resource\": [\n        \"arn:aws:elasticloadbalancing:ap-northeast-1:733851053666:targetgroup/*/*\",\n        \"arn:aws:elasticloadbalancing:ap-northeast-1:733851053666:loadbalancer/net/*/*\",\n        \"arn:aws:elasticloadbalancing:ap-northeast-1:733851053666:loadbalancer/app/*/*\",\n        \"arn:aws:elasticloadbalancing:ap-northeast-1:733851053666:listener/net/*/*/*\",\n        \"arn:aws:elasticloadbalancing:ap-northeast-1:733851053666:listener/app/*/*/*\",\n        \"arn:aws:elasticloadbalancing:ap-northeast-1:733851053666:listener-rule/net/*/*/*/*\",\n        \"arn:aws:elasticloadbalancing:ap-northeast-1:733851053666:listener-rule/app/*/*/*/*\"\n      ]\n    },\n    {\n      \"Sid\": \"AllowManageTargets\",\n      \"Effect\": \"Allow\",\n      \"Action\": [\n        \"elasticloadbalancing:RegisterTargets\",\n        \"elasticloadbalancing:DeregisterTargets\"\n      ],\n      \"Resource\": \"arn:aws:elasticloadbalancing:ap-northeast-1:733851053666:targetgroup/*/*\"\n    },\n    {\n      \"Sid\": \"AllowGetCertificates\",\n      \"Effect\": \"Allow\",\n      \"Action\": [\n        \"acm:ListCertificates\",\n        \"acm:DescribeCertificate\"\n      ],\n      \"Resource\": \"*\"\n    },\n    {\n      \"Sid\": \"AllowDescribeCognitoIdp\",\n      \"Effect\": \"Allow\",\n      \"Action\": \"cognito-idp:DescribeUserPoolClient\",\n      \"Resource\": \"arn:aws:cognito-idp:ap-northeast-1:733851053666:userpool/*\"\n    },\n    {\n      \"Sid\": \"AllowGetServerCertificates\",\n      \"Effect\": \"Allow\",\n      \"Action\": [\n        \"iam:ListServerCertificates\",\n        \"iam:GetServerCertificate\"\n      ],\n      \"Resource\": [\n        \"arn:aws:iam::733851053666:server-certificate/*\",\n        \"arn:aws:iam::733851053666:*\"\n      ]\n    },\n    {\n      \"Sid\": \"AllowShield\",\n      \"Effect\": \"Allow\",\n      \"Action\": [\n        \"shield:GetSubscriptionState\",\n        \"shield:DescribeProtection\",\n        \"shield:DeleteProtection\",\n        \"shield:CreateProtection\"\n      ],\n      \"Resource\": [\n        \"arn:aws:shield::733851053666:protection/*\",\n        \"arn:aws:shield::733851053666:*\"\n      ]\n    },\n    {\n      \"Sid\": \"AllowManageWebAcl\",\n      \"Effect\": \"Allow\",\n      \"Action\": [\n        \"wafv2:GetWebACLForResource\",\n        \"wafv2:GetWebACL\",\n        \"wafv2:DisassociateWebACL\",\n        \"wafv2:AssociateWebACL\",\n        \"waf-regional:GetWebACLForResource\",\n        \"waf-regional:GetWebACL\",\n        \"waf-regional:DisassociateWebACL\",\n        \"waf-regional:AssociateWebACL\",\n        \"elasticloadbalancing:SetWebAcl\"\n      ],\n      \"Resource\": [\n        \"arn:aws:wafv2:ap-northeast-1:733851053666:*/webacl/*/*\",\n        \"arn:aws:wafv2:ap-northeast-1:733851053666:*\",\n        \"arn:aws:waf-regional:ap-northeast-1:733851053666:webacl/*\",\n        \"arn:aws:waf-regional:ap-northeast-1:733851053666:*\",\n        \"arn:aws:elasticloadbalancing:ap-northeast-1:733851053666:loadbalancer/app/*/*\",\n        \"arn:aws:cognito-idp:ap-northeast-1:733851053666:userpool/*\",\n        \"arn:aws:appsync:ap-northeast-1:733851053666:apis/*\",\n        \"arn:aws:apigateway:ap-northeast-1::/restapis/*/stages/*\"\n      ]\n    },\n    {\n      \"Sid\": \"AllowManageSecurityGroups\",\n      \"Effect\": \"Allow\",\n      \"Action\": [\n        \"ec2:RevokeSecurityGroupIngress\",\n        \"ec2:DeleteTags\",\n        \"ec2:DeleteSecurityGroup\",\n        \"ec2:CreateTags\",\n        \"ec2:AuthorizeSecurityGroupIngress\"\n      ],\n      \"Resource\": \"arn:aws:ec2:ap-northeast-1:733851053666:security-group/*\"\n    },\n    {\n      \"Sid\": \"AllowCreateSecurityGroups\",\n      \"Effect\": \"Allow\",\n      \"Action\": \"ec2:CreateSecurityGroup\",\n      \"Resource\": [\n        \"arn:aws:ec2:ap-northeast-1:733851053666:vpc/*\",\n        \"arn:aws:ec2:ap-northeast-1:733851053666:security-group/*\"\n      ]\n    }\n  ]\n}"
            ],
            "statement": null,
            "version": "2012-10-17"
          },
          "sensitive_attributes": []
        }
      ]
    },
    {
      "module": "module.eks_blueprints_addons.module.aws_load_balancer_controller",
      "mode": "data",
      "type": "aws_partition",
      "name": "current",
      "provider": "provider[\"registry.terraform.io/hashicorp/aws\"]",
      "instances": [
        {
          "schema_version": 0,
          "attributes": {
            "dns_suffix": "amazonaws.com",
            "id": "aws",
            "partition": "aws",
            "reverse_dns_prefix": "com.amazonaws"
          },
          "sensitive_attributes": []
        }
      ]
    },
    {
      "module": "module.eks_blueprints_addons.module.aws_load_balancer_controller",
      "mode": "managed",
      "type": "aws_iam_policy",
      "name": "this",
      "provider": "provider[\"registry.terraform.io/hashicorp/aws\"]",
      "instances": [
        {
          "index_key": 0,
          "schema_version": 0,
          "attributes": {
            "arn": "arn:aws:iam::733851053666:policy/alb-controller-20230817060823883500000002",
            "description": "IAM Policy for AWS Load Balancer Controller",
            "id": "arn:aws:iam::733851053666:policy/alb-controller-20230817060823883500000002",
            "name": "alb-controller-20230817060823883500000002",
            "name_prefix": "alb-controller-",
            "path": "/",
            "policy": "{\"Statement\":[{\"Action\":\"iam:CreateServiceLinkedRole\",\"Condition\":{\"StringEquals\":{\"iam:AWSServiceName\":[\"elasticloadbalancing.amazonaws.com\"]}},\"Effect\":\"Allow\",\"Resource\":\"arn:aws:iam::733851053666:role/aws-service-role/elasticloadbalancing.amazonaws.com/AWSServiceRoleForElasticLoadBalancing\",\"Sid\":\"AllowCreateServiceLinkedRole\"},{\"Action\":\"elasticloadbalancing:DescribeTags\",\"Effect\":\"Allow\",\"Resource\":\"*\",\"Sid\":\"AllowDescribeElbTags\"},{\"Action\":[\"elasticloadbalancing:DescribeTargetHealth\",\"elasticloadbalancing:DescribeTargetGroups\",\"elasticloadbalancing:DescribeTargetGroupAttributes\",\"elasticloadbalancing:DescribeSSLPolicies\",\"elasticloadbalancing:DescribeRules\",\"elasticloadbalancing:DescribeLoadBalancers\",\"elasticloadbalancing:DescribeLoadBalancerAttributes\",\"elasticloadbalancing:DescribeListeners\",\"elasticloadbalancing:DescribeListenerCertificates\",\"ec2:GetCoipPoolUsage\",\"ec2:DescribeVpcs\",\"ec2:DescribeVpcPeeringConnections\",\"ec2:DescribeTags\",\"ec2:DescribeSubnets\",\"ec2:DescribeSecurityGroups\",\"ec2:DescribeNetworkInterfaces\",\"ec2:DescribeInternetGateways\",\"ec2:DescribeInstances\",\"ec2:DescribeCoipPools\",\"ec2:DescribeAvailabilityZones\",\"ec2:DescribeAddresses\",\"ec2:DescribeAccountAttributes\"],\"Effect\":\"Allow\",\"Resource\":\"*\",\"Sid\":\"AllowGetResources\"},{\"Action\":[\"elasticloadbalancing:SetSubnets\",\"elasticloadbalancing:SetSecurityGroups\",\"elasticloadbalancing:SetIpAddressType\",\"elasticloadbalancing:RemoveTags\",\"elasticloadbalancing:ModifyLoadBalancerAttributes\",\"elasticloadbalancing:DeleteTargetGroup\",\"elasticloadbalancing:DeleteLoadBalancer\",\"elasticloadbalancing:CreateLoadBalancer\",\"elasticloadbalancing:CreateListener\",\"elasticloadbalancing:AddTags\"],\"Effect\":\"Allow\",\"Resource\":[\"arn:aws:elasticloadbalancing:ap-northeast-1:733851053666:targetgroup/*/*\",\"arn:aws:elasticloadbalancing:ap-northeast-1:733851053666:loadbalancer/net/*/*\",\"arn:aws:elasticloadbalancing:ap-northeast-1:733851053666:loadbalancer/app/*/*\"],\"Sid\":\"AllowManageElbs\"},{\"Action\":[\"elasticloadbalancing:ModifyTargetGroupAttributes\",\"elasticloadbalancing:ModifyTargetGroup\",\"elasticloadbalancing:DeleteTargetGroup\",\"elasticloadbalancing:CreateTargetGroup\"],\"Effect\":\"Allow\",\"Resource\":\"arn:aws:elasticloadbalancing:ap-northeast-1:733851053666:targetgroup/*/*\",\"Sid\":\"AllowManageTargetGroup\"},{\"Action\":[\"elasticloadbalancing:RemoveListenerCertificates\",\"elasticloadbalancing:ModifyListener\",\"elasticloadbalancing:DeleteListener\",\"elasticloadbalancing:CreateRule\",\"elasticloadbalancing:AddListenerCertificates\"],\"Effect\":\"Allow\",\"Resource\":[\"arn:aws:elasticloadbalancing:ap-northeast-1:733851053666:listener/net/*/*/*\",\"arn:aws:elasticloadbalancing:ap-northeast-1:733851053666:listener/app/*/*/*\"],\"Sid\":\"AllowManageListeners\"},{\"Action\":[\"elasticloadbalancing:ModifyRule\",\"elasticloadbalancing:DeleteRule\"],\"Effect\":\"Allow\",\"Resource\":[\"arn:aws:elasticloadbalancing:ap-northeast-1:733851053666:listener-rule/net/*/*/*/*\",\"arn:aws:elasticloadbalancing:ap-northeast-1:733851053666:listener-rule/app/*/*/*/*\"],\"Sid\":\"AllowManageRules\"},{\"Action\":[\"elasticloadbalancing:RemoveTags\",\"elasticloadbalancing:AddTags\"],\"Effect\":\"Allow\",\"Resource\":[\"arn:aws:elasticloadbalancing:ap-northeast-1:733851053666:targetgroup/*/*\",\"arn:aws:elasticloadbalancing:ap-northeast-1:733851053666:loadbalancer/net/*/*\",\"arn:aws:elasticloadbalancing:ap-northeast-1:733851053666:loadbalancer/app/*/*\",\"arn:aws:elasticloadbalancing:ap-northeast-1:733851053666:listener/net/*/*/*\",\"arn:aws:elasticloadbalancing:ap-northeast-1:733851053666:listener/app/*/*/*\",\"arn:aws:elasticloadbalancing:ap-northeast-1:733851053666:listener-rule/net/*/*/*/*\",\"arn:aws:elasticloadbalancing:ap-northeast-1:733851053666:listener-rule/app/*/*/*/*\"],\"Sid\":\"AllowManageResourceTags\"},{\"Action\":[\"elasticloadbalancing:RegisterTargets\",\"elasticloadbalancing:DeregisterTargets\"],\"Effect\":\"Allow\",\"Resource\":\"arn:aws:elasticloadbalancing:ap-northeast-1:733851053666:targetgroup/*/*\",\"Sid\":\"AllowManageTargets\"},{\"Action\":[\"acm:ListCertificates\",\"acm:DescribeCertificate\"],\"Effect\":\"Allow\",\"Resource\":\"*\",\"Sid\":\"AllowGetCertificates\"},{\"Action\":\"cognito-idp:DescribeUserPoolClient\",\"Effect\":\"Allow\",\"Resource\":\"arn:aws:cognito-idp:ap-northeast-1:733851053666:userpool/*\",\"Sid\":\"AllowDescribeCognitoIdp\"},{\"Action\":[\"iam:ListServerCertificates\",\"iam:GetServerCertificate\"],\"Effect\":\"Allow\",\"Resource\":[\"arn:aws:iam::733851053666:server-certificate/*\",\"arn:aws:iam::733851053666:*\"],\"Sid\":\"AllowGetServerCertificates\"},{\"Action\":[\"shield:GetSubscriptionState\",\"shield:DescribeProtection\",\"shield:DeleteProtection\",\"shield:CreateProtection\"],\"Effect\":\"Allow\",\"Resource\":[\"arn:aws:shield::733851053666:protection/*\",\"arn:aws:shield::733851053666:*\"],\"Sid\":\"AllowShield\"},{\"Action\":[\"wafv2:GetWebACLForResource\",\"wafv2:GetWebACL\",\"wafv2:DisassociateWebACL\",\"wafv2:AssociateWebACL\",\"waf-regional:GetWebACLForResource\",\"waf-regional:GetWebACL\",\"waf-regional:DisassociateWebACL\",\"waf-regional:AssociateWebACL\",\"elasticloadbalancing:SetWebAcl\"],\"Effect\":\"Allow\",\"Resource\":[\"arn:aws:wafv2:ap-northeast-1:733851053666:*/webacl/*/*\",\"arn:aws:wafv2:ap-northeast-1:733851053666:*\",\"arn:aws:waf-regional:ap-northeast-1:733851053666:webacl/*\",\"arn:aws:waf-regional:ap-northeast-1:733851053666:*\",\"arn:aws:elasticloadbalancing:ap-northeast-1:733851053666:loadbalancer/app/*/*\",\"arn:aws:cognito-idp:ap-northeast-1:733851053666:userpool/*\",\"arn:aws:appsync:ap-northeast-1:733851053666:apis/*\",\"arn:aws:apigateway:ap-northeast-1::/restapis/*/stages/*\"],\"Sid\":\"AllowManageWebAcl\"},{\"Action\":[\"ec2:RevokeSecurityGroupIngress\",\"ec2:DeleteTags\",\"ec2:DeleteSecurityGroup\",\"ec2:CreateTags\",\"ec2:AuthorizeSecurityGroupIngress\"],\"Effect\":\"Allow\",\"Resource\":\"arn:aws:ec2:ap-northeast-1:733851053666:security-group/*\",\"Sid\":\"AllowManageSecurityGroups\"},{\"Action\":\"ec2:CreateSecurityGroup\",\"Effect\":\"Allow\",\"Resource\":[\"arn:aws:ec2:ap-northeast-1:733851053666:vpc/*\",\"arn:aws:ec2:ap-northeast-1:733851053666:security-group/*\"],\"Sid\":\"AllowCreateSecurityGroups\"}],\"Version\":\"2012-10-17\"}",
            "policy_id": "ANPA2VXHONZRM7ZINFWOF",
            "tags": {
              "Blueprint": "eks-tester",
              "GithubRepo": "github.com/aws-ia/terraform-aws-eks-blueprints"
            },
            "tags_all": {
              "Blueprint": "eks-tester",
              "GithubRepo": "github.com/aws-ia/terraform-aws-eks-blueprints"
            }
          },
          "sensitive_attributes": [],
          "private": "bnVsbA==",
          "dependencies": [
            "module.eks_blueprints_addons.data.aws_caller_identity.current",
            "module.eks_blueprints_addons.data.aws_iam_policy_document.aws_load_balancer_controller",
            "module.eks_blueprints_addons.data.aws_partition.current",
            "module.eks_blueprints_addons.data.aws_region.current",
            "module.eks_blueprints_addons.module.aws_load_balancer_controller.data.aws_iam_policy_document.this"
          ]
        }
      ]
    },
    {
      "module": "module.eks_blueprints_addons.module.aws_load_balancer_controller",
      "mode": "managed",
      "type": "aws_iam_role",
      "name": "this",
      "provider": "provider[\"registry.terraform.io/hashicorp/aws\"]",
      "instances": [
        {
          "index_key": 0,
          "schema_version": 0,
          "attributes": {
            "arn": "arn:aws:iam::733851053666:role/alb-controller-20230817060823883100000001",
            "assume_role_policy": "{\"Statement\":[{\"Action\":\"sts:AssumeRoleWithWebIdentity\",\"Condition\":{\"StringEquals\":{\"oidc.eks.ap-northeast-1.amazonaws.com/id/4CA4BFABAC808B4FDA51E5A12BC38BE2:aud\":\"sts.amazonaws.com\",\"oidc.eks.ap-northeast-1.amazonaws.com/id/4CA4BFABAC808B4FDA51E5A12BC38BE2:sub\":\"system:serviceaccount:kube-system:aws-load-balancer-controller-sa\"}},\"Effect\":\"Allow\",\"Principal\":{\"Federated\":\"arn:aws:iam::733851053666:oidc-provider/oidc.eks.ap-northeast-1.amazonaws.com/id/4CA4BFABAC808B4FDA51E5A12BC38BE2\"}}],\"Version\":\"2012-10-17\"}",
            "create_date": "2023-08-17T06:08:25Z",
            "description": "IRSA for aws-load-balancer-controller project",
            "force_detach_policies": true,
            "id": "alb-controller-20230817060823883100000001",
            "inline_policy": [],
            "managed_policy_arns": [
              "arn:aws:iam::733851053666:policy/alb-controller-20230817060823883500000002"
            ],
            "max_session_duration": 3600,
            "name": "alb-controller-20230817060823883100000001",
            "name_prefix": "alb-controller-",
            "path": "/",
            "permissions_boundary": null,
            "tags": {
              "Blueprint": "eks-tester",
              "GithubRepo": "github.com/aws-ia/terraform-aws-eks-blueprints"
            },
            "tags_all": {
              "Blueprint": "eks-tester",
              "GithubRepo": "github.com/aws-ia/terraform-aws-eks-blueprints"
            },
            "unique_id": "AROA2VXHONZRJ3IUDAASS"
          },
          "sensitive_attributes": [],
          "private": "bnVsbA==",
          "dependencies": [
            "data.aws_availability_zones.available",
            "module.eks.aws_cloudwatch_log_group.this",
            "module.eks.aws_eks_cluster.this",
            "module.eks.aws_iam_openid_connect_provider.oidc_provider",
            "module.eks.aws_iam_policy.cni_ipv6_policy",
            "module.eks.aws_iam_role.this",
            "module.eks.aws_iam_role_policy_attachment.this",
            "module.eks.aws_security_group.cluster",
            "module.eks.aws_security_group.node",
            "module.eks.aws_security_group_rule.cluster",
            "module.eks.aws_security_group_rule.node",
            "module.eks.data.aws_caller_identity.current",
            "module.eks.data.aws_iam_policy_document.assume_role_policy",
            "module.eks.data.aws_iam_policy_document.cni_ipv6_policy",
            "module.eks.data.aws_iam_session_context.current",
            "module.eks.data.aws_partition.current",
            "module.eks.data.tls_certificate.this",
            "module.eks.module.fargate_profile.aws_eks_fargate_profile.this",
            "module.eks.module.fargate_profile.aws_iam_role.this",
            "module.eks.module.fargate_profile.aws_iam_role_policy_attachment.additional",
            "module.eks.module.fargate_profile.aws_iam_role_policy_attachment.this",
            "module.eks.module.fargate_profile.data.aws_caller_identity.current",
            "module.eks.module.fargate_profile.data.aws_iam_policy_document.assume_role_policy",
            "module.eks.module.fargate_profile.data.aws_partition.current",
            "module.eks.module.kms.aws_kms_external_key.this",
            "module.eks.module.kms.aws_kms_key.this",
            "module.eks.module.kms.data.aws_caller_identity.current",
            "module.eks.module.kms.data.aws_iam_policy_document.this",
            "module.eks.module.kms.data.aws_partition.current",
            "module.eks.time_sleep.this",
            "module.eks_blueprints_addons.module.aws_load_balancer_controller.data.aws_caller_identity.current",
            "module.eks_blueprints_addons.module.aws_load_balancer_controller.data.aws_iam_policy_document.assume",
            "module.eks_blueprints_addons.module.aws_load_balancer_controller.data.aws_partition.current",
            "module.eks_blueprints_addons.time_sleep.this",
            "module.vpc.aws_subnet.private",
            "module.vpc.aws_vpc.this",
            "module.vpc.aws_vpc_ipv4_cidr_block_association.this"
          ]
        }
      ]
    },
    {
      "module": "module.eks_blueprints_addons.module.aws_load_balancer_controller",
      "mode": "managed",
      "type": "aws_iam_role_policy_attachment",
      "name": "this",
      "provider": "provider[\"registry.terraform.io/hashicorp/aws\"]",
      "instances": [
        {
          "index_key": 0,
          "schema_version": 0,
          "attributes": {
            "id": "alb-controller-20230817060823883100000001-20230817060826987300000003",
            "policy_arn": "arn:aws:iam::733851053666:policy/alb-controller-20230817060823883500000002",
            "role": "alb-controller-20230817060823883100000001"
          },
          "sensitive_attributes": [],
          "private": "bnVsbA==",
          "dependencies": [
            "data.aws_availability_zones.available",
            "module.eks.aws_cloudwatch_log_group.this",
            "module.eks.aws_eks_cluster.this",
            "module.eks.aws_iam_openid_connect_provider.oidc_provider",
            "module.eks.aws_iam_policy.cni_ipv6_policy",
            "module.eks.aws_iam_role.this",
            "module.eks.aws_iam_role_policy_attachment.this",
            "module.eks.aws_security_group.cluster",
            "module.eks.aws_security_group.node",
            "module.eks.aws_security_group_rule.cluster",
            "module.eks.aws_security_group_rule.node",
            "module.eks.data.aws_caller_identity.current",
            "module.eks.data.aws_iam_policy_document.assume_role_policy",
            "module.eks.data.aws_iam_policy_document.cni_ipv6_policy",
            "module.eks.data.aws_iam_session_context.current",
            "module.eks.data.aws_partition.current",
            "module.eks.data.tls_certificate.this",
            "module.eks.module.fargate_profile.aws_eks_fargate_profile.this",
            "module.eks.module.fargate_profile.aws_iam_role.this",
            "module.eks.module.fargate_profile.aws_iam_role_policy_attachment.additional",
            "module.eks.module.fargate_profile.aws_iam_role_policy_attachment.this",
            "module.eks.module.fargate_profile.data.aws_caller_identity.current",
            "module.eks.module.fargate_profile.data.aws_iam_policy_document.assume_role_policy",
            "module.eks.module.fargate_profile.data.aws_partition.current",
            "module.eks.module.kms.aws_kms_external_key.this",
            "module.eks.module.kms.aws_kms_key.this",
            "module.eks.module.kms.data.aws_caller_identity.current",
            "module.eks.module.kms.data.aws_iam_policy_document.this",
            "module.eks.module.kms.data.aws_partition.current",
            "module.eks.time_sleep.this",
            "module.eks_blueprints_addons.data.aws_caller_identity.current",
            "module.eks_blueprints_addons.data.aws_iam_policy_document.aws_load_balancer_controller",
            "module.eks_blueprints_addons.data.aws_partition.current",
            "module.eks_blueprints_addons.data.aws_region.current",
            "module.eks_blueprints_addons.module.aws_load_balancer_controller.aws_iam_policy.this",
            "module.eks_blueprints_addons.module.aws_load_balancer_controller.aws_iam_role.this",
            "module.eks_blueprints_addons.module.aws_load_balancer_controller.data.aws_caller_identity.current",
            "module.eks_blueprints_addons.module.aws_load_balancer_controller.data.aws_iam_policy_document.assume",
            "module.eks_blueprints_addons.module.aws_load_balancer_controller.data.aws_iam_policy_document.this",
            "module.eks_blueprints_addons.module.aws_load_balancer_controller.data.aws_partition.current",
            "module.eks_blueprints_addons.time_sleep.this",
            "module.vpc.aws_subnet.private",
            "module.vpc.aws_vpc.this",
            "module.vpc.aws_vpc_ipv4_cidr_block_association.this"
          ]
        }
      ]
    },
    {
      "module": "module.eks_blueprints_addons.module.aws_load_balancer_controller",
      "mode": "managed",
      "type": "helm_release",
      "name": "this",
      "provider": "provider[\"registry.terraform.io/hashicorp/helm\"]",
      "instances": [
        {
          "index_key": 0,
          "schema_version": 1,
          "attributes": {
            "atomic": false,
            "chart": "aws-load-balancer-controller",
            "cleanup_on_fail": false,
            "create_namespace": false,
            "dependency_update": false,
            "description": "A Helm chart to deploy aws-load-balancer-controller for ingress resources",
            "devel": null,
            "disable_crd_hooks": false,
            "disable_openapi_validation": false,
            "disable_webhooks": false,
            "force_update": false,
            "id": "aws-load-balancer-controller",
            "keyring": null,
            "lint": false,
            "manifest": null,
            "max_history": 0,
            "metadata": [
              {
                "app_version": "v2.5.4",
                "chart": "aws-load-balancer-controller",
                "name": "aws-load-balancer-controller",
                "namespace": "kube-system",
                "revision": 1,
                "values": "{\"clusterName\":\"eks-tester\",\"serviceAccount\":{\"annotations\":{\"eks.amazonaws.com/role-arn\":\"arn:aws:iam::733851053666:role/alb-controller-20230817060823883100000001\"},\"name\":\"aws-load-balancer-controller-sa\"}}",
                "version": "1.5.5"
              }
            ],
            "name": "aws-load-balancer-controller",
            "namespace": "kube-system",
            "pass_credentials": false,
            "postrender": [],
            "recreate_pods": false,
            "render_subchart_notes": true,
            "replace": false,
            "repository": "https://aws.github.io/eks-charts",
            "repository_ca_file": null,
            "repository_cert_file": null,
            "repository_key_file": null,
            "repository_password": null,
            "repository_username": null,
            "reset_values": false,
            "reuse_values": false,
            "set": [
              {
                "name": "clusterName",
                "type": "",
                "value": "eks-tester"
              },
              {
                "name": "serviceAccount.annotations.eks\\.amazonaws\\.com/role-arn",
                "type": "",
                "value": "arn:aws:iam::733851053666:role/alb-controller-20230817060823883100000001"
              },
              {
                "name": "serviceAccount.name",
                "type": "",
                "value": "aws-load-balancer-controller-sa"
              }
            ],
            "set_list": [],
            "set_sensitive": [],
            "skip_crds": false,
            "status": "deployed",
            "timeout": 300,
            "values": [],
            "verify": false,
            "version": "1.5.5",
            "wait": false,
            "wait_for_jobs": false
          },
          "sensitive_attributes": [],
          "private": "eyJzY2hlbWFfdmVyc2lvbiI6IjEifQ==",
          "dependencies": [
            "data.aws_availability_zones.available",
            "module.eks.aws_cloudwatch_log_group.this",
            "module.eks.aws_eks_cluster.this",
            "module.eks.aws_iam_openid_connect_provider.oidc_provider",
            "module.eks.aws_iam_policy.cni_ipv6_policy",
            "module.eks.aws_iam_role.this",
            "module.eks.aws_iam_role_policy_attachment.this",
            "module.eks.aws_security_group.cluster",
            "module.eks.aws_security_group.node",
            "module.eks.aws_security_group_rule.cluster",
            "module.eks.aws_security_group_rule.node",
            "module.eks.data.aws_caller_identity.current",
            "module.eks.data.aws_iam_policy_document.assume_role_policy",
            "module.eks.data.aws_iam_policy_document.cni_ipv6_policy",
            "module.eks.data.aws_iam_session_context.current",
            "module.eks.data.aws_partition.current",
            "module.eks.data.tls_certificate.this",
            "module.eks.module.fargate_profile.aws_eks_fargate_profile.this",
            "module.eks.module.fargate_profile.aws_iam_role.this",
            "module.eks.module.fargate_profile.aws_iam_role_policy_attachment.additional",
            "module.eks.module.fargate_profile.aws_iam_role_policy_attachment.this",
            "module.eks.module.fargate_profile.data.aws_caller_identity.current",
            "module.eks.module.fargate_profile.data.aws_iam_policy_document.assume_role_policy",
            "module.eks.module.fargate_profile.data.aws_partition.current",
            "module.eks.module.kms.aws_kms_external_key.this",
            "module.eks.module.kms.aws_kms_key.this",
            "module.eks.module.kms.data.aws_caller_identity.current",
            "module.eks.module.kms.data.aws_iam_policy_document.this",
            "module.eks.module.kms.data.aws_partition.current",
            "module.eks.time_sleep.this",
            "module.eks_blueprints_addons.module.aws_load_balancer_controller.aws_iam_role.this",
            "module.eks_blueprints_addons.module.aws_load_balancer_controller.data.aws_caller_identity.current",
            "module.eks_blueprints_addons.module.aws_load_balancer_controller.data.aws_iam_policy_document.assume",
            "module.eks_blueprints_addons.module.aws_load_balancer_controller.data.aws_partition.current",
            "module.eks_blueprints_addons.time_sleep.this",
            "module.vpc.aws_subnet.private",
            "module.vpc.aws_vpc.this",
            "module.vpc.aws_vpc_ipv4_cidr_block_association.this"
          ]
        }
      ]
    },
    {
      "module": "module.eks_blueprints_addons.module.aws_node_termination_handler",
      "mode": "data",
      "type": "aws_caller_identity",
      "name": "current",
      "provider": "provider[\"registry.terraform.io/hashicorp/aws\"]",
      "instances": [
        {
          "schema_version": 0,
          "attributes": {
            "account_id": "733851053666",
            "arn": "arn:aws:iam::733851053666:user/admin",
            "id": "733851053666",
            "user_id": "AIDA2VXHONZRJS2XSI5GL"
          },
          "sensitive_attributes": []
        }
      ]
    },
    {
      "module": "module.eks_blueprints_addons.module.aws_node_termination_handler",
      "mode": "data",
      "type": "aws_partition",
      "name": "current",
      "provider": "provider[\"registry.terraform.io/hashicorp/aws\"]",
      "instances": [
        {
          "schema_version": 0,
          "attributes": {
            "dns_suffix": "amazonaws.com",
            "id": "aws",
            "partition": "aws",
            "reverse_dns_prefix": "com.amazonaws"
          },
          "sensitive_attributes": []
        }
      ]
    },
    {
      "module": "module.eks_blueprints_addons.module.aws_node_termination_handler",
      "mode": "managed",
      "type": "aws_iam_policy",
      "name": "this",
      "provider": "provider[\"registry.terraform.io/hashicorp/aws\"]",
      "instances": []
    },
    {
      "module": "module.eks_blueprints_addons.module.aws_node_termination_handler",
      "mode": "managed",
      "type": "aws_iam_role",
      "name": "this",
      "provider": "provider[\"registry.terraform.io/hashicorp/aws\"]",
      "instances": []
    },
    {
      "module": "module.eks_blueprints_addons.module.aws_node_termination_handler",
      "mode": "managed",
      "type": "helm_release",
      "name": "this",
      "provider": "provider[\"registry.terraform.io/hashicorp/helm\"]",
      "instances": []
    },
    {
      "module": "module.eks_blueprints_addons.module.aws_node_termination_handler_sqs",
      "mode": "managed",
      "type": "aws_sqs_queue",
      "name": "dlq",
      "provider": "provider[\"registry.terraform.io/hashicorp/aws\"]",
      "instances": []
    },
    {
      "module": "module.eks_blueprints_addons.module.aws_node_termination_handler_sqs",
      "mode": "managed",
      "type": "aws_sqs_queue",
      "name": "this",
      "provider": "provider[\"registry.terraform.io/hashicorp/aws\"]",
      "instances": []
    },
    {
      "module": "module.eks_blueprints_addons.module.aws_privateca_issuer",
      "mode": "data",
      "type": "aws_caller_identity",
      "name": "current",
      "provider": "provider[\"registry.terraform.io/hashicorp/aws\"]",
      "instances": [
        {
          "schema_version": 0,
          "attributes": {
            "account_id": "733851053666",
            "arn": "arn:aws:iam::733851053666:user/admin",
            "id": "733851053666",
            "user_id": "AIDA2VXHONZRJS2XSI5GL"
          },
          "sensitive_attributes": []
        }
      ]
    },
    {
      "module": "module.eks_blueprints_addons.module.aws_privateca_issuer",
      "mode": "data",
      "type": "aws_partition",
      "name": "current",
      "provider": "provider[\"registry.terraform.io/hashicorp/aws\"]",
      "instances": [
        {
          "schema_version": 0,
          "attributes": {
            "dns_suffix": "amazonaws.com",
            "id": "aws",
            "partition": "aws",
            "reverse_dns_prefix": "com.amazonaws"
          },
          "sensitive_attributes": []
        }
      ]
    },
    {
      "module": "module.eks_blueprints_addons.module.aws_privateca_issuer",
      "mode": "managed",
      "type": "aws_iam_policy",
      "name": "this",
      "provider": "provider[\"registry.terraform.io/hashicorp/aws\"]",
      "instances": []
    },
    {
      "module": "module.eks_blueprints_addons.module.aws_privateca_issuer",
      "mode": "managed",
      "type": "aws_iam_role",
      "name": "this",
      "provider": "provider[\"registry.terraform.io/hashicorp/aws\"]",
      "instances": []
    },
    {
      "module": "module.eks_blueprints_addons.module.aws_privateca_issuer",
      "mode": "managed",
      "type": "helm_release",
      "name": "this",
      "provider": "provider[\"registry.terraform.io/hashicorp/helm\"]",
      "instances": []
    },
    {
      "module": "module.eks_blueprints_addons.module.cert_manager",
      "mode": "data",
      "type": "aws_caller_identity",
      "name": "current",
      "provider": "provider[\"registry.terraform.io/hashicorp/aws\"]",
      "instances": [
        {
          "schema_version": 0,
          "attributes": {
            "account_id": "733851053666",
            "arn": "arn:aws:iam::733851053666:user/admin",
            "id": "733851053666",
            "user_id": "AIDA2VXHONZRJS2XSI5GL"
          },
          "sensitive_attributes": []
        }
      ]
    },
    {
      "module": "module.eks_blueprints_addons.module.cert_manager",
      "mode": "data",
      "type": "aws_partition",
      "name": "current",
      "provider": "provider[\"registry.terraform.io/hashicorp/aws\"]",
      "instances": [
        {
          "schema_version": 0,
          "attributes": {
            "dns_suffix": "amazonaws.com",
            "id": "aws",
            "partition": "aws",
            "reverse_dns_prefix": "com.amazonaws"
          },
          "sensitive_attributes": []
        }
      ]
    },
    {
      "module": "module.eks_blueprints_addons.module.cert_manager",
      "mode": "managed",
      "type": "aws_iam_policy",
      "name": "this",
      "provider": "provider[\"registry.terraform.io/hashicorp/aws\"]",
      "instances": []
    },
    {
      "module": "module.eks_blueprints_addons.module.cert_manager",
      "mode": "managed",
      "type": "aws_iam_role",
      "name": "this",
      "provider": "provider[\"registry.terraform.io/hashicorp/aws\"]",
      "instances": []
    },
    {
      "module": "module.eks_blueprints_addons.module.cert_manager",
      "mode": "managed",
      "type": "helm_release",
      "name": "this",
      "provider": "provider[\"registry.terraform.io/hashicorp/helm\"]",
      "instances": []
    },
    {
      "module": "module.eks_blueprints_addons.module.cluster_autoscaler",
      "mode": "data",
      "type": "aws_caller_identity",
      "name": "current",
      "provider": "provider[\"registry.terraform.io/hashicorp/aws\"]",
      "instances": [
        {
          "schema_version": 0,
          "attributes": {
            "account_id": "733851053666",
            "arn": "arn:aws:iam::733851053666:user/admin",
            "id": "733851053666",
            "user_id": "AIDA2VXHONZRJS2XSI5GL"
          },
          "sensitive_attributes": []
        }
      ]
    },
    {
      "module": "module.eks_blueprints_addons.module.cluster_autoscaler",
      "mode": "data",
      "type": "aws_partition",
      "name": "current",
      "provider": "provider[\"registry.terraform.io/hashicorp/aws\"]",
      "instances": [
        {
          "schema_version": 0,
          "attributes": {
            "dns_suffix": "amazonaws.com",
            "id": "aws",
            "partition": "aws",
            "reverse_dns_prefix": "com.amazonaws"
          },
          "sensitive_attributes": []
        }
      ]
    },
    {
      "module": "module.eks_blueprints_addons.module.cluster_autoscaler",
      "mode": "managed",
      "type": "aws_iam_policy",
      "name": "this",
      "provider": "provider[\"registry.terraform.io/hashicorp/aws\"]",
      "instances": []
    },
    {
      "module": "module.eks_blueprints_addons.module.cluster_autoscaler",
      "mode": "managed",
      "type": "aws_iam_role",
      "name": "this",
      "provider": "provider[\"registry.terraform.io/hashicorp/aws\"]",
      "instances": []
    },
    {
      "module": "module.eks_blueprints_addons.module.cluster_autoscaler",
      "mode": "managed",
      "type": "helm_release",
      "name": "this",
      "provider": "provider[\"registry.terraform.io/hashicorp/helm\"]",
      "instances": []
    },
    {
      "module": "module.eks_blueprints_addons.module.cluster_proportional_autoscaler",
      "mode": "data",
      "type": "aws_caller_identity",
      "name": "current",
      "provider": "provider[\"registry.terraform.io/hashicorp/aws\"]",
      "instances": [
        {
          "schema_version": 0,
          "attributes": {
            "account_id": "733851053666",
            "arn": "arn:aws:iam::733851053666:user/admin",
            "id": "733851053666",
            "user_id": "AIDA2VXHONZRJS2XSI5GL"
          },
          "sensitive_attributes": []
        }
      ]
    },
    {
      "module": "module.eks_blueprints_addons.module.cluster_proportional_autoscaler",
      "mode": "data",
      "type": "aws_partition",
      "name": "current",
      "provider": "provider[\"registry.terraform.io/hashicorp/aws\"]",
      "instances": [
        {
          "schema_version": 0,
          "attributes": {
            "dns_suffix": "amazonaws.com",
            "id": "aws",
            "partition": "aws",
            "reverse_dns_prefix": "com.amazonaws"
          },
          "sensitive_attributes": []
        }
      ]
    },
    {
      "module": "module.eks_blueprints_addons.module.cluster_proportional_autoscaler",
      "mode": "managed",
      "type": "aws_iam_policy",
      "name": "this",
      "provider": "provider[\"registry.terraform.io/hashicorp/aws\"]",
      "instances": []
    },
    {
      "module": "module.eks_blueprints_addons.module.cluster_proportional_autoscaler",
      "mode": "managed",
      "type": "aws_iam_role",
      "name": "this",
      "provider": "provider[\"registry.terraform.io/hashicorp/aws\"]",
      "instances": []
    },
    {
      "module": "module.eks_blueprints_addons.module.cluster_proportional_autoscaler",
      "mode": "managed",
      "type": "helm_release",
      "name": "this",
      "provider": "provider[\"registry.terraform.io/hashicorp/helm\"]",
      "instances": []
    },
    {
      "module": "module.eks_blueprints_addons.module.external_dns",
      "mode": "data",
      "type": "aws_caller_identity",
      "name": "current",
      "provider": "provider[\"registry.terraform.io/hashicorp/aws\"]",
      "instances": [
        {
          "schema_version": 0,
          "attributes": {
            "account_id": "733851053666",
            "arn": "arn:aws:iam::733851053666:user/admin",
            "id": "733851053666",
            "user_id": "AIDA2VXHONZRJS2XSI5GL"
          },
          "sensitive_attributes": []
        }
      ]
    },
    {
      "module": "module.eks_blueprints_addons.module.external_dns",
      "mode": "data",
      "type": "aws_partition",
      "name": "current",
      "provider": "provider[\"registry.terraform.io/hashicorp/aws\"]",
      "instances": [
        {
          "schema_version": 0,
          "attributes": {
            "dns_suffix": "amazonaws.com",
            "id": "aws",
            "partition": "aws",
            "reverse_dns_prefix": "com.amazonaws"
          },
          "sensitive_attributes": []
        }
      ]
    },
    {
      "module": "module.eks_blueprints_addons.module.external_dns",
      "mode": "managed",
      "type": "aws_iam_policy",
      "name": "this",
      "provider": "provider[\"registry.terraform.io/hashicorp/aws\"]",
      "instances": []
    },
    {
      "module": "module.eks_blueprints_addons.module.external_dns",
      "mode": "managed",
      "type": "aws_iam_role",
      "name": "this",
      "provider": "provider[\"registry.terraform.io/hashicorp/aws\"]",
      "instances": []
    },
    {
      "module": "module.eks_blueprints_addons.module.external_dns",
      "mode": "managed",
      "type": "helm_release",
      "name": "this",
      "provider": "provider[\"registry.terraform.io/hashicorp/helm\"]",
      "instances": []
    },
    {
      "module": "module.eks_blueprints_addons.module.external_secrets",
      "mode": "data",
      "type": "aws_caller_identity",
      "name": "current",
      "provider": "provider[\"registry.terraform.io/hashicorp/aws\"]",
      "instances": [
        {
          "schema_version": 0,
          "attributes": {
            "account_id": "733851053666",
            "arn": "arn:aws:iam::733851053666:user/admin",
            "id": "733851053666",
            "user_id": "AIDA2VXHONZRJS2XSI5GL"
          },
          "sensitive_attributes": []
        }
      ]
    },
    {
      "module": "module.eks_blueprints_addons.module.external_secrets",
      "mode": "data",
      "type": "aws_partition",
      "name": "current",
      "provider": "provider[\"registry.terraform.io/hashicorp/aws\"]",
      "instances": [
        {
          "schema_version": 0,
          "attributes": {
            "dns_suffix": "amazonaws.com",
            "id": "aws",
            "partition": "aws",
            "reverse_dns_prefix": "com.amazonaws"
          },
          "sensitive_attributes": []
        }
      ]
    },
    {
      "module": "module.eks_blueprints_addons.module.external_secrets",
      "mode": "managed",
      "type": "aws_iam_policy",
      "name": "this",
      "provider": "provider[\"registry.terraform.io/hashicorp/aws\"]",
      "instances": []
    },
    {
      "module": "module.eks_blueprints_addons.module.external_secrets",
      "mode": "managed",
      "type": "aws_iam_role",
      "name": "this",
      "provider": "provider[\"registry.terraform.io/hashicorp/aws\"]",
      "instances": []
    },
    {
      "module": "module.eks_blueprints_addons.module.external_secrets",
      "mode": "managed",
      "type": "helm_release",
      "name": "this",
      "provider": "provider[\"registry.terraform.io/hashicorp/helm\"]",
      "instances": []
    },
    {
      "module": "module.eks_blueprints_addons.module.gatekeeper",
      "mode": "data",
      "type": "aws_caller_identity",
      "name": "current",
      "provider": "provider[\"registry.terraform.io/hashicorp/aws\"]",
      "instances": [
        {
          "schema_version": 0,
          "attributes": {
            "account_id": "733851053666",
            "arn": "arn:aws:iam::733851053666:user/admin",
            "id": "733851053666",
            "user_id": "AIDA2VXHONZRJS2XSI5GL"
          },
          "sensitive_attributes": []
        }
      ]
    },
    {
      "module": "module.eks_blueprints_addons.module.gatekeeper",
      "mode": "data",
      "type": "aws_partition",
      "name": "current",
      "provider": "provider[\"registry.terraform.io/hashicorp/aws\"]",
      "instances": [
        {
          "schema_version": 0,
          "attributes": {
            "dns_suffix": "amazonaws.com",
            "id": "aws",
            "partition": "aws",
            "reverse_dns_prefix": "com.amazonaws"
          },
          "sensitive_attributes": []
        }
      ]
    },
    {
      "module": "module.eks_blueprints_addons.module.gatekeeper",
      "mode": "managed",
      "type": "aws_iam_policy",
      "name": "this",
      "provider": "provider[\"registry.terraform.io/hashicorp/aws\"]",
      "instances": []
    },
    {
      "module": "module.eks_blueprints_addons.module.gatekeeper",
      "mode": "managed",
      "type": "aws_iam_role",
      "name": "this",
      "provider": "provider[\"registry.terraform.io/hashicorp/aws\"]",
      "instances": []
    },
    {
      "module": "module.eks_blueprints_addons.module.gatekeeper",
      "mode": "managed",
      "type": "helm_release",
      "name": "this",
      "provider": "provider[\"registry.terraform.io/hashicorp/helm\"]",
      "instances": []
    },
    {
      "module": "module.eks_blueprints_addons.module.ingress_nginx",
      "mode": "data",
      "type": "aws_caller_identity",
      "name": "current",
      "provider": "provider[\"registry.terraform.io/hashicorp/aws\"]",
      "instances": [
        {
          "schema_version": 0,
          "attributes": {
            "account_id": "733851053666",
            "arn": "arn:aws:iam::733851053666:user/admin",
            "id": "733851053666",
            "user_id": "AIDA2VXHONZRJS2XSI5GL"
          },
          "sensitive_attributes": []
        }
      ]
    },
    {
      "module": "module.eks_blueprints_addons.module.ingress_nginx",
      "mode": "data",
      "type": "aws_partition",
      "name": "current",
      "provider": "provider[\"registry.terraform.io/hashicorp/aws\"]",
      "instances": [
        {
          "schema_version": 0,
          "attributes": {
            "dns_suffix": "amazonaws.com",
            "id": "aws",
            "partition": "aws",
            "reverse_dns_prefix": "com.amazonaws"
          },
          "sensitive_attributes": []
        }
      ]
    },
    {
      "module": "module.eks_blueprints_addons.module.ingress_nginx",
      "mode": "managed",
      "type": "aws_iam_policy",
      "name": "this",
      "provider": "provider[\"registry.terraform.io/hashicorp/aws\"]",
      "instances": []
    },
    {
      "module": "module.eks_blueprints_addons.module.ingress_nginx",
      "mode": "managed",
      "type": "aws_iam_role",
      "name": "this",
      "provider": "provider[\"registry.terraform.io/hashicorp/aws\"]",
      "instances": []
    },
    {
      "module": "module.eks_blueprints_addons.module.ingress_nginx",
      "mode": "managed",
      "type": "helm_release",
      "name": "this",
      "provider": "provider[\"registry.terraform.io/hashicorp/helm\"]",
      "instances": []
    },
    {
      "module": "module.eks_blueprints_addons.module.karpenter",
      "mode": "data",
      "type": "aws_caller_identity",
      "name": "current",
      "provider": "provider[\"registry.terraform.io/hashicorp/aws\"]",
      "instances": [
        {
          "schema_version": 0,
          "attributes": {
            "account_id": "733851053666",
            "arn": "arn:aws:iam::733851053666:user/admin",
            "id": "733851053666",
            "user_id": "AIDA2VXHONZRJS2XSI5GL"
          },
          "sensitive_attributes": []
        }
      ]
    },
    {
      "module": "module.eks_blueprints_addons.module.karpenter",
      "mode": "data",
      "type": "aws_iam_policy_document",
      "name": "assume",
      "provider": "provider[\"registry.terraform.io/hashicorp/aws\"]",
      "instances": [
        {
          "index_key": 0,
          "schema_version": 0,
          "attributes": {
            "id": "3943617605",
            "json": "{\n  \"Version\": \"2012-10-17\",\n  \"Statement\": [\n    {\n      \"Effect\": \"Allow\",\n      \"Action\": \"sts:AssumeRoleWithWebIdentity\",\n      \"Principal\": {\n        \"Federated\": \"arn:aws:iam::733851053666:oidc-provider/oidc.eks.ap-northeast-1.amazonaws.com/id/4CA4BFABAC808B4FDA51E5A12BC38BE2\"\n      },\n      \"Condition\": {\n        \"StringEquals\": {\n          \"oidc.eks.ap-northeast-1.amazonaws.com/id/4CA4BFABAC808B4FDA51E5A12BC38BE2:aud\": \"sts.amazonaws.com\",\n          \"oidc.eks.ap-northeast-1.amazonaws.com/id/4CA4BFABAC808B4FDA51E5A12BC38BE2:sub\": \"system:serviceaccount:karpenter:karpenter\"\n        }\n      }\n    }\n  ]\n}",
            "override_policy_documents": null,
            "policy_id": null,
            "source_policy_documents": null,
            "statement": [
              {
                "actions": [
                  "sts:AssumeRoleWithWebIdentity"
                ],
                "condition": [
                  {
                    "test": "StringEquals",
                    "values": [
                      "sts.amazonaws.com"
                    ],
                    "variable": "oidc.eks.ap-northeast-1.amazonaws.com/id/4CA4BFABAC808B4FDA51E5A12BC38BE2:aud"
                  },
                  {
                    "test": "StringEquals",
                    "values": [
                      "system:serviceaccount:karpenter:karpenter"
                    ],
                    "variable": "oidc.eks.ap-northeast-1.amazonaws.com/id/4CA4BFABAC808B4FDA51E5A12BC38BE2:sub"
                  }
                ],
                "effect": "Allow",
                "not_actions": [],
                "not_principals": [],
                "not_resources": [],
                "principals": [
                  {
                    "identifiers": [
                      "arn:aws:iam::733851053666:oidc-provider/oidc.eks.ap-northeast-1.amazonaws.com/id/4CA4BFABAC808B4FDA51E5A12BC38BE2"
                    ],
                    "type": "Federated"
                  }
                ],
                "resources": [],
                "sid": ""
              }
            ],
            "version": "2012-10-17"
          },
          "sensitive_attributes": []
        }
      ]
    },
    {
      "module": "module.eks_blueprints_addons.module.karpenter",
      "mode": "data",
      "type": "aws_iam_policy_document",
      "name": "this",
      "provider": "provider[\"registry.terraform.io/hashicorp/aws\"]",
      "instances": [
        {
          "index_key": 0,
          "schema_version": 0,
          "attributes": {
            "id": "4036089992",
            "json": "{\n  \"Version\": \"2012-10-17\",\n  \"Statement\": [\n    {\n      \"Effect\": \"Allow\",\n      \"Action\": [\n        \"ec2:DescribeSubnets\",\n        \"ec2:DescribeSpotPriceHistory\",\n        \"ec2:DescribeSecurityGroups\",\n        \"ec2:DescribeLaunchTemplates\",\n        \"ec2:DescribeInstances\",\n        \"ec2:DescribeInstanceTypes\",\n        \"ec2:DescribeInstanceTypeOfferings\",\n        \"ec2:DescribeImages\",\n        \"ec2:DescribeAvailabilityZones\"\n      ],\n      \"Resource\": \"*\"\n    },\n    {\n      \"Effect\": \"Allow\",\n      \"Action\": [\n        \"ec2:RunInstances\",\n        \"ec2:DeleteLaunchTemplate\",\n        \"ec2:CreateTags\",\n        \"ec2:CreateLaunchTemplate\",\n        \"ec2:CreateFleet\"\n      ],\n      \"Resource\": [\n        \"arn:aws:ec2:ap-northeast-1::image/*\",\n        \"arn:aws:ec2:ap-northeast-1:733851053666:*\"\n      ]\n    },\n    {\n      \"Effect\": \"Allow\",\n      \"Action\": \"iam:PassRole\",\n      \"Resource\": \"arn:aws:iam::733851053666:role/karpenter-eks-tester-20230817054308933800000007\"\n    },\n    {\n      \"Effect\": \"Allow\",\n      \"Action\": \"pricing:GetProducts\",\n      \"Resource\": \"*\"\n    },\n    {\n      \"Effect\": \"Allow\",\n      \"Action\": \"ssm:GetParameter\",\n      \"Resource\": \"arn:aws:ssm:ap-northeast-1::parameter/*\"\n    },\n    {\n      \"Effect\": \"Allow\",\n      \"Action\": \"eks:DescribeCluster\",\n      \"Resource\": \"arn:aws:eks:*:733851053666:cluster/eks-tester\"\n    },\n    {\n      \"Effect\": \"Allow\",\n      \"Action\": \"ec2:TerminateInstances\",\n      \"Resource\": \"arn:aws:ec2:ap-northeast-1:733851053666:instance/*\",\n      \"Condition\": {\n        \"StringLike\": {\n          \"ec2:ResourceTag/Name\": [\n            \"*karpenter*\"\n          ]\n        }\n      }\n    },\n    {\n      \"Effect\": \"Allow\",\n      \"Action\": [\n        \"sqs:ReceiveMessage\",\n        \"sqs:GetQueueUrl\",\n        \"sqs:GetQueueAttributes\",\n        \"sqs:DeleteMessage\"\n      ],\n      \"Resource\": \"arn:aws:sqs:ap-northeast-1:733851053666:karpenter-eks-tester\"\n    }\n  ]\n}",
            "override_policy_documents": null,
            "policy_id": null,
            "source_policy_documents": [
              "{\n  \"Version\": \"2012-10-17\",\n  \"Statement\": [\n    {\n      \"Effect\": \"Allow\",\n      \"Action\": [\n        \"ec2:DescribeSubnets\",\n        \"ec2:DescribeSpotPriceHistory\",\n        \"ec2:DescribeSecurityGroups\",\n        \"ec2:DescribeLaunchTemplates\",\n        \"ec2:DescribeInstances\",\n        \"ec2:DescribeInstanceTypes\",\n        \"ec2:DescribeInstanceTypeOfferings\",\n        \"ec2:DescribeImages\",\n        \"ec2:DescribeAvailabilityZones\"\n      ],\n      \"Resource\": \"*\"\n    },\n    {\n      \"Effect\": \"Allow\",\n      \"Action\": [\n        \"ec2:RunInstances\",\n        \"ec2:DeleteLaunchTemplate\",\n        \"ec2:CreateTags\",\n        \"ec2:CreateLaunchTemplate\",\n        \"ec2:CreateFleet\"\n      ],\n      \"Resource\": [\n        \"arn:aws:ec2:ap-northeast-1::image/*\",\n        \"arn:aws:ec2:ap-northeast-1:733851053666:*\"\n      ]\n    },\n    {\n      \"Effect\": \"Allow\",\n      \"Action\": \"iam:PassRole\",\n      \"Resource\": \"arn:aws:iam::733851053666:role/karpenter-eks-tester-20230817054308933800000007\"\n    },\n    {\n      \"Effect\": \"Allow\",\n      \"Action\": \"pricing:GetProducts\",\n      \"Resource\": \"*\"\n    },\n    {\n      \"Effect\": \"Allow\",\n      \"Action\": \"ssm:GetParameter\",\n      \"Resource\": \"arn:aws:ssm:ap-northeast-1::parameter/*\"\n    },\n    {\n      \"Effect\": \"Allow\",\n      \"Action\": \"eks:DescribeCluster\",\n      \"Resource\": \"arn:aws:eks:*:733851053666:cluster/eks-tester\"\n    },\n    {\n      \"Effect\": \"Allow\",\n      \"Action\": \"ec2:TerminateInstances\",\n      \"Resource\": \"arn:aws:ec2:ap-northeast-1:733851053666:instance/*\",\n      \"Condition\": {\n        \"StringLike\": {\n          \"ec2:ResourceTag/Name\": \"*karpenter*\"\n        }\n      }\n    },\n    {\n      \"Effect\": \"Allow\",\n      \"Action\": [\n        \"sqs:ReceiveMessage\",\n        \"sqs:GetQueueUrl\",\n        \"sqs:GetQueueAttributes\",\n        \"sqs:DeleteMessage\"\n      ],\n      \"Resource\": \"arn:aws:sqs:ap-northeast-1:733851053666:karpenter-eks-tester\"\n    }\n  ]\n}"
            ],
            "statement": null,
            "version": "2012-10-17"
          },
          "sensitive_attributes": []
        }
      ]
    },
    {
      "module": "module.eks_blueprints_addons.module.karpenter",
      "mode": "data",
      "type": "aws_partition",
      "name": "current",
      "provider": "provider[\"registry.terraform.io/hashicorp/aws\"]",
      "instances": [
        {
          "schema_version": 0,
          "attributes": {
            "dns_suffix": "amazonaws.com",
            "id": "aws",
            "partition": "aws",
            "reverse_dns_prefix": "com.amazonaws"
          },
          "sensitive_attributes": []
        }
      ]
    },
    {
      "module": "module.eks_blueprints_addons.module.karpenter",
      "mode": "managed",
      "type": "aws_iam_policy",
      "name": "this",
      "provider": "provider[\"registry.terraform.io/hashicorp/aws\"]",
      "instances": [
        {
          "index_key": 0,
          "schema_version": 0,
          "attributes": {
            "arn": "arn:aws:iam::733851053666:policy/karpenter-20230817054338762600000011",
            "description": "IAM Policy for karpenter",
            "id": "arn:aws:iam::733851053666:policy/karpenter-20230817054338762600000011",
            "name": "karpenter-20230817054338762600000011",
            "name_prefix": "karpenter-",
            "path": "/",
            "policy": "{\"Statement\":[{\"Action\":[\"ec2:DescribeSubnets\",\"ec2:DescribeSpotPriceHistory\",\"ec2:DescribeSecurityGroups\",\"ec2:DescribeLaunchTemplates\",\"ec2:DescribeInstances\",\"ec2:DescribeInstanceTypes\",\"ec2:DescribeInstanceTypeOfferings\",\"ec2:DescribeImages\",\"ec2:DescribeAvailabilityZones\"],\"Effect\":\"Allow\",\"Resource\":\"*\"},{\"Action\":[\"ec2:RunInstances\",\"ec2:DeleteLaunchTemplate\",\"ec2:CreateTags\",\"ec2:CreateLaunchTemplate\",\"ec2:CreateFleet\"],\"Effect\":\"Allow\",\"Resource\":[\"arn:aws:ec2:ap-northeast-1::image/*\",\"arn:aws:ec2:ap-northeast-1:733851053666:*\"]},{\"Action\":\"iam:PassRole\",\"Effect\":\"Allow\",\"Resource\":\"arn:aws:iam::733851053666:role/karpenter-eks-tester-20230817054308933800000007\"},{\"Action\":\"pricing:GetProducts\",\"Effect\":\"Allow\",\"Resource\":\"*\"},{\"Action\":\"ssm:GetParameter\",\"Effect\":\"Allow\",\"Resource\":\"arn:aws:ssm:ap-northeast-1::parameter/*\"},{\"Action\":\"eks:DescribeCluster\",\"Effect\":\"Allow\",\"Resource\":\"arn:aws:eks:*:733851053666:cluster/eks-tester\"},{\"Action\":\"ec2:TerminateInstances\",\"Condition\":{\"StringLike\":{\"ec2:ResourceTag/Name\":[\"*karpenter*\"]}},\"Effect\":\"Allow\",\"Resource\":\"arn:aws:ec2:ap-northeast-1:733851053666:instance/*\"},{\"Action\":[\"sqs:ReceiveMessage\",\"sqs:GetQueueUrl\",\"sqs:GetQueueAttributes\",\"sqs:DeleteMessage\"],\"Effect\":\"Allow\",\"Resource\":\"arn:aws:sqs:ap-northeast-1:733851053666:karpenter-eks-tester\"}],\"Version\":\"2012-10-17\"}",
            "policy_id": "ANPA2VXHONZRA4OSZFW7B",
            "tags": {
              "Blueprint": "eks-tester",
              "GithubRepo": "github.com/aws-ia/terraform-aws-eks-blueprints"
            },
            "tags_all": {
              "Blueprint": "eks-tester",
              "GithubRepo": "github.com/aws-ia/terraform-aws-eks-blueprints"
            }
          },
          "sensitive_attributes": [],
          "private": "bnVsbA==",
          "dependencies": [
            "data.aws_availability_zones.available",
            "data.aws_ecrpublic_authorization_token.token",
            "module.eks.aws_cloudwatch_log_group.this",
            "module.eks.aws_eks_cluster.this",
            "module.eks.aws_iam_policy.cni_ipv6_policy",
            "module.eks.aws_iam_role.this",
            "module.eks.aws_iam_role_policy_attachment.this",
            "module.eks.aws_security_group.cluster",
            "module.eks.aws_security_group.node",
            "module.eks.aws_security_group_rule.cluster",
            "module.eks.aws_security_group_rule.node",
            "module.eks.data.aws_caller_identity.current",
            "module.eks.data.aws_iam_policy_document.assume_role_policy",
            "module.eks.data.aws_iam_policy_document.cni_ipv6_policy",
            "module.eks.data.aws_iam_session_context.current",
            "module.eks.data.aws_partition.current",
            "module.eks.module.kms.aws_kms_external_key.this",
            "module.eks.module.kms.aws_kms_key.this",
            "module.eks.module.kms.data.aws_caller_identity.current",
            "module.eks.module.kms.data.aws_iam_policy_document.this",
            "module.eks.module.kms.data.aws_partition.current",
            "module.eks_blueprints_addons.aws_iam_role.karpenter",
            "module.eks_blueprints_addons.data.aws_caller_identity.current",
            "module.eks_blueprints_addons.data.aws_iam_policy_document.karpenter",
            "module.eks_blueprints_addons.data.aws_iam_policy_document.karpenter_assume_role",
            "module.eks_blueprints_addons.data.aws_partition.current",
            "module.eks_blueprints_addons.data.aws_region.current",
            "module.eks_blueprints_addons.module.karpenter.data.aws_iam_policy_document.this",
            "module.eks_blueprints_addons.module.karpenter_sqs.aws_sqs_queue.this",
            "module.vpc.aws_subnet.private",
            "module.vpc.aws_vpc.this",
            "module.vpc.aws_vpc_ipv4_cidr_block_association.this"
          ]
        }
      ]
    },
    {
      "module": "module.eks_blueprints_addons.module.karpenter",
      "mode": "managed",
      "type": "aws_iam_role",
      "name": "this",
      "provider": "provider[\"registry.terraform.io/hashicorp/aws\"]",
      "instances": [
        {
          "index_key": 0,
          "schema_version": 0,
          "attributes": {
            "arn": "arn:aws:iam::733851053666:role/karpenter-2023081702264678910000001e",
            "assume_role_policy": "{\"Statement\":[{\"Action\":\"sts:AssumeRoleWithWebIdentity\",\"Condition\":{\"StringEquals\":{\"oidc.eks.ap-northeast-1.amazonaws.com/id/4CA4BFABAC808B4FDA51E5A12BC38BE2:aud\":\"sts.amazonaws.com\",\"oidc.eks.ap-northeast-1.amazonaws.com/id/4CA4BFABAC808B4FDA51E5A12BC38BE2:sub\":\"system:serviceaccount:karpenter:karpenter\"}},\"Effect\":\"Allow\",\"Principal\":{\"Federated\":\"arn:aws:iam::733851053666:oidc-provider/oidc.eks.ap-northeast-1.amazonaws.com/id/4CA4BFABAC808B4FDA51E5A12BC38BE2\"}}],\"Version\":\"2012-10-17\"}",
            "create_date": "2023-08-17T02:26:47Z",
            "description": "IRSA for Karpenter",
            "force_detach_policies": true,
            "id": "karpenter-2023081702264678910000001e",
            "inline_policy": [],
            "managed_policy_arns": [
              "arn:aws:iam::733851053666:policy/karpenter-20230817054338762600000011",
              "arn:aws:iam::aws:policy/AmazonEC2FullAccess"
            ],
            "max_session_duration": 3600,
            "name": "karpenter-2023081702264678910000001e",
            "name_prefix": "karpenter-",
            "path": "/",
            "permissions_boundary": null,
            "tags": {
              "Blueprint": "eks-tester",
              "GithubRepo": "github.com/aws-ia/terraform-aws-eks-blueprints"
            },
            "tags_all": {
              "Blueprint": "eks-tester",
              "GithubRepo": "github.com/aws-ia/terraform-aws-eks-blueprints"
            },
            "unique_id": "AROA2VXHONZRPJDDSQQNT"
          },
          "sensitive_attributes": [],
          "private": "bnVsbA==",
          "dependencies": [
            "data.aws_availability_zones.available",
            "data.aws_ecrpublic_authorization_token.token",
            "module.eks.aws_cloudwatch_log_group.this",
            "module.eks.aws_eks_cluster.this",
            "module.eks.aws_iam_openid_connect_provider.oidc_provider",
            "module.eks.aws_iam_policy.cni_ipv6_policy",
            "module.eks.aws_iam_role.this",
            "module.eks.aws_iam_role_policy_attachment.this",
            "module.eks.aws_security_group.cluster",
            "module.eks.aws_security_group.node",
            "module.eks.aws_security_group_rule.cluster",
            "module.eks.aws_security_group_rule.node",
            "module.eks.data.aws_caller_identity.current",
            "module.eks.data.aws_iam_policy_document.assume_role_policy",
            "module.eks.data.aws_iam_policy_document.cni_ipv6_policy",
            "module.eks.data.aws_iam_session_context.current",
            "module.eks.data.aws_partition.current",
            "module.eks.data.tls_certificate.this",
            "module.eks.module.fargate_profile.aws_eks_fargate_profile.this",
            "module.eks.module.fargate_profile.aws_iam_role.this",
            "module.eks.module.fargate_profile.aws_iam_role_policy_attachment.additional",
            "module.eks.module.fargate_profile.aws_iam_role_policy_attachment.this",
            "module.eks.module.fargate_profile.data.aws_caller_identity.current",
            "module.eks.module.fargate_profile.data.aws_iam_policy_document.assume_role_policy",
            "module.eks.module.fargate_profile.data.aws_partition.current",
            "module.eks.module.kms.aws_kms_external_key.this",
            "module.eks.module.kms.aws_kms_key.this",
            "module.eks.module.kms.data.aws_caller_identity.current",
            "module.eks.module.kms.data.aws_iam_policy_document.this",
            "module.eks.module.kms.data.aws_partition.current",
            "module.eks.time_sleep.this",
            "module.eks_blueprints_addons.module.karpenter.data.aws_caller_identity.current",
            "module.eks_blueprints_addons.module.karpenter.data.aws_iam_policy_document.assume",
            "module.eks_blueprints_addons.module.karpenter.data.aws_partition.current",
            "module.eks_blueprints_addons.time_sleep.this",
            "module.vpc.aws_subnet.private",
            "module.vpc.aws_vpc.this",
            "module.vpc.aws_vpc_ipv4_cidr_block_association.this"
          ]
        }
      ]
    },
    {
      "module": "module.eks_blueprints_addons.module.karpenter",
      "mode": "managed",
      "type": "aws_iam_role_policy_attachment",
      "name": "this",
      "provider": "provider[\"registry.terraform.io/hashicorp/aws\"]",
      "instances": [
        {
          "index_key": 0,
          "schema_version": 0,
          "attributes": {
            "id": "karpenter-2023081702264678910000001e-20230817054340142200000012",
            "policy_arn": "arn:aws:iam::733851053666:policy/karpenter-20230817054338762600000011",
            "role": "karpenter-2023081702264678910000001e"
          },
          "sensitive_attributes": [],
          "private": "bnVsbA==",
          "dependencies": [
            "data.aws_availability_zones.available",
            "data.aws_ecrpublic_authorization_token.token",
            "module.eks.aws_cloudwatch_log_group.this",
            "module.eks.aws_eks_cluster.this",
            "module.eks.aws_iam_openid_connect_provider.oidc_provider",
            "module.eks.aws_iam_policy.cni_ipv6_policy",
            "module.eks.aws_iam_role.this",
            "module.eks.aws_iam_role_policy_attachment.this",
            "module.eks.aws_security_group.cluster",
            "module.eks.aws_security_group.node",
            "module.eks.aws_security_group_rule.cluster",
            "module.eks.aws_security_group_rule.node",
            "module.eks.data.aws_caller_identity.current",
            "module.eks.data.aws_iam_policy_document.assume_role_policy",
            "module.eks.data.aws_iam_policy_document.cni_ipv6_policy",
            "module.eks.data.aws_iam_session_context.current",
            "module.eks.data.aws_partition.current",
            "module.eks.data.tls_certificate.this",
            "module.eks.module.fargate_profile.aws_eks_fargate_profile.this",
            "module.eks.module.fargate_profile.aws_iam_role.this",
            "module.eks.module.fargate_profile.aws_iam_role_policy_attachment.additional",
            "module.eks.module.fargate_profile.aws_iam_role_policy_attachment.this",
            "module.eks.module.fargate_profile.data.aws_caller_identity.current",
            "module.eks.module.fargate_profile.data.aws_iam_policy_document.assume_role_policy",
            "module.eks.module.fargate_profile.data.aws_partition.current",
            "module.eks.module.kms.aws_kms_external_key.this",
            "module.eks.module.kms.aws_kms_key.this",
            "module.eks.module.kms.data.aws_caller_identity.current",
            "module.eks.module.kms.data.aws_iam_policy_document.this",
            "module.eks.module.kms.data.aws_partition.current",
            "module.eks.time_sleep.this",
            "module.eks_blueprints_addons.aws_iam_role.karpenter",
            "module.eks_blueprints_addons.data.aws_caller_identity.current",
            "module.eks_blueprints_addons.data.aws_iam_policy_document.karpenter",
            "module.eks_blueprints_addons.data.aws_iam_policy_document.karpenter_assume_role",
            "module.eks_blueprints_addons.data.aws_partition.current",
            "module.eks_blueprints_addons.data.aws_region.current",
            "module.eks_blueprints_addons.module.karpenter.aws_iam_policy.this",
            "module.eks_blueprints_addons.module.karpenter.aws_iam_role.this",
            "module.eks_blueprints_addons.module.karpenter.data.aws_caller_identity.current",
            "module.eks_blueprints_addons.module.karpenter.data.aws_iam_policy_document.assume",
            "module.eks_blueprints_addons.module.karpenter.data.aws_iam_policy_document.this",
            "module.eks_blueprints_addons.module.karpenter.data.aws_partition.current",
            "module.eks_blueprints_addons.module.karpenter_sqs.aws_sqs_queue.this",
            "module.eks_blueprints_addons.time_sleep.this",
            "module.vpc.aws_subnet.private",
            "module.vpc.aws_vpc.this",
            "module.vpc.aws_vpc_ipv4_cidr_block_association.this"
          ]
        }
      ]
    },
    {
      "module": "module.eks_blueprints_addons.module.karpenter",
      "mode": "managed",
      "type": "helm_release",
      "name": "this",
      "provider": "provider[\"registry.terraform.io/hashicorp/helm\"]",
      "instances": [
        {
          "index_key": 0,
          "schema_version": 1,
          "attributes": {
            "atomic": false,
            "chart": "karpenter",
            "cleanup_on_fail": false,
            "create_namespace": true,
            "dependency_update": false,
            "description": "A Helm chart to deploy Karpenter",
            "devel": null,
            "disable_crd_hooks": false,
            "disable_openapi_validation": false,
            "disable_webhooks": false,
            "force_update": false,
            "id": "karpenter",
            "keyring": null,
            "lint": false,
            "manifest": null,
            "max_history": 0,
            "metadata": [
              {
                "app_version": "0.29.2",
                "chart": "karpenter",
                "name": "karpenter",
                "namespace": "karpenter",
                "revision": 4,
                "values": "{\"serviceAccount\":{\"annotations\":{\"eks.amazonaws.com/role-arn\":\"arn:aws:iam::733851053666:role/karpenter-2023081702264678910000001e\"},\"name\":\"karpenter\"},\"settings\":{\"aws\":{\"clusterEndpoint\":\"https://4CA4BFABAC808B4FDA51E5A12BC38BE2.gr7.ap-northeast-1.eks.amazonaws.com\",\"clusterName\":\"eks-tester\",\"defaultInstanceProfile\":\"karpenter-eks-tester-2023081705431194700000000c\",\"interruptionQueueName\":\"karpenter-eks-tester\"}}}",
                "version": "v0.29.2"
              }
            ],
            "name": "karpenter",
            "namespace": "karpenter",
            "pass_credentials": false,
            "postrender": [],
            "recreate_pods": false,
            "render_subchart_notes": true,
            "replace": false,
            "repository": "oci://public.ecr.aws/karpenter",
            "repository_ca_file": null,
            "repository_cert_file": null,
            "repository_key_file": null,
            "repository_password": "eyJwYXlsb2FkIjoiSXhvakhScGZqRnJVQUF2UlpOL0tVUkYzY1duUXliZlcwK3hHU3ZFNytOc0NXYVhKcW83VXNsNHZOUnJRTmVDNnp4NVVtWGlWSkpkbGh2RTRqamtCSEwxNnc4M2VmSCtQVEFXNXZhbDdBVlFMeUFHa1J1dHlGbndIdVVuRS84TVNSZ2kxSlFxM00rN01YOVhZa0VVZWlJMHd0bGpjUTVQWWozcExNWWhJdWM5Tkx5cmlaaGxtdHY5aDhPRWVOQk90bC94WXFxRndzR3ZIbWczWG15aFZjeHlXaWZFRWxsQlVJUnkrcnBqMEd5Q0ZabzZKMUl1MlVsRm9RdW9kOHZRZHgxMjhCSWZpai9kNWhYY2lycS9SYjduNExEVTFvVFBLR0o3WVVnT2xZWG5YbXJTbGR4Tll0b3pISXVrZnFQYUVaUHJMQmx1cmdzRGRNQmtnVkR3VWlsZUlmN28yVWdBMkEyVmtyNVVDdUVHYVQ4aVJ5ZWlaZUpVTHJ6RlBVcitMWjVYQStHQWRZYVRLQThvUUlYaitnaGlSUStvalpBWnNmaXVBQ1RQSVp6SVVodmU1SWFOMnAwcjNTSUdPTE5FYnJkOXc4WjhyVkhMVnJxVzhGSFlQbTltNUJLTmlMTmp0N05MVGIvcFdIM25waG5HdHUxN0s1UTVJczZaMnU0bEcrSVc1UWtoTEN1cmJLV1ZQSHE4dXlaSmUxdUdDaTlLYlYzZlg2RENHNE5acytDWndKR3l4TUFkUWNiNXdWMUVRS3pnQ2JtUTRFYnl4d3FpcG1XR21iYndxL3pWVXRSK2o2SXFJNmJpcm1KMndxMHhNQ2t1bGp4d0RiK3BIM3p3VFU4OVdRSVNTRHFFcUFwUUhtUFFWNDd0enRGUllUR05Tc1RrdFJERVNPcGJtMyt0UUkreXgvZlI4TzFpQk1XL3dsWFl6VTdBZnc1Q09WZk1HblBCMllnTm4zVk5ZNGdFZ3gwLzdZendERTdOU3pEbjFCZTNkcXluZktJRzZMVThPK2h5eWRTOEpNQXFKczdLOXNDZ0VRSVgxTVd0WlpMNmM5cktlMEFLNXZ6Y3h4V1VJOGV1enJBQ0JNREZXSzN2TWpESFNkdW1MVzBlV08yQTJPbWoyRzVVSy9oQm9hOUpmKysvYmhhclVWYlVLK0I0MXN6bGZYQkFpdkJFdU4zUG0wSWpRQWtiZ1NNTjZ2dzR0RXI5SGphZFJGVkVEOHVRUWtRcWJRcFdnakJVSWp3Nzdqam1MS0V0emF4VHo2YkEwb0trZ0VZRkVFMWFOYmxUMFNCSFZ3dWIxaUo1VzBPQnJ0NEwxanA1K2ZCb3hjUHdsMzU3QmFRN2ppVTZYRmdhejl0ZC9qT0Q3REJyOUQ2b2xhWXhOejM4b0Yrc1kiLCJkYXRha2V5IjoiZXlKUVJGZ2lPaUpXWjNKVFRWRkxRUzh3ZVVGU1dFWllhazVKTHpRdmFWVlZaR1l2TkV0aFFuWkxZekp5VjFobWMwUnRkRmMwTmtoMVNtcFROWHB3YldkUlN6TnhNelpITjBaWVJuaGlRbVpVVlRCbk1XMVBZM1ZRUkdwWFNVNHhVRnBLYm01VFVqZDFjSEkxYkhwclpFeE5NR0ZRVUM5NWRGcG1OQzh2WjB0dUswRllSVkpYY25remJWZG1PRUZ1YkZsV09YQnJXV050UVhscFFuUTRhMEoxWlZCTmJFRllZV2x1WlRGbFFWQkRMM2hPU3pOU0syWlBTa1pVZUhkVFMyZHdaMEp5TlZsTVNFSnhjbm94TkZCVmJuQkZaV3BTWWt4VFJHVlBaMHh5UjBWMGRqVjZhbEEwT0hsSGJISkJXRU5uYzNWUlp6a3laa3c1VlRCak5FcEhabTB4UlVOamEyWkNLM1JLTVM4MVFtOWlVa3BNT0ZkTGNDOURZMXBpZWxoM1FrVlNOME42UWxsa1oxSnlSbkJxUTNOTlNHdFJaR292Y1Vsb0wwVTNNbkZWZEhwelkxaEZMMUk0ZVRVNU9YcDZVblZNZDFOUGRsUTRiSGM5UFNJc0lrbEJSQ0k2SW1Sck9VRk5XaXRMSzJJM1ZWQlRWa2h0ZVhoUk4wZDJNRkZ4U1VFclNpOTFiSGxLVW01SWVrSjBZMVoxVmsxNVQxWjZPRkoyVFU5blNTOUNUWGRrVDJsMmFuWmhhVlZOYTNCclYwRkxSMHcyYmpORFlYVkNjRlo1UlVrM2IzQlVRV05vTVZGMVQwcHNSa050U3pKWk5TdFRRUzlDWVZaT2JFMWhhVWRGT0dwamQyWnhNM0EzUTFKdGIyMVhjMjQxVVdocWJrcE9UREZvUXpGMVYzRkdhMDFRZVc5alEySm1VRlZRYWxkNVNrTjNaRzByTlRoSk1sSlJaRWR3ZVhWeVRESkVXbEZoVm5jNVJrbHNORE5OVTBvMWRHNVFUVWxRSzJoUlVuQlhkVGMxVW1VMVIyVk1WalowY2tKWFIxcE1NalptTTFwdWQyUnVjMVJ0T0dwWWVVMHlOemx4WVRrd2VWWXhkV3BXYVRCU04xTkZNRmRaYVhOdmNqa3lVRlZJUjJaTmFsRmlVRVYzTVRFdlMySTRURWxSVUdScWFHaExhamt4TDBSNGVXSkpPR0YzVUdzMU1VOXZNWGROVlRNM2JWYzRhRWczUVQwOUluMD0iLCJ2ZXJzaW9uIjoiMyIsInR5cGUiOiJEQVRBX0tFWSIsImV4cGlyYXRpb24iOjE2OTI0NzkzMDV9",
            "repository_username": "AWS",
            "reset_values": false,
            "reuse_values": false,
            "set": [
              {
                "name": "serviceAccount.annotations.eks\\.amazonaws\\.com/role-arn",
                "type": "",
                "value": "arn:aws:iam::733851053666:role/karpenter-2023081702264678910000001e"
              },
              {
                "name": "serviceAccount.name",
                "type": "",
                "value": "karpenter"
              },
              {
                "name": "settings.aws.clusterEndpoint",
                "type": "",
                "value": "https://4CA4BFABAC808B4FDA51E5A12BC38BE2.gr7.ap-northeast-1.eks.amazonaws.com"
              },
              {
                "name": "settings.aws.clusterName",
                "type": "",
                "value": "eks-tester"
              },
              {
                "name": "settings.aws.defaultInstanceProfile",
                "type": "",
                "value": "karpenter-eks-tester-2023081705431194700000000c"
              },
              {
                "name": "settings.aws.interruptionQueueName",
                "type": "",
                "value": "karpenter-eks-tester"
              }
            ],
            "set_list": [],
            "set_sensitive": [],
            "skip_crds": false,
            "status": "deployed",
            "timeout": 300,
            "values": [],
            "verify": false,
            "version": "v0.29.2",
            "wait": false,
            "wait_for_jobs": false
          },
          "sensitive_attributes": [
            [
              {
                "type": "get_attr",
                "value": "repository_password"
              }
            ]
          ],
          "private": "eyJzY2hlbWFfdmVyc2lvbiI6IjEifQ==",
          "dependencies": [
            "data.aws_ecrpublic_authorization_token.token",
            "module.eks.aws_eks_cluster.this",
            "module.eks_blueprints_addons.aws_iam_instance_profile.karpenter",
            "module.eks_blueprints_addons.module.karpenter.aws_iam_role.this",
            "module.eks_blueprints_addons.module.karpenter_sqs.aws_sqs_queue.this",
            "module.eks_blueprints_addons.time_sleep.this"
          ]
        }
      ]
    },
    {
      "module": "module.eks_blueprints_addons.module.karpenter_sqs",
      "mode": "data",
      "type": "aws_iam_policy_document",
      "name": "this",
      "provider": "provider[\"registry.terraform.io/hashicorp/aws\"]",
      "instances": [
        {
          "index_key": 0,
          "schema_version": 0,
          "attributes": {
            "id": "2316057308",
            "json": "{\n  \"Version\": \"2012-10-17\",\n  \"Statement\": [\n    {\n      \"Sid\": \"SendEventsToQueue\",\n      \"Effect\": \"Allow\",\n      \"Action\": \"sqs:SendMessage\",\n      \"Resource\": \"arn:aws:sqs:ap-northeast-1:733851053666:karpenter-eks-tester\",\n      \"Principal\": {\n        \"Service\": [\n          \"sqs.amazonaws.com\",\n          \"events.amazonaws.com\"\n        ]\n      }\n    }\n  ]\n}",
            "override_policy_documents": null,
            "policy_id": null,
            "source_policy_documents": null,
            "statement": [
              {
                "actions": [
                  "sqs:SendMessage"
                ],
                "condition": [],
                "effect": "Allow",
                "not_actions": [],
                "not_principals": [],
                "not_resources": [],
                "principals": [
                  {
                    "identifiers": [
                      "events.amazonaws.com",
                      "sqs.amazonaws.com"
                    ],
                    "type": "Service"
                  }
                ],
                "resources": [
                  "arn:aws:sqs:ap-northeast-1:733851053666:karpenter-eks-tester"
                ],
                "sid": "SendEventsToQueue"
              }
            ],
            "version": "2012-10-17"
          },
          "sensitive_attributes": []
        }
      ]
    },
    {
      "module": "module.eks_blueprints_addons.module.karpenter_sqs",
      "mode": "managed",
      "type": "aws_sqs_queue",
      "name": "dlq",
      "provider": "provider[\"registry.terraform.io/hashicorp/aws\"]",
      "instances": []
    },
    {
      "module": "module.eks_blueprints_addons.module.karpenter_sqs",
      "mode": "managed",
      "type": "aws_sqs_queue",
      "name": "this",
      "provider": "provider[\"registry.terraform.io/hashicorp/aws\"]",
      "instances": [
        {
          "index_key": 0,
          "schema_version": 0,
          "attributes": {
            "arn": "arn:aws:sqs:ap-northeast-1:733851053666:karpenter-eks-tester",
            "content_based_deduplication": false,
            "deduplication_scope": "",
            "delay_seconds": 0,
            "fifo_queue": false,
            "fifo_throughput_limit": "",
            "id": "https://sqs.ap-northeast-1.amazonaws.com/733851053666/karpenter-eks-tester",
            "kms_data_key_reuse_period_seconds": 300,
            "kms_master_key_id": "",
            "max_message_size": 262144,
            "message_retention_seconds": 300,
            "name": "karpenter-eks-tester",
            "name_prefix": "",
            "policy": "{\"Statement\":[{\"Action\":\"sqs:SendMessage\",\"Effect\":\"Allow\",\"Principal\":{\"Service\":[\"sqs.amazonaws.com\",\"events.amazonaws.com\"]},\"Resource\":\"arn:aws:sqs:ap-northeast-1:733851053666:karpenter-eks-tester\",\"Sid\":\"SendEventsToQueue\"}],\"Version\":\"2012-10-17\"}",
            "receive_wait_time_seconds": 0,
            "redrive_allow_policy": "",
            "redrive_policy": "",
            "sqs_managed_sse_enabled": true,
            "tags": {
              "Blueprint": "eks-tester",
              "GithubRepo": "github.com/aws-ia/terraform-aws-eks-blueprints"
            },
            "tags_all": {
              "Blueprint": "eks-tester",
              "GithubRepo": "github.com/aws-ia/terraform-aws-eks-blueprints"
            },
            "url": "https://sqs.ap-northeast-1.amazonaws.com/733851053666/karpenter-eks-tester",
            "visibility_timeout_seconds": 30
          },
          "sensitive_attributes": [],
          "private": "bnVsbA==",
          "dependencies": [
            "data.aws_availability_zones.available",
            "module.eks.aws_cloudwatch_log_group.this",
            "module.eks.aws_eks_cluster.this",
            "module.eks.aws_iam_policy.cni_ipv6_policy",
            "module.eks.aws_iam_role.this",
            "module.eks.aws_iam_role_policy_attachment.this",
            "module.eks.aws_security_group.cluster",
            "module.eks.aws_security_group.node",
            "module.eks.aws_security_group_rule.cluster",
            "module.eks.aws_security_group_rule.node",
            "module.eks.data.aws_caller_identity.current",
            "module.eks.data.aws_iam_policy_document.assume_role_policy",
            "module.eks.data.aws_iam_policy_document.cni_ipv6_policy",
            "module.eks.data.aws_iam_session_context.current",
            "module.eks.data.aws_partition.current",
            "module.eks.module.kms.aws_kms_external_key.this",
            "module.eks.module.kms.aws_kms_key.this",
            "module.eks.module.kms.data.aws_caller_identity.current",
            "module.eks.module.kms.data.aws_iam_policy_document.this",
            "module.eks.module.kms.data.aws_partition.current",
            "module.vpc.aws_subnet.private",
            "module.vpc.aws_vpc.this",
            "module.vpc.aws_vpc_ipv4_cidr_block_association.this"
          ]
        }
      ]
    },
    {
      "module": "module.eks_blueprints_addons.module.karpenter_sqs",
      "mode": "managed",
      "type": "aws_sqs_queue_policy",
      "name": "this",
      "provider": "provider[\"registry.terraform.io/hashicorp/aws\"]",
      "instances": [
        {
          "index_key": 0,
          "schema_version": 1,
          "attributes": {
            "id": "https://sqs.ap-northeast-1.amazonaws.com/733851053666/karpenter-eks-tester",
            "policy": "{\"Statement\":[{\"Action\":\"sqs:SendMessage\",\"Effect\":\"Allow\",\"Principal\":{\"Service\":[\"sqs.amazonaws.com\",\"events.amazonaws.com\"]},\"Resource\":\"arn:aws:sqs:ap-northeast-1:733851053666:karpenter-eks-tester\",\"Sid\":\"SendEventsToQueue\"}],\"Version\":\"2012-10-17\"}",
            "queue_url": "https://sqs.ap-northeast-1.amazonaws.com/733851053666/karpenter-eks-tester"
          },
          "sensitive_attributes": [],
          "private": "eyJzY2hlbWFfdmVyc2lvbiI6IjEifQ==",
          "dependencies": [
            "data.aws_availability_zones.available",
            "module.eks.aws_cloudwatch_log_group.this",
            "module.eks.aws_eks_cluster.this",
            "module.eks.aws_iam_policy.cni_ipv6_policy",
            "module.eks.aws_iam_role.this",
            "module.eks.aws_iam_role_policy_attachment.this",
            "module.eks.aws_security_group.cluster",
            "module.eks.aws_security_group.node",
            "module.eks.aws_security_group_rule.cluster",
            "module.eks.aws_security_group_rule.node",
            "module.eks.data.aws_caller_identity.current",
            "module.eks.data.aws_iam_policy_document.assume_role_policy",
            "module.eks.data.aws_iam_policy_document.cni_ipv6_policy",
            "module.eks.data.aws_iam_session_context.current",
            "module.eks.data.aws_partition.current",
            "module.eks.module.kms.aws_kms_external_key.this",
            "module.eks.module.kms.aws_kms_key.this",
            "module.eks.module.kms.data.aws_caller_identity.current",
            "module.eks.module.kms.data.aws_iam_policy_document.this",
            "module.eks.module.kms.data.aws_partition.current",
            "module.eks_blueprints_addons.data.aws_partition.current",
            "module.eks_blueprints_addons.module.karpenter_sqs.aws_sqs_queue.this",
            "module.eks_blueprints_addons.module.karpenter_sqs.data.aws_iam_policy_document.this",
            "module.vpc.aws_subnet.private",
            "module.vpc.aws_vpc.this",
            "module.vpc.aws_vpc_ipv4_cidr_block_association.this"
          ]
        }
      ]
    },
    {
      "module": "module.eks_blueprints_addons.module.kube_prometheus_stack",
      "mode": "data",
      "type": "aws_caller_identity",
      "name": "current",
      "provider": "provider[\"registry.terraform.io/hashicorp/aws\"]",
      "instances": [
        {
          "schema_version": 0,
          "attributes": {
            "account_id": "733851053666",
            "arn": "arn:aws:iam::733851053666:user/admin",
            "id": "733851053666",
            "user_id": "AIDA2VXHONZRJS2XSI5GL"
          },
          "sensitive_attributes": []
        }
      ]
    },
    {
      "module": "module.eks_blueprints_addons.module.kube_prometheus_stack",
      "mode": "data",
      "type": "aws_partition",
      "name": "current",
      "provider": "provider[\"registry.terraform.io/hashicorp/aws\"]",
      "instances": [
        {
          "schema_version": 0,
          "attributes": {
            "dns_suffix": "amazonaws.com",
            "id": "aws",
            "partition": "aws",
            "reverse_dns_prefix": "com.amazonaws"
          },
          "sensitive_attributes": []
        }
      ]
    },
    {
      "module": "module.eks_blueprints_addons.module.kube_prometheus_stack",
      "mode": "managed",
      "type": "aws_iam_policy",
      "name": "this",
      "provider": "provider[\"registry.terraform.io/hashicorp/aws\"]",
      "instances": []
    },
    {
      "module": "module.eks_blueprints_addons.module.kube_prometheus_stack",
      "mode": "managed",
      "type": "aws_iam_role",
      "name": "this",
      "provider": "provider[\"registry.terraform.io/hashicorp/aws\"]",
      "instances": []
    },
    {
      "module": "module.eks_blueprints_addons.module.kube_prometheus_stack",
      "mode": "managed",
      "type": "helm_release",
      "name": "this",
      "provider": "provider[\"registry.terraform.io/hashicorp/helm\"]",
      "instances": []
    },
    {
      "module": "module.eks_blueprints_addons.module.metrics_server",
      "mode": "data",
      "type": "aws_caller_identity",
      "name": "current",
      "provider": "provider[\"registry.terraform.io/hashicorp/aws\"]",
      "instances": [
        {
          "schema_version": 0,
          "attributes": {
            "account_id": "733851053666",
            "arn": "arn:aws:iam::733851053666:user/admin",
            "id": "733851053666",
            "user_id": "AIDA2VXHONZRJS2XSI5GL"
          },
          "sensitive_attributes": []
        }
      ]
    },
    {
      "module": "module.eks_blueprints_addons.module.metrics_server",
      "mode": "data",
      "type": "aws_partition",
      "name": "current",
      "provider": "provider[\"registry.terraform.io/hashicorp/aws\"]",
      "instances": [
        {
          "schema_version": 0,
          "attributes": {
            "dns_suffix": "amazonaws.com",
            "id": "aws",
            "partition": "aws",
            "reverse_dns_prefix": "com.amazonaws"
          },
          "sensitive_attributes": []
        }
      ]
    },
    {
      "module": "module.eks_blueprints_addons.module.metrics_server",
      "mode": "managed",
      "type": "aws_iam_policy",
      "name": "this",
      "provider": "provider[\"registry.terraform.io/hashicorp/aws\"]",
      "instances": []
    },
    {
      "module": "module.eks_blueprints_addons.module.metrics_server",
      "mode": "managed",
      "type": "aws_iam_role",
      "name": "this",
      "provider": "provider[\"registry.terraform.io/hashicorp/aws\"]",
      "instances": []
    },
    {
      "module": "module.eks_blueprints_addons.module.metrics_server",
      "mode": "managed",
      "type": "helm_release",
      "name": "this",
      "provider": "provider[\"registry.terraform.io/hashicorp/helm\"]",
      "instances": []
    },
    {
      "module": "module.eks_blueprints_addons.module.secrets_store_csi_driver",
      "mode": "data",
      "type": "aws_caller_identity",
      "name": "current",
      "provider": "provider[\"registry.terraform.io/hashicorp/aws\"]",
      "instances": [
        {
          "schema_version": 0,
          "attributes": {
            "account_id": "733851053666",
            "arn": "arn:aws:iam::733851053666:user/admin",
            "id": "733851053666",
            "user_id": "AIDA2VXHONZRJS2XSI5GL"
          },
          "sensitive_attributes": []
        }
      ]
    },
    {
      "module": "module.eks_blueprints_addons.module.secrets_store_csi_driver",
      "mode": "data",
      "type": "aws_partition",
      "name": "current",
      "provider": "provider[\"registry.terraform.io/hashicorp/aws\"]",
      "instances": [
        {
          "schema_version": 0,
          "attributes": {
            "dns_suffix": "amazonaws.com",
            "id": "aws",
            "partition": "aws",
            "reverse_dns_prefix": "com.amazonaws"
          },
          "sensitive_attributes": []
        }
      ]
    },
    {
      "module": "module.eks_blueprints_addons.module.secrets_store_csi_driver",
      "mode": "managed",
      "type": "aws_iam_policy",
      "name": "this",
      "provider": "provider[\"registry.terraform.io/hashicorp/aws\"]",
      "instances": []
    },
    {
      "module": "module.eks_blueprints_addons.module.secrets_store_csi_driver",
      "mode": "managed",
      "type": "aws_iam_role",
      "name": "this",
      "provider": "provider[\"registry.terraform.io/hashicorp/aws\"]",
      "instances": []
    },
    {
      "module": "module.eks_blueprints_addons.module.secrets_store_csi_driver",
      "mode": "managed",
      "type": "helm_release",
      "name": "this",
      "provider": "provider[\"registry.terraform.io/hashicorp/helm\"]",
      "instances": []
    },
    {
      "module": "module.eks_blueprints_addons.module.secrets_store_csi_driver_provider_aws",
      "mode": "data",
      "type": "aws_caller_identity",
      "name": "current",
      "provider": "provider[\"registry.terraform.io/hashicorp/aws\"]",
      "instances": [
        {
          "schema_version": 0,
          "attributes": {
            "account_id": "733851053666",
            "arn": "arn:aws:iam::733851053666:user/admin",
            "id": "733851053666",
            "user_id": "AIDA2VXHONZRJS2XSI5GL"
          },
          "sensitive_attributes": []
        }
      ]
    },
    {
      "module": "module.eks_blueprints_addons.module.secrets_store_csi_driver_provider_aws",
      "mode": "data",
      "type": "aws_partition",
      "name": "current",
      "provider": "provider[\"registry.terraform.io/hashicorp/aws\"]",
      "instances": [
        {
          "schema_version": 0,
          "attributes": {
            "dns_suffix": "amazonaws.com",
            "id": "aws",
            "partition": "aws",
            "reverse_dns_prefix": "com.amazonaws"
          },
          "sensitive_attributes": []
        }
      ]
    },
    {
      "module": "module.eks_blueprints_addons.module.secrets_store_csi_driver_provider_aws",
      "mode": "managed",
      "type": "aws_iam_policy",
      "name": "this",
      "provider": "provider[\"registry.terraform.io/hashicorp/aws\"]",
      "instances": []
    },
    {
      "module": "module.eks_blueprints_addons.module.secrets_store_csi_driver_provider_aws",
      "mode": "managed",
      "type": "aws_iam_role",
      "name": "this",
      "provider": "provider[\"registry.terraform.io/hashicorp/aws\"]",
      "instances": []
    },
    {
      "module": "module.eks_blueprints_addons.module.secrets_store_csi_driver_provider_aws",
      "mode": "managed",
      "type": "helm_release",
      "name": "this",
      "provider": "provider[\"registry.terraform.io/hashicorp/helm\"]",
      "instances": []
    },
    {
      "module": "module.eks_blueprints_addons.module.velero",
      "mode": "data",
      "type": "aws_caller_identity",
      "name": "current",
      "provider": "provider[\"registry.terraform.io/hashicorp/aws\"]",
      "instances": [
        {
          "schema_version": 0,
          "attributes": {
            "account_id": "733851053666",
            "arn": "arn:aws:iam::733851053666:user/admin",
            "id": "733851053666",
            "user_id": "AIDA2VXHONZRJS2XSI5GL"
          },
          "sensitive_attributes": []
        }
      ]
    },
    {
      "module": "module.eks_blueprints_addons.module.velero",
      "mode": "data",
      "type": "aws_partition",
      "name": "current",
      "provider": "provider[\"registry.terraform.io/hashicorp/aws\"]",
      "instances": [
        {
          "schema_version": 0,
          "attributes": {
            "dns_suffix": "amazonaws.com",
            "id": "aws",
            "partition": "aws",
            "reverse_dns_prefix": "com.amazonaws"
          },
          "sensitive_attributes": []
        }
      ]
    },
    {
      "module": "module.eks_blueprints_addons.module.velero",
      "mode": "managed",
      "type": "aws_iam_policy",
      "name": "this",
      "provider": "provider[\"registry.terraform.io/hashicorp/aws\"]",
      "instances": []
    },
    {
      "module": "module.eks_blueprints_addons.module.velero",
      "mode": "managed",
      "type": "aws_iam_role",
      "name": "this",
      "provider": "provider[\"registry.terraform.io/hashicorp/aws\"]",
      "instances": []
    },
    {
      "module": "module.eks_blueprints_addons.module.velero",
      "mode": "managed",
      "type": "helm_release",
      "name": "this",
      "provider": "provider[\"registry.terraform.io/hashicorp/helm\"]",
      "instances": []
    },
    {
      "module": "module.eks_blueprints_addons.module.vpa",
      "mode": "data",
      "type": "aws_caller_identity",
      "name": "current",
      "provider": "provider[\"registry.terraform.io/hashicorp/aws\"]",
      "instances": [
        {
          "schema_version": 0,
          "attributes": {
            "account_id": "733851053666",
            "arn": "arn:aws:iam::733851053666:user/admin",
            "id": "733851053666",
            "user_id": "AIDA2VXHONZRJS2XSI5GL"
          },
          "sensitive_attributes": []
        }
      ]
    },
    {
      "module": "module.eks_blueprints_addons.module.vpa",
      "mode": "data",
      "type": "aws_partition",
      "name": "current",
      "provider": "provider[\"registry.terraform.io/hashicorp/aws\"]",
      "instances": [
        {
          "schema_version": 0,
          "attributes": {
            "dns_suffix": "amazonaws.com",
            "id": "aws",
            "partition": "aws",
            "reverse_dns_prefix": "com.amazonaws"
          },
          "sensitive_attributes": []
        }
      ]
    },
    {
      "module": "module.eks_blueprints_addons.module.vpa",
      "mode": "managed",
      "type": "aws_iam_policy",
      "name": "this",
      "provider": "provider[\"registry.terraform.io/hashicorp/aws\"]",
      "instances": []
    },
    {
      "module": "module.eks_blueprints_addons.module.vpa",
      "mode": "managed",
      "type": "aws_iam_role",
      "name": "this",
      "provider": "provider[\"registry.terraform.io/hashicorp/aws\"]",
      "instances": []
    },
    {
      "module": "module.eks_blueprints_addons.module.vpa",
      "mode": "managed",
      "type": "helm_release",
      "name": "this",
      "provider": "provider[\"registry.terraform.io/hashicorp/helm\"]",
      "instances": []
    },
    {
      "module": "module.vpc",
      "mode": "managed",
      "type": "aws_default_network_acl",
      "name": "this",
      "provider": "provider[\"registry.terraform.io/hashicorp/aws\"]",
      "instances": [
        {
          "index_key": 0,
          "schema_version": 0,
          "attributes": {
            "arn": "arn:aws:ec2:ap-northeast-1:733851053666:network-acl/acl-0d46b2001e71ec36a",
            "default_network_acl_id": "acl-0d46b2001e71ec36a",
            "egress": [
              {
                "action": "allow",
                "cidr_block": "",
                "from_port": 0,
                "icmp_code": 0,
                "icmp_type": 0,
                "ipv6_cidr_block": "::/0",
                "protocol": "-1",
                "rule_no": 101,
                "to_port": 0
              },
              {
                "action": "allow",
                "cidr_block": "0.0.0.0/0",
                "from_port": 0,
                "icmp_code": 0,
                "icmp_type": 0,
                "ipv6_cidr_block": "",
                "protocol": "-1",
                "rule_no": 100,
                "to_port": 0
              }
            ],
            "id": "acl-0d46b2001e71ec36a",
            "ingress": [
              {
                "action": "allow",
                "cidr_block": "",
                "from_port": 0,
                "icmp_code": 0,
                "icmp_type": 0,
                "ipv6_cidr_block": "::/0",
                "protocol": "-1",
                "rule_no": 101,
                "to_port": 0
              },
              {
                "action": "allow",
                "cidr_block": "0.0.0.0/0",
                "from_port": 0,
                "icmp_code": 0,
                "icmp_type": 0,
                "ipv6_cidr_block": "",
                "protocol": "-1",
                "rule_no": 100,
                "to_port": 0
              }
            ],
            "owner_id": "733851053666",
            "subnet_ids": [
              "subnet-00f1420cea5619168",
              "subnet-020ee6a321708b096",
              "subnet-0289ef3d5c8e02954",
              "subnet-040a3f288615d16aa",
              "subnet-069be001f07651479",
              "subnet-0d5f27b2d225e6038"
            ],
            "tags": {
              "Blueprint": "eks-tester",
              "GithubRepo": "github.com/aws-ia/terraform-aws-eks-blueprints",
              "Name": "eks-tester-default"
            },
            "tags_all": {
              "Blueprint": "eks-tester",
              "GithubRepo": "github.com/aws-ia/terraform-aws-eks-blueprints",
              "Name": "eks-tester-default"
            },
            "vpc_id": "vpc-0b185eb9d262c8f8e"
          },
          "sensitive_attributes": [],
          "private": "bnVsbA==",
          "dependencies": [
            "module.vpc.aws_vpc.this"
          ]
        }
      ]
    },
    {
      "module": "module.vpc",
      "mode": "managed",
      "type": "aws_default_route_table",
      "name": "default",
      "provider": "provider[\"registry.terraform.io/hashicorp/aws\"]",
      "instances": [
        {
          "index_key": 0,
          "schema_version": 0,
          "attributes": {
            "arn": "arn:aws:ec2:ap-northeast-1:733851053666:route-table/rtb-0e79c578c54f3ea18",
            "default_route_table_id": "rtb-0e79c578c54f3ea18",
            "id": "rtb-0e79c578c54f3ea18",
            "owner_id": "733851053666",
            "propagating_vgws": [],
            "route": [],
            "tags": {
              "Blueprint": "eks-tester",
              "GithubRepo": "github.com/aws-ia/terraform-aws-eks-blueprints",
              "Name": "eks-tester-default"
            },
            "tags_all": {
              "Blueprint": "eks-tester",
              "GithubRepo": "github.com/aws-ia/terraform-aws-eks-blueprints",
              "Name": "eks-tester-default"
            },
            "timeouts": {
              "create": "5m",
              "update": "5m"
            },
            "vpc_id": "vpc-0b185eb9d262c8f8e"
          },
          "sensitive_attributes": [],
          "private": "eyJlMmJmYjczMC1lY2FhLTExZTYtOGY4OC0zNDM2M2JjN2M0YzAiOnsiY3JlYXRlIjozMDAwMDAwMDAwMDAsInVwZGF0ZSI6MzAwMDAwMDAwMDAwfX0=",
          "dependencies": [
            "module.vpc.aws_vpc.this"
          ]
        }
      ]
    },
    {
      "module": "module.vpc",
      "mode": "managed",
      "type": "aws_default_security_group",
      "name": "this",
      "provider": "provider[\"registry.terraform.io/hashicorp/aws\"]",
      "instances": [
        {
          "index_key": 0,
          "schema_version": 1,
          "attributes": {
            "arn": "arn:aws:ec2:ap-northeast-1:733851053666:security-group/sg-036342c4899889388",
            "description": "default VPC security group",
            "egress": [
              {
                "cidr_blocks": [
                  "0.0.0.0/0"
                ],
                "description": "",
                "from_port": 0,
                "ipv6_cidr_blocks": [],
                "prefix_list_ids": [],
                "protocol": "-1",
                "security_groups": [],
                "self": false,
                "to_port": 0
              }
            ],
            "id": "sg-036342c4899889388",
            "ingress": [
              {
                "cidr_blocks": [
                  "10.0.0.0/16"
                ],
                "description": "",
                "from_port": 2049,
                "ipv6_cidr_blocks": [],
                "prefix_list_ids": [],
                "protocol": "tcp",
                "security_groups": [],
                "self": false,
                "to_port": 2049
              }
            ],
            "name": "default",
            "name_prefix": "",
            "owner_id": "733851053666",
            "revoke_rules_on_delete": false,
            "tags": {
              "Blueprint": "eks-tester",
              "GithubRepo": "github.com/aws-ia/terraform-aws-eks-blueprints",
              "Name": "eks-tester-default"
            },
            "tags_all": {
              "Blueprint": "eks-tester",
              "GithubRepo": "github.com/aws-ia/terraform-aws-eks-blueprints",
              "Name": "eks-tester-default"
            },
            "vpc_id": "vpc-0b185eb9d262c8f8e"
          },
          "sensitive_attributes": [],
          "private": "eyJzY2hlbWFfdmVyc2lvbiI6IjEifQ==",
          "dependencies": [
            "module.vpc.aws_vpc.this"
          ]
        }
      ]
    },
    {
      "module": "module.vpc",
      "mode": "managed",
      "type": "aws_eip",
      "name": "nat",
      "provider": "provider[\"registry.terraform.io/hashicorp/aws\"]",
      "instances": [
        {
          "index_key": 0,
          "schema_version": 0,
          "attributes": {
            "address": null,
            "allocation_id": "eipalloc-0590ff5b581ce6662",
            "associate_with_private_ip": null,
            "association_id": "eipassoc-0fa7341cbacad1e37",
            "carrier_ip": "",
            "customer_owned_ip": "",
            "customer_owned_ipv4_pool": "",
            "domain": "vpc",
            "id": "eipalloc-0590ff5b581ce6662",
            "instance": "",
            "network_border_group": "ap-northeast-1",
            "network_interface": "eni-0df2caf463788a23a",
            "private_dns": "ip-10-0-48-125.ap-northeast-1.compute.internal",
            "private_ip": "10.0.48.125",
            "public_dns": "ec2-35-76-186-161.ap-northeast-1.compute.amazonaws.com",
            "public_ip": "35.76.186.161",
            "public_ipv4_pool": "amazon",
            "tags": {
              "Blueprint": "eks-tester",
              "GithubRepo": "github.com/aws-ia/terraform-aws-eks-blueprints",
              "Name": "eks-tester-ap-northeast-1a"
            },
            "tags_all": {
              "Blueprint": "eks-tester",
              "GithubRepo": "github.com/aws-ia/terraform-aws-eks-blueprints",
              "Name": "eks-tester-ap-northeast-1a"
            },
            "timeouts": null,
            "vpc": true
          },
          "sensitive_attributes": [],
          "private": "eyJlMmJmYjczMC1lY2FhLTExZTYtOGY4OC0zNDM2M2JjN2M0YzAiOnsiZGVsZXRlIjoxODAwMDAwMDAwMDAsInJlYWQiOjkwMDAwMDAwMDAwMCwidXBkYXRlIjozMDAwMDAwMDAwMDB9fQ==",
          "dependencies": [
            "data.aws_availability_zones.available",
            "module.vpc.aws_internet_gateway.this",
            "module.vpc.aws_vpc.this",
            "module.vpc.aws_vpc_ipv4_cidr_block_association.this"
          ]
        }
      ]
    },
    {
      "module": "module.vpc",
      "mode": "managed",
      "type": "aws_internet_gateway",
      "name": "this",
      "provider": "provider[\"registry.terraform.io/hashicorp/aws\"]",
      "instances": [
        {
          "index_key": 0,
          "schema_version": 0,
          "attributes": {
            "arn": "arn:aws:ec2:ap-northeast-1:733851053666:internet-gateway/igw-0cdea473d8bd631a7",
            "id": "igw-0cdea473d8bd631a7",
            "owner_id": "733851053666",
            "tags": {
              "Blueprint": "eks-tester",
              "GithubRepo": "github.com/aws-ia/terraform-aws-eks-blueprints",
              "Name": "eks-tester"
            },
            "tags_all": {
              "Blueprint": "eks-tester",
              "GithubRepo": "github.com/aws-ia/terraform-aws-eks-blueprints",
              "Name": "eks-tester"
            },
            "timeouts": null,
            "vpc_id": "vpc-0b185eb9d262c8f8e"
          },
          "sensitive_attributes": [],
          "private": "eyJlMmJmYjczMC1lY2FhLTExZTYtOGY4OC0zNDM2M2JjN2M0YzAiOnsiY3JlYXRlIjoxMjAwMDAwMDAwMDAwLCJkZWxldGUiOjEyMDAwMDAwMDAwMDAsInVwZGF0ZSI6MTIwMDAwMDAwMDAwMH19",
          "dependencies": [
            "data.aws_availability_zones.available",
            "module.vpc.aws_vpc.this",
            "module.vpc.aws_vpc_ipv4_cidr_block_association.this"
          ]
        }
      ]
    },
    {
      "module": "module.vpc",
      "mode": "managed",
      "type": "aws_nat_gateway",
      "name": "this",
      "provider": "provider[\"registry.terraform.io/hashicorp/aws\"]",
      "instances": [
        {
          "index_key": 0,
          "schema_version": 0,
          "attributes": {
            "allocation_id": "eipalloc-0590ff5b581ce6662",
            "association_id": "eipassoc-0fa7341cbacad1e37",
            "connectivity_type": "public",
            "id": "nat-0b10f4da98b9e8b47",
            "network_interface_id": "eni-0df2caf463788a23a",
            "private_ip": "10.0.48.125",
            "public_ip": "35.76.186.161",
            "secondary_allocation_ids": [],
            "secondary_private_ip_address_count": 0,
            "secondary_private_ip_addresses": [],
            "subnet_id": "subnet-0289ef3d5c8e02954",
            "tags": {
              "Blueprint": "eks-tester",
              "GithubRepo": "github.com/aws-ia/terraform-aws-eks-blueprints",
              "Name": "eks-tester-ap-northeast-1a"
            },
            "tags_all": {
              "Blueprint": "eks-tester",
              "GithubRepo": "github.com/aws-ia/terraform-aws-eks-blueprints",
              "Name": "eks-tester-ap-northeast-1a"
            },
            "timeouts": null
          },
          "sensitive_attributes": [],
          "private": "eyJlMmJmYjczMC1lY2FhLTExZTYtOGY4OC0zNDM2M2JjN2M0YzAiOnsiY3JlYXRlIjo2MDAwMDAwMDAwMDAsImRlbGV0ZSI6MTgwMDAwMDAwMDAwMCwidXBkYXRlIjo2MDAwMDAwMDAwMDB9fQ==",
          "dependencies": [
            "data.aws_availability_zones.available",
            "module.vpc.aws_eip.nat",
            "module.vpc.aws_internet_gateway.this",
            "module.vpc.aws_subnet.public",
            "module.vpc.aws_vpc.this",
            "module.vpc.aws_vpc_ipv4_cidr_block_association.this"
          ]
        }
      ]
    },
    {
      "module": "module.vpc",
      "mode": "managed",
      "type": "aws_route",
      "name": "private_nat_gateway",
      "provider": "provider[\"registry.terraform.io/hashicorp/aws\"]",
      "instances": [
        {
          "index_key": 0,
          "schema_version": 0,
          "attributes": {
            "carrier_gateway_id": "",
            "core_network_arn": "",
            "destination_cidr_block": "0.0.0.0/0",
            "destination_ipv6_cidr_block": "",
            "destination_prefix_list_id": "",
            "egress_only_gateway_id": "",
            "gateway_id": "",
            "id": "r-rtb-0b6186f2b917bc42d1080289494",
            "instance_id": "",
            "instance_owner_id": "",
            "local_gateway_id": "",
            "nat_gateway_id": "nat-0b10f4da98b9e8b47",
            "network_interface_id": "",
            "origin": "CreateRoute",
            "route_table_id": "rtb-0b6186f2b917bc42d",
            "state": "active",
            "timeouts": {
              "create": "5m",
              "delete": null,
              "update": null
            },
            "transit_gateway_id": "",
            "vpc_endpoint_id": "",
            "vpc_peering_connection_id": ""
          },
          "sensitive_attributes": [],
          "private": "eyJlMmJmYjczMC1lY2FhLTExZTYtOGY4OC0zNDM2M2JjN2M0YzAiOnsiY3JlYXRlIjozMDAwMDAwMDAwMDAsImRlbGV0ZSI6MzAwMDAwMDAwMDAwLCJ1cGRhdGUiOjEyMDAwMDAwMDAwMH19",
          "dependencies": [
            "data.aws_availability_zones.available",
            "module.vpc.aws_eip.nat",
            "module.vpc.aws_internet_gateway.this",
            "module.vpc.aws_nat_gateway.this",
            "module.vpc.aws_route_table.private",
            "module.vpc.aws_subnet.public",
            "module.vpc.aws_vpc.this",
            "module.vpc.aws_vpc_ipv4_cidr_block_association.this"
          ]
        }
      ]
    },
    {
      "module": "module.vpc",
      "mode": "managed",
      "type": "aws_route",
      "name": "public_internet_gateway",
      "provider": "provider[\"registry.terraform.io/hashicorp/aws\"]",
      "instances": [
        {
          "index_key": 0,
          "schema_version": 0,
          "attributes": {
            "carrier_gateway_id": "",
            "core_network_arn": "",
            "destination_cidr_block": "0.0.0.0/0",
            "destination_ipv6_cidr_block": "",
            "destination_prefix_list_id": "",
            "egress_only_gateway_id": "",
            "gateway_id": "igw-0cdea473d8bd631a7",
            "id": "r-rtb-09ab37504319dd8611080289494",
            "instance_id": "",
            "instance_owner_id": "",
            "local_gateway_id": "",
            "nat_gateway_id": "",
            "network_interface_id": "",
            "origin": "CreateRoute",
            "route_table_id": "rtb-09ab37504319dd861",
            "state": "active",
            "timeouts": {
              "create": "5m",
              "delete": null,
              "update": null
            },
            "transit_gateway_id": "",
            "vpc_endpoint_id": "",
            "vpc_peering_connection_id": ""
          },
          "sensitive_attributes": [],
          "private": "eyJlMmJmYjczMC1lY2FhLTExZTYtOGY4OC0zNDM2M2JjN2M0YzAiOnsiY3JlYXRlIjozMDAwMDAwMDAwMDAsImRlbGV0ZSI6MzAwMDAwMDAwMDAwLCJ1cGRhdGUiOjEyMDAwMDAwMDAwMH19",
          "dependencies": [
            "data.aws_availability_zones.available",
            "module.vpc.aws_internet_gateway.this",
            "module.vpc.aws_route_table.public",
            "module.vpc.aws_vpc.this",
            "module.vpc.aws_vpc_ipv4_cidr_block_association.this"
          ]
        }
      ]
    },
    {
      "module": "module.vpc",
      "mode": "managed",
      "type": "aws_route_table",
      "name": "private",
      "provider": "provider[\"registry.terraform.io/hashicorp/aws\"]",
      "instances": [
        {
          "index_key": 0,
          "schema_version": 0,
          "attributes": {
            "arn": "arn:aws:ec2:ap-northeast-1:733851053666:route-table/rtb-0b6186f2b917bc42d",
            "id": "rtb-0b6186f2b917bc42d",
            "owner_id": "733851053666",
            "propagating_vgws": [],
            "route": [
              {
                "carrier_gateway_id": "",
                "cidr_block": "0.0.0.0/0",
                "core_network_arn": "",
                "destination_prefix_list_id": "",
                "egress_only_gateway_id": "",
                "gateway_id": "",
                "ipv6_cidr_block": "",
                "local_gateway_id": "",
                "nat_gateway_id": "nat-0b10f4da98b9e8b47",
                "network_interface_id": "",
                "transit_gateway_id": "",
                "vpc_endpoint_id": "",
                "vpc_peering_connection_id": ""
              }
            ],
            "tags": {
              "Blueprint": "eks-tester",
              "GithubRepo": "github.com/aws-ia/terraform-aws-eks-blueprints",
              "Name": "eks-tester-private"
            },
            "tags_all": {
              "Blueprint": "eks-tester",
              "GithubRepo": "github.com/aws-ia/terraform-aws-eks-blueprints",
              "Name": "eks-tester-private"
            },
            "timeouts": null,
            "vpc_id": "vpc-0b185eb9d262c8f8e"
          },
          "sensitive_attributes": [],
          "private": "eyJlMmJmYjczMC1lY2FhLTExZTYtOGY4OC0zNDM2M2JjN2M0YzAiOnsiY3JlYXRlIjozMDAwMDAwMDAwMDAsImRlbGV0ZSI6MzAwMDAwMDAwMDAwLCJ1cGRhdGUiOjEyMDAwMDAwMDAwMH19",
          "dependencies": [
            "data.aws_availability_zones.available",
            "module.vpc.aws_vpc.this",
            "module.vpc.aws_vpc_ipv4_cidr_block_association.this"
          ]
        }
      ]
    },
    {
      "module": "module.vpc",
      "mode": "managed",
      "type": "aws_route_table",
      "name": "public",
      "provider": "provider[\"registry.terraform.io/hashicorp/aws\"]",
      "instances": [
        {
          "index_key": 0,
          "schema_version": 0,
          "attributes": {
            "arn": "arn:aws:ec2:ap-northeast-1:733851053666:route-table/rtb-09ab37504319dd861",
            "id": "rtb-09ab37504319dd861",
            "owner_id": "733851053666",
            "propagating_vgws": [],
            "route": [
              {
                "carrier_gateway_id": "",
                "cidr_block": "0.0.0.0/0",
                "core_network_arn": "",
                "destination_prefix_list_id": "",
                "egress_only_gateway_id": "",
                "gateway_id": "igw-0cdea473d8bd631a7",
                "ipv6_cidr_block": "",
                "local_gateway_id": "",
                "nat_gateway_id": "",
                "network_interface_id": "",
                "transit_gateway_id": "",
                "vpc_endpoint_id": "",
                "vpc_peering_connection_id": ""
              }
            ],
            "tags": {
              "Blueprint": "eks-tester",
              "GithubRepo": "github.com/aws-ia/terraform-aws-eks-blueprints",
              "Name": "eks-tester-public"
            },
            "tags_all": {
              "Blueprint": "eks-tester",
              "GithubRepo": "github.com/aws-ia/terraform-aws-eks-blueprints",
              "Name": "eks-tester-public"
            },
            "timeouts": null,
            "vpc_id": "vpc-0b185eb9d262c8f8e"
          },
          "sensitive_attributes": [],
          "private": "eyJlMmJmYjczMC1lY2FhLTExZTYtOGY4OC0zNDM2M2JjN2M0YzAiOnsiY3JlYXRlIjozMDAwMDAwMDAwMDAsImRlbGV0ZSI6MzAwMDAwMDAwMDAwLCJ1cGRhdGUiOjEyMDAwMDAwMDAwMH19",
          "dependencies": [
            "data.aws_availability_zones.available",
            "module.vpc.aws_vpc.this",
            "module.vpc.aws_vpc_ipv4_cidr_block_association.this"
          ]
        }
      ]
    },
    {
      "module": "module.vpc",
      "mode": "managed",
      "type": "aws_route_table_association",
      "name": "private",
      "provider": "provider[\"registry.terraform.io/hashicorp/aws\"]",
      "instances": [
        {
          "index_key": 0,
          "schema_version": 0,
          "attributes": {
            "gateway_id": "",
            "id": "rtbassoc-0990d313651b33865",
            "route_table_id": "rtb-0b6186f2b917bc42d",
            "subnet_id": "subnet-040a3f288615d16aa",
            "timeouts": null
          },
          "sensitive_attributes": [],
          "private": "eyJlMmJmYjczMC1lY2FhLTExZTYtOGY4OC0zNDM2M2JjN2M0YzAiOnsiY3JlYXRlIjozMDAwMDAwMDAwMDAsImRlbGV0ZSI6MzAwMDAwMDAwMDAwLCJ1cGRhdGUiOjEyMDAwMDAwMDAwMH19",
          "dependencies": [
            "data.aws_availability_zones.available",
            "module.vpc.aws_route_table.private",
            "module.vpc.aws_subnet.private",
            "module.vpc.aws_vpc.this",
            "module.vpc.aws_vpc_ipv4_cidr_block_association.this"
          ]
        },
        {
          "index_key": 1,
          "schema_version": 0,
          "attributes": {
            "gateway_id": "",
            "id": "rtbassoc-06c86a1bcfbaf1eda",
            "route_table_id": "rtb-0b6186f2b917bc42d",
            "subnet_id": "subnet-020ee6a321708b096",
            "timeouts": null
          },
          "sensitive_attributes": [],
          "private": "eyJlMmJmYjczMC1lY2FhLTExZTYtOGY4OC0zNDM2M2JjN2M0YzAiOnsiY3JlYXRlIjozMDAwMDAwMDAwMDAsImRlbGV0ZSI6MzAwMDAwMDAwMDAwLCJ1cGRhdGUiOjEyMDAwMDAwMDAwMH19",
          "dependencies": [
            "data.aws_availability_zones.available",
            "module.vpc.aws_route_table.private",
            "module.vpc.aws_subnet.private",
            "module.vpc.aws_vpc.this",
            "module.vpc.aws_vpc_ipv4_cidr_block_association.this"
          ]
        },
        {
          "index_key": 2,
          "schema_version": 0,
          "attributes": {
            "gateway_id": "",
            "id": "rtbassoc-006e73478b5889d87",
            "route_table_id": "rtb-0b6186f2b917bc42d",
            "subnet_id": "subnet-069be001f07651479",
            "timeouts": null
          },
          "sensitive_attributes": [],
          "private": "eyJlMmJmYjczMC1lY2FhLTExZTYtOGY4OC0zNDM2M2JjN2M0YzAiOnsiY3JlYXRlIjozMDAwMDAwMDAwMDAsImRlbGV0ZSI6MzAwMDAwMDAwMDAwLCJ1cGRhdGUiOjEyMDAwMDAwMDAwMH19",
          "dependencies": [
            "data.aws_availability_zones.available",
            "module.vpc.aws_route_table.private",
            "module.vpc.aws_subnet.private",
            "module.vpc.aws_vpc.this",
            "module.vpc.aws_vpc_ipv4_cidr_block_association.this"
          ]
        }
      ]
    },
    {
      "module": "module.vpc",
      "mode": "managed",
      "type": "aws_route_table_association",
      "name": "public",
      "provider": "provider[\"registry.terraform.io/hashicorp/aws\"]",
      "instances": [
        {
          "index_key": 0,
          "schema_version": 0,
          "attributes": {
            "gateway_id": "",
            "id": "rtbassoc-0c017e81f58021ec3",
            "route_table_id": "rtb-09ab37504319dd861",
            "subnet_id": "subnet-0289ef3d5c8e02954",
            "timeouts": null
          },
          "sensitive_attributes": [],
          "private": "eyJlMmJmYjczMC1lY2FhLTExZTYtOGY4OC0zNDM2M2JjN2M0YzAiOnsiY3JlYXRlIjozMDAwMDAwMDAwMDAsImRlbGV0ZSI6MzAwMDAwMDAwMDAwLCJ1cGRhdGUiOjEyMDAwMDAwMDAwMH19",
          "dependencies": [
            "data.aws_availability_zones.available",
            "module.vpc.aws_route_table.public",
            "module.vpc.aws_subnet.public",
            "module.vpc.aws_vpc.this",
            "module.vpc.aws_vpc_ipv4_cidr_block_association.this"
          ]
        },
        {
          "index_key": 1,
          "schema_version": 0,
          "attributes": {
            "gateway_id": "",
            "id": "rtbassoc-09f7b98f8d6aa3898",
            "route_table_id": "rtb-09ab37504319dd861",
            "subnet_id": "subnet-00f1420cea5619168",
            "timeouts": null
          },
          "sensitive_attributes": [],
          "private": "eyJlMmJmYjczMC1lY2FhLTExZTYtOGY4OC0zNDM2M2JjN2M0YzAiOnsiY3JlYXRlIjozMDAwMDAwMDAwMDAsImRlbGV0ZSI6MzAwMDAwMDAwMDAwLCJ1cGRhdGUiOjEyMDAwMDAwMDAwMH19",
          "dependencies": [
            "data.aws_availability_zones.available",
            "module.vpc.aws_route_table.public",
            "module.vpc.aws_subnet.public",
            "module.vpc.aws_vpc.this",
            "module.vpc.aws_vpc_ipv4_cidr_block_association.this"
          ]
        },
        {
          "index_key": 2,
          "schema_version": 0,
          "attributes": {
            "gateway_id": "",
            "id": "rtbassoc-0fa44b8142dcbe850",
            "route_table_id": "rtb-09ab37504319dd861",
            "subnet_id": "subnet-0d5f27b2d225e6038",
            "timeouts": null
          },
          "sensitive_attributes": [],
          "private": "eyJlMmJmYjczMC1lY2FhLTExZTYtOGY4OC0zNDM2M2JjN2M0YzAiOnsiY3JlYXRlIjozMDAwMDAwMDAwMDAsImRlbGV0ZSI6MzAwMDAwMDAwMDAwLCJ1cGRhdGUiOjEyMDAwMDAwMDAwMH19",
          "dependencies": [
            "data.aws_availability_zones.available",
            "module.vpc.aws_route_table.public",
            "module.vpc.aws_subnet.public",
            "module.vpc.aws_vpc.this",
            "module.vpc.aws_vpc_ipv4_cidr_block_association.this"
          ]
        }
      ]
    },
    {
      "module": "module.vpc",
      "mode": "managed",
      "type": "aws_subnet",
      "name": "private",
      "provider": "provider[\"registry.terraform.io/hashicorp/aws\"]",
      "instances": [
        {
          "index_key": 0,
          "schema_version": 1,
          "attributes": {
            "arn": "arn:aws:ec2:ap-northeast-1:733851053666:subnet/subnet-040a3f288615d16aa",
            "assign_ipv6_address_on_creation": false,
            "availability_zone": "ap-northeast-1a",
            "availability_zone_id": "apne1-az4",
            "cidr_block": "10.0.0.0/20",
            "customer_owned_ipv4_pool": "",
            "enable_dns64": false,
            "enable_lni_at_device_index": 0,
            "enable_resource_name_dns_a_record_on_launch": false,
            "enable_resource_name_dns_aaaa_record_on_launch": false,
            "id": "subnet-040a3f288615d16aa",
            "ipv6_cidr_block": "",
            "ipv6_cidr_block_association_id": "",
            "ipv6_native": false,
            "map_customer_owned_ip_on_launch": false,
            "map_public_ip_on_launch": false,
            "outpost_arn": "",
            "owner_id": "733851053666",
            "private_dns_hostname_type_on_launch": "ip-name",
            "tags": {
              "Blueprint": "eks-tester",
              "GithubRepo": "github.com/aws-ia/terraform-aws-eks-blueprints",
              "Name": "eks-tester-private-ap-northeast-1a",
              "karpenter.sh/discovery": "eks-tester",
              "kubernetes.io/role/internal-elb": "1"
            },
            "tags_all": {
              "Blueprint": "eks-tester",
              "GithubRepo": "github.com/aws-ia/terraform-aws-eks-blueprints",
              "Name": "eks-tester-private-ap-northeast-1a",
              "karpenter.sh/discovery": "eks-tester",
              "kubernetes.io/role/internal-elb": "1"
            },
            "timeouts": null,
            "vpc_id": "vpc-0b185eb9d262c8f8e"
          },
          "sensitive_attributes": [],
          "private": "eyJlMmJmYjczMC1lY2FhLTExZTYtOGY4OC0zNDM2M2JjN2M0YzAiOnsiY3JlYXRlIjo2MDAwMDAwMDAwMDAsImRlbGV0ZSI6MTIwMDAwMDAwMDAwMH0sInNjaGVtYV92ZXJzaW9uIjoiMSJ9",
          "dependencies": [
            "data.aws_availability_zones.available",
            "module.vpc.aws_vpc.this",
            "module.vpc.aws_vpc_ipv4_cidr_block_association.this"
          ],
          "create_before_destroy": true
        },
        {
          "index_key": 1,
          "schema_version": 1,
          "attributes": {
            "arn": "arn:aws:ec2:ap-northeast-1:733851053666:subnet/subnet-020ee6a321708b096",
            "assign_ipv6_address_on_creation": false,
            "availability_zone": "ap-northeast-1c",
            "availability_zone_id": "apne1-az1",
            "cidr_block": "10.0.16.0/20",
            "customer_owned_ipv4_pool": "",
            "enable_dns64": false,
            "enable_lni_at_device_index": 0,
            "enable_resource_name_dns_a_record_on_launch": false,
            "enable_resource_name_dns_aaaa_record_on_launch": false,
            "id": "subnet-020ee6a321708b096",
            "ipv6_cidr_block": "",
            "ipv6_cidr_block_association_id": "",
            "ipv6_native": false,
            "map_customer_owned_ip_on_launch": false,
            "map_public_ip_on_launch": false,
            "outpost_arn": "",
            "owner_id": "733851053666",
            "private_dns_hostname_type_on_launch": "ip-name",
            "tags": {
              "Blueprint": "eks-tester",
              "GithubRepo": "github.com/aws-ia/terraform-aws-eks-blueprints",
              "Name": "eks-tester-private-ap-northeast-1c",
              "karpenter.sh/discovery": "eks-tester",
              "kubernetes.io/role/internal-elb": "1"
            },
            "tags_all": {
              "Blueprint": "eks-tester",
              "GithubRepo": "github.com/aws-ia/terraform-aws-eks-blueprints",
              "Name": "eks-tester-private-ap-northeast-1c",
              "karpenter.sh/discovery": "eks-tester",
              "kubernetes.io/role/internal-elb": "1"
            },
            "timeouts": null,
            "vpc_id": "vpc-0b185eb9d262c8f8e"
          },
          "sensitive_attributes": [],
          "private": "eyJlMmJmYjczMC1lY2FhLTExZTYtOGY4OC0zNDM2M2JjN2M0YzAiOnsiY3JlYXRlIjo2MDAwMDAwMDAwMDAsImRlbGV0ZSI6MTIwMDAwMDAwMDAwMH0sInNjaGVtYV92ZXJzaW9uIjoiMSJ9",
          "dependencies": [
            "data.aws_availability_zones.available",
            "module.vpc.aws_vpc.this",
            "module.vpc.aws_vpc_ipv4_cidr_block_association.this"
          ],
          "create_before_destroy": true
        },
        {
          "index_key": 2,
          "schema_version": 1,
          "attributes": {
            "arn": "arn:aws:ec2:ap-northeast-1:733851053666:subnet/subnet-069be001f07651479",
            "assign_ipv6_address_on_creation": false,
            "availability_zone": "ap-northeast-1d",
            "availability_zone_id": "apne1-az2",
            "cidr_block": "10.0.32.0/20",
            "customer_owned_ipv4_pool": "",
            "enable_dns64": false,
            "enable_lni_at_device_index": 0,
            "enable_resource_name_dns_a_record_on_launch": false,
            "enable_resource_name_dns_aaaa_record_on_launch": false,
            "id": "subnet-069be001f07651479",
            "ipv6_cidr_block": "",
            "ipv6_cidr_block_association_id": "",
            "ipv6_native": false,
            "map_customer_owned_ip_on_launch": false,
            "map_public_ip_on_launch": false,
            "outpost_arn": "",
            "owner_id": "733851053666",
            "private_dns_hostname_type_on_launch": "ip-name",
            "tags": {
              "Blueprint": "eks-tester",
              "GithubRepo": "github.com/aws-ia/terraform-aws-eks-blueprints",
              "Name": "eks-tester-private-ap-northeast-1d",
              "karpenter.sh/discovery": "eks-tester",
              "kubernetes.io/role/internal-elb": "1"
            },
            "tags_all": {
              "Blueprint": "eks-tester",
              "GithubRepo": "github.com/aws-ia/terraform-aws-eks-blueprints",
              "Name": "eks-tester-private-ap-northeast-1d",
              "karpenter.sh/discovery": "eks-tester",
              "kubernetes.io/role/internal-elb": "1"
            },
            "timeouts": null,
            "vpc_id": "vpc-0b185eb9d262c8f8e"
          },
          "sensitive_attributes": [],
          "private": "eyJlMmJmYjczMC1lY2FhLTExZTYtOGY4OC0zNDM2M2JjN2M0YzAiOnsiY3JlYXRlIjo2MDAwMDAwMDAwMDAsImRlbGV0ZSI6MTIwMDAwMDAwMDAwMH0sInNjaGVtYV92ZXJzaW9uIjoiMSJ9",
          "dependencies": [
            "data.aws_availability_zones.available",
            "module.vpc.aws_vpc.this",
            "module.vpc.aws_vpc_ipv4_cidr_block_association.this"
          ],
          "create_before_destroy": true
        }
      ]
    },
    {
      "module": "module.vpc",
      "mode": "managed",
      "type": "aws_subnet",
      "name": "public",
      "provider": "provider[\"registry.terraform.io/hashicorp/aws\"]",
      "instances": [
        {
          "index_key": 0,
          "schema_version": 1,
          "attributes": {
            "arn": "arn:aws:ec2:ap-northeast-1:733851053666:subnet/subnet-0289ef3d5c8e02954",
            "assign_ipv6_address_on_creation": false,
            "availability_zone": "ap-northeast-1a",
            "availability_zone_id": "apne1-az4",
            "cidr_block": "10.0.48.0/24",
            "customer_owned_ipv4_pool": "",
            "enable_dns64": false,
            "enable_lni_at_device_index": 0,
            "enable_resource_name_dns_a_record_on_launch": false,
            "enable_resource_name_dns_aaaa_record_on_launch": false,
            "id": "subnet-0289ef3d5c8e02954",
            "ipv6_cidr_block": "",
            "ipv6_cidr_block_association_id": "",
            "ipv6_native": false,
            "map_customer_owned_ip_on_launch": false,
            "map_public_ip_on_launch": false,
            "outpost_arn": "",
            "owner_id": "733851053666",
            "private_dns_hostname_type_on_launch": "ip-name",
            "tags": {
              "Blueprint": "eks-tester",
              "GithubRepo": "github.com/aws-ia/terraform-aws-eks-blueprints",
              "Name": "eks-tester-public-ap-northeast-1a",
              "kubernetes.io/role/elb": "1"
            },
            "tags_all": {
              "Blueprint": "eks-tester",
              "GithubRepo": "github.com/aws-ia/terraform-aws-eks-blueprints",
              "Name": "eks-tester-public-ap-northeast-1a",
              "kubernetes.io/role/elb": "1"
            },
            "timeouts": null,
            "vpc_id": "vpc-0b185eb9d262c8f8e"
          },
          "sensitive_attributes": [],
          "private": "eyJlMmJmYjczMC1lY2FhLTExZTYtOGY4OC0zNDM2M2JjN2M0YzAiOnsiY3JlYXRlIjo2MDAwMDAwMDAwMDAsImRlbGV0ZSI6MTIwMDAwMDAwMDAwMH0sInNjaGVtYV92ZXJzaW9uIjoiMSJ9",
          "dependencies": [
            "data.aws_availability_zones.available",
            "module.vpc.aws_vpc.this",
            "module.vpc.aws_vpc_ipv4_cidr_block_association.this"
          ]
        },
        {
          "index_key": 1,
          "schema_version": 1,
          "attributes": {
            "arn": "arn:aws:ec2:ap-northeast-1:733851053666:subnet/subnet-00f1420cea5619168",
            "assign_ipv6_address_on_creation": false,
            "availability_zone": "ap-northeast-1c",
            "availability_zone_id": "apne1-az1",
            "cidr_block": "10.0.49.0/24",
            "customer_owned_ipv4_pool": "",
            "enable_dns64": false,
            "enable_lni_at_device_index": 0,
            "enable_resource_name_dns_a_record_on_launch": false,
            "enable_resource_name_dns_aaaa_record_on_launch": false,
            "id": "subnet-00f1420cea5619168",
            "ipv6_cidr_block": "",
            "ipv6_cidr_block_association_id": "",
            "ipv6_native": false,
            "map_customer_owned_ip_on_launch": false,
            "map_public_ip_on_launch": false,
            "outpost_arn": "",
            "owner_id": "733851053666",
            "private_dns_hostname_type_on_launch": "ip-name",
            "tags": {
              "Blueprint": "eks-tester",
              "GithubRepo": "github.com/aws-ia/terraform-aws-eks-blueprints",
              "Name": "eks-tester-public-ap-northeast-1c",
              "kubernetes.io/role/elb": "1"
            },
            "tags_all": {
              "Blueprint": "eks-tester",
              "GithubRepo": "github.com/aws-ia/terraform-aws-eks-blueprints",
              "Name": "eks-tester-public-ap-northeast-1c",
              "kubernetes.io/role/elb": "1"
            },
            "timeouts": null,
            "vpc_id": "vpc-0b185eb9d262c8f8e"
          },
          "sensitive_attributes": [],
          "private": "eyJlMmJmYjczMC1lY2FhLTExZTYtOGY4OC0zNDM2M2JjN2M0YzAiOnsiY3JlYXRlIjo2MDAwMDAwMDAwMDAsImRlbGV0ZSI6MTIwMDAwMDAwMDAwMH0sInNjaGVtYV92ZXJzaW9uIjoiMSJ9",
          "dependencies": [
            "data.aws_availability_zones.available",
            "module.vpc.aws_vpc.this",
            "module.vpc.aws_vpc_ipv4_cidr_block_association.this"
          ]
        },
        {
          "index_key": 2,
          "schema_version": 1,
          "attributes": {
            "arn": "arn:aws:ec2:ap-northeast-1:733851053666:subnet/subnet-0d5f27b2d225e6038",
            "assign_ipv6_address_on_creation": false,
            "availability_zone": "ap-northeast-1d",
            "availability_zone_id": "apne1-az2",
            "cidr_block": "10.0.50.0/24",
            "customer_owned_ipv4_pool": "",
            "enable_dns64": false,
            "enable_lni_at_device_index": 0,
            "enable_resource_name_dns_a_record_on_launch": false,
            "enable_resource_name_dns_aaaa_record_on_launch": false,
            "id": "subnet-0d5f27b2d225e6038",
            "ipv6_cidr_block": "",
            "ipv6_cidr_block_association_id": "",
            "ipv6_native": false,
            "map_customer_owned_ip_on_launch": false,
            "map_public_ip_on_launch": false,
            "outpost_arn": "",
            "owner_id": "733851053666",
            "private_dns_hostname_type_on_launch": "ip-name",
            "tags": {
              "Blueprint": "eks-tester",
              "GithubRepo": "github.com/aws-ia/terraform-aws-eks-blueprints",
              "Name": "eks-tester-public-ap-northeast-1d",
              "kubernetes.io/role/elb": "1"
            },
            "tags_all": {
              "Blueprint": "eks-tester",
              "GithubRepo": "github.com/aws-ia/terraform-aws-eks-blueprints",
              "Name": "eks-tester-public-ap-northeast-1d",
              "kubernetes.io/role/elb": "1"
            },
            "timeouts": null,
            "vpc_id": "vpc-0b185eb9d262c8f8e"
          },
          "sensitive_attributes": [],
          "private": "eyJlMmJmYjczMC1lY2FhLTExZTYtOGY4OC0zNDM2M2JjN2M0YzAiOnsiY3JlYXRlIjo2MDAwMDAwMDAwMDAsImRlbGV0ZSI6MTIwMDAwMDAwMDAwMH0sInNjaGVtYV92ZXJzaW9uIjoiMSJ9",
          "dependencies": [
            "data.aws_availability_zones.available",
            "module.vpc.aws_vpc.this",
            "module.vpc.aws_vpc_ipv4_cidr_block_association.this"
          ]
        }
      ]
    },
    {
      "module": "module.vpc",
      "mode": "managed",
      "type": "aws_vpc",
      "name": "this",
      "provider": "provider[\"registry.terraform.io/hashicorp/aws\"]",
      "instances": [
        {
          "index_key": 0,
          "schema_version": 1,
          "attributes": {
            "arn": "arn:aws:ec2:ap-northeast-1:733851053666:vpc/vpc-0b185eb9d262c8f8e",
            "assign_generated_ipv6_cidr_block": false,
            "cidr_block": "10.0.0.0/16",
            "default_network_acl_id": "acl-0d46b2001e71ec36a",
            "default_route_table_id": "rtb-0e79c578c54f3ea18",
            "default_security_group_id": "sg-036342c4899889388",
            "dhcp_options_id": "dopt-08ae7e365f5dc1dfd",
            "enable_dns_hostnames": true,
            "enable_dns_support": true,
            "enable_network_address_usage_metrics": false,
            "id": "vpc-0b185eb9d262c8f8e",
            "instance_tenancy": "default",
            "ipv4_ipam_pool_id": null,
            "ipv4_netmask_length": null,
            "ipv6_association_id": "",
            "ipv6_cidr_block": "",
            "ipv6_cidr_block_network_border_group": "",
            "ipv6_ipam_pool_id": "",
            "ipv6_netmask_length": 0,
            "main_route_table_id": "rtb-0e79c578c54f3ea18",
            "owner_id": "733851053666",
            "tags": {
              "Blueprint": "eks-tester",
              "GithubRepo": "github.com/aws-ia/terraform-aws-eks-blueprints",
              "Name": "eks-tester"
            },
            "tags_all": {
              "Blueprint": "eks-tester",
              "GithubRepo": "github.com/aws-ia/terraform-aws-eks-blueprints",
              "Name": "eks-tester"
            }
          },
          "sensitive_attributes": [],
          "private": "eyJzY2hlbWFfdmVyc2lvbiI6IjEifQ==",
          "create_before_destroy": true
        }
      ]
    },
    {
      "module": "module.vpc_cni_irsa",
      "mode": "data",
      "type": "aws_caller_identity",
      "name": "current",
      "provider": "provider[\"registry.terraform.io/hashicorp/aws\"]",
      "instances": [
        {
          "schema_version": 0,
          "attributes": {
            "account_id": "733851053666",
            "arn": "arn:aws:iam::733851053666:user/admin",
            "id": "733851053666",
            "user_id": "AIDA2VXHONZRJS2XSI5GL"
          },
          "sensitive_attributes": []
        }
      ]
    },
    {
      "module": "module.vpc_cni_irsa",
      "mode": "data",
      "type": "aws_iam_policy_document",
      "name": "this",
      "provider": "provider[\"registry.terraform.io/hashicorp/aws\"]",
      "instances": [
        {
          "index_key": 0,
          "schema_version": 0,
          "attributes": {
            "id": "2343239454",
            "json": "{\n  \"Version\": \"2012-10-17\",\n  \"Statement\": [\n    {\n      \"Effect\": \"Allow\",\n      \"Action\": \"sts:AssumeRoleWithWebIdentity\",\n      \"Principal\": {\n        \"Federated\": \"arn:aws:iam::733851053666:oidc-provider/oidc.eks.ap-northeast-1.amazonaws.com/id/4CA4BFABAC808B4FDA51E5A12BC38BE2\"\n      },\n      \"Condition\": {\n        \"StringEquals\": {\n          \"oidc.eks.ap-northeast-1.amazonaws.com/id/4CA4BFABAC808B4FDA51E5A12BC38BE2:aud\": \"sts.amazonaws.com\",\n          \"oidc.eks.ap-northeast-1.amazonaws.com/id/4CA4BFABAC808B4FDA51E5A12BC38BE2:sub\": \"system:serviceaccount:kube-system:aws-node\"\n        }\n      }\n    }\n  ]\n}",
            "override_policy_documents": null,
            "policy_id": null,
            "source_policy_documents": null,
            "statement": [
              {
                "actions": [
                  "sts:AssumeRoleWithWebIdentity"
                ],
                "condition": [
                  {
                    "test": "StringEquals",
                    "values": [
                      "sts.amazonaws.com"
                    ],
                    "variable": "oidc.eks.ap-northeast-1.amazonaws.com/id/4CA4BFABAC808B4FDA51E5A12BC38BE2:aud"
                  },
                  {
                    "test": "StringEquals",
                    "values": [
                      "system:serviceaccount:kube-system:aws-node"
                    ],
                    "variable": "oidc.eks.ap-northeast-1.amazonaws.com/id/4CA4BFABAC808B4FDA51E5A12BC38BE2:sub"
                  }
                ],
                "effect": "Allow",
                "not_actions": [],
                "not_principals": [],
                "not_resources": [],
                "principals": [
                  {
                    "identifiers": [
                      "arn:aws:iam::733851053666:oidc-provider/oidc.eks.ap-northeast-1.amazonaws.com/id/4CA4BFABAC808B4FDA51E5A12BC38BE2"
                    ],
                    "type": "Federated"
                  }
                ],
                "resources": [],
                "sid": ""
              }
            ],
            "version": "2012-10-17"
          },
          "sensitive_attributes": []
        }
      ]
    },
    {
      "module": "module.vpc_cni_irsa",
      "mode": "data",
      "type": "aws_iam_policy_document",
      "name": "vpc_cni",
      "provider": "provider[\"registry.terraform.io/hashicorp/aws\"]",
      "instances": [
        {
          "index_key": 0,
          "schema_version": 0,
          "attributes": {
            "id": "4274657427",
            "json": "{\n  \"Version\": \"2012-10-17\",\n  \"Statement\": [\n    {\n      \"Sid\": \"IPV4\",\n      \"Effect\": \"Allow\",\n      \"Action\": [\n        \"ec2:UnassignPrivateIpAddresses\",\n        \"ec2:ModifyNetworkInterfaceAttribute\",\n        \"ec2:DetachNetworkInterface\",\n        \"ec2:DescribeTags\",\n        \"ec2:DescribeNetworkInterfaces\",\n        \"ec2:DescribeInstances\",\n        \"ec2:DescribeInstanceTypes\",\n        \"ec2:DeleteNetworkInterface\",\n        \"ec2:CreateNetworkInterface\",\n        \"ec2:AttachNetworkInterface\",\n        \"ec2:AssignPrivateIpAddresses\"\n      ],\n      \"Resource\": \"*\"\n    },\n    {\n      \"Sid\": \"CreateTags\",\n      \"Effect\": \"Allow\",\n      \"Action\": \"ec2:CreateTags\",\n      \"Resource\": \"arn:aws:ec2:*:*:network-interface/*\"\n    }\n  ]\n}",
            "override_policy_documents": null,
            "policy_id": null,
            "source_policy_documents": null,
            "statement": [
              {
                "actions": [
                  "ec2:AssignPrivateIpAddresses",
                  "ec2:AttachNetworkInterface",
                  "ec2:CreateNetworkInterface",
                  "ec2:DeleteNetworkInterface",
                  "ec2:DescribeInstanceTypes",
                  "ec2:DescribeInstances",
                  "ec2:DescribeNetworkInterfaces",
                  "ec2:DescribeTags",
                  "ec2:DetachNetworkInterface",
                  "ec2:ModifyNetworkInterfaceAttribute",
                  "ec2:UnassignPrivateIpAddresses"
                ],
                "condition": [],
                "effect": "Allow",
                "not_actions": [],
                "not_principals": [],
                "not_resources": [],
                "principals": [],
                "resources": [
                  "*"
                ],
                "sid": "IPV4"
              },
              {
                "actions": [
                  "ec2:CreateTags"
                ],
                "condition": [],
                "effect": "Allow",
                "not_actions": [],
                "not_principals": [],
                "not_resources": [],
                "principals": [],
                "resources": [
                  "arn:aws:ec2:*:*:network-interface/*"
                ],
                "sid": "CreateTags"
              }
            ],
            "version": "2012-10-17"
          },
          "sensitive_attributes": []
        }
      ]
    },
    {
      "module": "module.vpc_cni_irsa",
      "mode": "data",
      "type": "aws_partition",
      "name": "current",
      "provider": "provider[\"registry.terraform.io/hashicorp/aws\"]",
      "instances": [
        {
          "schema_version": 0,
          "attributes": {
            "dns_suffix": "amazonaws.com",
            "id": "aws",
            "partition": "aws",
            "reverse_dns_prefix": "com.amazonaws"
          },
          "sensitive_attributes": []
        }
      ]
    },
    {
      "module": "module.vpc_cni_irsa",
      "mode": "data",
      "type": "aws_region",
      "name": "current",
      "provider": "provider[\"registry.terraform.io/hashicorp/aws\"]",
      "instances": [
        {
          "schema_version": 0,
          "attributes": {
            "description": "Asia Pacific (Tokyo)",
            "endpoint": "ec2.ap-northeast-1.amazonaws.com",
            "id": "ap-northeast-1",
            "name": "ap-northeast-1"
          },
          "sensitive_attributes": []
        }
      ]
    },
    {
      "module": "module.vpc_cni_irsa",
      "mode": "managed",
      "type": "aws_iam_policy",
      "name": "vpc_cni",
      "provider": "provider[\"registry.terraform.io/hashicorp/aws\"]",
      "instances": [
        {
          "index_key": 0,
          "schema_version": 0,
          "attributes": {
            "arn": "arn:aws:iam::733851053666:policy/AmazonEKS_CNI_Policy-20230816155644741100000002",
            "description": "Provides the Amazon VPC CNI Plugin (amazon-vpc-cni-k8s) the permissions it requires to modify the IPv4/IPv6 address configuration on your EKS worker nodes",
            "id": "arn:aws:iam::733851053666:policy/AmazonEKS_CNI_Policy-20230816155644741100000002",
            "name": "AmazonEKS_CNI_Policy-20230816155644741100000002",
            "name_prefix": "AmazonEKS_CNI_Policy-",
            "path": "/",
            "policy": "{\"Statement\":[{\"Action\":[\"ec2:UnassignPrivateIpAddresses\",\"ec2:ModifyNetworkInterfaceAttribute\",\"ec2:DetachNetworkInterface\",\"ec2:DescribeTags\",\"ec2:DescribeNetworkInterfaces\",\"ec2:DescribeInstances\",\"ec2:DescribeInstanceTypes\",\"ec2:DeleteNetworkInterface\",\"ec2:CreateNetworkInterface\",\"ec2:AttachNetworkInterface\",\"ec2:AssignPrivateIpAddresses\"],\"Effect\":\"Allow\",\"Resource\":\"*\",\"Sid\":\"IPV4\"},{\"Action\":\"ec2:CreateTags\",\"Effect\":\"Allow\",\"Resource\":\"arn:aws:ec2:*:*:network-interface/*\",\"Sid\":\"CreateTags\"}],\"Version\":\"2012-10-17\"}",
            "policy_id": "ANPA2VXHONZRPLSHQEPZV",
            "tags": {
              "Blueprint": "eks-tester",
              "GithubRepo": "github.com/aws-ia/terraform-aws-eks-blueprints"
            },
            "tags_all": {
              "Blueprint": "eks-tester",
              "GithubRepo": "github.com/aws-ia/terraform-aws-eks-blueprints"
            }
          },
          "sensitive_attributes": [],
          "private": "bnVsbA==",
          "dependencies": [
            "module.vpc_cni_irsa.data.aws_iam_policy_document.vpc_cni",
            "module.vpc_cni_irsa.data.aws_partition.current"
          ]
        }
      ]
    },
    {
      "module": "module.vpc_cni_irsa",
      "mode": "managed",
      "type": "aws_iam_role",
      "name": "this",
      "provider": "provider[\"registry.terraform.io/hashicorp/aws\"]",
      "instances": [
        {
          "index_key": 0,
          "schema_version": 0,
          "attributes": {
            "arn": "arn:aws:iam::733851053666:role/eks-tester-vpc-cni",
            "assume_role_policy": "{\"Statement\":[{\"Action\":\"sts:AssumeRoleWithWebIdentity\",\"Condition\":{\"StringEquals\":{\"oidc.eks.ap-northeast-1.amazonaws.com/id/4CA4BFABAC808B4FDA51E5A12BC38BE2:aud\":\"sts.amazonaws.com\",\"oidc.eks.ap-northeast-1.amazonaws.com/id/4CA4BFABAC808B4FDA51E5A12BC38BE2:sub\":\"system:serviceaccount:kube-system:aws-node\"}},\"Effect\":\"Allow\",\"Principal\":{\"Federated\":\"arn:aws:iam::733851053666:oidc-provider/oidc.eks.ap-northeast-1.amazonaws.com/id/4CA4BFABAC808B4FDA51E5A12BC38BE2\"}}],\"Version\":\"2012-10-17\"}",
            "create_date": "2023-08-17T02:26:17Z",
            "description": "",
            "force_detach_policies": true,
            "id": "eks-tester-vpc-cni",
            "inline_policy": [],
            "managed_policy_arns": [
              "arn:aws:iam::733851053666:policy/AmazonEKS_CNI_Policy-20230816155644741100000002"
            ],
            "max_session_duration": 3600,
            "name": "eks-tester-vpc-cni",
            "name_prefix": "",
            "path": "/",
            "permissions_boundary": null,
            "tags": {
              "Blueprint": "eks-tester",
              "GithubRepo": "github.com/aws-ia/terraform-aws-eks-blueprints"
            },
            "tags_all": {
              "Blueprint": "eks-tester",
              "GithubRepo": "github.com/aws-ia/terraform-aws-eks-blueprints"
            },
            "unique_id": "AROA2VXHONZRIO364WPOL"
          },
          "sensitive_attributes": [],
          "private": "bnVsbA==",
          "dependencies": [
            "data.aws_availability_zones.available",
            "module.eks.aws_cloudwatch_log_group.this",
            "module.eks.aws_eks_cluster.this",
            "module.eks.aws_iam_openid_connect_provider.oidc_provider",
            "module.eks.aws_iam_policy.cni_ipv6_policy",
            "module.eks.aws_iam_role.this",
            "module.eks.aws_iam_role_policy_attachment.this",
            "module.eks.aws_security_group.cluster",
            "module.eks.aws_security_group.node",
            "module.eks.aws_security_group_rule.cluster",
            "module.eks.aws_security_group_rule.node",
            "module.eks.data.aws_caller_identity.current",
            "module.eks.data.aws_iam_policy_document.assume_role_policy",
            "module.eks.data.aws_iam_policy_document.cni_ipv6_policy",
            "module.eks.data.aws_iam_session_context.current",
            "module.eks.data.aws_partition.current",
            "module.eks.data.tls_certificate.this",
            "module.eks.module.kms.aws_kms_external_key.this",
            "module.eks.module.kms.aws_kms_key.this",
            "module.eks.module.kms.data.aws_caller_identity.current",
            "module.eks.module.kms.data.aws_iam_policy_document.this",
            "module.eks.module.kms.data.aws_partition.current",
            "module.vpc.aws_subnet.private",
            "module.vpc.aws_vpc.this",
            "module.vpc.aws_vpc_ipv4_cidr_block_association.this",
            "module.vpc_cni_irsa.data.aws_caller_identity.current",
            "module.vpc_cni_irsa.data.aws_iam_policy_document.this",
            "module.vpc_cni_irsa.data.aws_partition.current"
          ]
        }
      ]
    },
    {
      "module": "module.vpc_cni_irsa",
      "mode": "managed",
      "type": "aws_iam_role_policy_attachment",
      "name": "vpc_cni",
      "provider": "provider[\"registry.terraform.io/hashicorp/aws\"]",
      "instances": [
        {
          "index_key": 0,
          "schema_version": 0,
          "attributes": {
            "id": "eks-tester-vpc-cni-20230817022618678400000016",
            "policy_arn": "arn:aws:iam::733851053666:policy/AmazonEKS_CNI_Policy-20230816155644741100000002",
            "role": "eks-tester-vpc-cni"
          },
          "sensitive_attributes": [],
          "private": "bnVsbA==",
          "dependencies": [
            "data.aws_availability_zones.available",
            "module.eks.aws_cloudwatch_log_group.this",
            "module.eks.aws_eks_cluster.this",
            "module.eks.aws_iam_openid_connect_provider.oidc_provider",
            "module.eks.aws_iam_policy.cni_ipv6_policy",
            "module.eks.aws_iam_role.this",
            "module.eks.aws_iam_role_policy_attachment.this",
            "module.eks.aws_security_group.cluster",
            "module.eks.aws_security_group.node",
            "module.eks.aws_security_group_rule.cluster",
            "module.eks.aws_security_group_rule.node",
            "module.eks.data.aws_caller_identity.current",
            "module.eks.data.aws_iam_policy_document.assume_role_policy",
            "module.eks.data.aws_iam_policy_document.cni_ipv6_policy",
            "module.eks.data.aws_iam_session_context.current",
            "module.eks.data.aws_partition.current",
            "module.eks.data.tls_certificate.this",
            "module.eks.module.kms.aws_kms_external_key.this",
            "module.eks.module.kms.aws_kms_key.this",
            "module.eks.module.kms.data.aws_caller_identity.current",
            "module.eks.module.kms.data.aws_iam_policy_document.this",
            "module.eks.module.kms.data.aws_partition.current",
            "module.vpc.aws_subnet.private",
            "module.vpc.aws_vpc.this",
            "module.vpc.aws_vpc_ipv4_cidr_block_association.this",
            "module.vpc_cni_irsa.aws_iam_policy.vpc_cni",
            "module.vpc_cni_irsa.aws_iam_role.this",
            "module.vpc_cni_irsa.data.aws_caller_identity.current",
            "module.vpc_cni_irsa.data.aws_iam_policy_document.this",
            "module.vpc_cni_irsa.data.aws_iam_policy_document.vpc_cni",
            "module.vpc_cni_irsa.data.aws_partition.current"
          ]
        }
      ]
    }
  ],
  "check_results": null
}
